{
  "version": 4,
  "terraform_version": "1.14.2",
  "serial": 271,
  "lineage": "8ac5fec6-b682-3a9f-87a0-8c1f0fe7f1a2",
  "outputs": {},
  "resources": [
    {
      "mode": "managed",
      "type": "aws_eip",
      "name": "ingress_ip",
      "provider": "provider[\"registry.terraform.io/hashicorp/aws\"]",
      "instances": [
        {
          "schema_version": 0,
          "attributes": {
            "address": null,
            "allocation_id": "eipalloc-093816e2f2ca9a29e",
            "arn": "arn:aws:ec2:us-east-1:565192912666:elastic-ip/eipalloc-093816e2f2ca9a29e",
            "associate_with_private_ip": null,
            "association_id": "eipassoc-038c03d3551da97e9",
            "carrier_ip": "",
            "customer_owned_ip": "",
            "customer_owned_ipv4_pool": "",
            "domain": "vpc",
            "id": "eipalloc-093816e2f2ca9a29e",
            "instance": "",
            "ipam_pool_id": null,
            "network_border_group": "us-east-1",
            "network_interface": "eni-0de0e7adf26ee517f",
            "private_dns": "ip-172-31-71-216.ec2.internal",
            "private_ip": "172.31.71.216",
            "ptr_record": "",
            "public_dns": "ec2-44-215-74-59.compute-1.amazonaws.com",
            "public_ip": "44.215.74.59",
            "public_ipv4_pool": "amazon",
            "tags": {
              "Name": "rke2-cluster-ingress-ip"
            },
            "tags_all": {
              "Name": "rke2-cluster-ingress-ip"
            },
            "timeouts": null,
            "vpc": true
          },
          "sensitive_attributes": [],
          "identity_schema_version": 0,
          "private": "eyJlMmJmYjczMC1lY2FhLTExZTYtOGY4OC0zNDM2M2JjN2M0YzAiOnsiZGVsZXRlIjoxODAwMDAwMDAwMDAsInJlYWQiOjkwMDAwMDAwMDAwMCwidXBkYXRlIjozMDAwMDAwMDAwMDB9fQ=="
        }
      ]
    }
  ],
  "check_results": null
}
