{
  "version": 4,
  "terraform_version": "1.14.2",
  "serial": 336,
  "lineage": "9a16b309-4a00-16ea-c6f3-b565448b6538",
  "outputs": {
    "server_public_ip": {
      "value": "44.214.91.158",
      "type": "string"
    },
    "ssh_command_server": {
      "value": "ssh ubuntu@44.214.91.158",
      "type": "string"
    },
    "worker_public_ips": {
      "value": [
        "44.192.104.89"
      ],
      "type": [
        "tuple",
        [
          "string"
        ]
      ]
    }
  },
  "resources": [
    {
      "mode": "data",
      "type": "external",
      "name": "env",
      "provider": "provider[\"registry.terraform.io/hashicorp/external\"]",
      "instances": [
        {
          "schema_version": 0,
          "attributes": {
            "id": "-",
            "program": [
              "./env.sh"
            ],
            "query": null,
            "result": {
              "aws_access_key": "ASIAW4VVHQ7RG2QZNPDB",
              "aws_secret_key": "mXl56nKcU42JyxeLm2oh3tif6ezZRDPz5nuNzV1M",
              "aws_session_token": "IQoJb3JpZ2luX2VjEEsaCXVzLXdlc3QtMiJIMEYCIQDmgnWjvGe4UV8GS/4qsNhQ8in6YpRJ/kBngCPlMVduMgIhAI8h9r09iXOgcZ+T8iDX2Ed26BhbSgotqXSnyA35qRvoKr0CCBQQABoMNDczOTAwMjIyNDM0IgyFGIAmLGxgQ3M5tpgqmgJeseaKSyf4Kzu45AIOt+2NC9tzlYpKYLSUZfBvrRwZDpafQufcivc7fzdAruWbF60VRIzwJAOkuYybqykWRz4A3nhmjh5SdAb5upjt9mLwm2Yc0LVSgYZ6GifBCtfacGqAYkfR2f+YM6uDEBs8XTjsf8vbOgSMQg1/z4ajcXLAD3O1Fbxsy4+A7XwUEO6rTtNBuZZxp4+S1Ymy5Duwy/MvylJRYK8Lt0y5kItcy7FrIogKtOWZRovp7KmZbZI2b6wrV8n6CiDqZ0P0tbzlohDgeg74vwa7Z1iVsuzBZY7PDMSw0f5WnUjpYnlshzBaIVXLl51za2hCwhShlMwU/AOzhrELZTH1qmB+dwkjtCQ0prCnXLyBPfZQchswj8urygY6nAEZYG8jlJt4qpSU5JvrDK4DRbcU3d5kY/j2OtCU29IMFkx9Xt17g1xOczhx5QOlniP919POam2KMlnGgTKGC9+abeEfYGetUdqCvyA5/uucMrQ2lYn+xsv8bWshiP8h9HHO5xi7dwTLhNiAfgOSYTbpyrpiyzRKarKwVg1LpiW0E18Wlz9qaG7QN+Hl4TyCsJx63vMQ/jYqad80ito="
            },
            "working_dir": null
          },
          "sensitive_attributes": [],
          "identity_schema_version": 0
        }
      ]
    },
    {
      "mode": "managed",
      "type": "aws_instance",
      "name": "rke2_server",
      "provider": "provider[\"registry.terraform.io/hashicorp/aws\"]",
      "instances": [
        {
          "schema_version": 1,
          "attributes": {
            "ami": "ami-0ecb62995f68bb549",
            "arn": "arn:aws:ec2:us-east-1:473900222434:instance/i-05e33ccc1e88d157e",
            "associate_public_ip_address": true,
            "availability_zone": "us-east-1a",
            "capacity_reservation_specification": [
              {
                "capacity_reservation_preference": "open",
                "capacity_reservation_target": []
              }
            ],
            "cpu_core_count": 1,
            "cpu_options": [
              {
                "amd_sev_snp": "",
                "core_count": 1,
                "threads_per_core": 2
              }
            ],
            "cpu_threads_per_core": 2,
            "credit_specification": [
              {
                "cpu_credits": "unlimited"
              }
            ],
            "disable_api_stop": false,
            "disable_api_termination": false,
            "ebs_block_device": [],
            "ebs_optimized": false,
            "enable_primary_ipv6": null,
            "enclave_options": [
              {
                "enabled": false
              }
            ],
            "ephemeral_block_device": [],
            "get_password_data": false,
            "hibernation": false,
            "host_id": "",
            "host_resource_group_arn": null,
            "iam_instance_profile": "",
            "id": "i-05e33ccc1e88d157e",
            "instance_initiated_shutdown_behavior": "stop",
            "instance_lifecycle": "",
            "instance_market_options": [],
            "instance_state": "running",
            "instance_type": "t3.medium",
            "ipv6_address_count": 0,
            "ipv6_addresses": [],
            "key_name": "rke2-cluster-key",
            "launch_template": [],
            "maintenance_options": [
              {
                "auto_recovery": "default"
              }
            ],
            "metadata_options": [
              {
                "http_endpoint": "enabled",
                "http_protocol_ipv6": "disabled",
                "http_put_response_hop_limit": 2,
                "http_tokens": "required",
                "instance_metadata_tags": "disabled"
              }
            ],
            "monitoring": false,
            "network_interface": [],
            "outpost_arn": "",
            "password_data": "",
            "placement_group": "",
            "placement_partition_number": 0,
            "primary_network_interface_id": "eni-09689ae7b98f25511",
            "private_dns": "ip-172-31-12-150.ec2.internal",
            "private_dns_name_options": [
              {
                "enable_resource_name_dns_a_record": false,
                "enable_resource_name_dns_aaaa_record": false,
                "hostname_type": "ip-name"
              }
            ],
            "private_ip": "172.31.12.150",
            "public_dns": "ec2-44-214-91-158.compute-1.amazonaws.com",
            "public_ip": "44.214.91.158",
            "root_block_device": [
              {
                "delete_on_termination": true,
                "device_name": "/dev/sda1",
                "encrypted": false,
                "iops": 3000,
                "kms_key_id": "",
                "tags": {},
                "tags_all": {},
                "throughput": 125,
                "volume_id": "vol-06f0890d8de87b417",
                "volume_size": 8,
                "volume_type": "gp3"
              }
            ],
            "secondary_private_ips": [],
            "security_groups": [
              "rke2-cluster-sg"
            ],
            "source_dest_check": true,
            "spot_instance_request_id": "",
            "subnet_id": "subnet-0f928a22490091528",
            "tags": {
              "Name": "rke2-cluster-server",
              "kubernetes.io/cluster/rke2-cluster": "owned"
            },
            "tags_all": {
              "Name": "rke2-cluster-server",
              "kubernetes.io/cluster/rke2-cluster": "owned"
            },
            "tenancy": "default",
            "timeouts": null,
            "user_data": "0d58edf2884808a629eb7632fd55cb853a8be31f",
            "user_data_base64": null,
            "user_data_replace_on_change": false,
            "volume_tags": null,
            "vpc_security_group_ids": [
              "sg-086ab8528b8db2e92"
            ]
          },
          "sensitive_attributes": [
            [
              {
                "type": "get_attr",
                "value": "user_data"
              }
            ]
          ],
          "identity_schema_version": 0,
          "private": "eyJlMmJmYjczMC1lY2FhLTExZTYtOGY4OC0zNDM2M2JjN2M0YzAiOnsiY3JlYXRlIjo2MDAwMDAwMDAwMDAsImRlbGV0ZSI6MTIwMDAwMDAwMDAwMCwicmVhZCI6OTAwMDAwMDAwMDAwLCJ1cGRhdGUiOjYwMDAwMDAwMDAwMH0sInNjaGVtYV92ZXJzaW9uIjoiMSJ9",
          "dependencies": [
            "aws_key_pair.local_key",
            "aws_security_group.rke2_sg"
          ]
        }
      ]
    },
    {
      "mode": "managed",
      "type": "aws_instance",
      "name": "rke2_worker",
      "provider": "provider[\"registry.terraform.io/hashicorp/aws\"]",
      "instances": [
        {
          "index_key": 0,
          "schema_version": 1,
          "attributes": {
            "ami": "ami-0ecb62995f68bb549",
            "arn": "arn:aws:ec2:us-east-1:473900222434:instance/i-006442249cfa99cd2",
            "associate_public_ip_address": true,
            "availability_zone": "us-east-1a",
            "capacity_reservation_specification": [
              {
                "capacity_reservation_preference": "open",
                "capacity_reservation_target": []
              }
            ],
            "cpu_core_count": 1,
            "cpu_options": [
              {
                "amd_sev_snp": "",
                "core_count": 1,
                "threads_per_core": 2
              }
            ],
            "cpu_threads_per_core": 2,
            "credit_specification": [
              {
                "cpu_credits": "unlimited"
              }
            ],
            "disable_api_stop": false,
            "disable_api_termination": false,
            "ebs_block_device": [],
            "ebs_optimized": false,
            "enable_primary_ipv6": null,
            "enclave_options": [
              {
                "enabled": false
              }
            ],
            "ephemeral_block_device": [],
            "get_password_data": false,
            "hibernation": false,
            "host_id": "",
            "host_resource_group_arn": null,
            "iam_instance_profile": "",
            "id": "i-006442249cfa99cd2",
            "instance_initiated_shutdown_behavior": "stop",
            "instance_lifecycle": "",
            "instance_market_options": [],
            "instance_state": "running",
            "instance_type": "t3.medium",
            "ipv6_address_count": 0,
            "ipv6_addresses": [],
            "key_name": "rke2-cluster-key",
            "launch_template": [],
            "maintenance_options": [
              {
                "auto_recovery": "default"
              }
            ],
            "metadata_options": [
              {
                "http_endpoint": "enabled",
                "http_protocol_ipv6": "disabled",
                "http_put_response_hop_limit": 2,
                "http_tokens": "required",
                "instance_metadata_tags": "disabled"
              }
            ],
            "monitoring": false,
            "network_interface": [],
            "outpost_arn": "",
            "password_data": "",
            "placement_group": "",
            "placement_partition_number": 0,
            "primary_network_interface_id": "eni-0f9d0c3d3ee36b3fc",
            "private_dns": "ip-172-31-6-191.ec2.internal",
            "private_dns_name_options": [
              {
                "enable_resource_name_dns_a_record": false,
                "enable_resource_name_dns_aaaa_record": false,
                "hostname_type": "ip-name"
              }
            ],
            "private_ip": "172.31.6.191",
            "public_dns": "ec2-44-192-104-89.compute-1.amazonaws.com",
            "public_ip": "44.192.104.89",
            "root_block_device": [
              {
                "delete_on_termination": true,
                "device_name": "/dev/sda1",
                "encrypted": false,
                "iops": 3000,
                "kms_key_id": "",
                "tags": {},
                "tags_all": {},
                "throughput": 125,
                "volume_id": "vol-06d17a80be6edc4e7",
                "volume_size": 8,
                "volume_type": "gp3"
              }
            ],
            "secondary_private_ips": [],
            "security_groups": [
              "rke2-cluster-sg"
            ],
            "source_dest_check": true,
            "spot_instance_request_id": "",
            "subnet_id": "subnet-0f928a22490091528",
            "tags": {
              "Name": "rke2-cluster-worker-1",
              "kubernetes.io/cluster/rke2-cluster": "owned"
            },
            "tags_all": {
              "Name": "rke2-cluster-worker-1",
              "kubernetes.io/cluster/rke2-cluster": "owned"
            },
            "tenancy": "default",
            "timeouts": null,
            "user_data": "d26f1d647a8c8ccaf50bc335f1554ee759787749",
            "user_data_base64": null,
            "user_data_replace_on_change": false,
            "volume_tags": null,
            "vpc_security_group_ids": [
              "sg-086ab8528b8db2e92"
            ]
          },
          "sensitive_attributes": [
            [
              {
                "type": "get_attr",
                "value": "user_data"
              }
            ]
          ],
          "identity_schema_version": 0,
          "private": "eyJlMmJmYjczMC1lY2FhLTExZTYtOGY4OC0zNDM2M2JjN2M0YzAiOnsiY3JlYXRlIjo2MDAwMDAwMDAwMDAsImRlbGV0ZSI6MTIwMDAwMDAwMDAwMCwicmVhZCI6OTAwMDAwMDAwMDAwLCJ1cGRhdGUiOjYwMDAwMDAwMDAwMH0sInNjaGVtYV92ZXJzaW9uIjoiMSJ9",
          "dependencies": [
            "aws_instance.rke2_server",
            "aws_key_pair.local_key",
            "aws_security_group.rke2_sg"
          ]
        }
      ]
    },
    {
      "mode": "managed",
      "type": "aws_key_pair",
      "name": "local_key",
      "provider": "provider[\"registry.terraform.io/hashicorp/aws\"]",
      "instances": [
        {
          "schema_version": 1,
          "attributes": {
            "arn": "arn:aws:ec2:us-east-1:473900222434:key-pair/rke2-cluster-key",
            "fingerprint": "cknYq+eyi5C5y0IjSuI6NFCZoyBMhTTFshyQn45F3no=",
            "id": "rke2-cluster-key",
            "key_name": "rke2-cluster-key",
            "key_name_prefix": "",
            "key_pair_id": "key-055d942c4a3241a17",
            "key_type": "ed25519",
            "public_key": "ssh-ed25519 AAAAC3NzaC1lZDI1NTE5AAAAIIzG4JHCPuBQASJfAmyof6noYDSMVmkawzWzeQASwX7F simon@Simomsius",
            "tags": null,
            "tags_all": {}
          },
          "sensitive_attributes": [],
          "identity_schema_version": 0,
          "private": "eyJzY2hlbWFfdmVyc2lvbiI6IjEifQ=="
        }
      ]
    },
    {
      "mode": "managed",
      "type": "aws_security_group",
      "name": "rke2_sg",
      "provider": "provider[\"registry.terraform.io/hashicorp/aws\"]",
      "instances": [
        {
          "schema_version": 1,
          "attributes": {
            "arn": "arn:aws:ec2:us-east-1:473900222434:security-group/sg-086ab8528b8db2e92",
            "description": "Allow RKE2, SSH, and NodePort traffic",
            "egress": [
              {
                "cidr_blocks": [
                  "0.0.0.0/0"
                ],
                "description": "",
                "from_port": 0,
                "ipv6_cidr_blocks": [],
                "prefix_list_ids": [],
                "protocol": "-1",
                "security_groups": [],
                "self": false,
                "to_port": 0
              }
            ],
            "id": "sg-086ab8528b8db2e92",
            "ingress": [
              {
                "cidr_blocks": [
                  "0.0.0.0/0"
                ],
                "description": "",
                "from_port": 22,
                "ipv6_cidr_blocks": [],
                "prefix_list_ids": [],
                "protocol": "tcp",
                "security_groups": [],
                "self": false,
                "to_port": 22
              },
              {
                "cidr_blocks": [
                  "0.0.0.0/0"
                ],
                "description": "",
                "from_port": 443,
                "ipv6_cidr_blocks": [],
                "prefix_list_ids": [],
                "protocol": "tcp",
                "security_groups": [],
                "self": false,
                "to_port": 443
              },
              {
                "cidr_blocks": [
                  "0.0.0.0/0"
                ],
                "description": "",
                "from_port": 6443,
                "ipv6_cidr_blocks": [],
                "prefix_list_ids": [],
                "protocol": "tcp",
                "security_groups": [],
                "self": false,
                "to_port": 6443
              },
              {
                "cidr_blocks": [
                  "0.0.0.0/0"
                ],
                "description": "",
                "from_port": 80,
                "ipv6_cidr_blocks": [],
                "prefix_list_ids": [],
                "protocol": "tcp",
                "security_groups": [],
                "self": false,
                "to_port": 80
              },
              {
                "cidr_blocks": [
                  "0.0.0.0/0"
                ],
                "description": "",
                "from_port": 9345,
                "ipv6_cidr_blocks": [],
                "prefix_list_ids": [],
                "protocol": "tcp",
                "security_groups": [],
                "self": false,
                "to_port": 9345
              },
              {
                "cidr_blocks": [],
                "description": "",
                "from_port": 0,
                "ipv6_cidr_blocks": [],
                "prefix_list_ids": [],
                "protocol": "-1",
                "security_groups": [],
                "self": true,
                "to_port": 0
              }
            ],
            "name": "rke2-cluster-sg",
            "name_prefix": "",
            "owner_id": "473900222434",
            "revoke_rules_on_delete": false,
            "tags": {
              "kubernetes.io/cluster/rke2-cluster": "owned"
            },
            "tags_all": {
              "kubernetes.io/cluster/rke2-cluster": "owned"
            },
            "timeouts": null,
            "vpc_id": "vpc-0c981997ccc22184d"
          },
          "sensitive_attributes": [],
          "identity_schema_version": 0,
          "private": "eyJlMmJmYjczMC1lY2FhLTExZTYtOGY4OC0zNDM2M2JjN2M0YzAiOnsiY3JlYXRlIjo2MDAwMDAwMDAwMDAsImRlbGV0ZSI6OTAwMDAwMDAwMDAwfSwic2NoZW1hX3ZlcnNpb24iOiIxIn0="
        }
      ]
    },
    {
      "mode": "managed",
      "type": "null_resource",
      "name": "sync_manifests",
      "provider": "provider[\"registry.terraform.io/hashicorp/null\"]",
      "instances": [
        {
          "schema_version": 0,
          "attributes": {
            "id": "8265808327853722877",
            "triggers": {
              "ccm_content": "apiVersion: helm.cattle.io/v1\nkind: HelmChart\nmetadata:\n  name: aws-cloud-controller-manager\n  namespace: kube-system\nspec:\n  chart: aws-cloud-controller-manager\n  repo: https://kubernetes.github.io/cloud-provider-aws\n  version: 0.0.8\n  targetNamespace: kube-system\n  bootstrap: true\n  valuesContent: |-\n    # Network Configuration\n    hostNetwork: true\n    \n    # Controller Arguments\n    args:\n      - --cluster-name=rke2-cluster\n      - --v=2\n      - --cloud-provider=aws\n      - --configure-cloud-routes=false\n      - --use-service-account-credentials=true\n    \n    # Credentials (injected from Terraform variables)\n    env:\n      - name: AWS_ACCESS_KEY_ID\n        value: \"ASIAW4VVHQ7RG2QZNPDB\"\n      - name: AWS_SECRET_ACCESS_KEY\n        value: \"mXl56nKcU42JyxeLm2oh3tif6ezZRDPz5nuNzV1M\"\n      - name: AWS_SESSION_TOKEN\n        value: \"IQoJb3JpZ2luX2VjEEsaCXVzLXdlc3QtMiJIMEYCIQDmgnWjvGe4UV8GS/4qsNhQ8in6YpRJ/kBngCPlMVduMgIhAI8h9r09iXOgcZ+T8iDX2Ed26BhbSgotqXSnyA35qRvoKr0CCBQQABoMNDczOTAwMjIyNDM0IgyFGIAmLGxgQ3M5tpgqmgJeseaKSyf4Kzu45AIOt+2NC9tzlYpKYLSUZfBvrRwZDpafQufcivc7fzdAruWbF60VRIzwJAOkuYybqykWRz4A3nhmjh5SdAb5upjt9mLwm2Yc0LVSgYZ6GifBCtfacGqAYkfR2f+YM6uDEBs8XTjsf8vbOgSMQg1/z4ajcXLAD3O1Fbxsy4+A7XwUEO6rTtNBuZZxp4+S1Ymy5Duwy/MvylJRYK8Lt0y5kItcy7FrIogKtOWZRovp7KmZbZI2b6wrV8n6CiDqZ0P0tbzlohDgeg74vwa7Z1iVsuzBZY7PDMSw0f5WnUjpYnlshzBaIVXLl51za2hCwhShlMwU/AOzhrELZTH1qmB+dwkjtCQ0prCnXLyBPfZQchswj8urygY6nAEZYG8jlJt4qpSU5JvrDK4DRbcU3d5kY/j2OtCU29IMFkx9Xt17g1xOczhx5QOlniP919POam2KMlnGgTKGC9+abeEfYGetUdqCvyA5/uucMrQ2lYn+xsv8bWshiP8h9HHO5xi7dwTLhNiAfgOSYTbpyrpiyzRKarKwVg1LpiW0E18Wlz9qaG7QN+Hl4TyCsJx63vMQ/jYqad80ito=\"\n      # Optional: Add region if auto-discovery fails\n      # - name: AWS_REGION\n      #   value: \"us-east-1\" \n\n    # Node Placement\n    nodeSelector:\n      node-role.kubernetes.io/control-plane: \"true\"\n    \n    # Tolerations (The dashes MUST align vertically like this)\n    tolerations:\n      - key: \"node.cloudprovider.kubernetes.io/uninitialized\"\n        value: \"true\"\n        effect: \"NoSchedule\"\n      - key: \"node-role.kubernetes.io/control-plane\"\n        operator: \"Exists\"\n        effect: \"NoSchedule\"\n      - key: \"node-role.kubernetes.io/master\"\n        operator: \"Exists\"\n        effect: \"NoSchedule\""
            }
          },
          "sensitive_attributes": [],
          "identity_schema_version": 0,
          "dependencies": [
            "aws_instance.rke2_server",
            "aws_key_pair.local_key",
            "aws_security_group.rke2_sg",
            "data.external.env"
          ]
        }
      ]
    }
  ],
  "check_results": null
}
