{
  "version": 4,
  "terraform_version": "1.14.2",
  "serial": 1394,
  "lineage": "9a16b309-4a00-16ea-c6f3-b565448b6538",
  "outputs": {
    "rke2_server_private_ip": {
      "value": "100.28.112.82",
      "type": "string"
    },
    "server_public_ip": {
      "value": "44.213.66.89",
      "type": "string"
    },
    "ssh_command_server": {
      "value": "ssh ubuntu@44.213.66.89",
      "type": "string"
    },
    "worker_public_ips": {
      "value": [
        "13.220.198.125"
      ],
      "type": [
        "list",
        "string"
      ]
    }
  },
  "resources": [
    {
      "mode": "data",
      "type": "aws_instances",
      "name": "worker_nodes",
      "provider": "provider[\"registry.terraform.io/hashicorp/aws\"]",
      "instances": [
        {
          "schema_version": 0,
          "attributes": {
            "filter": null,
            "id": "us-east-1",
            "ids": [
              "i-00df43ec57124935a"
            ],
            "instance_state_names": [
              "running"
            ],
            "instance_tags": {
              "Name": "rke2-cluster-worker",
              "kubernetes.io/cluster/rke2-cluster": "owned"
            },
            "ipv6_addresses": [],
            "private_ips": [
              "172.31.89.214"
            ],
            "public_ips": [
              "13.220.198.125"
            ],
            "timeouts": null
          },
          "sensitive_attributes": [],
          "identity_schema_version": 0
        }
      ]
    },
    {
      "mode": "data",
      "type": "aws_subnets",
      "name": "default",
      "provider": "provider[\"registry.terraform.io/hashicorp/aws\"]",
      "instances": [
        {
          "schema_version": 0,
          "attributes": {
            "filter": [
              {
                "name": "vpc-id",
                "values": [
                  "vpc-0c981997ccc22184d"
                ]
              }
            ],
            "id": "us-east-1",
            "ids": [
              "subnet-043ed1f31aad2e938",
              "subnet-05b394d69f1935127",
              "subnet-07fed0147f7f124ef",
              "subnet-0f928a22490091528",
              "subnet-0146aea2ea2299b10",
              "subnet-02d1e6314c47ba1e3"
            ],
            "tags": null,
            "timeouts": null
          },
          "sensitive_attributes": [],
          "identity_schema_version": 0
        }
      ]
    },
    {
      "mode": "data",
      "type": "aws_vpc",
      "name": "default",
      "provider": "provider[\"registry.terraform.io/hashicorp/aws\"]",
      "instances": [
        {
          "schema_version": 0,
          "attributes": {
            "arn": "arn:aws:ec2:us-east-1:473900222434:vpc/vpc-0c981997ccc22184d",
            "cidr_block": "172.31.0.0/16",
            "cidr_block_associations": [
              {
                "association_id": "vpc-cidr-assoc-0f0b466299188109d",
                "cidr_block": "172.31.0.0/16",
                "state": "associated"
              }
            ],
            "default": true,
            "dhcp_options_id": "dopt-0a7e59cb7e5424140",
            "enable_dns_hostnames": true,
            "enable_dns_support": true,
            "enable_network_address_usage_metrics": false,
            "filter": null,
            "id": "vpc-0c981997ccc22184d",
            "instance_tenancy": "default",
            "ipv6_association_id": "",
            "ipv6_cidr_block": "",
            "main_route_table_id": "rtb-0ff5c6cc63de05ed4",
            "owner_id": "473900222434",
            "state": null,
            "tags": {},
            "timeouts": null
          },
          "sensitive_attributes": [],
          "identity_schema_version": 0
        }
      ]
    },
    {
      "mode": "data",
      "type": "external",
      "name": "env",
      "provider": "provider[\"registry.terraform.io/hashicorp/external\"]",
      "instances": [
        {
          "schema_version": 0,
          "attributes": {
            "id": "-",
            "program": [
              "./env.sh"
            ],
            "query": null,
            "result": {
              "aws_access_key": "ASIAW4VVHQ7ROBO6RUHM",
              "aws_secret_key": "w6ZVUPtPPF+RYNb0ThoWgmwVSbkozW0q5Qm7JWUd",
              "aws_session_token": "IQoJb3JpZ2luX2VjEHgaCXVzLXdlc3QtMiJGMEQCIA2ggDmT2NEjZO2IQz9Vpl6euoAXQgzAvUW/0gvtTLHjAiAva7y2o/xIMeqYOythCxO/mOXmb0E8CDQWcrQLTjn/9iq9AghBEAAaDDQ3MzkwMDIyMjQzNCIM7E8XZx0ec2Ec+oJGKpoC1RrcCnHAMhHyk6GqujqsH8KI27SyxTMJpupxaACMdwd+B9y4A9r2/BZChk00tVI8Zn7HFtNu1IbqSgqfvaxCmecYwjwTN3nof7Jvw9mbJ+dgYkVvs5UBUz8z4zUlwdZWmj5IsXtXKWZeaWFERE4LJ4Lf7tvbJmGFSnCLEa5+jqej2bstYcqxiA8DGl1rATSWQLJ32y/pdr4zwpqwIBAYSCoNxB7wm7z2IH+1RFstV1ThZAZvxZg4cG3xicPu48HwcTZphu9mbqDXaJaBau+EqjwnCVx+2nUqwvWmbXsegPk600cdxno3crTxaTlX2SZAB/LJJJ7qYiNopBOq9//6/4PfZaeCqPQOZXed5+HtE81dJyWcd97diGTqMK2N3ssGOp4B/fnh9yUL2O1DBAH528ZwobcB83K07DCpaPDpEs+ePMUTOmhAhXa2JF2vwUB79O62ldySeU887JdN4g0FcSdS9jlNv3Y3Sb9kNZW+WdbuXIc9rMkERUT52aFCRNNwRGbTI0/RcOkes3WQYYwg/GAGf89JUAUnmIgBOdb6EOXWsc277kkEOE/OkGikicF8t9CSs6vTSyMXUb528VQ+bTU"
            },
            "working_dir": null
          },
          "sensitive_attributes": [],
          "identity_schema_version": 0
        }
      ]
    },
    {
      "mode": "managed",
      "type": "aws_autoscaling_group",
      "name": "rke2_workers",
      "provider": "provider[\"registry.terraform.io/hashicorp/aws\"]",
      "instances": [
        {
          "schema_version": 1,
          "attributes": {
            "arn": "arn:aws:autoscaling:us-east-1:473900222434:autoScalingGroup:9c3d6335-c18e-426f-b984-ed7998e67ad4:autoScalingGroupName/rke2-cluster-worker-asg",
            "availability_zone_distribution": [
              {
                "capacity_distribution_strategy": "balanced-best-effort"
              }
            ],
            "availability_zones": [
              "us-east-1a",
              "us-east-1b",
              "us-east-1c",
              "us-east-1d",
              "us-east-1e",
              "us-east-1f"
            ],
            "capacity_rebalance": false,
            "capacity_reservation_specification": [
              {
                "capacity_reservation_preference": "default",
                "capacity_reservation_target": []
              }
            ],
            "context": "",
            "default_cooldown": 300,
            "default_instance_warmup": 0,
            "desired_capacity": 1,
            "desired_capacity_type": "",
            "enabled_metrics": [],
            "force_delete": false,
            "force_delete_warm_pool": false,
            "health_check_grace_period": 300,
            "health_check_type": "EC2",
            "id": "rke2-cluster-worker-asg",
            "ignore_failed_scaling_activities": false,
            "initial_lifecycle_hook": [],
            "instance_maintenance_policy": [],
            "instance_refresh": [],
            "launch_configuration": "",
            "launch_template": [
              {
                "id": "lt-0903da64fbcecb3ca",
                "name": "rke2-cluster-worker-20260126152929815600000002",
                "version": "$Latest"
              }
            ],
            "load_balancers": [],
            "max_instance_lifetime": 0,
            "max_size": 10,
            "metrics_granularity": "1Minute",
            "min_elb_capacity": null,
            "min_size": 1,
            "mixed_instances_policy": [],
            "name": "rke2-cluster-worker-asg",
            "name_prefix": "",
            "placement_group": "",
            "predicted_capacity": 0,
            "protect_from_scale_in": false,
            "service_linked_role_arn": "arn:aws:iam::473900222434:role/aws-service-role/autoscaling.amazonaws.com/AWSServiceRoleForAutoScaling",
            "suspended_processes": [],
            "tag": [
              {
                "key": "k8s.io/cluster-autoscaler/enabled",
                "propagate_at_launch": true,
                "value": "true"
              },
              {
                "key": "k8s.io/cluster-autoscaler/rke2-cluster",
                "propagate_at_launch": true,
                "value": "owned"
              }
            ],
            "target_group_arns": [],
            "termination_policies": [],
            "timeouts": null,
            "traffic_source": [],
            "vpc_zone_identifier": [
              "subnet-0146aea2ea2299b10",
              "subnet-02d1e6314c47ba1e3",
              "subnet-043ed1f31aad2e938",
              "subnet-05b394d69f1935127",
              "subnet-07fed0147f7f124ef",
              "subnet-0f928a22490091528"
            ],
            "wait_for_capacity_timeout": "10m",
            "wait_for_elb_capacity": null,
            "warm_pool": [],
            "warm_pool_size": 0
          },
          "sensitive_attributes": [],
          "identity_schema_version": 0,
          "private": "eyJlMmJmYjczMC1lY2FhLTExZTYtOGY4OC0zNDM2M2JjN2M0YzAiOnsiZGVsZXRlIjo2MDAwMDAwMDAwMDAsInVwZGF0ZSI6NjAwMDAwMDAwMDAwfSwic2NoZW1hX3ZlcnNpb24iOiIxIn0=",
          "dependencies": [
            "aws_instance.rke2_server",
            "aws_key_pair.local_key",
            "aws_launch_template.rke2_worker_lt",
            "aws_security_group.rke2_sg",
            "data.aws_subnets.default",
            "data.aws_vpc.default"
          ]
        }
      ]
    },
    {
      "mode": "managed",
      "type": "aws_eip",
      "name": "ingress_ip",
      "provider": "provider[\"registry.terraform.io/hashicorp/aws\"]",
      "instances": [
        {
          "schema_version": 0,
          "attributes": {
            "address": null,
            "allocation_id": "eipalloc-0f16c2a2e6a81ea7c",
            "arn": "arn:aws:ec2:us-east-1:473900222434:elastic-ip/eipalloc-0f16c2a2e6a81ea7c",
            "associate_with_private_ip": null,
            "association_id": "eipassoc-09f4dfed2e9b73879",
            "carrier_ip": "",
            "customer_owned_ip": "",
            "customer_owned_ipv4_pool": "",
            "domain": "vpc",
            "id": "eipalloc-0f16c2a2e6a81ea7c",
            "instance": "",
            "ipam_pool_id": null,
            "network_border_group": "us-east-1",
            "network_interface": "eni-07c004cde238cc99f",
            "private_dns": "ip-172-31-71-50.ec2.internal",
            "private_ip": "172.31.71.50",
            "ptr_record": "",
            "public_dns": "ec2-100-28-112-82.compute-1.amazonaws.com",
            "public_ip": "100.28.112.82",
            "public_ipv4_pool": "amazon",
            "tags": {
              "Name": "rke2-cluster-ingress-ip"
            },
            "tags_all": {
              "Name": "rke2-cluster-ingress-ip"
            },
            "timeouts": null,
            "vpc": true
          },
          "sensitive_attributes": [],
          "identity_schema_version": 0,
          "private": "eyJlMmJmYjczMC1lY2FhLTExZTYtOGY4OC0zNDM2M2JjN2M0YzAiOnsiZGVsZXRlIjoxODAwMDAwMDAwMDAsInJlYWQiOjkwMDAwMDAwMDAwMCwidXBkYXRlIjozMDAwMDAwMDAwMDB9fQ=="
        }
      ]
    },
    {
      "mode": "managed",
      "type": "aws_instance",
      "name": "rke2_server",
      "provider": "provider[\"registry.terraform.io/hashicorp/aws\"]",
      "instances": [
        {
          "schema_version": 1,
          "attributes": {
            "ami": "ami-0ecb62995f68bb549",
            "arn": "arn:aws:ec2:us-east-1:473900222434:instance/i-0ef38533bac2ed84d",
            "associate_public_ip_address": true,
            "availability_zone": "us-east-1f",
            "capacity_reservation_specification": [
              {
                "capacity_reservation_preference": "open",
                "capacity_reservation_target": []
              }
            ],
            "cpu_core_count": 1,
            "cpu_options": [
              {
                "amd_sev_snp": "",
                "core_count": 1,
                "threads_per_core": 2
              }
            ],
            "cpu_threads_per_core": 2,
            "credit_specification": [
              {
                "cpu_credits": "unlimited"
              }
            ],
            "disable_api_stop": false,
            "disable_api_termination": false,
            "ebs_block_device": [],
            "ebs_optimized": false,
            "enable_primary_ipv6": null,
            "enclave_options": [
              {
                "enabled": false
              }
            ],
            "ephemeral_block_device": [],
            "get_password_data": false,
            "hibernation": false,
            "host_id": "",
            "host_resource_group_arn": null,
            "iam_instance_profile": "",
            "id": "i-0ef38533bac2ed84d",
            "instance_initiated_shutdown_behavior": "stop",
            "instance_lifecycle": "",
            "instance_market_options": [],
            "instance_state": "running",
            "instance_type": "t3.medium",
            "ipv6_address_count": 0,
            "ipv6_addresses": [],
            "key_name": "rke2-cluster-key",
            "launch_template": [],
            "maintenance_options": [
              {
                "auto_recovery": "default"
              }
            ],
            "metadata_options": [
              {
                "http_endpoint": "enabled",
                "http_protocol_ipv6": "disabled",
                "http_put_response_hop_limit": 2,
                "http_tokens": "required",
                "instance_metadata_tags": "disabled"
              }
            ],
            "monitoring": false,
            "network_interface": [],
            "outpost_arn": "",
            "password_data": "",
            "placement_group": "",
            "placement_partition_number": 0,
            "primary_network_interface_id": "eni-020325e558754e9ce",
            "private_dns": "ip-172-31-66-227.ec2.internal",
            "private_dns_name_options": [
              {
                "enable_resource_name_dns_a_record": false,
                "enable_resource_name_dns_aaaa_record": false,
                "hostname_type": "ip-name"
              }
            ],
            "private_ip": "172.31.66.227",
            "public_dns": "ec2-44-213-66-89.compute-1.amazonaws.com",
            "public_ip": "44.213.66.89",
            "root_block_device": [
              {
                "delete_on_termination": true,
                "device_name": "/dev/sda1",
                "encrypted": false,
                "iops": 3000,
                "kms_key_id": "",
                "tags": {},
                "tags_all": {},
                "throughput": 125,
                "volume_id": "vol-0c99668a1ff0081f9",
                "volume_size": 20,
                "volume_type": "gp3"
              }
            ],
            "secondary_private_ips": [],
            "security_groups": [
              "rke2-cluster-sg"
            ],
            "source_dest_check": true,
            "spot_instance_request_id": "",
            "subnet_id": "subnet-02d1e6314c47ba1e3",
            "tags": {
              "Name": "rke2-cluster-server",
              "kubernetes.io/cluster/rke2-cluster": "owned"
            },
            "tags_all": {
              "Name": "rke2-cluster-server",
              "kubernetes.io/cluster/rke2-cluster": "owned"
            },
            "tenancy": "default",
            "timeouts": null,
            "user_data": "e4a4262fbca2886dee321724cbb350a69e23b492",
            "user_data_base64": null,
            "user_data_replace_on_change": false,
            "volume_tags": null,
            "vpc_security_group_ids": [
              "sg-051ec4a3a8167150c"
            ]
          },
          "sensitive_attributes": [
            [
              {
                "type": "get_attr",
                "value": "user_data"
              }
            ]
          ],
          "identity_schema_version": 0,
          "private": "eyJlMmJmYjczMC1lY2FhLTExZTYtOGY4OC0zNDM2M2JjN2M0YzAiOnsiY3JlYXRlIjo2MDAwMDAwMDAwMDAsImRlbGV0ZSI6MTIwMDAwMDAwMDAwMCwicmVhZCI6OTAwMDAwMDAwMDAwLCJ1cGRhdGUiOjYwMDAwMDAwMDAwMH0sInNjaGVtYV92ZXJzaW9uIjoiMSJ9",
          "dependencies": [
            "aws_key_pair.local_key",
            "aws_security_group.rke2_sg"
          ]
        }
      ]
    },
    {
      "mode": "managed",
      "type": "aws_key_pair",
      "name": "local_key",
      "provider": "provider[\"registry.terraform.io/hashicorp/aws\"]",
      "instances": [
        {
          "schema_version": 1,
          "attributes": {
            "arn": "arn:aws:ec2:us-east-1:473900222434:key-pair/rke2-cluster-key",
            "fingerprint": "cknYq+eyi5C5y0IjSuI6NFCZoyBMhTTFshyQn45F3no=",
            "id": "rke2-cluster-key",
            "key_name": "rke2-cluster-key",
            "key_name_prefix": "",
            "key_pair_id": "key-0d206c6fdb2dcc054",
            "key_type": "ed25519",
            "public_key": "ssh-ed25519 AAAAC3NzaC1lZDI1NTE5AAAAIIzG4JHCPuBQASJfAmyof6noYDSMVmkawzWzeQASwX7F simon@Simomsius",
            "tags": {},
            "tags_all": {}
          },
          "sensitive_attributes": [],
          "identity_schema_version": 0,
          "private": "eyJzY2hlbWFfdmVyc2lvbiI6IjEifQ=="
        }
      ]
    },
    {
      "mode": "managed",
      "type": "aws_launch_template",
      "name": "rke2_worker_lt",
      "provider": "provider[\"registry.terraform.io/hashicorp/aws\"]",
      "instances": [
        {
          "schema_version": 0,
          "attributes": {
            "arn": "arn:aws:ec2:us-east-1:473900222434:launch-template/lt-0903da64fbcecb3ca",
            "block_device_mappings": [],
            "capacity_reservation_specification": [],
            "cpu_options": [],
            "credit_specification": [],
            "default_version": 1,
            "description": "",
            "disable_api_stop": false,
            "disable_api_termination": false,
            "ebs_optimized": "",
            "elastic_gpu_specifications": [],
            "elastic_inference_accelerator": [],
            "enclave_options": [],
            "hibernation_options": [],
            "iam_instance_profile": [],
            "id": "lt-0903da64fbcecb3ca",
            "image_id": "ami-0ecb62995f68bb549",
            "instance_initiated_shutdown_behavior": "",
            "instance_market_options": [],
            "instance_requirements": [],
            "instance_type": "t3.medium",
            "kernel_id": "",
            "key_name": "rke2-cluster-key",
            "latest_version": 1,
            "license_specification": [],
            "maintenance_options": [],
            "metadata_options": [],
            "monitoring": [],
            "name": "rke2-cluster-worker-20260126152929815600000002",
            "name_prefix": "rke2-cluster-worker-",
            "network_interfaces": [],
            "placement": [],
            "private_dns_name_options": [],
            "ram_disk_id": "",
            "security_group_names": [],
            "tag_specifications": [
              {
                "resource_type": "instance",
                "tags": {
                  "Name": "rke2-cluster-worker",
                  "kubernetes.io/cluster/rke2-cluster": "owned"
                }
              }
            ],
            "tags": {},
            "tags_all": {},
            "update_default_version": null,
            "user_data": "IyEvYmluL2Jhc2gKc2V0IC1lCmFwdC1nZXQgdXBkYXRlIC15CmFwdC1nZXQgaW5zdGFsbCAteSBjdXJsCiAgICAKIyAxLiBGZXRjaCBNZXRhZGF0YSBmb3IgUHJvdmlkZXJJRApUT0tFTj0kKGN1cmwgLVggUFVUICJodHRwOi8vMTY5LjI1NC4xNjkuMjU0L2xhdGVzdC9hcGkvdG9rZW4iIC1IICJYLWF3cy1lYzItbWV0YWRhdGEtdG9rZW4tdHRsLXNlY29uZHM6IDIxNjAwIikKQVo9JChjdXJsIC1IICJYLWF3cy1lYzItbWV0YWRhdGEtdG9rZW46ICRUT0tFTiIgLXMgaHR0cDovLzE2OS4yNTQuMTY5LjI1NC9sYXRlc3QvbWV0YS1kYXRhL3BsYWNlbWVudC9hdmFpbGFiaWxpdHktem9uZSB8IHRyIC1kICdcbicpCklJRD0kKGN1cmwgLUggIlgtYXdzLWVjMi1tZXRhZGF0YS10b2tlbjogJFRPS0VOIiAtcyBodHRwOi8vMTY5LjI1NC4xNjkuMjU0L2xhdGVzdC9tZXRhLWRhdGEvaW5zdGFuY2UtaWQgfCB0ciAtZCAnXG4nKQoKIyAyLiBDcmVhdGUgUktFMiBDb25maWcgRGlyZWN0b3J5Cm1rZGlyIC1wIC9ldGMvcmFuY2hlci9ya2UyCgojIDMuIENyZWF0ZSBjb25maWcueWFtbCBmb3IgdGhlIGFnZW50CmNhdCA8PEVPQyA+IC9ldGMvcmFuY2hlci9ya2UyL2NvbmZpZy55YW1sCnNlcnZlcjogaHR0cHM6Ly8xNzIuMzEuNjYuMjI3OjkzNDUKdG9rZW46ICJteS1zdXBlci1zZWNyZXQtcnBjLXBhc3N3b3JkIgprdWJlbGV0LWFyZzoKICAtICJjbG91ZC1wcm92aWRlcj1leHRlcm5hbCIKICAtICJwcm92aWRlci1pZD1hd3M6Ly8vJHtBWn0vJHtJSUR9IgpFT0MKCiMgNC4gSW5zdGFsbCBSS0UyIEFnZW50CmN1cmwgLXNmTCBodHRwczovL2dldC5ya2UyLmlvIHwgSU5TVEFMTF9SS0UyX1RZUEU9ImFnZW50IiBzaCAtCgojIDUuIFN0YXJ0IFNlcnZpY2UKc3lzdGVtY3RsIGVuYWJsZSBya2UyLWFnZW50CnN5c3RlbWN0bCBzdGFydCBya2UyLWFnZW50Cg==",
            "vpc_security_group_ids": [
              "sg-051ec4a3a8167150c"
            ]
          },
          "sensitive_attributes": [
            [
              {
                "type": "get_attr",
                "value": "user_data"
              }
            ]
          ],
          "identity_schema_version": 0,
          "private": "bnVsbA==",
          "dependencies": [
            "aws_instance.rke2_server",
            "aws_key_pair.local_key",
            "aws_security_group.rke2_sg"
          ]
        }
      ]
    },
    {
      "mode": "managed",
      "type": "aws_security_group",
      "name": "rke2_sg",
      "provider": "provider[\"registry.terraform.io/hashicorp/aws\"]",
      "instances": [
        {
          "schema_version": 1,
          "attributes": {
            "arn": "arn:aws:ec2:us-east-1:473900222434:security-group/sg-051ec4a3a8167150c",
            "description": "Allow RKE2, SSH, and NodePort traffic",
            "egress": [
              {
                "cidr_blocks": [
                  "0.0.0.0/0"
                ],
                "description": "",
                "from_port": 0,
                "ipv6_cidr_blocks": [],
                "prefix_list_ids": [],
                "protocol": "-1",
                "security_groups": [],
                "self": false,
                "to_port": 0
              }
            ],
            "id": "sg-051ec4a3a8167150c",
            "ingress": [
              {
                "cidr_blocks": [
                  "0.0.0.0/0"
                ],
                "description": null,
                "from_port": 22,
                "ipv6_cidr_blocks": [],
                "prefix_list_ids": [],
                "protocol": "tcp",
                "security_groups": [],
                "self": false,
                "to_port": 22
              },
              {
                "cidr_blocks": [
                  "0.0.0.0/0"
                ],
                "description": null,
                "from_port": 30000,
                "ipv6_cidr_blocks": [],
                "prefix_list_ids": [],
                "protocol": "tcp",
                "security_groups": [],
                "self": false,
                "to_port": 32767
              },
              {
                "cidr_blocks": [
                  "0.0.0.0/0"
                ],
                "description": null,
                "from_port": 443,
                "ipv6_cidr_blocks": [],
                "prefix_list_ids": [],
                "protocol": "tcp",
                "security_groups": [],
                "self": false,
                "to_port": 443
              },
              {
                "cidr_blocks": [
                  "0.0.0.0/0"
                ],
                "description": null,
                "from_port": 6443,
                "ipv6_cidr_blocks": [],
                "prefix_list_ids": [],
                "protocol": "tcp",
                "security_groups": [],
                "self": false,
                "to_port": 6443
              },
              {
                "cidr_blocks": [
                  "0.0.0.0/0"
                ],
                "description": null,
                "from_port": 80,
                "ipv6_cidr_blocks": [],
                "prefix_list_ids": [],
                "protocol": "tcp",
                "security_groups": [],
                "self": false,
                "to_port": 80
              },
              {
                "cidr_blocks": [
                  "0.0.0.0/0"
                ],
                "description": null,
                "from_port": 9345,
                "ipv6_cidr_blocks": [],
                "prefix_list_ids": [],
                "protocol": "tcp",
                "security_groups": [],
                "self": false,
                "to_port": 9345
              },
              {
                "cidr_blocks": [],
                "description": null,
                "from_port": 0,
                "ipv6_cidr_blocks": [],
                "prefix_list_ids": [],
                "protocol": "-1",
                "security_groups": [],
                "self": true,
                "to_port": 0
              }
            ],
            "name": "rke2-cluster-sg",
            "name_prefix": "",
            "owner_id": "473900222434",
            "revoke_rules_on_delete": false,
            "tags": {
              "kubernetes.io/cluster/rke2-cluster": "owned"
            },
            "tags_all": {
              "kubernetes.io/cluster/rke2-cluster": "owned"
            },
            "timeouts": null,
            "vpc_id": "vpc-0c981997ccc22184d"
          },
          "sensitive_attributes": [],
          "identity_schema_version": 0,
          "private": "eyJlMmJmYjczMC1lY2FhLTExZTYtOGY4OC0zNDM2M2JjN2M0YzAiOnsiY3JlYXRlIjo2MDAwMDAwMDAwMDAsImRlbGV0ZSI6OTAwMDAwMDAwMDAwfSwic2NoZW1hX3ZlcnNpb24iOiIxIn0="
        }
      ]
    },
    {
      "mode": "managed",
      "type": "null_resource",
      "name": "sync_argocd_apps",
      "provider": "provider[\"registry.terraform.io/hashicorp/null\"]",
      "instances": [
        {
          "schema_version": 0,
          "attributes": {
            "id": "950869171692859100",
            "triggers": null
          },
          "sensitive_attributes": [],
          "identity_schema_version": 0,
          "dependencies": [
            "aws_eip.ingress_ip",
            "aws_instance.rke2_server",
            "aws_key_pair.local_key",
            "aws_security_group.rke2_sg",
            "data.external.env",
            "null_resource.sync_manifests"
          ]
        }
      ]
    },
    {
      "mode": "managed",
      "type": "null_resource",
      "name": "sync_autoscaler",
      "provider": "provider[\"registry.terraform.io/hashicorp/null\"]",
      "instances": [
        {
          "schema_version": 0,
          "attributes": {
            "id": "6089303078984767339",
            "triggers": {
              "content": "apiVersion: helm.cattle.io/v1\nkind: HelmChart\nmetadata:\n  name: cluster-autoscaler\n  namespace: kube-system\nspec:\n  chart: cluster-autoscaler\n  repo: https://kubernetes.github.io/autoscaler\n  version: 9.29.0\n  targetNamespace: kube-system\n  bootstrap: false\n  valuesContent: |-\n    autoDiscovery:\n      clusterName: rke2-cluster\n    \n\n    # CRITICAL: Inject credentials here so the pod can scale the ASG\n    extraEnv:\n      AWS_ACCESS_KEY_ID: \"ASIAW4VVHQ7ROBO6RUHM\"\n      AWS_SECRET_ACCESS_KEY: \"w6ZVUPtPPF+RYNb0ThoWgmwVSbkozW0q5Qm7JWUd\"\n      AWS_SESSION_TOKEN: \"IQoJb3JpZ2luX2VjEHgaCXVzLXdlc3QtMiJGMEQCIA2ggDmT2NEjZO2IQz9Vpl6euoAXQgzAvUW/0gvtTLHjAiAva7y2o/xIMeqYOythCxO/mOXmb0E8CDQWcrQLTjn/9iq9AghBEAAaDDQ3MzkwMDIyMjQzNCIM7E8XZx0ec2Ec+oJGKpoC1RrcCnHAMhHyk6GqujqsH8KI27SyxTMJpupxaACMdwd+B9y4A9r2/BZChk00tVI8Zn7HFtNu1IbqSgqfvaxCmecYwjwTN3nof7Jvw9mbJ+dgYkVvs5UBUz8z4zUlwdZWmj5IsXtXKWZeaWFERE4LJ4Lf7tvbJmGFSnCLEa5+jqej2bstYcqxiA8DGl1rATSWQLJ32y/pdr4zwpqwIBAYSCoNxB7wm7z2IH+1RFstV1ThZAZvxZg4cG3xicPu48HwcTZphu9mbqDXaJaBau+EqjwnCVx+2nUqwvWmbXsegPk600cdxno3crTxaTlX2SZAB/LJJJ7qYiNopBOq9//6/4PfZaeCqPQOZXed5+HtE81dJyWcd97diGTqMK2N3ssGOp4B/fnh9yUL2O1DBAH528ZwobcB83K07DCpaPDpEs+ePMUTOmhAhXa2JF2vwUB79O62ldySeU887JdN4g0FcSdS9jlNv3Y3Sb9kNZW+WdbuXIc9rMkERUT52aFCRNNwRGbTI0/RcOkes3WQYYwg/GAGf89JUAUnmIgBOdb6EOXWsc277kkEOE/OkGikicF8t9CSs6vTSyMXUb528VQ+bTU\"\n\n    nodeSelector:\n      node-role.kubernetes.io/control-plane: \"true\"\n    \n    tolerations:\n      - effect: NoSchedule\n        key: node-role.kubernetes.io/control-plane\n        operator: Exists\n      - effect: NoSchedule\n        key: node-role.kubernetes.io/master\n        operator: Exists"
            }
          },
          "sensitive_attributes": [],
          "identity_schema_version": 0,
          "dependencies": [
            "aws_autoscaling_group.rke2_workers",
            "aws_instance.rke2_server",
            "aws_key_pair.local_key",
            "aws_launch_template.rke2_worker_lt",
            "aws_security_group.rke2_sg",
            "data.aws_subnets.default",
            "data.aws_vpc.default",
            "data.external.env"
          ]
        }
      ]
    },
    {
      "mode": "managed",
      "type": "null_resource",
      "name": "sync_manifests",
      "provider": "provider[\"registry.terraform.io/hashicorp/null\"]",
      "instances": [
        {
          "schema_version": 0,
          "attributes": {
            "id": "1567944393962220295",
            "triggers": {
              "agrocd_ingress": "apiVersion: networking.k8s.io/v1\nkind: Ingress\nmetadata:\n  name: manual-argocd-ingress\n  namespace: argocd\n  annotations:\n    # Wichtig für Nginx Controller\n    nginx.ingress.kubernetes.io/backend-protocol: \"HTTPS\"\n    nginx.ingress.kubernetes.io/ssl-passthrough: \"true\"\n    nginx.ingress.kubernetes.io/force-ssl-redirect: \"true\"\nspec:\n  ingressClassName: nginx\n  rules:\n  - host: argo.100.28.112.82.nip.io   # \u003c-- Hier deine ECHTE IP eintragen!\n    http:\n      paths:\n      - path: /\n        pathType: Prefix\n        backend:\n          service:\n            name: argocd-server\n            port:\n              number: 80",
              "argocd_repo_secret": "apiVersion: v1\nkind: Secret\nmetadata:\n  name: repo-partypic\n  namespace: argocd\n  labels:\n    argocd.argoproj.io/secret-type: repository\ntype: Opaque\nstringData:\n  type: git\n  url: https://github.com/BenediktNau/PartyPic.git\n  username: Schwablobbs\n  password: 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",
              "ccm_content": "apiVersion: helm.cattle.io/v1\nkind: HelmChart\nmetadata:\n  name: aws-cloud-controller-manager\n  namespace: kube-system\nspec:\n  chart: aws-cloud-controller-manager\n  repo: https://kubernetes.github.io/cloud-provider-aws\n  version: 0.0.8\n  targetNamespace: kube-system\n  bootstrap: true\n  valuesContent: |-\n    # Network Configuration\n    hostNetwork: true\n    \n    # Controller Arguments\n    args:\n      - --cluster-name=rke2-cluster\n      - --v=5\n      - --cloud-provider=aws\n      - --configure-cloud-routes=false\n      - --use-service-account-credentials=false\n    \n    # Credentials (injected from Terraform variables)\n    env:\n      - name: AWS_ACCESS_KEY_ID\n        value: \"ASIAW4VVHQ7ROBO6RUHM\"\n      - name: AWS_SECRET_ACCESS_KEY\n        value: \"w6ZVUPtPPF+RYNb0ThoWgmwVSbkozW0q5Qm7JWUd\"\n      - name: AWS_SESSION_TOKEN\n        value: \"IQoJb3JpZ2luX2VjEHgaCXVzLXdlc3QtMiJGMEQCIA2ggDmT2NEjZO2IQz9Vpl6euoAXQgzAvUW/0gvtTLHjAiAva7y2o/xIMeqYOythCxO/mOXmb0E8CDQWcrQLTjn/9iq9AghBEAAaDDQ3MzkwMDIyMjQzNCIM7E8XZx0ec2Ec+oJGKpoC1RrcCnHAMhHyk6GqujqsH8KI27SyxTMJpupxaACMdwd+B9y4A9r2/BZChk00tVI8Zn7HFtNu1IbqSgqfvaxCmecYwjwTN3nof7Jvw9mbJ+dgYkVvs5UBUz8z4zUlwdZWmj5IsXtXKWZeaWFERE4LJ4Lf7tvbJmGFSnCLEa5+jqej2bstYcqxiA8DGl1rATSWQLJ32y/pdr4zwpqwIBAYSCoNxB7wm7z2IH+1RFstV1ThZAZvxZg4cG3xicPu48HwcTZphu9mbqDXaJaBau+EqjwnCVx+2nUqwvWmbXsegPk600cdxno3crTxaTlX2SZAB/LJJJ7qYiNopBOq9//6/4PfZaeCqPQOZXed5+HtE81dJyWcd97diGTqMK2N3ssGOp4B/fnh9yUL2O1DBAH528ZwobcB83K07DCpaPDpEs+ePMUTOmhAhXa2JF2vwUB79O62ldySeU887JdN4g0FcSdS9jlNv3Y3Sb9kNZW+WdbuXIc9rMkERUT52aFCRNNwRGbTI0/RcOkes3WQYYwg/GAGf89JUAUnmIgBOdb6EOXWsc277kkEOE/OkGikicF8t9CSs6vTSyMXUb528VQ+bTU\"\n      # Optional: Add region if auto-discovery fails\n      # - name: AWS_REGION\n      #   value: \"us-east-1\" \n\n    # Node Placement\n    nodeSelector:\n      node-role.kubernetes.io/control-plane: \"true\"\n    \n    # Tolerations (The dashes MUST align vertically like this)\n    tolerations:\n      - key: \"node.cloudprovider.kubernetes.io/uninitialized\"\n        value: \"true\"\n        effect: \"NoSchedule\"\n      - key: \"node-role.kubernetes.io/control-plane\"\n        operator: \"Exists\"\n        effect: \"NoSchedule\"\n      - key: \"node-role.kubernetes.io/master\"\n        operator: \"Exists\"\n        effect: \"NoSchedule\"",
              "ingress_config": "apiVersion: helm.cattle.io/v1\nkind: HelmChart\nmetadata:\n  name: rke2-ingress-nginx\n  namespace: kube-system\nspec:\n  repo: https://rke2-charts.rancher.io\n  chart: rke2-ingress-nginx\n  targetNamespace: kube-system\n  bootstrap: true\n  valuesContent: |-\n    controller:\n      hostNetwork: false\n      dnsPolicy: ClusterFirst\n      publishService:\n        enabled: true\n      service:\n        enabled: true\n        type: LoadBalancer\n        annotations:\n          service.beta.kubernetes.io/aws-load-balancer-type: \"nlb\"\n          service.beta.kubernetes.io/aws-load-balancer-eip-allocations: \"eipalloc-0f16c2a2e6a81ea7c\"\n          service.beta.kubernetes.io/aws-load-balancer-subnets: \"subnet-02d1e6314c47ba1e3\"\n      kind: Deployment\n      replicaCount: 2"
            }
          },
          "sensitive_attributes": [],
          "identity_schema_version": 0,
          "dependencies": [
            "aws_eip.ingress_ip",
            "aws_instance.rke2_server",
            "aws_key_pair.local_key",
            "aws_security_group.rke2_sg",
            "data.external.env"
          ]
        }
      ]
    }
  ],
  "check_results": null
}
