{
  "version": 4,
  "terraform_version": "1.14.0",
  "serial": 73,
  "lineage": "79792ac8-7492-ef32-4a5a-21e8f1fa1016",
  "outputs": {
    "api": {
      "value": "https://.:6443",
      "type": "string",
      "sensitive": true
    },
    "kubeconfig": {
      "value": "apiVersion: v1\nclusters:\n- cluster:\n    certificate-authority-data: LS0tLS1CRUdJTiBDRVJUSUZJQ0FURS0tLS0tCk1JSUJlRENDQVIrZ0F3SUJBZ0lCQURBS0JnZ3Foa2pPUFFRREFqQWtNU0l3SUFZRFZRUUREQmx5YTJVeUxYTmwKY25abGNpMWpZVUF4TnpZMU5qSTFPVGt3TUI0WERUSTFNVEl4TXpFeE16azFNRm9YRFRNMU1USXhNVEV4TXprMQpNRm93SkRFaU1DQUdBMVVFQXd3WmNtdGxNaTF6WlhKMlpYSXRZMkZBTVRjMk5UWXlOVGs1TURCWk1CTUdCeXFHClNNNDlBZ0VHQ0NxR1NNNDlBd0VIQTBJQUJMOW5nd0l4WVZ3aG1yY0lOZkNaS2lvOHhWU2xwczY3Q2hRUm12cmkKcGx5bHBGU0ZKVGQvbTVra0hua1l6U3dFUDliODhuemxEU1lhbXFZNEx1VFI2eWVqUWpCQU1BNEdBMVVkRHdFQgovd1FFQXdJQ3BEQVBCZ05WSFJNQkFmOEVCVEFEQVFIL01CMEdBMVVkRGdRV0JCUzRYRHZHaFdnRDdXWW54WlFDCmNJYzFWSzVNS1RBS0JnZ3Foa2pPUFFRREFnTkhBREJFQWlCOUVqWmlUdHNyeTZKbFIyTmx3djBSRC9vVjltNHIKSjFSRmkrRCtSV1hSa1FJZ050TkdpY0ZKcjRNdHpnNENTZVJzV1NhVWhBa2RIUVNqYzZhbGFFZUJrMVE9Ci0tLS0tRU5EIENFUlRJRklDQVRFLS0tLS0K\n    server: https://.:6443\n  name: default\ncontexts:\n- context:\n    cluster: default\n    user: default\n  name: default\ncurrent-context: default\nkind: Config\npreferences: {}\nusers:\n- name: default\n  user:\n    client-certificate-data: LS0tLS1CRUdJTiBDRVJUSUZJQ0FURS0tLS0tCk1JSUJrakNDQVRpZ0F3SUJBZ0lJRmNsREN5eW13Szh3Q2dZSUtvWkl6ajBFQXdJd0pERWlNQ0FHQTFVRUF3d1oKY210bE1pMWpiR2xsYm5RdFkyRkFNVGMyTlRZeU5UazVNREFlRncweU5URXlNVE14TVRNNU5UQmFGdzB5TmpFeQpNVE14TVRNNU5UQmFNREF4RnpBVkJnTlZCQW9URG5ONWMzUmxiVHB0WVhOMFpYSnpNUlV3RXdZRFZRUURFd3h6CmVYTjBaVzA2WVdSdGFXNHdXVEFUQmdjcWhrak9QUUlCQmdncWhrak9QUU1CQndOQ0FBUmsvalRhVUwwc0F2SDMKV3J6T0gxTVIxSHh0U1NUSUtJMXRDS3NHZUo2eHM2OWhKNWhVTDJJNmFiTjNBVm84bVZaQVN4cWVSNVJFS09saQpBTFBMejZMOW8wZ3dSakFPQmdOVkhROEJBZjhFQkFNQ0JhQXdFd1lEVlIwbEJBd3dDZ1lJS3dZQkJRVUhBd0l3Ckh3WURWUjBqQkJnd0ZvQVVOM3M1blZjeXFncXlrSW5ONndtMEpEQStSVEF3Q2dZSUtvWkl6ajBFQXdJRFNBQXcKUlFJZ0s4YmIxNTMrc3F6NWdIQlUrbWVha0RONlJlaTZOemI4T2VRTlMxdE0zVFlDSVFDT0RvN3p1UWVDRHdlcApGMTZrZWl4VHhRSTl1WmNBSEZscXdjOGdMM3FyZ2c9PQotLS0tLUVORCBDRVJUSUZJQ0FURS0tLS0tCi0tLS0tQkVHSU4gQ0VSVElGSUNBVEUtLS0tLQpNSUlCZWpDQ0FSK2dBd0lCQWdJQkFEQUtCZ2dxaGtqT1BRUURBakFrTVNJd0lBWURWUVFEREJseWEyVXlMV05zCmFXVnVkQzFqWVVBeE56WTFOakkxT1Rrd01CNFhEVEkxTVRJeE16RXhNemsxTUZvWERUTTFNVEl4TVRFeE16azEKTUZvd0pERWlNQ0FHQTFVRUF3d1pjbXRsTWkxamJHbGxiblF0WTJGQU1UYzJOVFl5TlRrNU1EQlpNQk1HQnlxRwpTTTQ5QWdFR0NDcUdTTTQ5QXdFSEEwSUFCSEs5NTRKT3JmTVBTVzdtS1dhMmN2amoyL21reElSMlVBaTF1Sk9lCnFzMTZ0UnZDTkw2RkUrZTcrekFnRzdjbElpWnMvNER1RGM4UlV0dm9BMjBwYnJ5alFqQkFNQTRHQTFVZER3RUIKL3dRRUF3SUNwREFQQmdOVkhSTUJBZjhFQlRBREFRSC9NQjBHQTFVZERnUVdCQlEzZXptZFZ6S3FDcktRaWMzcgpDYlFrTUQ1Rk1EQUtCZ2dxaGtqT1BRUURBZ05KQURCR0FpRUE0dmVRYlpLT2Jlb0VteGZtbWRIaW91SWRtNVJxCkg5WS9jWEZuZlNxQ1hsRUNJUUM2dHp3OFUrSTNuYXZSeVJVMDFRUjNOY0pQUnkzUVFYdUF1Qk1LbzA2RDZBPT0KLS0tLS1FTkQgQ0VSVElGSUNBVEUtLS0tLQo=\n    client-key-data: LS0tLS1CRUdJTiBFQyBQUklWQVRFIEtFWS0tLS0tCk1IY0NBUUVFSUYxZmkwa0NsUENaWU5tZmtoaE9RdTYrRFNFTWtlakgyUm02SEVvd01VdklvQW9HQ0NxR1NNNDkKQXdFSG9VUURRZ0FFWlA0MDJsQzlMQUx4OTFxOHpoOVRFZFI4YlVra3lDaU5iUWlyQm5pZXNiT3ZZU2VZVkM5aQpPbW16ZHdGYVBKbFdRRXNhbmtlVVJDanBZZ0N6eTgraS9RPT0KLS0tLS1FTkQgRUMgUFJJVkFURSBLRVktLS0tLQo=\n",
      "type": "string",
      "sensitive": true
    },
    "server_ip": {
      "value": "44.200.215.127",
      "type": "string",
      "sensitive": true
    },
    "username": {
      "value": "tf-partypic-4e9af",
      "type": "string",
      "sensitive": true
    }
  },
  "resources": [
    {
      "mode": "data",
      "type": "aws_availability_zones",
      "name": "available",
      "provider": "provider[\"registry.terraform.io/hashicorp/aws\"]",
      "instances": [
        {
          "schema_version": 0,
          "attributes": {
            "all_availability_zones": null,
            "exclude_names": null,
            "exclude_zone_ids": null,
            "filter": null,
            "group_names": [
              "us-east-1-zg-1"
            ],
            "id": "us-east-1",
            "names": [
              "us-east-1a",
              "us-east-1b",
              "us-east-1c",
              "us-east-1d",
              "us-east-1e",
              "us-east-1f"
            ],
            "region": "us-east-1",
            "state": "available",
            "timeouts": null,
            "zone_ids": [
              "use1-az1",
              "use1-az2",
              "use1-az4",
              "use1-az6",
              "use1-az3",
              "use1-az5"
            ]
          },
          "sensitive_attributes": [],
          "identity_schema_version": 0
        }
      ]
    },
    {
      "mode": "data",
      "type": "http",
      "name": "myip",
      "provider": "provider[\"registry.terraform.io/hashicorp/http\"]",
      "instances": [
        {
          "schema_version": 0,
          "attributes": {
            "body": "45.155.141.250",
            "ca_cert_pem": null,
            "client_cert_pem": null,
            "client_key_pem": null,
            "id": "https://ipinfo.io/ip",
            "insecure": null,
            "method": null,
            "request_body": null,
            "request_headers": null,
            "request_timeout_ms": null,
            "response_body": "45.155.141.250",
            "response_body_base64": "NDUuMTU1LjE0MS4yNTA=",
            "response_headers": {
              "Access-Control-Allow-Origin": "*",
              "Alt-Svc": "h3=\":443\"; ma=2592000,h3-29=\":443\"; ma=2592000",
              "Content-Length": "14",
              "Content-Type": "text/plain; charset=utf-8",
              "Date": "Sat, 13 Dec 2025 11:32:00 GMT",
              "Strict-Transport-Security": "max-age=2592000; includeSubDomains",
              "Via": "1.1 google"
            },
            "retry": null,
            "status_code": 200,
            "url": "https://ipinfo.io/ip"
          },
          "sensitive_attributes": [],
          "identity_schema_version": 0
        }
      ]
    },
    {
      "mode": "managed",
      "type": "local_file",
      "name": "inputs",
      "provider": "provider[\"registry.terraform.io/hashicorp/local\"]",
      "instances": [
        {
          "index_key": "tf-PartyPic-4e9af-2f46",
          "schema_version": 0,
          "attributes": {
            "content": "identifier         = \"PartyPic\"\nkey_name           = \"test\"\nkey                = \"ssh-ed25519 AAAAC3NzaC1lZDI1NTE5AAAAIIzG4JHCPuBQASJfAmyof6noYDSMVmkawzWzeQASwX7F simon@Simomsius\"\nrke2_version       = \"v1.33.6+rke2r1\"\nos                 = \"sle-micro-60\"\nfile_path          = \"/workspace/terraform/terraform-aws-rke2-2.0.0/examples/prod/rke2\"\ninstall_method     = \"tar\"\ncni                = \"canal\"\nip_family          = \"ipv4\"\ningress_controller = \"nginx\"\nrunner_ip          = \"45.155.141.250\"\n",
            "content_base64": null,
            "content_base64sha256": "f4Cg/9UTvV+RF9OO55ygIc1yeDsarE+Zzbi/3BYqSig=",
            "content_base64sha512": "H15zZafHMJ5RbrOFOKIrWYJKTxAjFHsP7tt1shhOig+0be2Quz2AJ/y+uVC4lRs2catnwHncj3XB2+y3tWCVFQ==",
            "content_md5": "6bbe8ad8a28414d7d4cf9e9abaf5e64c",
            "content_sha1": "cbb5d39d824af4a0a09df65b676c3f6d74bd3623",
            "content_sha256": "7f80a0ffd513bd5f9117d38ee79ca021cd72783b1aac4f99cdb8bfdc162a4a28",
            "content_sha512": "1f5e7365a7c7309e516eb38538a22b59824a4f1023147b0feedb75b2184e8a0fb46ded90bb3d8027fcbeb950b8951b3671ab67c079dc8f75c1dbecb7b5609515",
            "directory_permission": "0777",
            "file_permission": "0777",
            "filename": "/workspace/terraform/terraform-aws-rke2-2.0.0/examples/prod/rke2/tf-PartyPic-4e9af-2f46/inputs.tfvars",
            "id": "cbb5d39d824af4a0a09df65b676c3f6d74bd3623",
            "sensitive_content": null,
            "source": null
          },
          "sensitive_attributes": [
            [
              {
                "type": "get_attr",
                "value": "sensitive_content"
              }
            ]
          ],
          "identity_schema_version": 0,
          "dependencies": [
            "data.aws_availability_zones.available",
            "data.http.myip",
            "local_file.main",
            "module.initial.data.aws_availability_zones.available",
            "module.initial.data.aws_security_group.general_info",
            "module.initial.module.default_config.null_resource.write_config",
            "module.initial.module.download.data.github_release.latest",
            "module.initial.module.download.data.github_release.selected",
            "module.initial.module.download.local_file.download_dir",
            "module.initial.module.download.terraform_data.download",
            "module.initial.module.install.data.local_sensitive_file.kubeconfig",
            "module.initial.module.install.null_resource.configure",
            "module.initial.module.install.null_resource.get_kubeconfig",
            "module.initial.module.install.null_resource.install",
            "module.initial.module.install.null_resource.install_prep",
            "module.initial.module.install.null_resource.prep",
            "module.initial.module.install.null_resource.start",
            "module.initial.module.install.terraform_data.copy_manifests",
            "module.initial.module.install.terraform_data.copy_to_remote",
            "module.initial.module.install.time_sleep.ten_s_after_install",
            "module.initial.module.install.time_sleep.ten_s_before_install",
            "module.initial.module.install.time_sleep.ten_s_before_start",
            "module.initial.module.project.data.aws_availability_zones.available",
            "module.initial.module.project.module.domain.acme_certificate.new",
            "module.initial.module.project.module.domain.acme_registration.reg",
            "module.initial.module.project.module.domain.aws_iam_server_certificate.new",
            "module.initial.module.project.module.domain.aws_route53_record.ipv4",
            "module.initial.module.project.module.domain.aws_route53_record.ipv6",
            "module.initial.module.project.module.domain.aws_route53domains_registered_domain.select",
            "module.initial.module.project.module.domain.data.aws_iam_server_certificate.select",
            "module.initial.module.project.module.domain.data.aws_route53_zone.select",
            "module.initial.module.project.module.domain.tls_cert_request.req",
            "module.initial.module.project.module.domain.tls_private_key.cert_private_key",
            "module.initial.module.project.module.domain.tls_private_key.private_key",
            "module.initial.module.project.module.network_load_balancer.aws_eip.created",
            "module.initial.module.project.module.network_load_balancer.aws_lb.new",
            "module.initial.module.project.module.network_load_balancer.aws_lb_listener.created",
            "module.initial.module.project.module.network_load_balancer.aws_lb_target_group.created",
            "module.initial.module.project.module.network_load_balancer.aws_security_group.load_balancer",
            "module.initial.module.project.module.network_load_balancer.aws_vpc_security_group_ingress_rule.external_ingress",
            "module.initial.module.project.module.network_load_balancer.aws_vpc_security_group_ingress_rule.project_ingress_loadbalancer",
            "module.initial.module.project.module.network_load_balancer.data.aws_lb.selected",
            "module.initial.module.project.module.project_security_group.aws_security_group.new",
            "module.initial.module.project.module.project_security_group.aws_vpc_security_group_egress_rule.external_egress_ipv4",
            "module.initial.module.project.module.project_security_group.aws_vpc_security_group_egress_rule.external_egress_ipv6",
            "module.initial.module.project.module.project_security_group.aws_vpc_security_group_egress_rule.project_egress_ipv4",
            "module.initial.module.project.module.project_security_group.aws_vpc_security_group_egress_rule.project_egress_ipv6",
            "module.initial.module.project.module.project_security_group.aws_vpc_security_group_ingress_rule.external_ingress_ipv4",
            "module.initial.module.project.module.project_security_group.aws_vpc_security_group_ingress_rule.external_ingress_ipv6",
            "module.initial.module.project.module.project_security_group.aws_vpc_security_group_ingress_rule.project_ingress_ipv4",
            "module.initial.module.project.module.project_security_group.aws_vpc_security_group_ingress_rule.project_ingress_ipv6",
            "module.initial.module.project.module.project_security_group.data.aws_security_group.selected",
            "module.initial.module.project.module.subnet.aws_subnet.created",
            "module.initial.module.project.module.subnet.data.aws_subnet.selected",
            "module.initial.module.project.module.vpc.aws_internet_gateway.new",
            "module.initial.module.project.module.vpc.aws_route.public_ipv4",
            "module.initial.module.project.module.vpc.aws_route.public_ipv6",
            "module.initial.module.project.module.vpc.aws_vpc.new",
            "module.initial.module.project.module.vpc.data.aws_vpc.selected",
            "module.initial.module.server.data.cloudinit_config.setup",
            "module.initial.module.server.module.direct_access.aws_eip.created",
            "module.initial.module.server.module.direct_access.aws_eip_association.created",
            "module.initial.module.server.module.direct_access.aws_network_interface_sg_attachment.server_security_group_attachment",
            "module.initial.module.server.module.direct_access.aws_route53_record.created",
            "module.initial.module.server.module.direct_access.aws_security_group.direct_access",
            "module.initial.module.server.module.direct_access.aws_vpc_security_group_ingress_rule.server_direct_link",
            "module.initial.module.server.module.direct_access.aws_vpc_security_group_ingress_rule.server_ingress",
            "module.initial.module.server.module.direct_access.data.aws_route53_zone.general_info",
            "module.initial.module.server.module.direct_access.data.aws_security_group.server_security_group",
            "module.initial.module.server.module.direct_access.terraform_data.remove_initial_user",
            "module.initial.module.server.module.direct_access.terraform_data.setup",
            "module.initial.module.server.module.image.data.aws_ami.search",
            "module.initial.module.server.module.image.data.aws_ami.select",
            "module.initial.module.server.module.indirect_access.aws_lb_target_group_attachment.server",
            "module.initial.module.server.module.indirect_access.data.aws_lb_target_group.general_info",
            "module.initial.module.server.module.server.aws_instance.created",
            "module.initial.module.server.module.server.aws_key_pair.created",
            "module.initial.module.server.module.server.data.aws_availability_zone.general_info_create",
            "module.initial.module.server.module.server.data.aws_ec2_instance_type.general_info_create",
            "module.initial.module.server.module.server.data.aws_ec2_instance_type.general_info_select",
            "module.initial.module.server.module.server.data.aws_instance.selected",
            "module.initial.module.server.module.server.data.aws_key_pair.ssh_key_selected",
            "module.initial.module.server.module.server.data.aws_security_group.general_info_create",
            "module.initial.module.server.module.server.data.aws_subnet.general_info_create",
            "module.initial.module.server.module.server.data.aws_subnet.general_info_select",
            "module.initial.module.server.module.server.data.aws_vpc.general_info_create",
            "module.initial.module.server.module.server.data.aws_vpc.general_info_select",
            "module.initial.module.server.module.server.terraform_data.set_primary_ipv6",
            "module.initial.null_resource.write_supplied_config",
            "module.initial.random_pet.server",
            "module.initial.random_uuid.join_token",
            "terraform_data.path"
          ]
        },
        {
          "index_key": "tf-PartyPic-4e9af-351b",
          "schema_version": 0,
          "attributes": {
            "content": "identifier         = \"PartyPic\"\nkey_name           = \"test\"\nkey                = \"ssh-ed25519 AAAAC3NzaC1lZDI1NTE5AAAAIIzG4JHCPuBQASJfAmyof6noYDSMVmkawzWzeQASwX7F simon@Simomsius\"\nrke2_version       = \"v1.33.6+rke2r1\"\nos                 = \"sle-micro-60\"\nfile_path          = \"/workspace/terraform/terraform-aws-rke2-2.0.0/examples/prod/rke2\"\ninstall_method     = \"tar\"\ncni                = \"canal\"\nip_family          = \"ipv4\"\ningress_controller = \"nginx\"\nrunner_ip          = \"45.155.141.250\"\n",
            "content_base64": null,
            "content_base64sha256": "f4Cg/9UTvV+RF9OO55ygIc1yeDsarE+Zzbi/3BYqSig=",
            "content_base64sha512": "H15zZafHMJ5RbrOFOKIrWYJKTxAjFHsP7tt1shhOig+0be2Quz2AJ/y+uVC4lRs2catnwHncj3XB2+y3tWCVFQ==",
            "content_md5": "6bbe8ad8a28414d7d4cf9e9abaf5e64c",
            "content_sha1": "cbb5d39d824af4a0a09df65b676c3f6d74bd3623",
            "content_sha256": "7f80a0ffd513bd5f9117d38ee79ca021cd72783b1aac4f99cdb8bfdc162a4a28",
            "content_sha512": "1f5e7365a7c7309e516eb38538a22b59824a4f1023147b0feedb75b2184e8a0fb46ded90bb3d8027fcbeb950b8951b3671ab67c079dc8f75c1dbecb7b5609515",
            "directory_permission": "0777",
            "file_permission": "0777",
            "filename": "/workspace/terraform/terraform-aws-rke2-2.0.0/examples/prod/rke2/tf-PartyPic-4e9af-351b/inputs.tfvars",
            "id": "cbb5d39d824af4a0a09df65b676c3f6d74bd3623",
            "sensitive_content": null,
            "source": null
          },
          "sensitive_attributes": [
            [
              {
                "type": "get_attr",
                "value": "sensitive_content"
              }
            ]
          ],
          "identity_schema_version": 0,
          "dependencies": [
            "data.aws_availability_zones.available",
            "data.http.myip",
            "local_file.main",
            "module.initial.data.aws_availability_zones.available",
            "module.initial.data.aws_security_group.general_info",
            "module.initial.module.default_config.null_resource.write_config",
            "module.initial.module.download.data.github_release.latest",
            "module.initial.module.download.data.github_release.selected",
            "module.initial.module.download.local_file.download_dir",
            "module.initial.module.download.terraform_data.download",
            "module.initial.module.install.data.local_sensitive_file.kubeconfig",
            "module.initial.module.install.null_resource.configure",
            "module.initial.module.install.null_resource.get_kubeconfig",
            "module.initial.module.install.null_resource.install",
            "module.initial.module.install.null_resource.install_prep",
            "module.initial.module.install.null_resource.prep",
            "module.initial.module.install.null_resource.start",
            "module.initial.module.install.terraform_data.copy_manifests",
            "module.initial.module.install.terraform_data.copy_to_remote",
            "module.initial.module.install.time_sleep.ten_s_after_install",
            "module.initial.module.install.time_sleep.ten_s_before_install",
            "module.initial.module.install.time_sleep.ten_s_before_start",
            "module.initial.module.project.data.aws_availability_zones.available",
            "module.initial.module.project.module.domain.acme_certificate.new",
            "module.initial.module.project.module.domain.acme_registration.reg",
            "module.initial.module.project.module.domain.aws_iam_server_certificate.new",
            "module.initial.module.project.module.domain.aws_route53_record.ipv4",
            "module.initial.module.project.module.domain.aws_route53_record.ipv6",
            "module.initial.module.project.module.domain.aws_route53domains_registered_domain.select",
            "module.initial.module.project.module.domain.data.aws_iam_server_certificate.select",
            "module.initial.module.project.module.domain.data.aws_route53_zone.select",
            "module.initial.module.project.module.domain.tls_cert_request.req",
            "module.initial.module.project.module.domain.tls_private_key.cert_private_key",
            "module.initial.module.project.module.domain.tls_private_key.private_key",
            "module.initial.module.project.module.network_load_balancer.aws_eip.created",
            "module.initial.module.project.module.network_load_balancer.aws_lb.new",
            "module.initial.module.project.module.network_load_balancer.aws_lb_listener.created",
            "module.initial.module.project.module.network_load_balancer.aws_lb_target_group.created",
            "module.initial.module.project.module.network_load_balancer.aws_security_group.load_balancer",
            "module.initial.module.project.module.network_load_balancer.aws_vpc_security_group_ingress_rule.external_ingress",
            "module.initial.module.project.module.network_load_balancer.aws_vpc_security_group_ingress_rule.project_ingress_loadbalancer",
            "module.initial.module.project.module.network_load_balancer.data.aws_lb.selected",
            "module.initial.module.project.module.project_security_group.aws_security_group.new",
            "module.initial.module.project.module.project_security_group.aws_vpc_security_group_egress_rule.external_egress_ipv4",
            "module.initial.module.project.module.project_security_group.aws_vpc_security_group_egress_rule.external_egress_ipv6",
            "module.initial.module.project.module.project_security_group.aws_vpc_security_group_egress_rule.project_egress_ipv4",
            "module.initial.module.project.module.project_security_group.aws_vpc_security_group_egress_rule.project_egress_ipv6",
            "module.initial.module.project.module.project_security_group.aws_vpc_security_group_ingress_rule.external_ingress_ipv4",
            "module.initial.module.project.module.project_security_group.aws_vpc_security_group_ingress_rule.external_ingress_ipv6",
            "module.initial.module.project.module.project_security_group.aws_vpc_security_group_ingress_rule.project_ingress_ipv4",
            "module.initial.module.project.module.project_security_group.aws_vpc_security_group_ingress_rule.project_ingress_ipv6",
            "module.initial.module.project.module.project_security_group.data.aws_security_group.selected",
            "module.initial.module.project.module.subnet.aws_subnet.created",
            "module.initial.module.project.module.subnet.data.aws_subnet.selected",
            "module.initial.module.project.module.vpc.aws_internet_gateway.new",
            "module.initial.module.project.module.vpc.aws_route.public_ipv4",
            "module.initial.module.project.module.vpc.aws_route.public_ipv6",
            "module.initial.module.project.module.vpc.aws_vpc.new",
            "module.initial.module.project.module.vpc.data.aws_vpc.selected",
            "module.initial.module.server.data.cloudinit_config.setup",
            "module.initial.module.server.module.direct_access.aws_eip.created",
            "module.initial.module.server.module.direct_access.aws_eip_association.created",
            "module.initial.module.server.module.direct_access.aws_network_interface_sg_attachment.server_security_group_attachment",
            "module.initial.module.server.module.direct_access.aws_route53_record.created",
            "module.initial.module.server.module.direct_access.aws_security_group.direct_access",
            "module.initial.module.server.module.direct_access.aws_vpc_security_group_ingress_rule.server_direct_link",
            "module.initial.module.server.module.direct_access.aws_vpc_security_group_ingress_rule.server_ingress",
            "module.initial.module.server.module.direct_access.data.aws_route53_zone.general_info",
            "module.initial.module.server.module.direct_access.data.aws_security_group.server_security_group",
            "module.initial.module.server.module.direct_access.terraform_data.remove_initial_user",
            "module.initial.module.server.module.direct_access.terraform_data.setup",
            "module.initial.module.server.module.image.data.aws_ami.search",
            "module.initial.module.server.module.image.data.aws_ami.select",
            "module.initial.module.server.module.indirect_access.aws_lb_target_group_attachment.server",
            "module.initial.module.server.module.indirect_access.data.aws_lb_target_group.general_info",
            "module.initial.module.server.module.server.aws_instance.created",
            "module.initial.module.server.module.server.aws_key_pair.created",
            "module.initial.module.server.module.server.data.aws_availability_zone.general_info_create",
            "module.initial.module.server.module.server.data.aws_ec2_instance_type.general_info_create",
            "module.initial.module.server.module.server.data.aws_ec2_instance_type.general_info_select",
            "module.initial.module.server.module.server.data.aws_instance.selected",
            "module.initial.module.server.module.server.data.aws_key_pair.ssh_key_selected",
            "module.initial.module.server.module.server.data.aws_security_group.general_info_create",
            "module.initial.module.server.module.server.data.aws_subnet.general_info_create",
            "module.initial.module.server.module.server.data.aws_subnet.general_info_select",
            "module.initial.module.server.module.server.data.aws_vpc.general_info_create",
            "module.initial.module.server.module.server.data.aws_vpc.general_info_select",
            "module.initial.module.server.module.server.terraform_data.set_primary_ipv6",
            "module.initial.null_resource.write_supplied_config",
            "module.initial.random_pet.server",
            "module.initial.random_uuid.join_token",
            "terraform_data.path"
          ]
        },
        {
          "index_key": "tf-PartyPic-4e9af-64cf",
          "schema_version": 0,
          "attributes": {
            "content": "identifier         = \"PartyPic\"\nkey_name           = \"test\"\nkey                = \"ssh-ed25519 AAAAC3NzaC1lZDI1NTE5AAAAIIzG4JHCPuBQASJfAmyof6noYDSMVmkawzWzeQASwX7F simon@Simomsius\"\nrke2_version       = \"v1.33.6+rke2r1\"\nos                 = \"sle-micro-60\"\nfile_path          = \"/workspace/terraform/terraform-aws-rke2-2.0.0/examples/prod/rke2\"\ninstall_method     = \"tar\"\ncni                = \"canal\"\nip_family          = \"ipv4\"\ningress_controller = \"nginx\"\nrunner_ip          = \"45.155.141.250\"\n",
            "content_base64": null,
            "content_base64sha256": "f4Cg/9UTvV+RF9OO55ygIc1yeDsarE+Zzbi/3BYqSig=",
            "content_base64sha512": "H15zZafHMJ5RbrOFOKIrWYJKTxAjFHsP7tt1shhOig+0be2Quz2AJ/y+uVC4lRs2catnwHncj3XB2+y3tWCVFQ==",
            "content_md5": "6bbe8ad8a28414d7d4cf9e9abaf5e64c",
            "content_sha1": "cbb5d39d824af4a0a09df65b676c3f6d74bd3623",
            "content_sha256": "7f80a0ffd513bd5f9117d38ee79ca021cd72783b1aac4f99cdb8bfdc162a4a28",
            "content_sha512": "1f5e7365a7c7309e516eb38538a22b59824a4f1023147b0feedb75b2184e8a0fb46ded90bb3d8027fcbeb950b8951b3671ab67c079dc8f75c1dbecb7b5609515",
            "directory_permission": "0777",
            "file_permission": "0777",
            "filename": "/workspace/terraform/terraform-aws-rke2-2.0.0/examples/prod/rke2/tf-PartyPic-4e9af-64cf/inputs.tfvars",
            "id": "cbb5d39d824af4a0a09df65b676c3f6d74bd3623",
            "sensitive_content": null,
            "source": null
          },
          "sensitive_attributes": [
            [
              {
                "type": "get_attr",
                "value": "sensitive_content"
              }
            ]
          ],
          "identity_schema_version": 0,
          "dependencies": [
            "data.aws_availability_zones.available",
            "data.http.myip",
            "local_file.main",
            "module.initial.data.aws_availability_zones.available",
            "module.initial.data.aws_security_group.general_info",
            "module.initial.module.default_config.null_resource.write_config",
            "module.initial.module.download.data.github_release.latest",
            "module.initial.module.download.data.github_release.selected",
            "module.initial.module.download.local_file.download_dir",
            "module.initial.module.download.terraform_data.download",
            "module.initial.module.install.data.local_sensitive_file.kubeconfig",
            "module.initial.module.install.null_resource.configure",
            "module.initial.module.install.null_resource.get_kubeconfig",
            "module.initial.module.install.null_resource.install",
            "module.initial.module.install.null_resource.install_prep",
            "module.initial.module.install.null_resource.prep",
            "module.initial.module.install.null_resource.start",
            "module.initial.module.install.terraform_data.copy_manifests",
            "module.initial.module.install.terraform_data.copy_to_remote",
            "module.initial.module.install.time_sleep.ten_s_after_install",
            "module.initial.module.install.time_sleep.ten_s_before_install",
            "module.initial.module.install.time_sleep.ten_s_before_start",
            "module.initial.module.project.data.aws_availability_zones.available",
            "module.initial.module.project.module.domain.acme_certificate.new",
            "module.initial.module.project.module.domain.acme_registration.reg",
            "module.initial.module.project.module.domain.aws_iam_server_certificate.new",
            "module.initial.module.project.module.domain.aws_route53_record.ipv4",
            "module.initial.module.project.module.domain.aws_route53_record.ipv6",
            "module.initial.module.project.module.domain.aws_route53domains_registered_domain.select",
            "module.initial.module.project.module.domain.data.aws_iam_server_certificate.select",
            "module.initial.module.project.module.domain.data.aws_route53_zone.select",
            "module.initial.module.project.module.domain.tls_cert_request.req",
            "module.initial.module.project.module.domain.tls_private_key.cert_private_key",
            "module.initial.module.project.module.domain.tls_private_key.private_key",
            "module.initial.module.project.module.network_load_balancer.aws_eip.created",
            "module.initial.module.project.module.network_load_balancer.aws_lb.new",
            "module.initial.module.project.module.network_load_balancer.aws_lb_listener.created",
            "module.initial.module.project.module.network_load_balancer.aws_lb_target_group.created",
            "module.initial.module.project.module.network_load_balancer.aws_security_group.load_balancer",
            "module.initial.module.project.module.network_load_balancer.aws_vpc_security_group_ingress_rule.external_ingress",
            "module.initial.module.project.module.network_load_balancer.aws_vpc_security_group_ingress_rule.project_ingress_loadbalancer",
            "module.initial.module.project.module.network_load_balancer.data.aws_lb.selected",
            "module.initial.module.project.module.project_security_group.aws_security_group.new",
            "module.initial.module.project.module.project_security_group.aws_vpc_security_group_egress_rule.external_egress_ipv4",
            "module.initial.module.project.module.project_security_group.aws_vpc_security_group_egress_rule.external_egress_ipv6",
            "module.initial.module.project.module.project_security_group.aws_vpc_security_group_egress_rule.project_egress_ipv4",
            "module.initial.module.project.module.project_security_group.aws_vpc_security_group_egress_rule.project_egress_ipv6",
            "module.initial.module.project.module.project_security_group.aws_vpc_security_group_ingress_rule.external_ingress_ipv4",
            "module.initial.module.project.module.project_security_group.aws_vpc_security_group_ingress_rule.external_ingress_ipv6",
            "module.initial.module.project.module.project_security_group.aws_vpc_security_group_ingress_rule.project_ingress_ipv4",
            "module.initial.module.project.module.project_security_group.aws_vpc_security_group_ingress_rule.project_ingress_ipv6",
            "module.initial.module.project.module.project_security_group.data.aws_security_group.selected",
            "module.initial.module.project.module.subnet.aws_subnet.created",
            "module.initial.module.project.module.subnet.data.aws_subnet.selected",
            "module.initial.module.project.module.vpc.aws_internet_gateway.new",
            "module.initial.module.project.module.vpc.aws_route.public_ipv4",
            "module.initial.module.project.module.vpc.aws_route.public_ipv6",
            "module.initial.module.project.module.vpc.aws_vpc.new",
            "module.initial.module.project.module.vpc.data.aws_vpc.selected",
            "module.initial.module.server.data.cloudinit_config.setup",
            "module.initial.module.server.module.direct_access.aws_eip.created",
            "module.initial.module.server.module.direct_access.aws_eip_association.created",
            "module.initial.module.server.module.direct_access.aws_network_interface_sg_attachment.server_security_group_attachment",
            "module.initial.module.server.module.direct_access.aws_route53_record.created",
            "module.initial.module.server.module.direct_access.aws_security_group.direct_access",
            "module.initial.module.server.module.direct_access.aws_vpc_security_group_ingress_rule.server_direct_link",
            "module.initial.module.server.module.direct_access.aws_vpc_security_group_ingress_rule.server_ingress",
            "module.initial.module.server.module.direct_access.data.aws_route53_zone.general_info",
            "module.initial.module.server.module.direct_access.data.aws_security_group.server_security_group",
            "module.initial.module.server.module.direct_access.terraform_data.remove_initial_user",
            "module.initial.module.server.module.direct_access.terraform_data.setup",
            "module.initial.module.server.module.image.data.aws_ami.search",
            "module.initial.module.server.module.image.data.aws_ami.select",
            "module.initial.module.server.module.indirect_access.aws_lb_target_group_attachment.server",
            "module.initial.module.server.module.indirect_access.data.aws_lb_target_group.general_info",
            "module.initial.module.server.module.server.aws_instance.created",
            "module.initial.module.server.module.server.aws_key_pair.created",
            "module.initial.module.server.module.server.data.aws_availability_zone.general_info_create",
            "module.initial.module.server.module.server.data.aws_ec2_instance_type.general_info_create",
            "module.initial.module.server.module.server.data.aws_ec2_instance_type.general_info_select",
            "module.initial.module.server.module.server.data.aws_instance.selected",
            "module.initial.module.server.module.server.data.aws_key_pair.ssh_key_selected",
            "module.initial.module.server.module.server.data.aws_security_group.general_info_create",
            "module.initial.module.server.module.server.data.aws_subnet.general_info_create",
            "module.initial.module.server.module.server.data.aws_subnet.general_info_select",
            "module.initial.module.server.module.server.data.aws_vpc.general_info_create",
            "module.initial.module.server.module.server.data.aws_vpc.general_info_select",
            "module.initial.module.server.module.server.terraform_data.set_primary_ipv6",
            "module.initial.null_resource.write_supplied_config",
            "module.initial.random_pet.server",
            "module.initial.random_uuid.join_token",
            "terraform_data.path"
          ]
        },
        {
          "index_key": "tf-PartyPic-4e9af-a627",
          "schema_version": 0,
          "attributes": {
            "content": "identifier         = \"PartyPic\"\nkey_name           = \"test\"\nkey                = \"ssh-ed25519 AAAAC3NzaC1lZDI1NTE5AAAAIIzG4JHCPuBQASJfAmyof6noYDSMVmkawzWzeQASwX7F simon@Simomsius\"\nrke2_version       = \"v1.33.6+rke2r1\"\nos                 = \"sle-micro-60\"\nfile_path          = \"/workspace/terraform/terraform-aws-rke2-2.0.0/examples/prod/rke2\"\ninstall_method     = \"tar\"\ncni                = \"canal\"\nip_family          = \"ipv4\"\ningress_controller = \"nginx\"\nrunner_ip          = \"45.155.141.250\"\n",
            "content_base64": null,
            "content_base64sha256": "f4Cg/9UTvV+RF9OO55ygIc1yeDsarE+Zzbi/3BYqSig=",
            "content_base64sha512": "H15zZafHMJ5RbrOFOKIrWYJKTxAjFHsP7tt1shhOig+0be2Quz2AJ/y+uVC4lRs2catnwHncj3XB2+y3tWCVFQ==",
            "content_md5": "6bbe8ad8a28414d7d4cf9e9abaf5e64c",
            "content_sha1": "cbb5d39d824af4a0a09df65b676c3f6d74bd3623",
            "content_sha256": "7f80a0ffd513bd5f9117d38ee79ca021cd72783b1aac4f99cdb8bfdc162a4a28",
            "content_sha512": "1f5e7365a7c7309e516eb38538a22b59824a4f1023147b0feedb75b2184e8a0fb46ded90bb3d8027fcbeb950b8951b3671ab67c079dc8f75c1dbecb7b5609515",
            "directory_permission": "0777",
            "file_permission": "0777",
            "filename": "/workspace/terraform/terraform-aws-rke2-2.0.0/examples/prod/rke2/tf-PartyPic-4e9af-a627/inputs.tfvars",
            "id": "cbb5d39d824af4a0a09df65b676c3f6d74bd3623",
            "sensitive_content": null,
            "source": null
          },
          "sensitive_attributes": [
            [
              {
                "type": "get_attr",
                "value": "sensitive_content"
              }
            ]
          ],
          "identity_schema_version": 0,
          "dependencies": [
            "data.aws_availability_zones.available",
            "data.http.myip",
            "local_file.main",
            "module.initial.data.aws_availability_zones.available",
            "module.initial.data.aws_security_group.general_info",
            "module.initial.module.default_config.null_resource.write_config",
            "module.initial.module.download.data.github_release.latest",
            "module.initial.module.download.data.github_release.selected",
            "module.initial.module.download.local_file.download_dir",
            "module.initial.module.download.terraform_data.download",
            "module.initial.module.install.data.local_sensitive_file.kubeconfig",
            "module.initial.module.install.null_resource.configure",
            "module.initial.module.install.null_resource.get_kubeconfig",
            "module.initial.module.install.null_resource.install",
            "module.initial.module.install.null_resource.install_prep",
            "module.initial.module.install.null_resource.prep",
            "module.initial.module.install.null_resource.start",
            "module.initial.module.install.terraform_data.copy_manifests",
            "module.initial.module.install.terraform_data.copy_to_remote",
            "module.initial.module.install.time_sleep.ten_s_after_install",
            "module.initial.module.install.time_sleep.ten_s_before_install",
            "module.initial.module.install.time_sleep.ten_s_before_start",
            "module.initial.module.project.data.aws_availability_zones.available",
            "module.initial.module.project.module.domain.acme_certificate.new",
            "module.initial.module.project.module.domain.acme_registration.reg",
            "module.initial.module.project.module.domain.aws_iam_server_certificate.new",
            "module.initial.module.project.module.domain.aws_route53_record.ipv4",
            "module.initial.module.project.module.domain.aws_route53_record.ipv6",
            "module.initial.module.project.module.domain.aws_route53domains_registered_domain.select",
            "module.initial.module.project.module.domain.data.aws_iam_server_certificate.select",
            "module.initial.module.project.module.domain.data.aws_route53_zone.select",
            "module.initial.module.project.module.domain.tls_cert_request.req",
            "module.initial.module.project.module.domain.tls_private_key.cert_private_key",
            "module.initial.module.project.module.domain.tls_private_key.private_key",
            "module.initial.module.project.module.network_load_balancer.aws_eip.created",
            "module.initial.module.project.module.network_load_balancer.aws_lb.new",
            "module.initial.module.project.module.network_load_balancer.aws_lb_listener.created",
            "module.initial.module.project.module.network_load_balancer.aws_lb_target_group.created",
            "module.initial.module.project.module.network_load_balancer.aws_security_group.load_balancer",
            "module.initial.module.project.module.network_load_balancer.aws_vpc_security_group_ingress_rule.external_ingress",
            "module.initial.module.project.module.network_load_balancer.aws_vpc_security_group_ingress_rule.project_ingress_loadbalancer",
            "module.initial.module.project.module.network_load_balancer.data.aws_lb.selected",
            "module.initial.module.project.module.project_security_group.aws_security_group.new",
            "module.initial.module.project.module.project_security_group.aws_vpc_security_group_egress_rule.external_egress_ipv4",
            "module.initial.module.project.module.project_security_group.aws_vpc_security_group_egress_rule.external_egress_ipv6",
            "module.initial.module.project.module.project_security_group.aws_vpc_security_group_egress_rule.project_egress_ipv4",
            "module.initial.module.project.module.project_security_group.aws_vpc_security_group_egress_rule.project_egress_ipv6",
            "module.initial.module.project.module.project_security_group.aws_vpc_security_group_ingress_rule.external_ingress_ipv4",
            "module.initial.module.project.module.project_security_group.aws_vpc_security_group_ingress_rule.external_ingress_ipv6",
            "module.initial.module.project.module.project_security_group.aws_vpc_security_group_ingress_rule.project_ingress_ipv4",
            "module.initial.module.project.module.project_security_group.aws_vpc_security_group_ingress_rule.project_ingress_ipv6",
            "module.initial.module.project.module.project_security_group.data.aws_security_group.selected",
            "module.initial.module.project.module.subnet.aws_subnet.created",
            "module.initial.module.project.module.subnet.data.aws_subnet.selected",
            "module.initial.module.project.module.vpc.aws_internet_gateway.new",
            "module.initial.module.project.module.vpc.aws_route.public_ipv4",
            "module.initial.module.project.module.vpc.aws_route.public_ipv6",
            "module.initial.module.project.module.vpc.aws_vpc.new",
            "module.initial.module.project.module.vpc.data.aws_vpc.selected",
            "module.initial.module.server.data.cloudinit_config.setup",
            "module.initial.module.server.module.direct_access.aws_eip.created",
            "module.initial.module.server.module.direct_access.aws_eip_association.created",
            "module.initial.module.server.module.direct_access.aws_network_interface_sg_attachment.server_security_group_attachment",
            "module.initial.module.server.module.direct_access.aws_route53_record.created",
            "module.initial.module.server.module.direct_access.aws_security_group.direct_access",
            "module.initial.module.server.module.direct_access.aws_vpc_security_group_ingress_rule.server_direct_link",
            "module.initial.module.server.module.direct_access.aws_vpc_security_group_ingress_rule.server_ingress",
            "module.initial.module.server.module.direct_access.data.aws_route53_zone.general_info",
            "module.initial.module.server.module.direct_access.data.aws_security_group.server_security_group",
            "module.initial.module.server.module.direct_access.terraform_data.remove_initial_user",
            "module.initial.module.server.module.direct_access.terraform_data.setup",
            "module.initial.module.server.module.image.data.aws_ami.search",
            "module.initial.module.server.module.image.data.aws_ami.select",
            "module.initial.module.server.module.indirect_access.aws_lb_target_group_attachment.server",
            "module.initial.module.server.module.indirect_access.data.aws_lb_target_group.general_info",
            "module.initial.module.server.module.server.aws_instance.created",
            "module.initial.module.server.module.server.aws_key_pair.created",
            "module.initial.module.server.module.server.data.aws_availability_zone.general_info_create",
            "module.initial.module.server.module.server.data.aws_ec2_instance_type.general_info_create",
            "module.initial.module.server.module.server.data.aws_ec2_instance_type.general_info_select",
            "module.initial.module.server.module.server.data.aws_instance.selected",
            "module.initial.module.server.module.server.data.aws_key_pair.ssh_key_selected",
            "module.initial.module.server.module.server.data.aws_security_group.general_info_create",
            "module.initial.module.server.module.server.data.aws_subnet.general_info_create",
            "module.initial.module.server.module.server.data.aws_subnet.general_info_select",
            "module.initial.module.server.module.server.data.aws_vpc.general_info_create",
            "module.initial.module.server.module.server.data.aws_vpc.general_info_select",
            "module.initial.module.server.module.server.terraform_data.set_primary_ipv6",
            "module.initial.null_resource.write_supplied_config",
            "module.initial.random_pet.server",
            "module.initial.random_uuid.join_token",
            "terraform_data.path"
          ]
        },
        {
          "index_key": "tf-PartyPic-4e9af-beb6",
          "schema_version": 0,
          "attributes": {
            "content": "identifier         = \"PartyPic\"\nkey_name           = \"test\"\nkey                = \"ssh-ed25519 AAAAC3NzaC1lZDI1NTE5AAAAIIzG4JHCPuBQASJfAmyof6noYDSMVmkawzWzeQASwX7F simon@Simomsius\"\nrke2_version       = \"v1.33.6+rke2r1\"\nos                 = \"sle-micro-60\"\nfile_path          = \"/workspace/terraform/terraform-aws-rke2-2.0.0/examples/prod/rke2\"\ninstall_method     = \"tar\"\ncni                = \"canal\"\nip_family          = \"ipv4\"\ningress_controller = \"nginx\"\nrunner_ip          = \"45.155.141.250\"\n",
            "content_base64": null,
            "content_base64sha256": "f4Cg/9UTvV+RF9OO55ygIc1yeDsarE+Zzbi/3BYqSig=",
            "content_base64sha512": "H15zZafHMJ5RbrOFOKIrWYJKTxAjFHsP7tt1shhOig+0be2Quz2AJ/y+uVC4lRs2catnwHncj3XB2+y3tWCVFQ==",
            "content_md5": "6bbe8ad8a28414d7d4cf9e9abaf5e64c",
            "content_sha1": "cbb5d39d824af4a0a09df65b676c3f6d74bd3623",
            "content_sha256": "7f80a0ffd513bd5f9117d38ee79ca021cd72783b1aac4f99cdb8bfdc162a4a28",
            "content_sha512": "1f5e7365a7c7309e516eb38538a22b59824a4f1023147b0feedb75b2184e8a0fb46ded90bb3d8027fcbeb950b8951b3671ab67c079dc8f75c1dbecb7b5609515",
            "directory_permission": "0777",
            "file_permission": "0777",
            "filename": "/workspace/terraform/terraform-aws-rke2-2.0.0/examples/prod/rke2/tf-PartyPic-4e9af-beb6/inputs.tfvars",
            "id": "cbb5d39d824af4a0a09df65b676c3f6d74bd3623",
            "sensitive_content": null,
            "source": null
          },
          "sensitive_attributes": [
            [
              {
                "type": "get_attr",
                "value": "sensitive_content"
              }
            ]
          ],
          "identity_schema_version": 0,
          "dependencies": [
            "data.aws_availability_zones.available",
            "data.http.myip",
            "local_file.main",
            "module.initial.data.aws_availability_zones.available",
            "module.initial.data.aws_security_group.general_info",
            "module.initial.module.default_config.null_resource.write_config",
            "module.initial.module.download.data.github_release.latest",
            "module.initial.module.download.data.github_release.selected",
            "module.initial.module.download.local_file.download_dir",
            "module.initial.module.download.terraform_data.download",
            "module.initial.module.install.data.local_sensitive_file.kubeconfig",
            "module.initial.module.install.null_resource.configure",
            "module.initial.module.install.null_resource.get_kubeconfig",
            "module.initial.module.install.null_resource.install",
            "module.initial.module.install.null_resource.install_prep",
            "module.initial.module.install.null_resource.prep",
            "module.initial.module.install.null_resource.start",
            "module.initial.module.install.terraform_data.copy_manifests",
            "module.initial.module.install.terraform_data.copy_to_remote",
            "module.initial.module.install.time_sleep.ten_s_after_install",
            "module.initial.module.install.time_sleep.ten_s_before_install",
            "module.initial.module.install.time_sleep.ten_s_before_start",
            "module.initial.module.project.data.aws_availability_zones.available",
            "module.initial.module.project.module.domain.acme_certificate.new",
            "module.initial.module.project.module.domain.acme_registration.reg",
            "module.initial.module.project.module.domain.aws_iam_server_certificate.new",
            "module.initial.module.project.module.domain.aws_route53_record.ipv4",
            "module.initial.module.project.module.domain.aws_route53_record.ipv6",
            "module.initial.module.project.module.domain.aws_route53domains_registered_domain.select",
            "module.initial.module.project.module.domain.data.aws_iam_server_certificate.select",
            "module.initial.module.project.module.domain.data.aws_route53_zone.select",
            "module.initial.module.project.module.domain.tls_cert_request.req",
            "module.initial.module.project.module.domain.tls_private_key.cert_private_key",
            "module.initial.module.project.module.domain.tls_private_key.private_key",
            "module.initial.module.project.module.network_load_balancer.aws_eip.created",
            "module.initial.module.project.module.network_load_balancer.aws_lb.new",
            "module.initial.module.project.module.network_load_balancer.aws_lb_listener.created",
            "module.initial.module.project.module.network_load_balancer.aws_lb_target_group.created",
            "module.initial.module.project.module.network_load_balancer.aws_security_group.load_balancer",
            "module.initial.module.project.module.network_load_balancer.aws_vpc_security_group_ingress_rule.external_ingress",
            "module.initial.module.project.module.network_load_balancer.aws_vpc_security_group_ingress_rule.project_ingress_loadbalancer",
            "module.initial.module.project.module.network_load_balancer.data.aws_lb.selected",
            "module.initial.module.project.module.project_security_group.aws_security_group.new",
            "module.initial.module.project.module.project_security_group.aws_vpc_security_group_egress_rule.external_egress_ipv4",
            "module.initial.module.project.module.project_security_group.aws_vpc_security_group_egress_rule.external_egress_ipv6",
            "module.initial.module.project.module.project_security_group.aws_vpc_security_group_egress_rule.project_egress_ipv4",
            "module.initial.module.project.module.project_security_group.aws_vpc_security_group_egress_rule.project_egress_ipv6",
            "module.initial.module.project.module.project_security_group.aws_vpc_security_group_ingress_rule.external_ingress_ipv4",
            "module.initial.module.project.module.project_security_group.aws_vpc_security_group_ingress_rule.external_ingress_ipv6",
            "module.initial.module.project.module.project_security_group.aws_vpc_security_group_ingress_rule.project_ingress_ipv4",
            "module.initial.module.project.module.project_security_group.aws_vpc_security_group_ingress_rule.project_ingress_ipv6",
            "module.initial.module.project.module.project_security_group.data.aws_security_group.selected",
            "module.initial.module.project.module.subnet.aws_subnet.created",
            "module.initial.module.project.module.subnet.data.aws_subnet.selected",
            "module.initial.module.project.module.vpc.aws_internet_gateway.new",
            "module.initial.module.project.module.vpc.aws_route.public_ipv4",
            "module.initial.module.project.module.vpc.aws_route.public_ipv6",
            "module.initial.module.project.module.vpc.aws_vpc.new",
            "module.initial.module.project.module.vpc.data.aws_vpc.selected",
            "module.initial.module.server.data.cloudinit_config.setup",
            "module.initial.module.server.module.direct_access.aws_eip.created",
            "module.initial.module.server.module.direct_access.aws_eip_association.created",
            "module.initial.module.server.module.direct_access.aws_network_interface_sg_attachment.server_security_group_attachment",
            "module.initial.module.server.module.direct_access.aws_route53_record.created",
            "module.initial.module.server.module.direct_access.aws_security_group.direct_access",
            "module.initial.module.server.module.direct_access.aws_vpc_security_group_ingress_rule.server_direct_link",
            "module.initial.module.server.module.direct_access.aws_vpc_security_group_ingress_rule.server_ingress",
            "module.initial.module.server.module.direct_access.data.aws_route53_zone.general_info",
            "module.initial.module.server.module.direct_access.data.aws_security_group.server_security_group",
            "module.initial.module.server.module.direct_access.terraform_data.remove_initial_user",
            "module.initial.module.server.module.direct_access.terraform_data.setup",
            "module.initial.module.server.module.image.data.aws_ami.search",
            "module.initial.module.server.module.image.data.aws_ami.select",
            "module.initial.module.server.module.indirect_access.aws_lb_target_group_attachment.server",
            "module.initial.module.server.module.indirect_access.data.aws_lb_target_group.general_info",
            "module.initial.module.server.module.server.aws_instance.created",
            "module.initial.module.server.module.server.aws_key_pair.created",
            "module.initial.module.server.module.server.data.aws_availability_zone.general_info_create",
            "module.initial.module.server.module.server.data.aws_ec2_instance_type.general_info_create",
            "module.initial.module.server.module.server.data.aws_ec2_instance_type.general_info_select",
            "module.initial.module.server.module.server.data.aws_instance.selected",
            "module.initial.module.server.module.server.data.aws_key_pair.ssh_key_selected",
            "module.initial.module.server.module.server.data.aws_security_group.general_info_create",
            "module.initial.module.server.module.server.data.aws_subnet.general_info_create",
            "module.initial.module.server.module.server.data.aws_subnet.general_info_select",
            "module.initial.module.server.module.server.data.aws_vpc.general_info_create",
            "module.initial.module.server.module.server.data.aws_vpc.general_info_select",
            "module.initial.module.server.module.server.terraform_data.set_primary_ipv6",
            "module.initial.null_resource.write_supplied_config",
            "module.initial.random_pet.server",
            "module.initial.random_uuid.join_token",
            "terraform_data.path"
          ]
        }
      ]
    },
    {
      "mode": "managed",
      "type": "local_file",
      "name": "main",
      "provider": "provider[\"registry.terraform.io/hashicorp/local\"]",
      "instances": [
        {
          "index_key": "tf-PartyPic-4e9af-2f46",
          "schema_version": 0,
          "attributes": {
            "content": "# control plane terraform templatefile\n\nprovider \"aws\" {\n  default_tags {\n    tags = {\n      Id    = local.identifier\n      Owner = local.email\n    }\n  }\n}\n\nlocals {\n  # tflint-ignore: terraform_unused_declarations\n  ingress_controller = var.ingress_controller # not currently in use, TODO: add traefik functionality\n  identifier         = var.identifier         # this is a random unique string that can be used to identify resources in the cloud provider\n  email              = \"terraform-ci@suse.com\"\n  project_name       = \"tf-PartyPic-4e9af\"\n  username           = lower(local.project_name)\n  ip_family          = var.ip_family\n  runner_ip          = (var.runner_ip == \"\" ? chomp(data.http.myip.response_body) : var.runner_ip) # \"runner\" is the server running Terraform\n  ssh_key            = var.key\n  ssh_key_name       = var.key_name\n  zone               = var.zone # DNS zone\n  rke2_version       = var.rke2_version\n  image              = var.os\n  install_method     = var.install_method\n  install_prep_script_file = (\n    strcontains(local.image, \"sles\") ? \"${path.root}/suse_prep.sh\" :\n    strcontains(local.image, \"rhel\") ? \"${path.root}/rhel_prep.sh\" :\n    strcontains(local.image, \"ubuntu\") ? \"${path.root}/ubuntu_prep.sh\" :\n    \"\"\n  )\n  install_prep_script = (local.install_prep_script_file == \"\" ? \"\" :\n    templatefile(local.install_prep_script_file, {\n      install_method = local.install_method,\n      ip_family      = local.ip_family,\n      image          = local.image,\n    })\n  )\n  download     = (local.install_method == \"tar\" ? \"download\" : \"skip\")\n  cni          = var.cni\n  config_strat = \"merge\"\n  cni_file     = (local.cni == \"cilium\" ? \"${path.root}/cilium.yaml\" : (local.cni == \"calico\" ? \"${path.root}/calico.yaml\" : \"\"))\n  cni_config   = (local.cni_file != \"\" ? file(local.cni_file) : \"\")\n\n  # WARNING! Local file path needs to be isolated, don't use the same path as your terraform files\n  local_file_path = (\n    var.file_path != \"\" ? (var.file_path == path.root ? \"${abspath(path.root)}/rke2\" : var.file_path) :\n    \"${abspath(path.root)}/rke2\"\n  )\n  workfolder       = (strcontains(local.image, \"cis\") ? \"/var/tmp\" : \"/home/${local.username}\")\n  k8s_target_group = substr(lower(\"${local.project_name}-kubectl\"), 0, 32)\n  cloudinit_strategy = ((local.image == \"sle-micro-55\" || local.image == \"cis-rhel-8\") ? \"skip\" : \"default\")\n\n  # CIS images are not supported on IPv6 only deployments due to kernel modifications with how AWS IPv6 works (dhcpv6)\n\n  # tflint-ignore: terraform_unused_declarations\n  fail_cis_ipv6 = ((local.image == \"rhel-8-cis\" \u0026\u0026 local.ip_family == \"ipv6\") ? one([local.ip_family, \"cis_ipv6_incompatible\"]) : false)\n\n  # Ubuntu images do not support rpm unstall method\n  # tflint-ignore: terraform_unused_declarations\n  fail_ubuntu_rpm = ((strcontains(local.image, \"ubuntu\") \u0026\u0026 local.install_method == \"rpm\") ? one([local.install_method, \"ubuntu_rpm_incompatible\"]) : false)\n\n  server_info = jsondecode(\u003c\u003c-EOT\n    {\"az\":\"us-east-1a\",\"config\":\"\",\"domain\":\"tf-partypic-4e9af-2f46\",\"file_path\":\"/workspace/terraform/terraform-aws-rke2-2.0.0/examples/prod/rke2/tf-PartyPic-4e9af-2f46/data\",\"name\":\"tf-PartyPic-4e9af-2f46\",\"path\":\"/workspace/terraform/terraform-aws-rke2-2.0.0/examples/prod/rke2/tf-PartyPic-4e9af-2f46\",\"subnet\":\"tf-PartyPic-4e9af-subnet\",\"type\":\"agent\"}\n  EOT\n  )\n  cluster_cidr = jsondecode(\u003c\u003c-EOT\n    [\"10.0.0.0/17\"]\n  EOT\n  )\n  service_cidr = jsondecode(\u003c\u003c-EOT\n    [\"10.0.128.0/17\"]\n  EOT\n  )\n  config = \u003c\u003c-EOT\n  ${local.cni_config}\n  ${local.server_info.config}\n  EOT\n}\n\ndata \"http\" \"myip\" {\n  url = \"https://ipinfo.io/ip\"\n}\n\nmodule \"control_plane\" {\n  source                              = \"../../../../\" # this source is dev use only, see https://registry.terraform.io/modules/rancher/rke2/aws/latest\n  project_use_strategy                = \"skip\"\n  project_domain                      = lower(\"tf-partypic-4e9af\")\n  project_domain_zone                 = local.zone\n  server_use_strategy                 = \"create\"\n  server_name                         = local.server_info[\"name\"]\n  server_type                         = \"small\"\n  server_security_group_name          = \"tf-PartyPic-4e9af-sg\"\n  server_availability_zone            = local.server_info[\"az\"]\n  server_subnet_name                  = local.server_info[\"subnet\"]\n  server_image_use_strategy           = \"find\"\n  server_image_type                   = local.image\n  server_ip_family                    = local.ip_family\n  server_cloudinit_use_strategy       = local.cloudinit_strategy\n  server_indirect_access_use_strategy = \"enable\"\n  server_load_balancer_target_groups  = [local.k8s_target_group] # this matches the target_name from project_load_balancer_access_cidrs\n  server_direct_access_use_strategy   = \"ssh\"                    # configure the servers for direct ssh access\n  server_access_addresses = {                                    # you must include ssh access here to enable setup\n    runnerSsh = {\n      port      = 22 # allow access on ssh port\n      protocol  = \"tcp\"\n      ip_family = (local.ip_family == \"ipv6\" ? \"ipv6\" : \"ipv4\")\n      cidrs     = (local.ip_family == \"ipv6\" ? [\"${local.runner_ip}/128\"] : [\"${local.runner_ip}/32\"])\n    }\n    runnerApi = {\n      port      = 6443 # allow access to api\n      protocol  = \"tcp\"\n      ip_family = (local.ip_family == \"ipv6\" ? \"ipv6\" : \"ipv4\")\n      cidrs     = (local.ip_family == \"ipv6\" ? [\"${local.runner_ip}/128\"] : [\"${local.runner_ip}/32\"])\n    }\n  }\n  server_user = {\n    user                     = local.username\n    aws_keypair_use_strategy = \"select\"\n    ssh_key_name             = local.ssh_key_name\n    public_ssh_key           = local.ssh_key\n    user_workfolder          = local.workfolder\n    timeout                  = 10\n  }\n  server_add_domain        = false\n  server_domain_name       = local.server_info[\"domain\"]\n  server_domain_zone       = local.zone\n  server_add_eip           = false\n  install_use_strategy     = local.install_method\n  local_file_use_strategy  = local.download\n  local_file_path          = local.server_info[\"file_path\"]\n  install_rke2_version     = local.rke2_version\n  install_rpm_channel      = \"stable\"\n  install_remote_file_path = \"${local.workfolder}/rke2\"\n  install_role             = \"${local.server_info[\"type\"]}\"\n  install_start            = true\n  install_prep_script      = local.install_prep_script\n  install_start_timeout    = 10\n  config_use_strategy      = \"merge\"\n  config_join_strategy     = \"join\"\n  config_join_url          = \"https://10.0.8.1:9345\"\n  config_join_token        = \"56f19b46-8814-8b1a-7605-4cd16028a852\"\n  config_cluster_cidr      = local.cluster_cidr\n  config_service_cidr      = local.service_cidr\n  config_supplied_content  = local.config\n  config_supplied_name     = \"51-config.yaml\"\n  retrieve_kubeconfig      = false # use initial\n}\n",
            "content_base64": null,
            "content_base64sha256": "AJdQiFibBJDAzg1R+grrYdBvGxF14sKqIN4tFmHOJyg=",
            "content_base64sha512": "jhktu7YnRi5NG6YwLf3hpJXWJVQpfevoi6DRDZbwNL1hlGLcT6G7XtNeyLv1Z9TXU/Wgg/rZc0Xhmce6fzPPfg==",
            "content_md5": "1247edd07a6739b3e87f6f0f8b3f3093",
            "content_sha1": "2e355a7445d5451a6d639a4ae503a167e2dde0ff",
            "content_sha256": "00975088589b0490c0ce0d51fa0aeb61d06f1b1175e2c2aa20de2d1661ce2728",
            "content_sha512": "8e192dbbb627462e4d1ba6302dfde1a495d62554297debe88ba0d10d96f034bd619462dc4fa1bb5ed35ec8bbf567d4d753f5a083fad97345e199c7ba7f33cf7e",
            "directory_permission": "0777",
            "file_permission": "0777",
            "filename": "/workspace/terraform/terraform-aws-rke2-2.0.0/examples/prod/rke2/tf-PartyPic-4e9af-2f46/main.tf",
            "id": "2e355a7445d5451a6d639a4ae503a167e2dde0ff",
            "sensitive_content": null,
            "source": null
          },
          "sensitive_attributes": [
            [
              {
                "type": "get_attr",
                "value": "content"
              }
            ],
            [
              {
                "type": "get_attr",
                "value": "sensitive_content"
              }
            ]
          ],
          "identity_schema_version": 0,
          "dependencies": [
            "data.aws_availability_zones.available",
            "data.http.myip",
            "module.initial.data.aws_availability_zones.available",
            "module.initial.data.aws_security_group.general_info",
            "module.initial.module.default_config.null_resource.write_config",
            "module.initial.module.download.data.github_release.latest",
            "module.initial.module.download.data.github_release.selected",
            "module.initial.module.download.local_file.download_dir",
            "module.initial.module.download.terraform_data.download",
            "module.initial.module.install.data.local_sensitive_file.kubeconfig",
            "module.initial.module.install.null_resource.configure",
            "module.initial.module.install.null_resource.get_kubeconfig",
            "module.initial.module.install.null_resource.install",
            "module.initial.module.install.null_resource.install_prep",
            "module.initial.module.install.null_resource.prep",
            "module.initial.module.install.null_resource.start",
            "module.initial.module.install.terraform_data.copy_manifests",
            "module.initial.module.install.terraform_data.copy_to_remote",
            "module.initial.module.install.time_sleep.ten_s_after_install",
            "module.initial.module.install.time_sleep.ten_s_before_install",
            "module.initial.module.install.time_sleep.ten_s_before_start",
            "module.initial.module.project.data.aws_availability_zones.available",
            "module.initial.module.project.module.domain.acme_certificate.new",
            "module.initial.module.project.module.domain.acme_registration.reg",
            "module.initial.module.project.module.domain.aws_iam_server_certificate.new",
            "module.initial.module.project.module.domain.aws_route53_record.ipv4",
            "module.initial.module.project.module.domain.aws_route53_record.ipv6",
            "module.initial.module.project.module.domain.aws_route53domains_registered_domain.select",
            "module.initial.module.project.module.domain.data.aws_iam_server_certificate.select",
            "module.initial.module.project.module.domain.data.aws_route53_zone.select",
            "module.initial.module.project.module.domain.tls_cert_request.req",
            "module.initial.module.project.module.domain.tls_private_key.cert_private_key",
            "module.initial.module.project.module.domain.tls_private_key.private_key",
            "module.initial.module.project.module.network_load_balancer.aws_eip.created",
            "module.initial.module.project.module.network_load_balancer.aws_lb.new",
            "module.initial.module.project.module.network_load_balancer.aws_lb_listener.created",
            "module.initial.module.project.module.network_load_balancer.aws_lb_target_group.created",
            "module.initial.module.project.module.network_load_balancer.aws_security_group.load_balancer",
            "module.initial.module.project.module.network_load_balancer.aws_vpc_security_group_ingress_rule.external_ingress",
            "module.initial.module.project.module.network_load_balancer.aws_vpc_security_group_ingress_rule.project_ingress_loadbalancer",
            "module.initial.module.project.module.network_load_balancer.data.aws_lb.selected",
            "module.initial.module.project.module.project_security_group.aws_security_group.new",
            "module.initial.module.project.module.project_security_group.aws_vpc_security_group_egress_rule.external_egress_ipv4",
            "module.initial.module.project.module.project_security_group.aws_vpc_security_group_egress_rule.external_egress_ipv6",
            "module.initial.module.project.module.project_security_group.aws_vpc_security_group_egress_rule.project_egress_ipv4",
            "module.initial.module.project.module.project_security_group.aws_vpc_security_group_egress_rule.project_egress_ipv6",
            "module.initial.module.project.module.project_security_group.aws_vpc_security_group_ingress_rule.external_ingress_ipv4",
            "module.initial.module.project.module.project_security_group.aws_vpc_security_group_ingress_rule.external_ingress_ipv6",
            "module.initial.module.project.module.project_security_group.aws_vpc_security_group_ingress_rule.project_ingress_ipv4",
            "module.initial.module.project.module.project_security_group.aws_vpc_security_group_ingress_rule.project_ingress_ipv6",
            "module.initial.module.project.module.project_security_group.data.aws_security_group.selected",
            "module.initial.module.project.module.subnet.aws_subnet.created",
            "module.initial.module.project.module.subnet.data.aws_subnet.selected",
            "module.initial.module.project.module.vpc.aws_internet_gateway.new",
            "module.initial.module.project.module.vpc.aws_route.public_ipv4",
            "module.initial.module.project.module.vpc.aws_route.public_ipv6",
            "module.initial.module.project.module.vpc.aws_vpc.new",
            "module.initial.module.project.module.vpc.data.aws_vpc.selected",
            "module.initial.module.server.data.cloudinit_config.setup",
            "module.initial.module.server.module.direct_access.aws_eip.created",
            "module.initial.module.server.module.direct_access.aws_eip_association.created",
            "module.initial.module.server.module.direct_access.aws_network_interface_sg_attachment.server_security_group_attachment",
            "module.initial.module.server.module.direct_access.aws_route53_record.created",
            "module.initial.module.server.module.direct_access.aws_security_group.direct_access",
            "module.initial.module.server.module.direct_access.aws_vpc_security_group_ingress_rule.server_direct_link",
            "module.initial.module.server.module.direct_access.aws_vpc_security_group_ingress_rule.server_ingress",
            "module.initial.module.server.module.direct_access.data.aws_route53_zone.general_info",
            "module.initial.module.server.module.direct_access.data.aws_security_group.server_security_group",
            "module.initial.module.server.module.direct_access.terraform_data.remove_initial_user",
            "module.initial.module.server.module.direct_access.terraform_data.setup",
            "module.initial.module.server.module.image.data.aws_ami.search",
            "module.initial.module.server.module.image.data.aws_ami.select",
            "module.initial.module.server.module.indirect_access.aws_lb_target_group_attachment.server",
            "module.initial.module.server.module.indirect_access.data.aws_lb_target_group.general_info",
            "module.initial.module.server.module.server.aws_instance.created",
            "module.initial.module.server.module.server.aws_key_pair.created",
            "module.initial.module.server.module.server.data.aws_availability_zone.general_info_create",
            "module.initial.module.server.module.server.data.aws_ec2_instance_type.general_info_create",
            "module.initial.module.server.module.server.data.aws_ec2_instance_type.general_info_select",
            "module.initial.module.server.module.server.data.aws_instance.selected",
            "module.initial.module.server.module.server.data.aws_key_pair.ssh_key_selected",
            "module.initial.module.server.module.server.data.aws_security_group.general_info_create",
            "module.initial.module.server.module.server.data.aws_subnet.general_info_create",
            "module.initial.module.server.module.server.data.aws_subnet.general_info_select",
            "module.initial.module.server.module.server.data.aws_vpc.general_info_create",
            "module.initial.module.server.module.server.data.aws_vpc.general_info_select",
            "module.initial.module.server.module.server.terraform_data.set_primary_ipv6",
            "module.initial.null_resource.write_supplied_config",
            "module.initial.random_pet.server",
            "module.initial.random_uuid.join_token",
            "terraform_data.path"
          ]
        },
        {
          "index_key": "tf-PartyPic-4e9af-351b",
          "schema_version": 0,
          "attributes": {
            "content": "# control plane terraform templatefile\n\nprovider \"aws\" {\n  default_tags {\n    tags = {\n      Id    = local.identifier\n      Owner = local.email\n    }\n  }\n}\n\nlocals {\n  # tflint-ignore: terraform_unused_declarations\n  ingress_controller = var.ingress_controller # not currently in use, TODO: add traefik functionality\n  identifier         = var.identifier         # this is a random unique string that can be used to identify resources in the cloud provider\n  email              = \"terraform-ci@suse.com\"\n  project_name       = \"tf-PartyPic-4e9af\"\n  username           = lower(local.project_name)\n  ip_family          = var.ip_family\n  runner_ip          = (var.runner_ip == \"\" ? chomp(data.http.myip.response_body) : var.runner_ip) # \"runner\" is the server running Terraform\n  ssh_key            = var.key\n  ssh_key_name       = var.key_name\n  zone               = var.zone # DNS zone\n  rke2_version       = var.rke2_version\n  image              = var.os\n  install_method     = var.install_method\n  install_prep_script_file = (\n    strcontains(local.image, \"sles\") ? \"${path.root}/suse_prep.sh\" :\n    strcontains(local.image, \"rhel\") ? \"${path.root}/rhel_prep.sh\" :\n    strcontains(local.image, \"ubuntu\") ? \"${path.root}/ubuntu_prep.sh\" :\n    \"\"\n  )\n  install_prep_script = (local.install_prep_script_file == \"\" ? \"\" :\n    templatefile(local.install_prep_script_file, {\n      install_method = local.install_method,\n      ip_family      = local.ip_family,\n      image          = local.image,\n    })\n  )\n  download     = (local.install_method == \"tar\" ? \"download\" : \"skip\")\n  cni          = var.cni\n  config_strat = \"merge\"\n  cni_file     = (local.cni == \"cilium\" ? \"${path.root}/cilium.yaml\" : (local.cni == \"calico\" ? \"${path.root}/calico.yaml\" : \"\"))\n  cni_config   = (local.cni_file != \"\" ? file(local.cni_file) : \"\")\n\n  # WARNING! Local file path needs to be isolated, don't use the same path as your terraform files\n  local_file_path = (\n    var.file_path != \"\" ? (var.file_path == path.root ? \"${abspath(path.root)}/rke2\" : var.file_path) :\n    \"${abspath(path.root)}/rke2\"\n  )\n  workfolder       = (strcontains(local.image, \"cis\") ? \"/var/tmp\" : \"/home/${local.username}\")\n  k8s_target_group = substr(lower(\"${local.project_name}-kubectl\"), 0, 32)\n  cloudinit_strategy = ((local.image == \"sle-micro-55\" || local.image == \"cis-rhel-8\") ? \"skip\" : \"default\")\n\n  # CIS images are not supported on IPv6 only deployments due to kernel modifications with how AWS IPv6 works (dhcpv6)\n\n  # tflint-ignore: terraform_unused_declarations\n  fail_cis_ipv6 = ((local.image == \"rhel-8-cis\" \u0026\u0026 local.ip_family == \"ipv6\") ? one([local.ip_family, \"cis_ipv6_incompatible\"]) : false)\n\n  # Ubuntu images do not support rpm unstall method\n  # tflint-ignore: terraform_unused_declarations\n  fail_ubuntu_rpm = ((strcontains(local.image, \"ubuntu\") \u0026\u0026 local.install_method == \"rpm\") ? one([local.install_method, \"ubuntu_rpm_incompatible\"]) : false)\n\n  server_info = jsondecode(\u003c\u003c-EOT\n    {\"az\":\"us-east-1a\",\"config\":\"node-taint:\\n  - \\\"CriticalAddonsOnly=true:NoExecute\\\"\\ndisable-etcd: true\\n\",\"domain\":\"tf-partypic-4e9af-351b\",\"file_path\":\"/workspace/terraform/terraform-aws-rke2-2.0.0/examples/prod/rke2/tf-PartyPic-4e9af-351b/data\",\"name\":\"tf-PartyPic-4e9af-351b\",\"path\":\"/workspace/terraform/terraform-aws-rke2-2.0.0/examples/prod/rke2/tf-PartyPic-4e9af-351b\",\"subnet\":\"tf-PartyPic-4e9af-subnet\",\"type\":\"server\"}\n  EOT\n  )\n  cluster_cidr = jsondecode(\u003c\u003c-EOT\n    [\"10.0.0.0/17\"]\n  EOT\n  )\n  service_cidr = jsondecode(\u003c\u003c-EOT\n    [\"10.0.128.0/17\"]\n  EOT\n  )\n  config = \u003c\u003c-EOT\n  ${local.cni_config}\n  ${local.server_info.config}\n  EOT\n}\n\ndata \"http\" \"myip\" {\n  url = \"https://ipinfo.io/ip\"\n}\n\nmodule \"control_plane\" {\n  source                              = \"../../../../\" # this source is dev use only, see https://registry.terraform.io/modules/rancher/rke2/aws/latest\n  project_use_strategy                = \"skip\"\n  project_domain                      = lower(\"tf-partypic-4e9af\")\n  project_domain_zone                 = local.zone\n  server_use_strategy                 = \"create\"\n  server_name                         = local.server_info[\"name\"]\n  server_type                         = \"small\"\n  server_security_group_name          = \"tf-PartyPic-4e9af-sg\"\n  server_availability_zone            = local.server_info[\"az\"]\n  server_subnet_name                  = local.server_info[\"subnet\"]\n  server_image_use_strategy           = \"find\"\n  server_image_type                   = local.image\n  server_ip_family                    = local.ip_family\n  server_cloudinit_use_strategy       = local.cloudinit_strategy\n  server_indirect_access_use_strategy = \"enable\"\n  server_load_balancer_target_groups  = [local.k8s_target_group] # this matches the target_name from project_load_balancer_access_cidrs\n  server_direct_access_use_strategy   = \"ssh\"                    # configure the servers for direct ssh access\n  server_access_addresses = {                                    # you must include ssh access here to enable setup\n    runnerSsh = {\n      port      = 22 # allow access on ssh port\n      protocol  = \"tcp\"\n      ip_family = (local.ip_family == \"ipv6\" ? \"ipv6\" : \"ipv4\")\n      cidrs     = (local.ip_family == \"ipv6\" ? [\"${local.runner_ip}/128\"] : [\"${local.runner_ip}/32\"])\n    }\n    runnerApi = {\n      port      = 6443 # allow access to api\n      protocol  = \"tcp\"\n      ip_family = (local.ip_family == \"ipv6\" ? \"ipv6\" : \"ipv4\")\n      cidrs     = (local.ip_family == \"ipv6\" ? [\"${local.runner_ip}/128\"] : [\"${local.runner_ip}/32\"])\n    }\n  }\n  server_user = {\n    user                     = local.username\n    aws_keypair_use_strategy = \"select\"\n    ssh_key_name             = local.ssh_key_name\n    public_ssh_key           = local.ssh_key\n    user_workfolder          = local.workfolder\n    timeout                  = 10\n  }\n  server_add_domain        = false\n  server_domain_name       = local.server_info[\"domain\"]\n  server_domain_zone       = local.zone\n  server_add_eip           = false\n  install_use_strategy     = local.install_method\n  local_file_use_strategy  = local.download\n  local_file_path          = local.server_info[\"file_path\"]\n  install_rke2_version     = local.rke2_version\n  install_rpm_channel      = \"stable\"\n  install_remote_file_path = \"${local.workfolder}/rke2\"\n  install_role             = \"${local.server_info[\"type\"]}\"\n  install_start            = true\n  install_prep_script      = local.install_prep_script\n  install_start_timeout    = 10\n  config_use_strategy      = \"merge\"\n  config_join_strategy     = \"join\"\n  config_join_url          = \"https://10.0.8.1:9345\"\n  config_join_token        = \"56f19b46-8814-8b1a-7605-4cd16028a852\"\n  config_cluster_cidr      = local.cluster_cidr\n  config_service_cidr      = local.service_cidr\n  config_supplied_content  = local.config\n  config_supplied_name     = \"51-config.yaml\"\n  retrieve_kubeconfig      = false # use initial\n}\n",
            "content_base64": null,
            "content_base64sha256": "K5bnFrbJaRxGismVBweILuyxLRrSxNE4dHfBHwqlEZU=",
            "content_base64sha512": "4Zj208r0Dn8Idbk0Q59Eti1VaeYMiGbM7e5u+WO/XCetq94d3Ue/zyxVZM6+UUVpBigNBsYBt7UDn2YlvNonHA==",
            "content_md5": "4c53d64e4f9f00a3ba86f9681b3b85c8",
            "content_sha1": "3469defffbd5183f089fc194ef45b08fc750adf2",
            "content_sha256": "2b96e716b6c9691c468ac9950707882eecb12d1ad2c4d1387477c11f0aa51195",
            "content_sha512": "e198f6d3caf40e7f0875b934439f44b62d5569e60c8866ccedee6ef963bf5c27adabde1ddd47bfcf2c5564cebe51456906280d06c601b7b5039f6625bcda271c",
            "directory_permission": "0777",
            "file_permission": "0777",
            "filename": "/workspace/terraform/terraform-aws-rke2-2.0.0/examples/prod/rke2/tf-PartyPic-4e9af-351b/main.tf",
            "id": "3469defffbd5183f089fc194ef45b08fc750adf2",
            "sensitive_content": null,
            "source": null
          },
          "sensitive_attributes": [
            [
              {
                "type": "get_attr",
                "value": "content"
              }
            ],
            [
              {
                "type": "get_attr",
                "value": "sensitive_content"
              }
            ]
          ],
          "identity_schema_version": 0,
          "dependencies": [
            "data.aws_availability_zones.available",
            "data.http.myip",
            "module.initial.data.aws_availability_zones.available",
            "module.initial.data.aws_security_group.general_info",
            "module.initial.module.default_config.null_resource.write_config",
            "module.initial.module.download.data.github_release.latest",
            "module.initial.module.download.data.github_release.selected",
            "module.initial.module.download.local_file.download_dir",
            "module.initial.module.download.terraform_data.download",
            "module.initial.module.install.data.local_sensitive_file.kubeconfig",
            "module.initial.module.install.null_resource.configure",
            "module.initial.module.install.null_resource.get_kubeconfig",
            "module.initial.module.install.null_resource.install",
            "module.initial.module.install.null_resource.install_prep",
            "module.initial.module.install.null_resource.prep",
            "module.initial.module.install.null_resource.start",
            "module.initial.module.install.terraform_data.copy_manifests",
            "module.initial.module.install.terraform_data.copy_to_remote",
            "module.initial.module.install.time_sleep.ten_s_after_install",
            "module.initial.module.install.time_sleep.ten_s_before_install",
            "module.initial.module.install.time_sleep.ten_s_before_start",
            "module.initial.module.project.data.aws_availability_zones.available",
            "module.initial.module.project.module.domain.acme_certificate.new",
            "module.initial.module.project.module.domain.acme_registration.reg",
            "module.initial.module.project.module.domain.aws_iam_server_certificate.new",
            "module.initial.module.project.module.domain.aws_route53_record.ipv4",
            "module.initial.module.project.module.domain.aws_route53_record.ipv6",
            "module.initial.module.project.module.domain.aws_route53domains_registered_domain.select",
            "module.initial.module.project.module.domain.data.aws_iam_server_certificate.select",
            "module.initial.module.project.module.domain.data.aws_route53_zone.select",
            "module.initial.module.project.module.domain.tls_cert_request.req",
            "module.initial.module.project.module.domain.tls_private_key.cert_private_key",
            "module.initial.module.project.module.domain.tls_private_key.private_key",
            "module.initial.module.project.module.network_load_balancer.aws_eip.created",
            "module.initial.module.project.module.network_load_balancer.aws_lb.new",
            "module.initial.module.project.module.network_load_balancer.aws_lb_listener.created",
            "module.initial.module.project.module.network_load_balancer.aws_lb_target_group.created",
            "module.initial.module.project.module.network_load_balancer.aws_security_group.load_balancer",
            "module.initial.module.project.module.network_load_balancer.aws_vpc_security_group_ingress_rule.external_ingress",
            "module.initial.module.project.module.network_load_balancer.aws_vpc_security_group_ingress_rule.project_ingress_loadbalancer",
            "module.initial.module.project.module.network_load_balancer.data.aws_lb.selected",
            "module.initial.module.project.module.project_security_group.aws_security_group.new",
            "module.initial.module.project.module.project_security_group.aws_vpc_security_group_egress_rule.external_egress_ipv4",
            "module.initial.module.project.module.project_security_group.aws_vpc_security_group_egress_rule.external_egress_ipv6",
            "module.initial.module.project.module.project_security_group.aws_vpc_security_group_egress_rule.project_egress_ipv4",
            "module.initial.module.project.module.project_security_group.aws_vpc_security_group_egress_rule.project_egress_ipv6",
            "module.initial.module.project.module.project_security_group.aws_vpc_security_group_ingress_rule.external_ingress_ipv4",
            "module.initial.module.project.module.project_security_group.aws_vpc_security_group_ingress_rule.external_ingress_ipv6",
            "module.initial.module.project.module.project_security_group.aws_vpc_security_group_ingress_rule.project_ingress_ipv4",
            "module.initial.module.project.module.project_security_group.aws_vpc_security_group_ingress_rule.project_ingress_ipv6",
            "module.initial.module.project.module.project_security_group.data.aws_security_group.selected",
            "module.initial.module.project.module.subnet.aws_subnet.created",
            "module.initial.module.project.module.subnet.data.aws_subnet.selected",
            "module.initial.module.project.module.vpc.aws_internet_gateway.new",
            "module.initial.module.project.module.vpc.aws_route.public_ipv4",
            "module.initial.module.project.module.vpc.aws_route.public_ipv6",
            "module.initial.module.project.module.vpc.aws_vpc.new",
            "module.initial.module.project.module.vpc.data.aws_vpc.selected",
            "module.initial.module.server.data.cloudinit_config.setup",
            "module.initial.module.server.module.direct_access.aws_eip.created",
            "module.initial.module.server.module.direct_access.aws_eip_association.created",
            "module.initial.module.server.module.direct_access.aws_network_interface_sg_attachment.server_security_group_attachment",
            "module.initial.module.server.module.direct_access.aws_route53_record.created",
            "module.initial.module.server.module.direct_access.aws_security_group.direct_access",
            "module.initial.module.server.module.direct_access.aws_vpc_security_group_ingress_rule.server_direct_link",
            "module.initial.module.server.module.direct_access.aws_vpc_security_group_ingress_rule.server_ingress",
            "module.initial.module.server.module.direct_access.data.aws_route53_zone.general_info",
            "module.initial.module.server.module.direct_access.data.aws_security_group.server_security_group",
            "module.initial.module.server.module.direct_access.terraform_data.remove_initial_user",
            "module.initial.module.server.module.direct_access.terraform_data.setup",
            "module.initial.module.server.module.image.data.aws_ami.search",
            "module.initial.module.server.module.image.data.aws_ami.select",
            "module.initial.module.server.module.indirect_access.aws_lb_target_group_attachment.server",
            "module.initial.module.server.module.indirect_access.data.aws_lb_target_group.general_info",
            "module.initial.module.server.module.server.aws_instance.created",
            "module.initial.module.server.module.server.aws_key_pair.created",
            "module.initial.module.server.module.server.data.aws_availability_zone.general_info_create",
            "module.initial.module.server.module.server.data.aws_ec2_instance_type.general_info_create",
            "module.initial.module.server.module.server.data.aws_ec2_instance_type.general_info_select",
            "module.initial.module.server.module.server.data.aws_instance.selected",
            "module.initial.module.server.module.server.data.aws_key_pair.ssh_key_selected",
            "module.initial.module.server.module.server.data.aws_security_group.general_info_create",
            "module.initial.module.server.module.server.data.aws_subnet.general_info_create",
            "module.initial.module.server.module.server.data.aws_subnet.general_info_select",
            "module.initial.module.server.module.server.data.aws_vpc.general_info_create",
            "module.initial.module.server.module.server.data.aws_vpc.general_info_select",
            "module.initial.module.server.module.server.terraform_data.set_primary_ipv6",
            "module.initial.null_resource.write_supplied_config",
            "module.initial.random_pet.server",
            "module.initial.random_uuid.join_token",
            "terraform_data.path"
          ]
        },
        {
          "index_key": "tf-PartyPic-4e9af-64cf",
          "schema_version": 0,
          "attributes": {
            "content": "# control plane terraform templatefile\n\nprovider \"aws\" {\n  default_tags {\n    tags = {\n      Id    = local.identifier\n      Owner = local.email\n    }\n  }\n}\n\nlocals {\n  # tflint-ignore: terraform_unused_declarations\n  ingress_controller = var.ingress_controller # not currently in use, TODO: add traefik functionality\n  identifier         = var.identifier         # this is a random unique string that can be used to identify resources in the cloud provider\n  email              = \"terraform-ci@suse.com\"\n  project_name       = \"tf-PartyPic-4e9af\"\n  username           = lower(local.project_name)\n  ip_family          = var.ip_family\n  runner_ip          = (var.runner_ip == \"\" ? chomp(data.http.myip.response_body) : var.runner_ip) # \"runner\" is the server running Terraform\n  ssh_key            = var.key\n  ssh_key_name       = var.key_name\n  zone               = var.zone # DNS zone\n  rke2_version       = var.rke2_version\n  image              = var.os\n  install_method     = var.install_method\n  install_prep_script_file = (\n    strcontains(local.image, \"sles\") ? \"${path.root}/suse_prep.sh\" :\n    strcontains(local.image, \"rhel\") ? \"${path.root}/rhel_prep.sh\" :\n    strcontains(local.image, \"ubuntu\") ? \"${path.root}/ubuntu_prep.sh\" :\n    \"\"\n  )\n  install_prep_script = (local.install_prep_script_file == \"\" ? \"\" :\n    templatefile(local.install_prep_script_file, {\n      install_method = local.install_method,\n      ip_family      = local.ip_family,\n      image          = local.image,\n    })\n  )\n  download     = (local.install_method == \"tar\" ? \"download\" : \"skip\")\n  cni          = var.cni\n  config_strat = \"merge\"\n  cni_file     = (local.cni == \"cilium\" ? \"${path.root}/cilium.yaml\" : (local.cni == \"calico\" ? \"${path.root}/calico.yaml\" : \"\"))\n  cni_config   = (local.cni_file != \"\" ? file(local.cni_file) : \"\")\n\n  # WARNING! Local file path needs to be isolated, don't use the same path as your terraform files\n  local_file_path = (\n    var.file_path != \"\" ? (var.file_path == path.root ? \"${abspath(path.root)}/rke2\" : var.file_path) :\n    \"${abspath(path.root)}/rke2\"\n  )\n  workfolder       = (strcontains(local.image, \"cis\") ? \"/var/tmp\" : \"/home/${local.username}\")\n  k8s_target_group = substr(lower(\"${local.project_name}-kubectl\"), 0, 32)\n  cloudinit_strategy = ((local.image == \"sle-micro-55\" || local.image == \"cis-rhel-8\") ? \"skip\" : \"default\")\n\n  # CIS images are not supported on IPv6 only deployments due to kernel modifications with how AWS IPv6 works (dhcpv6)\n\n  # tflint-ignore: terraform_unused_declarations\n  fail_cis_ipv6 = ((local.image == \"rhel-8-cis\" \u0026\u0026 local.ip_family == \"ipv6\") ? one([local.ip_family, \"cis_ipv6_incompatible\"]) : false)\n\n  # Ubuntu images do not support rpm unstall method\n  # tflint-ignore: terraform_unused_declarations\n  fail_ubuntu_rpm = ((strcontains(local.image, \"ubuntu\") \u0026\u0026 local.install_method == \"rpm\") ? one([local.install_method, \"ubuntu_rpm_incompatible\"]) : false)\n\n  server_info = jsondecode(\u003c\u003c-EOT\n    {\"az\":\"us-east-1a\",\"config\":\"\",\"domain\":\"tf-partypic-4e9af-64cf\",\"file_path\":\"/workspace/terraform/terraform-aws-rke2-2.0.0/examples/prod/rke2/tf-PartyPic-4e9af-64cf/data\",\"name\":\"tf-PartyPic-4e9af-64cf\",\"path\":\"/workspace/terraform/terraform-aws-rke2-2.0.0/examples/prod/rke2/tf-PartyPic-4e9af-64cf\",\"subnet\":\"tf-PartyPic-4e9af-subnet\",\"type\":\"agent\"}\n  EOT\n  )\n  cluster_cidr = jsondecode(\u003c\u003c-EOT\n    [\"10.0.0.0/17\"]\n  EOT\n  )\n  service_cidr = jsondecode(\u003c\u003c-EOT\n    [\"10.0.128.0/17\"]\n  EOT\n  )\n  config = \u003c\u003c-EOT\n  ${local.cni_config}\n  ${local.server_info.config}\n  EOT\n}\n\ndata \"http\" \"myip\" {\n  url = \"https://ipinfo.io/ip\"\n}\n\nmodule \"control_plane\" {\n  source                              = \"../../../../\" # this source is dev use only, see https://registry.terraform.io/modules/rancher/rke2/aws/latest\n  project_use_strategy                = \"skip\"\n  project_domain                      = lower(\"tf-partypic-4e9af\")\n  project_domain_zone                 = local.zone\n  server_use_strategy                 = \"create\"\n  server_name                         = local.server_info[\"name\"]\n  server_type                         = \"small\"\n  server_security_group_name          = \"tf-PartyPic-4e9af-sg\"\n  server_availability_zone            = local.server_info[\"az\"]\n  server_subnet_name                  = local.server_info[\"subnet\"]\n  server_image_use_strategy           = \"find\"\n  server_image_type                   = local.image\n  server_ip_family                    = local.ip_family\n  server_cloudinit_use_strategy       = local.cloudinit_strategy\n  server_indirect_access_use_strategy = \"enable\"\n  server_load_balancer_target_groups  = [local.k8s_target_group] # this matches the target_name from project_load_balancer_access_cidrs\n  server_direct_access_use_strategy   = \"ssh\"                    # configure the servers for direct ssh access\n  server_access_addresses = {                                    # you must include ssh access here to enable setup\n    runnerSsh = {\n      port      = 22 # allow access on ssh port\n      protocol  = \"tcp\"\n      ip_family = (local.ip_family == \"ipv6\" ? \"ipv6\" : \"ipv4\")\n      cidrs     = (local.ip_family == \"ipv6\" ? [\"${local.runner_ip}/128\"] : [\"${local.runner_ip}/32\"])\n    }\n    runnerApi = {\n      port      = 6443 # allow access to api\n      protocol  = \"tcp\"\n      ip_family = (local.ip_family == \"ipv6\" ? \"ipv6\" : \"ipv4\")\n      cidrs     = (local.ip_family == \"ipv6\" ? [\"${local.runner_ip}/128\"] : [\"${local.runner_ip}/32\"])\n    }\n  }\n  server_user = {\n    user                     = local.username\n    aws_keypair_use_strategy = \"select\"\n    ssh_key_name             = local.ssh_key_name\n    public_ssh_key           = local.ssh_key\n    user_workfolder          = local.workfolder\n    timeout                  = 10\n  }\n  server_add_domain        = false\n  server_domain_name       = local.server_info[\"domain\"]\n  server_domain_zone       = local.zone\n  server_add_eip           = false\n  install_use_strategy     = local.install_method\n  local_file_use_strategy  = local.download\n  local_file_path          = local.server_info[\"file_path\"]\n  install_rke2_version     = local.rke2_version\n  install_rpm_channel      = \"stable\"\n  install_remote_file_path = \"${local.workfolder}/rke2\"\n  install_role             = \"${local.server_info[\"type\"]}\"\n  install_start            = true\n  install_prep_script      = local.install_prep_script\n  install_start_timeout    = 10\n  config_use_strategy      = \"merge\"\n  config_join_strategy     = \"join\"\n  config_join_url          = \"https://10.0.8.1:9345\"\n  config_join_token        = \"56f19b46-8814-8b1a-7605-4cd16028a852\"\n  config_cluster_cidr      = local.cluster_cidr\n  config_service_cidr      = local.service_cidr\n  config_supplied_content  = local.config\n  config_supplied_name     = \"51-config.yaml\"\n  retrieve_kubeconfig      = false # use initial\n}\n",
            "content_base64": null,
            "content_base64sha256": "nSQkA/Pt1SRyRo+9gRdUj/nGbvtYpalmrHXO/7LzOGE=",
            "content_base64sha512": "AUz+Br6bOPmjlQ9c8jQTkVQVNX7gKKHzcnlv3or6ztIVTuGNM4w6Km6EY7CWysAWThO+fUy/FtEDgaSAClf92g==",
            "content_md5": "e0861d778b7e9e8a3baeea9cfb3942d5",
            "content_sha1": "6debcb9792bfdbd9a3e04a85cacb0fa132541bce",
            "content_sha256": "9d242403f3edd52472468fbd8117548ff9c66efb58a5a966ac75ceffb2f33861",
            "content_sha512": "014cfe06be9b38f9a3950f5cf23413915415357ee028a1f372796fde8afaced2154ee18d338c3a2a6e8463b096cac0164e13be7d4cbf16d10381a4800a57fdda",
            "directory_permission": "0777",
            "file_permission": "0777",
            "filename": "/workspace/terraform/terraform-aws-rke2-2.0.0/examples/prod/rke2/tf-PartyPic-4e9af-64cf/main.tf",
            "id": "6debcb9792bfdbd9a3e04a85cacb0fa132541bce",
            "sensitive_content": null,
            "source": null
          },
          "sensitive_attributes": [
            [
              {
                "type": "get_attr",
                "value": "content"
              }
            ],
            [
              {
                "type": "get_attr",
                "value": "sensitive_content"
              }
            ]
          ],
          "identity_schema_version": 0,
          "dependencies": [
            "data.aws_availability_zones.available",
            "data.http.myip",
            "module.initial.data.aws_availability_zones.available",
            "module.initial.data.aws_security_group.general_info",
            "module.initial.module.default_config.null_resource.write_config",
            "module.initial.module.download.data.github_release.latest",
            "module.initial.module.download.data.github_release.selected",
            "module.initial.module.download.local_file.download_dir",
            "module.initial.module.download.terraform_data.download",
            "module.initial.module.install.data.local_sensitive_file.kubeconfig",
            "module.initial.module.install.null_resource.configure",
            "module.initial.module.install.null_resource.get_kubeconfig",
            "module.initial.module.install.null_resource.install",
            "module.initial.module.install.null_resource.install_prep",
            "module.initial.module.install.null_resource.prep",
            "module.initial.module.install.null_resource.start",
            "module.initial.module.install.terraform_data.copy_manifests",
            "module.initial.module.install.terraform_data.copy_to_remote",
            "module.initial.module.install.time_sleep.ten_s_after_install",
            "module.initial.module.install.time_sleep.ten_s_before_install",
            "module.initial.module.install.time_sleep.ten_s_before_start",
            "module.initial.module.project.data.aws_availability_zones.available",
            "module.initial.module.project.module.domain.acme_certificate.new",
            "module.initial.module.project.module.domain.acme_registration.reg",
            "module.initial.module.project.module.domain.aws_iam_server_certificate.new",
            "module.initial.module.project.module.domain.aws_route53_record.ipv4",
            "module.initial.module.project.module.domain.aws_route53_record.ipv6",
            "module.initial.module.project.module.domain.aws_route53domains_registered_domain.select",
            "module.initial.module.project.module.domain.data.aws_iam_server_certificate.select",
            "module.initial.module.project.module.domain.data.aws_route53_zone.select",
            "module.initial.module.project.module.domain.tls_cert_request.req",
            "module.initial.module.project.module.domain.tls_private_key.cert_private_key",
            "module.initial.module.project.module.domain.tls_private_key.private_key",
            "module.initial.module.project.module.network_load_balancer.aws_eip.created",
            "module.initial.module.project.module.network_load_balancer.aws_lb.new",
            "module.initial.module.project.module.network_load_balancer.aws_lb_listener.created",
            "module.initial.module.project.module.network_load_balancer.aws_lb_target_group.created",
            "module.initial.module.project.module.network_load_balancer.aws_security_group.load_balancer",
            "module.initial.module.project.module.network_load_balancer.aws_vpc_security_group_ingress_rule.external_ingress",
            "module.initial.module.project.module.network_load_balancer.aws_vpc_security_group_ingress_rule.project_ingress_loadbalancer",
            "module.initial.module.project.module.network_load_balancer.data.aws_lb.selected",
            "module.initial.module.project.module.project_security_group.aws_security_group.new",
            "module.initial.module.project.module.project_security_group.aws_vpc_security_group_egress_rule.external_egress_ipv4",
            "module.initial.module.project.module.project_security_group.aws_vpc_security_group_egress_rule.external_egress_ipv6",
            "module.initial.module.project.module.project_security_group.aws_vpc_security_group_egress_rule.project_egress_ipv4",
            "module.initial.module.project.module.project_security_group.aws_vpc_security_group_egress_rule.project_egress_ipv6",
            "module.initial.module.project.module.project_security_group.aws_vpc_security_group_ingress_rule.external_ingress_ipv4",
            "module.initial.module.project.module.project_security_group.aws_vpc_security_group_ingress_rule.external_ingress_ipv6",
            "module.initial.module.project.module.project_security_group.aws_vpc_security_group_ingress_rule.project_ingress_ipv4",
            "module.initial.module.project.module.project_security_group.aws_vpc_security_group_ingress_rule.project_ingress_ipv6",
            "module.initial.module.project.module.project_security_group.data.aws_security_group.selected",
            "module.initial.module.project.module.subnet.aws_subnet.created",
            "module.initial.module.project.module.subnet.data.aws_subnet.selected",
            "module.initial.module.project.module.vpc.aws_internet_gateway.new",
            "module.initial.module.project.module.vpc.aws_route.public_ipv4",
            "module.initial.module.project.module.vpc.aws_route.public_ipv6",
            "module.initial.module.project.module.vpc.aws_vpc.new",
            "module.initial.module.project.module.vpc.data.aws_vpc.selected",
            "module.initial.module.server.data.cloudinit_config.setup",
            "module.initial.module.server.module.direct_access.aws_eip.created",
            "module.initial.module.server.module.direct_access.aws_eip_association.created",
            "module.initial.module.server.module.direct_access.aws_network_interface_sg_attachment.server_security_group_attachment",
            "module.initial.module.server.module.direct_access.aws_route53_record.created",
            "module.initial.module.server.module.direct_access.aws_security_group.direct_access",
            "module.initial.module.server.module.direct_access.aws_vpc_security_group_ingress_rule.server_direct_link",
            "module.initial.module.server.module.direct_access.aws_vpc_security_group_ingress_rule.server_ingress",
            "module.initial.module.server.module.direct_access.data.aws_route53_zone.general_info",
            "module.initial.module.server.module.direct_access.data.aws_security_group.server_security_group",
            "module.initial.module.server.module.direct_access.terraform_data.remove_initial_user",
            "module.initial.module.server.module.direct_access.terraform_data.setup",
            "module.initial.module.server.module.image.data.aws_ami.search",
            "module.initial.module.server.module.image.data.aws_ami.select",
            "module.initial.module.server.module.indirect_access.aws_lb_target_group_attachment.server",
            "module.initial.module.server.module.indirect_access.data.aws_lb_target_group.general_info",
            "module.initial.module.server.module.server.aws_instance.created",
            "module.initial.module.server.module.server.aws_key_pair.created",
            "module.initial.module.server.module.server.data.aws_availability_zone.general_info_create",
            "module.initial.module.server.module.server.data.aws_ec2_instance_type.general_info_create",
            "module.initial.module.server.module.server.data.aws_ec2_instance_type.general_info_select",
            "module.initial.module.server.module.server.data.aws_instance.selected",
            "module.initial.module.server.module.server.data.aws_key_pair.ssh_key_selected",
            "module.initial.module.server.module.server.data.aws_security_group.general_info_create",
            "module.initial.module.server.module.server.data.aws_subnet.general_info_create",
            "module.initial.module.server.module.server.data.aws_subnet.general_info_select",
            "module.initial.module.server.module.server.data.aws_vpc.general_info_create",
            "module.initial.module.server.module.server.data.aws_vpc.general_info_select",
            "module.initial.module.server.module.server.terraform_data.set_primary_ipv6",
            "module.initial.null_resource.write_supplied_config",
            "module.initial.random_pet.server",
            "module.initial.random_uuid.join_token",
            "terraform_data.path"
          ]
        },
        {
          "index_key": "tf-PartyPic-4e9af-a627",
          "schema_version": 0,
          "attributes": {
            "content": "# control plane terraform templatefile\n\nprovider \"aws\" {\n  default_tags {\n    tags = {\n      Id    = local.identifier\n      Owner = local.email\n    }\n  }\n}\n\nlocals {\n  # tflint-ignore: terraform_unused_declarations\n  ingress_controller = var.ingress_controller # not currently in use, TODO: add traefik functionality\n  identifier         = var.identifier         # this is a random unique string that can be used to identify resources in the cloud provider\n  email              = \"terraform-ci@suse.com\"\n  project_name       = \"tf-PartyPic-4e9af\"\n  username           = lower(local.project_name)\n  ip_family          = var.ip_family\n  runner_ip          = (var.runner_ip == \"\" ? chomp(data.http.myip.response_body) : var.runner_ip) # \"runner\" is the server running Terraform\n  ssh_key            = var.key\n  ssh_key_name       = var.key_name\n  zone               = var.zone # DNS zone\n  rke2_version       = var.rke2_version\n  image              = var.os\n  install_method     = var.install_method\n  install_prep_script_file = (\n    strcontains(local.image, \"sles\") ? \"${path.root}/suse_prep.sh\" :\n    strcontains(local.image, \"rhel\") ? \"${path.root}/rhel_prep.sh\" :\n    strcontains(local.image, \"ubuntu\") ? \"${path.root}/ubuntu_prep.sh\" :\n    \"\"\n  )\n  install_prep_script = (local.install_prep_script_file == \"\" ? \"\" :\n    templatefile(local.install_prep_script_file, {\n      install_method = local.install_method,\n      ip_family      = local.ip_family,\n      image          = local.image,\n    })\n  )\n  download     = (local.install_method == \"tar\" ? \"download\" : \"skip\")\n  cni          = var.cni\n  config_strat = \"merge\"\n  cni_file     = (local.cni == \"cilium\" ? \"${path.root}/cilium.yaml\" : (local.cni == \"calico\" ? \"${path.root}/calico.yaml\" : \"\"))\n  cni_config   = (local.cni_file != \"\" ? file(local.cni_file) : \"\")\n\n  # WARNING! Local file path needs to be isolated, don't use the same path as your terraform files\n  local_file_path = (\n    var.file_path != \"\" ? (var.file_path == path.root ? \"${abspath(path.root)}/rke2\" : var.file_path) :\n    \"${abspath(path.root)}/rke2\"\n  )\n  workfolder       = (strcontains(local.image, \"cis\") ? \"/var/tmp\" : \"/home/${local.username}\")\n  k8s_target_group = substr(lower(\"${local.project_name}-kubectl\"), 0, 32)\n  cloudinit_strategy = ((local.image == \"sle-micro-55\" || local.image == \"cis-rhel-8\") ? \"skip\" : \"default\")\n\n  # CIS images are not supported on IPv6 only deployments due to kernel modifications with how AWS IPv6 works (dhcpv6)\n\n  # tflint-ignore: terraform_unused_declarations\n  fail_cis_ipv6 = ((local.image == \"rhel-8-cis\" \u0026\u0026 local.ip_family == \"ipv6\") ? one([local.ip_family, \"cis_ipv6_incompatible\"]) : false)\n\n  # Ubuntu images do not support rpm unstall method\n  # tflint-ignore: terraform_unused_declarations\n  fail_ubuntu_rpm = ((strcontains(local.image, \"ubuntu\") \u0026\u0026 local.install_method == \"rpm\") ? one([local.install_method, \"ubuntu_rpm_incompatible\"]) : false)\n\n  server_info = jsondecode(\u003c\u003c-EOT\n    {\"az\":\"us-east-1a\",\"config\":\"\",\"domain\":\"tf-partypic-4e9af-a627\",\"file_path\":\"/workspace/terraform/terraform-aws-rke2-2.0.0/examples/prod/rke2/tf-PartyPic-4e9af-a627/data\",\"name\":\"tf-PartyPic-4e9af-a627\",\"path\":\"/workspace/terraform/terraform-aws-rke2-2.0.0/examples/prod/rke2/tf-PartyPic-4e9af-a627\",\"subnet\":\"tf-PartyPic-4e9af-subnet\",\"type\":\"agent\"}\n  EOT\n  )\n  cluster_cidr = jsondecode(\u003c\u003c-EOT\n    [\"10.0.0.0/17\"]\n  EOT\n  )\n  service_cidr = jsondecode(\u003c\u003c-EOT\n    [\"10.0.128.0/17\"]\n  EOT\n  )\n  config = \u003c\u003c-EOT\n  ${local.cni_config}\n  ${local.server_info.config}\n  EOT\n}\n\ndata \"http\" \"myip\" {\n  url = \"https://ipinfo.io/ip\"\n}\n\nmodule \"control_plane\" {\n  source                              = \"../../../../\" # this source is dev use only, see https://registry.terraform.io/modules/rancher/rke2/aws/latest\n  project_use_strategy                = \"skip\"\n  project_domain                      = lower(\"tf-partypic-4e9af\")\n  project_domain_zone                 = local.zone\n  server_use_strategy                 = \"create\"\n  server_name                         = local.server_info[\"name\"]\n  server_type                         = \"small\"\n  server_security_group_name          = \"tf-PartyPic-4e9af-sg\"\n  server_availability_zone            = local.server_info[\"az\"]\n  server_subnet_name                  = local.server_info[\"subnet\"]\n  server_image_use_strategy           = \"find\"\n  server_image_type                   = local.image\n  server_ip_family                    = local.ip_family\n  server_cloudinit_use_strategy       = local.cloudinit_strategy\n  server_indirect_access_use_strategy = \"enable\"\n  server_load_balancer_target_groups  = [local.k8s_target_group] # this matches the target_name from project_load_balancer_access_cidrs\n  server_direct_access_use_strategy   = \"ssh\"                    # configure the servers for direct ssh access\n  server_access_addresses = {                                    # you must include ssh access here to enable setup\n    runnerSsh = {\n      port      = 22 # allow access on ssh port\n      protocol  = \"tcp\"\n      ip_family = (local.ip_family == \"ipv6\" ? \"ipv6\" : \"ipv4\")\n      cidrs     = (local.ip_family == \"ipv6\" ? [\"${local.runner_ip}/128\"] : [\"${local.runner_ip}/32\"])\n    }\n    runnerApi = {\n      port      = 6443 # allow access to api\n      protocol  = \"tcp\"\n      ip_family = (local.ip_family == \"ipv6\" ? \"ipv6\" : \"ipv4\")\n      cidrs     = (local.ip_family == \"ipv6\" ? [\"${local.runner_ip}/128\"] : [\"${local.runner_ip}/32\"])\n    }\n  }\n  server_user = {\n    user                     = local.username\n    aws_keypair_use_strategy = \"select\"\n    ssh_key_name             = local.ssh_key_name\n    public_ssh_key           = local.ssh_key\n    user_workfolder          = local.workfolder\n    timeout                  = 10\n  }\n  server_add_domain        = false\n  server_domain_name       = local.server_info[\"domain\"]\n  server_domain_zone       = local.zone\n  server_add_eip           = false\n  install_use_strategy     = local.install_method\n  local_file_use_strategy  = local.download\n  local_file_path          = local.server_info[\"file_path\"]\n  install_rke2_version     = local.rke2_version\n  install_rpm_channel      = \"stable\"\n  install_remote_file_path = \"${local.workfolder}/rke2\"\n  install_role             = \"${local.server_info[\"type\"]}\"\n  install_start            = true\n  install_prep_script      = local.install_prep_script\n  install_start_timeout    = 10\n  config_use_strategy      = \"merge\"\n  config_join_strategy     = \"join\"\n  config_join_url          = \"https://10.0.8.1:9345\"\n  config_join_token        = \"56f19b46-8814-8b1a-7605-4cd16028a852\"\n  config_cluster_cidr      = local.cluster_cidr\n  config_service_cidr      = local.service_cidr\n  config_supplied_content  = local.config\n  config_supplied_name     = \"51-config.yaml\"\n  retrieve_kubeconfig      = false # use initial\n}\n",
            "content_base64": null,
            "content_base64sha256": "Oow5BTidcFEe8iafmNLBJkc6WA2JuW2Bmc7Ip365XFE=",
            "content_base64sha512": "n53ro5SNiM97haQNYUhloE7mD4y57qH7pSMgJWzZpX7mkZODFWatB9X2iC09EADBf1lzrOQ1G6CGMc0jSG+bBg==",
            "content_md5": "bcfbe30c2922a87b02005c7565c1cae9",
            "content_sha1": "a77d168c15fa409b3225dc0b5f92f20d368c8c46",
            "content_sha256": "3a8c3905389d70511ef2269f98d2c126473a580d89b96d8199cec8a77eb95c51",
            "content_sha512": "9f9deba3948d88cf7b85a40d614865a04ee60f8cb9eea1fba52320256cd9a57ee69193831566ad07d5f6882d3d1000c17f5973ace4351ba08631cd23486f9b06",
            "directory_permission": "0777",
            "file_permission": "0777",
            "filename": "/workspace/terraform/terraform-aws-rke2-2.0.0/examples/prod/rke2/tf-PartyPic-4e9af-a627/main.tf",
            "id": "a77d168c15fa409b3225dc0b5f92f20d368c8c46",
            "sensitive_content": null,
            "source": null
          },
          "sensitive_attributes": [
            [
              {
                "type": "get_attr",
                "value": "content"
              }
            ],
            [
              {
                "type": "get_attr",
                "value": "sensitive_content"
              }
            ]
          ],
          "identity_schema_version": 0,
          "dependencies": [
            "data.aws_availability_zones.available",
            "data.http.myip",
            "module.initial.data.aws_availability_zones.available",
            "module.initial.data.aws_security_group.general_info",
            "module.initial.module.default_config.null_resource.write_config",
            "module.initial.module.download.data.github_release.latest",
            "module.initial.module.download.data.github_release.selected",
            "module.initial.module.download.local_file.download_dir",
            "module.initial.module.download.terraform_data.download",
            "module.initial.module.install.data.local_sensitive_file.kubeconfig",
            "module.initial.module.install.null_resource.configure",
            "module.initial.module.install.null_resource.get_kubeconfig",
            "module.initial.module.install.null_resource.install",
            "module.initial.module.install.null_resource.install_prep",
            "module.initial.module.install.null_resource.prep",
            "module.initial.module.install.null_resource.start",
            "module.initial.module.install.terraform_data.copy_manifests",
            "module.initial.module.install.terraform_data.copy_to_remote",
            "module.initial.module.install.time_sleep.ten_s_after_install",
            "module.initial.module.install.time_sleep.ten_s_before_install",
            "module.initial.module.install.time_sleep.ten_s_before_start",
            "module.initial.module.project.data.aws_availability_zones.available",
            "module.initial.module.project.module.domain.acme_certificate.new",
            "module.initial.module.project.module.domain.acme_registration.reg",
            "module.initial.module.project.module.domain.aws_iam_server_certificate.new",
            "module.initial.module.project.module.domain.aws_route53_record.ipv4",
            "module.initial.module.project.module.domain.aws_route53_record.ipv6",
            "module.initial.module.project.module.domain.aws_route53domains_registered_domain.select",
            "module.initial.module.project.module.domain.data.aws_iam_server_certificate.select",
            "module.initial.module.project.module.domain.data.aws_route53_zone.select",
            "module.initial.module.project.module.domain.tls_cert_request.req",
            "module.initial.module.project.module.domain.tls_private_key.cert_private_key",
            "module.initial.module.project.module.domain.tls_private_key.private_key",
            "module.initial.module.project.module.network_load_balancer.aws_eip.created",
            "module.initial.module.project.module.network_load_balancer.aws_lb.new",
            "module.initial.module.project.module.network_load_balancer.aws_lb_listener.created",
            "module.initial.module.project.module.network_load_balancer.aws_lb_target_group.created",
            "module.initial.module.project.module.network_load_balancer.aws_security_group.load_balancer",
            "module.initial.module.project.module.network_load_balancer.aws_vpc_security_group_ingress_rule.external_ingress",
            "module.initial.module.project.module.network_load_balancer.aws_vpc_security_group_ingress_rule.project_ingress_loadbalancer",
            "module.initial.module.project.module.network_load_balancer.data.aws_lb.selected",
            "module.initial.module.project.module.project_security_group.aws_security_group.new",
            "module.initial.module.project.module.project_security_group.aws_vpc_security_group_egress_rule.external_egress_ipv4",
            "module.initial.module.project.module.project_security_group.aws_vpc_security_group_egress_rule.external_egress_ipv6",
            "module.initial.module.project.module.project_security_group.aws_vpc_security_group_egress_rule.project_egress_ipv4",
            "module.initial.module.project.module.project_security_group.aws_vpc_security_group_egress_rule.project_egress_ipv6",
            "module.initial.module.project.module.project_security_group.aws_vpc_security_group_ingress_rule.external_ingress_ipv4",
            "module.initial.module.project.module.project_security_group.aws_vpc_security_group_ingress_rule.external_ingress_ipv6",
            "module.initial.module.project.module.project_security_group.aws_vpc_security_group_ingress_rule.project_ingress_ipv4",
            "module.initial.module.project.module.project_security_group.aws_vpc_security_group_ingress_rule.project_ingress_ipv6",
            "module.initial.module.project.module.project_security_group.data.aws_security_group.selected",
            "module.initial.module.project.module.subnet.aws_subnet.created",
            "module.initial.module.project.module.subnet.data.aws_subnet.selected",
            "module.initial.module.project.module.vpc.aws_internet_gateway.new",
            "module.initial.module.project.module.vpc.aws_route.public_ipv4",
            "module.initial.module.project.module.vpc.aws_route.public_ipv6",
            "module.initial.module.project.module.vpc.aws_vpc.new",
            "module.initial.module.project.module.vpc.data.aws_vpc.selected",
            "module.initial.module.server.data.cloudinit_config.setup",
            "module.initial.module.server.module.direct_access.aws_eip.created",
            "module.initial.module.server.module.direct_access.aws_eip_association.created",
            "module.initial.module.server.module.direct_access.aws_network_interface_sg_attachment.server_security_group_attachment",
            "module.initial.module.server.module.direct_access.aws_route53_record.created",
            "module.initial.module.server.module.direct_access.aws_security_group.direct_access",
            "module.initial.module.server.module.direct_access.aws_vpc_security_group_ingress_rule.server_direct_link",
            "module.initial.module.server.module.direct_access.aws_vpc_security_group_ingress_rule.server_ingress",
            "module.initial.module.server.module.direct_access.data.aws_route53_zone.general_info",
            "module.initial.module.server.module.direct_access.data.aws_security_group.server_security_group",
            "module.initial.module.server.module.direct_access.terraform_data.remove_initial_user",
            "module.initial.module.server.module.direct_access.terraform_data.setup",
            "module.initial.module.server.module.image.data.aws_ami.search",
            "module.initial.module.server.module.image.data.aws_ami.select",
            "module.initial.module.server.module.indirect_access.aws_lb_target_group_attachment.server",
            "module.initial.module.server.module.indirect_access.data.aws_lb_target_group.general_info",
            "module.initial.module.server.module.server.aws_instance.created",
            "module.initial.module.server.module.server.aws_key_pair.created",
            "module.initial.module.server.module.server.data.aws_availability_zone.general_info_create",
            "module.initial.module.server.module.server.data.aws_ec2_instance_type.general_info_create",
            "module.initial.module.server.module.server.data.aws_ec2_instance_type.general_info_select",
            "module.initial.module.server.module.server.data.aws_instance.selected",
            "module.initial.module.server.module.server.data.aws_key_pair.ssh_key_selected",
            "module.initial.module.server.module.server.data.aws_security_group.general_info_create",
            "module.initial.module.server.module.server.data.aws_subnet.general_info_create",
            "module.initial.module.server.module.server.data.aws_subnet.general_info_select",
            "module.initial.module.server.module.server.data.aws_vpc.general_info_create",
            "module.initial.module.server.module.server.data.aws_vpc.general_info_select",
            "module.initial.module.server.module.server.terraform_data.set_primary_ipv6",
            "module.initial.null_resource.write_supplied_config",
            "module.initial.random_pet.server",
            "module.initial.random_uuid.join_token",
            "terraform_data.path"
          ]
        },
        {
          "index_key": "tf-PartyPic-4e9af-beb6",
          "schema_version": 0,
          "attributes": {
            "content": "# control plane terraform templatefile\n\nprovider \"aws\" {\n  default_tags {\n    tags = {\n      Id    = local.identifier\n      Owner = local.email\n    }\n  }\n}\n\nlocals {\n  # tflint-ignore: terraform_unused_declarations\n  ingress_controller = var.ingress_controller # not currently in use, TODO: add traefik functionality\n  identifier         = var.identifier         # this is a random unique string that can be used to identify resources in the cloud provider\n  email              = \"terraform-ci@suse.com\"\n  project_name       = \"tf-PartyPic-4e9af\"\n  username           = lower(local.project_name)\n  ip_family          = var.ip_family\n  runner_ip          = (var.runner_ip == \"\" ? chomp(data.http.myip.response_body) : var.runner_ip) # \"runner\" is the server running Terraform\n  ssh_key            = var.key\n  ssh_key_name       = var.key_name\n  zone               = var.zone # DNS zone\n  rke2_version       = var.rke2_version\n  image              = var.os\n  install_method     = var.install_method\n  install_prep_script_file = (\n    strcontains(local.image, \"sles\") ? \"${path.root}/suse_prep.sh\" :\n    strcontains(local.image, \"rhel\") ? \"${path.root}/rhel_prep.sh\" :\n    strcontains(local.image, \"ubuntu\") ? \"${path.root}/ubuntu_prep.sh\" :\n    \"\"\n  )\n  install_prep_script = (local.install_prep_script_file == \"\" ? \"\" :\n    templatefile(local.install_prep_script_file, {\n      install_method = local.install_method,\n      ip_family      = local.ip_family,\n      image          = local.image,\n    })\n  )\n  download     = (local.install_method == \"tar\" ? \"download\" : \"skip\")\n  cni          = var.cni\n  config_strat = \"merge\"\n  cni_file     = (local.cni == \"cilium\" ? \"${path.root}/cilium.yaml\" : (local.cni == \"calico\" ? \"${path.root}/calico.yaml\" : \"\"))\n  cni_config   = (local.cni_file != \"\" ? file(local.cni_file) : \"\")\n\n  # WARNING! Local file path needs to be isolated, don't use the same path as your terraform files\n  local_file_path = (\n    var.file_path != \"\" ? (var.file_path == path.root ? \"${abspath(path.root)}/rke2\" : var.file_path) :\n    \"${abspath(path.root)}/rke2\"\n  )\n  workfolder       = (strcontains(local.image, \"cis\") ? \"/var/tmp\" : \"/home/${local.username}\")\n  k8s_target_group = substr(lower(\"${local.project_name}-kubectl\"), 0, 32)\n  cloudinit_strategy = ((local.image == \"sle-micro-55\" || local.image == \"cis-rhel-8\") ? \"skip\" : \"default\")\n\n  # CIS images are not supported on IPv6 only deployments due to kernel modifications with how AWS IPv6 works (dhcpv6)\n\n  # tflint-ignore: terraform_unused_declarations\n  fail_cis_ipv6 = ((local.image == \"rhel-8-cis\" \u0026\u0026 local.ip_family == \"ipv6\") ? one([local.ip_family, \"cis_ipv6_incompatible\"]) : false)\n\n  # Ubuntu images do not support rpm unstall method\n  # tflint-ignore: terraform_unused_declarations\n  fail_ubuntu_rpm = ((strcontains(local.image, \"ubuntu\") \u0026\u0026 local.install_method == \"rpm\") ? one([local.install_method, \"ubuntu_rpm_incompatible\"]) : false)\n\n  server_info = jsondecode(\u003c\u003c-EOT\n    {\"az\":\"us-east-1a\",\"config\":\"disable-apiserver: true\\ndisable-controller-manager: true\\ndisable-scheduler: true\\n\",\"domain\":\"tf-partypic-4e9af-beb6\",\"file_path\":\"/workspace/terraform/terraform-aws-rke2-2.0.0/examples/prod/rke2/tf-PartyPic-4e9af-beb6/data\",\"name\":\"tf-PartyPic-4e9af-beb6\",\"path\":\"/workspace/terraform/terraform-aws-rke2-2.0.0/examples/prod/rke2/tf-PartyPic-4e9af-beb6\",\"subnet\":\"tf-PartyPic-4e9af-subnet\",\"type\":\"server\"}\n  EOT\n  )\n  cluster_cidr = jsondecode(\u003c\u003c-EOT\n    [\"10.0.0.0/17\"]\n  EOT\n  )\n  service_cidr = jsondecode(\u003c\u003c-EOT\n    [\"10.0.128.0/17\"]\n  EOT\n  )\n  config = \u003c\u003c-EOT\n  ${local.cni_config}\n  ${local.server_info.config}\n  EOT\n}\n\ndata \"http\" \"myip\" {\n  url = \"https://ipinfo.io/ip\"\n}\n\nmodule \"control_plane\" {\n  source                              = \"../../../../\" # this source is dev use only, see https://registry.terraform.io/modules/rancher/rke2/aws/latest\n  project_use_strategy                = \"skip\"\n  project_domain                      = lower(\"tf-partypic-4e9af\")\n  project_domain_zone                 = local.zone\n  server_use_strategy                 = \"create\"\n  server_name                         = local.server_info[\"name\"]\n  server_type                         = \"small\"\n  server_security_group_name          = \"tf-PartyPic-4e9af-sg\"\n  server_availability_zone            = local.server_info[\"az\"]\n  server_subnet_name                  = local.server_info[\"subnet\"]\n  server_image_use_strategy           = \"find\"\n  server_image_type                   = local.image\n  server_ip_family                    = local.ip_family\n  server_cloudinit_use_strategy       = local.cloudinit_strategy\n  server_indirect_access_use_strategy = \"enable\"\n  server_load_balancer_target_groups  = [local.k8s_target_group] # this matches the target_name from project_load_balancer_access_cidrs\n  server_direct_access_use_strategy   = \"ssh\"                    # configure the servers for direct ssh access\n  server_access_addresses = {                                    # you must include ssh access here to enable setup\n    runnerSsh = {\n      port      = 22 # allow access on ssh port\n      protocol  = \"tcp\"\n      ip_family = (local.ip_family == \"ipv6\" ? \"ipv6\" : \"ipv4\")\n      cidrs     = (local.ip_family == \"ipv6\" ? [\"${local.runner_ip}/128\"] : [\"${local.runner_ip}/32\"])\n    }\n    runnerApi = {\n      port      = 6443 # allow access to api\n      protocol  = \"tcp\"\n      ip_family = (local.ip_family == \"ipv6\" ? \"ipv6\" : \"ipv4\")\n      cidrs     = (local.ip_family == \"ipv6\" ? [\"${local.runner_ip}/128\"] : [\"${local.runner_ip}/32\"])\n    }\n  }\n  server_user = {\n    user                     = local.username\n    aws_keypair_use_strategy = \"select\"\n    ssh_key_name             = local.ssh_key_name\n    public_ssh_key           = local.ssh_key\n    user_workfolder          = local.workfolder\n    timeout                  = 10\n  }\n  server_add_domain        = false\n  server_domain_name       = local.server_info[\"domain\"]\n  server_domain_zone       = local.zone\n  server_add_eip           = false\n  install_use_strategy     = local.install_method\n  local_file_use_strategy  = local.download\n  local_file_path          = local.server_info[\"file_path\"]\n  install_rke2_version     = local.rke2_version\n  install_rpm_channel      = \"stable\"\n  install_remote_file_path = \"${local.workfolder}/rke2\"\n  install_role             = \"${local.server_info[\"type\"]}\"\n  install_start            = true\n  install_prep_script      = local.install_prep_script\n  install_start_timeout    = 10\n  config_use_strategy      = \"merge\"\n  config_join_strategy     = \"join\"\n  config_join_url          = \"https://10.0.8.1:9345\"\n  config_join_token        = \"56f19b46-8814-8b1a-7605-4cd16028a852\"\n  config_cluster_cidr      = local.cluster_cidr\n  config_service_cidr      = local.service_cidr\n  config_supplied_content  = local.config\n  config_supplied_name     = \"51-config.yaml\"\n  retrieve_kubeconfig      = false # use initial\n}\n",
            "content_base64": null,
            "content_base64sha256": "RCsc8lqxUDH4SBTxKYZc1lrLmGrC65SNRIZILCIPz1I=",
            "content_base64sha512": "JNtdDc6sAu0kXFdKaFkQdUzMnjuYZQ/vKfrix0byFa5fcVvvDh3minyBfLYDs4srOr5fsCrWcVgTJcO8sF6YsQ==",
            "content_md5": "f78f63d8e92538153eaf2d1175b3d9f1",
            "content_sha1": "5aebbf110e47e6fcc9f86b2e0b4efc9a1b4f496a",
            "content_sha256": "442b1cf25ab15031f84814f129865cd65acb986ac2eb948d4486482c220fcf52",
            "content_sha512": "24db5d0dceac02ed245c574a685910754ccc9e3b98650fef29fae2c746f215ae5f715bef0e1de68a7c817cb603b38b2b3abe5fb02ad671581325c3bcb05e98b1",
            "directory_permission": "0777",
            "file_permission": "0777",
            "filename": "/workspace/terraform/terraform-aws-rke2-2.0.0/examples/prod/rke2/tf-PartyPic-4e9af-beb6/main.tf",
            "id": "5aebbf110e47e6fcc9f86b2e0b4efc9a1b4f496a",
            "sensitive_content": null,
            "source": null
          },
          "sensitive_attributes": [
            [
              {
                "type": "get_attr",
                "value": "content"
              }
            ],
            [
              {
                "type": "get_attr",
                "value": "sensitive_content"
              }
            ]
          ],
          "identity_schema_version": 0,
          "dependencies": [
            "data.aws_availability_zones.available",
            "data.http.myip",
            "module.initial.data.aws_availability_zones.available",
            "module.initial.data.aws_security_group.general_info",
            "module.initial.module.default_config.null_resource.write_config",
            "module.initial.module.download.data.github_release.latest",
            "module.initial.module.download.data.github_release.selected",
            "module.initial.module.download.local_file.download_dir",
            "module.initial.module.download.terraform_data.download",
            "module.initial.module.install.data.local_sensitive_file.kubeconfig",
            "module.initial.module.install.null_resource.configure",
            "module.initial.module.install.null_resource.get_kubeconfig",
            "module.initial.module.install.null_resource.install",
            "module.initial.module.install.null_resource.install_prep",
            "module.initial.module.install.null_resource.prep",
            "module.initial.module.install.null_resource.start",
            "module.initial.module.install.terraform_data.copy_manifests",
            "module.initial.module.install.terraform_data.copy_to_remote",
            "module.initial.module.install.time_sleep.ten_s_after_install",
            "module.initial.module.install.time_sleep.ten_s_before_install",
            "module.initial.module.install.time_sleep.ten_s_before_start",
            "module.initial.module.project.data.aws_availability_zones.available",
            "module.initial.module.project.module.domain.acme_certificate.new",
            "module.initial.module.project.module.domain.acme_registration.reg",
            "module.initial.module.project.module.domain.aws_iam_server_certificate.new",
            "module.initial.module.project.module.domain.aws_route53_record.ipv4",
            "module.initial.module.project.module.domain.aws_route53_record.ipv6",
            "module.initial.module.project.module.domain.aws_route53domains_registered_domain.select",
            "module.initial.module.project.module.domain.data.aws_iam_server_certificate.select",
            "module.initial.module.project.module.domain.data.aws_route53_zone.select",
            "module.initial.module.project.module.domain.tls_cert_request.req",
            "module.initial.module.project.module.domain.tls_private_key.cert_private_key",
            "module.initial.module.project.module.domain.tls_private_key.private_key",
            "module.initial.module.project.module.network_load_balancer.aws_eip.created",
            "module.initial.module.project.module.network_load_balancer.aws_lb.new",
            "module.initial.module.project.module.network_load_balancer.aws_lb_listener.created",
            "module.initial.module.project.module.network_load_balancer.aws_lb_target_group.created",
            "module.initial.module.project.module.network_load_balancer.aws_security_group.load_balancer",
            "module.initial.module.project.module.network_load_balancer.aws_vpc_security_group_ingress_rule.external_ingress",
            "module.initial.module.project.module.network_load_balancer.aws_vpc_security_group_ingress_rule.project_ingress_loadbalancer",
            "module.initial.module.project.module.network_load_balancer.data.aws_lb.selected",
            "module.initial.module.project.module.project_security_group.aws_security_group.new",
            "module.initial.module.project.module.project_security_group.aws_vpc_security_group_egress_rule.external_egress_ipv4",
            "module.initial.module.project.module.project_security_group.aws_vpc_security_group_egress_rule.external_egress_ipv6",
            "module.initial.module.project.module.project_security_group.aws_vpc_security_group_egress_rule.project_egress_ipv4",
            "module.initial.module.project.module.project_security_group.aws_vpc_security_group_egress_rule.project_egress_ipv6",
            "module.initial.module.project.module.project_security_group.aws_vpc_security_group_ingress_rule.external_ingress_ipv4",
            "module.initial.module.project.module.project_security_group.aws_vpc_security_group_ingress_rule.external_ingress_ipv6",
            "module.initial.module.project.module.project_security_group.aws_vpc_security_group_ingress_rule.project_ingress_ipv4",
            "module.initial.module.project.module.project_security_group.aws_vpc_security_group_ingress_rule.project_ingress_ipv6",
            "module.initial.module.project.module.project_security_group.data.aws_security_group.selected",
            "module.initial.module.project.module.subnet.aws_subnet.created",
            "module.initial.module.project.module.subnet.data.aws_subnet.selected",
            "module.initial.module.project.module.vpc.aws_internet_gateway.new",
            "module.initial.module.project.module.vpc.aws_route.public_ipv4",
            "module.initial.module.project.module.vpc.aws_route.public_ipv6",
            "module.initial.module.project.module.vpc.aws_vpc.new",
            "module.initial.module.project.module.vpc.data.aws_vpc.selected",
            "module.initial.module.server.data.cloudinit_config.setup",
            "module.initial.module.server.module.direct_access.aws_eip.created",
            "module.initial.module.server.module.direct_access.aws_eip_association.created",
            "module.initial.module.server.module.direct_access.aws_network_interface_sg_attachment.server_security_group_attachment",
            "module.initial.module.server.module.direct_access.aws_route53_record.created",
            "module.initial.module.server.module.direct_access.aws_security_group.direct_access",
            "module.initial.module.server.module.direct_access.aws_vpc_security_group_ingress_rule.server_direct_link",
            "module.initial.module.server.module.direct_access.aws_vpc_security_group_ingress_rule.server_ingress",
            "module.initial.module.server.module.direct_access.data.aws_route53_zone.general_info",
            "module.initial.module.server.module.direct_access.data.aws_security_group.server_security_group",
            "module.initial.module.server.module.direct_access.terraform_data.remove_initial_user",
            "module.initial.module.server.module.direct_access.terraform_data.setup",
            "module.initial.module.server.module.image.data.aws_ami.search",
            "module.initial.module.server.module.image.data.aws_ami.select",
            "module.initial.module.server.module.indirect_access.aws_lb_target_group_attachment.server",
            "module.initial.module.server.module.indirect_access.data.aws_lb_target_group.general_info",
            "module.initial.module.server.module.server.aws_instance.created",
            "module.initial.module.server.module.server.aws_key_pair.created",
            "module.initial.module.server.module.server.data.aws_availability_zone.general_info_create",
            "module.initial.module.server.module.server.data.aws_ec2_instance_type.general_info_create",
            "module.initial.module.server.module.server.data.aws_ec2_instance_type.general_info_select",
            "module.initial.module.server.module.server.data.aws_instance.selected",
            "module.initial.module.server.module.server.data.aws_key_pair.ssh_key_selected",
            "module.initial.module.server.module.server.data.aws_security_group.general_info_create",
            "module.initial.module.server.module.server.data.aws_subnet.general_info_create",
            "module.initial.module.server.module.server.data.aws_subnet.general_info_select",
            "module.initial.module.server.module.server.data.aws_vpc.general_info_create",
            "module.initial.module.server.module.server.data.aws_vpc.general_info_select",
            "module.initial.module.server.module.server.terraform_data.set_primary_ipv6",
            "module.initial.null_resource.write_supplied_config",
            "module.initial.random_pet.server",
            "module.initial.random_uuid.join_token",
            "terraform_data.path"
          ]
        }
      ]
    },
    {
      "mode": "managed",
      "type": "terraform_data",
      "name": "create",
      "provider": "provider[\"terraform.io/builtin/terraform\"]",
      "instances": [
        {
          "index_key": "tf-PartyPic-4e9af-2f46",
          "status": "tainted",
          "schema_version": 0,
          "attributes": {
            "id": "30984896-ac1c-fb44-545f-649ee4bec832",
            "input": null,
            "output": null,
            "triggers_replace": {
              "value": {
                "info": "771383b6cb35acd25da11cf0571739cd",
                "initial": "https://10.0.8.1:9345",
                "path": "/workspace/terraform/terraform-aws-rke2-2.0.0/examples/prod/rke2/tf-PartyPic-4e9af-2f46"
              },
              "type": [
                "object",
                {
                  "info": "string",
                  "initial": "string",
                  "path": "string"
                }
              ]
            }
          },
          "sensitive_attributes": [],
          "identity_schema_version": 0,
          "dependencies": [
            "data.aws_availability_zones.available",
            "data.http.myip",
            "local_file.inputs",
            "local_file.main",
            "module.initial.data.aws_availability_zones.available",
            "module.initial.data.aws_security_group.general_info",
            "module.initial.module.default_config.null_resource.write_config",
            "module.initial.module.download.data.github_release.latest",
            "module.initial.module.download.data.github_release.selected",
            "module.initial.module.download.local_file.download_dir",
            "module.initial.module.download.terraform_data.download",
            "module.initial.module.install.data.local_sensitive_file.kubeconfig",
            "module.initial.module.install.null_resource.configure",
            "module.initial.module.install.null_resource.get_kubeconfig",
            "module.initial.module.install.null_resource.install",
            "module.initial.module.install.null_resource.install_prep",
            "module.initial.module.install.null_resource.prep",
            "module.initial.module.install.null_resource.start",
            "module.initial.module.install.terraform_data.copy_manifests",
            "module.initial.module.install.terraform_data.copy_to_remote",
            "module.initial.module.install.time_sleep.ten_s_after_install",
            "module.initial.module.install.time_sleep.ten_s_before_install",
            "module.initial.module.install.time_sleep.ten_s_before_start",
            "module.initial.module.project.data.aws_availability_zones.available",
            "module.initial.module.project.module.domain.acme_certificate.new",
            "module.initial.module.project.module.domain.acme_registration.reg",
            "module.initial.module.project.module.domain.aws_iam_server_certificate.new",
            "module.initial.module.project.module.domain.aws_route53_record.ipv4",
            "module.initial.module.project.module.domain.aws_route53_record.ipv6",
            "module.initial.module.project.module.domain.aws_route53domains_registered_domain.select",
            "module.initial.module.project.module.domain.data.aws_iam_server_certificate.select",
            "module.initial.module.project.module.domain.data.aws_route53_zone.select",
            "module.initial.module.project.module.domain.tls_cert_request.req",
            "module.initial.module.project.module.domain.tls_private_key.cert_private_key",
            "module.initial.module.project.module.domain.tls_private_key.private_key",
            "module.initial.module.project.module.network_load_balancer.aws_eip.created",
            "module.initial.module.project.module.network_load_balancer.aws_lb.new",
            "module.initial.module.project.module.network_load_balancer.aws_lb_listener.created",
            "module.initial.module.project.module.network_load_balancer.aws_lb_target_group.created",
            "module.initial.module.project.module.network_load_balancer.aws_security_group.load_balancer",
            "module.initial.module.project.module.network_load_balancer.aws_vpc_security_group_ingress_rule.external_ingress",
            "module.initial.module.project.module.network_load_balancer.aws_vpc_security_group_ingress_rule.project_ingress_loadbalancer",
            "module.initial.module.project.module.network_load_balancer.data.aws_lb.selected",
            "module.initial.module.project.module.project_security_group.aws_security_group.new",
            "module.initial.module.project.module.project_security_group.aws_vpc_security_group_egress_rule.external_egress_ipv4",
            "module.initial.module.project.module.project_security_group.aws_vpc_security_group_egress_rule.external_egress_ipv6",
            "module.initial.module.project.module.project_security_group.aws_vpc_security_group_egress_rule.project_egress_ipv4",
            "module.initial.module.project.module.project_security_group.aws_vpc_security_group_egress_rule.project_egress_ipv6",
            "module.initial.module.project.module.project_security_group.aws_vpc_security_group_ingress_rule.external_ingress_ipv4",
            "module.initial.module.project.module.project_security_group.aws_vpc_security_group_ingress_rule.external_ingress_ipv6",
            "module.initial.module.project.module.project_security_group.aws_vpc_security_group_ingress_rule.project_ingress_ipv4",
            "module.initial.module.project.module.project_security_group.aws_vpc_security_group_ingress_rule.project_ingress_ipv6",
            "module.initial.module.project.module.project_security_group.data.aws_security_group.selected",
            "module.initial.module.project.module.subnet.aws_subnet.created",
            "module.initial.module.project.module.subnet.data.aws_subnet.selected",
            "module.initial.module.project.module.vpc.aws_internet_gateway.new",
            "module.initial.module.project.module.vpc.aws_route.public_ipv4",
            "module.initial.module.project.module.vpc.aws_route.public_ipv6",
            "module.initial.module.project.module.vpc.aws_vpc.new",
            "module.initial.module.project.module.vpc.data.aws_vpc.selected",
            "module.initial.module.server.data.cloudinit_config.setup",
            "module.initial.module.server.module.direct_access.aws_eip.created",
            "module.initial.module.server.module.direct_access.aws_eip_association.created",
            "module.initial.module.server.module.direct_access.aws_network_interface_sg_attachment.server_security_group_attachment",
            "module.initial.module.server.module.direct_access.aws_route53_record.created",
            "module.initial.module.server.module.direct_access.aws_security_group.direct_access",
            "module.initial.module.server.module.direct_access.aws_vpc_security_group_ingress_rule.server_direct_link",
            "module.initial.module.server.module.direct_access.aws_vpc_security_group_ingress_rule.server_ingress",
            "module.initial.module.server.module.direct_access.data.aws_route53_zone.general_info",
            "module.initial.module.server.module.direct_access.data.aws_security_group.server_security_group",
            "module.initial.module.server.module.direct_access.terraform_data.remove_initial_user",
            "module.initial.module.server.module.direct_access.terraform_data.setup",
            "module.initial.module.server.module.image.data.aws_ami.search",
            "module.initial.module.server.module.image.data.aws_ami.select",
            "module.initial.module.server.module.indirect_access.aws_lb_target_group_attachment.server",
            "module.initial.module.server.module.indirect_access.data.aws_lb_target_group.general_info",
            "module.initial.module.server.module.server.aws_instance.created",
            "module.initial.module.server.module.server.aws_key_pair.created",
            "module.initial.module.server.module.server.data.aws_availability_zone.general_info_create",
            "module.initial.module.server.module.server.data.aws_ec2_instance_type.general_info_create",
            "module.initial.module.server.module.server.data.aws_ec2_instance_type.general_info_select",
            "module.initial.module.server.module.server.data.aws_instance.selected",
            "module.initial.module.server.module.server.data.aws_key_pair.ssh_key_selected",
            "module.initial.module.server.module.server.data.aws_security_group.general_info_create",
            "module.initial.module.server.module.server.data.aws_subnet.general_info_create",
            "module.initial.module.server.module.server.data.aws_subnet.general_info_select",
            "module.initial.module.server.module.server.data.aws_vpc.general_info_create",
            "module.initial.module.server.module.server.data.aws_vpc.general_info_select",
            "module.initial.module.server.module.server.terraform_data.set_primary_ipv6",
            "module.initial.null_resource.write_supplied_config",
            "module.initial.random_pet.server",
            "module.initial.random_uuid.join_token",
            "terraform_data.path"
          ]
        },
        {
          "index_key": "tf-PartyPic-4e9af-351b",
          "status": "tainted",
          "schema_version": 0,
          "attributes": {
            "id": "da93c908-8436-a914-4b48-dd5413169800",
            "input": null,
            "output": null,
            "triggers_replace": {
              "value": {
                "info": "771383b6cb35acd25da11cf0571739cd",
                "initial": "https://10.0.8.1:9345",
                "path": "/workspace/terraform/terraform-aws-rke2-2.0.0/examples/prod/rke2/tf-PartyPic-4e9af-351b"
              },
              "type": [
                "object",
                {
                  "info": "string",
                  "initial": "string",
                  "path": "string"
                }
              ]
            }
          },
          "sensitive_attributes": [],
          "identity_schema_version": 0,
          "dependencies": [
            "data.aws_availability_zones.available",
            "data.http.myip",
            "local_file.inputs",
            "local_file.main",
            "module.initial.data.aws_availability_zones.available",
            "module.initial.data.aws_security_group.general_info",
            "module.initial.module.default_config.null_resource.write_config",
            "module.initial.module.download.data.github_release.latest",
            "module.initial.module.download.data.github_release.selected",
            "module.initial.module.download.local_file.download_dir",
            "module.initial.module.download.terraform_data.download",
            "module.initial.module.install.data.local_sensitive_file.kubeconfig",
            "module.initial.module.install.null_resource.configure",
            "module.initial.module.install.null_resource.get_kubeconfig",
            "module.initial.module.install.null_resource.install",
            "module.initial.module.install.null_resource.install_prep",
            "module.initial.module.install.null_resource.prep",
            "module.initial.module.install.null_resource.start",
            "module.initial.module.install.terraform_data.copy_manifests",
            "module.initial.module.install.terraform_data.copy_to_remote",
            "module.initial.module.install.time_sleep.ten_s_after_install",
            "module.initial.module.install.time_sleep.ten_s_before_install",
            "module.initial.module.install.time_sleep.ten_s_before_start",
            "module.initial.module.project.data.aws_availability_zones.available",
            "module.initial.module.project.module.domain.acme_certificate.new",
            "module.initial.module.project.module.domain.acme_registration.reg",
            "module.initial.module.project.module.domain.aws_iam_server_certificate.new",
            "module.initial.module.project.module.domain.aws_route53_record.ipv4",
            "module.initial.module.project.module.domain.aws_route53_record.ipv6",
            "module.initial.module.project.module.domain.aws_route53domains_registered_domain.select",
            "module.initial.module.project.module.domain.data.aws_iam_server_certificate.select",
            "module.initial.module.project.module.domain.data.aws_route53_zone.select",
            "module.initial.module.project.module.domain.tls_cert_request.req",
            "module.initial.module.project.module.domain.tls_private_key.cert_private_key",
            "module.initial.module.project.module.domain.tls_private_key.private_key",
            "module.initial.module.project.module.network_load_balancer.aws_eip.created",
            "module.initial.module.project.module.network_load_balancer.aws_lb.new",
            "module.initial.module.project.module.network_load_balancer.aws_lb_listener.created",
            "module.initial.module.project.module.network_load_balancer.aws_lb_target_group.created",
            "module.initial.module.project.module.network_load_balancer.aws_security_group.load_balancer",
            "module.initial.module.project.module.network_load_balancer.aws_vpc_security_group_ingress_rule.external_ingress",
            "module.initial.module.project.module.network_load_balancer.aws_vpc_security_group_ingress_rule.project_ingress_loadbalancer",
            "module.initial.module.project.module.network_load_balancer.data.aws_lb.selected",
            "module.initial.module.project.module.project_security_group.aws_security_group.new",
            "module.initial.module.project.module.project_security_group.aws_vpc_security_group_egress_rule.external_egress_ipv4",
            "module.initial.module.project.module.project_security_group.aws_vpc_security_group_egress_rule.external_egress_ipv6",
            "module.initial.module.project.module.project_security_group.aws_vpc_security_group_egress_rule.project_egress_ipv4",
            "module.initial.module.project.module.project_security_group.aws_vpc_security_group_egress_rule.project_egress_ipv6",
            "module.initial.module.project.module.project_security_group.aws_vpc_security_group_ingress_rule.external_ingress_ipv4",
            "module.initial.module.project.module.project_security_group.aws_vpc_security_group_ingress_rule.external_ingress_ipv6",
            "module.initial.module.project.module.project_security_group.aws_vpc_security_group_ingress_rule.project_ingress_ipv4",
            "module.initial.module.project.module.project_security_group.aws_vpc_security_group_ingress_rule.project_ingress_ipv6",
            "module.initial.module.project.module.project_security_group.data.aws_security_group.selected",
            "module.initial.module.project.module.subnet.aws_subnet.created",
            "module.initial.module.project.module.subnet.data.aws_subnet.selected",
            "module.initial.module.project.module.vpc.aws_internet_gateway.new",
            "module.initial.module.project.module.vpc.aws_route.public_ipv4",
            "module.initial.module.project.module.vpc.aws_route.public_ipv6",
            "module.initial.module.project.module.vpc.aws_vpc.new",
            "module.initial.module.project.module.vpc.data.aws_vpc.selected",
            "module.initial.module.server.data.cloudinit_config.setup",
            "module.initial.module.server.module.direct_access.aws_eip.created",
            "module.initial.module.server.module.direct_access.aws_eip_association.created",
            "module.initial.module.server.module.direct_access.aws_network_interface_sg_attachment.server_security_group_attachment",
            "module.initial.module.server.module.direct_access.aws_route53_record.created",
            "module.initial.module.server.module.direct_access.aws_security_group.direct_access",
            "module.initial.module.server.module.direct_access.aws_vpc_security_group_ingress_rule.server_direct_link",
            "module.initial.module.server.module.direct_access.aws_vpc_security_group_ingress_rule.server_ingress",
            "module.initial.module.server.module.direct_access.data.aws_route53_zone.general_info",
            "module.initial.module.server.module.direct_access.data.aws_security_group.server_security_group",
            "module.initial.module.server.module.direct_access.terraform_data.remove_initial_user",
            "module.initial.module.server.module.direct_access.terraform_data.setup",
            "module.initial.module.server.module.image.data.aws_ami.search",
            "module.initial.module.server.module.image.data.aws_ami.select",
            "module.initial.module.server.module.indirect_access.aws_lb_target_group_attachment.server",
            "module.initial.module.server.module.indirect_access.data.aws_lb_target_group.general_info",
            "module.initial.module.server.module.server.aws_instance.created",
            "module.initial.module.server.module.server.aws_key_pair.created",
            "module.initial.module.server.module.server.data.aws_availability_zone.general_info_create",
            "module.initial.module.server.module.server.data.aws_ec2_instance_type.general_info_create",
            "module.initial.module.server.module.server.data.aws_ec2_instance_type.general_info_select",
            "module.initial.module.server.module.server.data.aws_instance.selected",
            "module.initial.module.server.module.server.data.aws_key_pair.ssh_key_selected",
            "module.initial.module.server.module.server.data.aws_security_group.general_info_create",
            "module.initial.module.server.module.server.data.aws_subnet.general_info_create",
            "module.initial.module.server.module.server.data.aws_subnet.general_info_select",
            "module.initial.module.server.module.server.data.aws_vpc.general_info_create",
            "module.initial.module.server.module.server.data.aws_vpc.general_info_select",
            "module.initial.module.server.module.server.terraform_data.set_primary_ipv6",
            "module.initial.null_resource.write_supplied_config",
            "module.initial.random_pet.server",
            "module.initial.random_uuid.join_token",
            "terraform_data.path"
          ]
        },
        {
          "index_key": "tf-PartyPic-4e9af-64cf",
          "status": "tainted",
          "schema_version": 0,
          "attributes": {
            "id": "4498b91d-443c-09a1-4abb-5af85623cb2e",
            "input": null,
            "output": null,
            "triggers_replace": {
              "value": {
                "info": "771383b6cb35acd25da11cf0571739cd",
                "initial": "https://10.0.8.1:9345",
                "path": "/workspace/terraform/terraform-aws-rke2-2.0.0/examples/prod/rke2/tf-PartyPic-4e9af-64cf"
              },
              "type": [
                "object",
                {
                  "info": "string",
                  "initial": "string",
                  "path": "string"
                }
              ]
            }
          },
          "sensitive_attributes": [],
          "identity_schema_version": 0,
          "dependencies": [
            "data.aws_availability_zones.available",
            "data.http.myip",
            "local_file.inputs",
            "local_file.main",
            "module.initial.data.aws_availability_zones.available",
            "module.initial.data.aws_security_group.general_info",
            "module.initial.module.default_config.null_resource.write_config",
            "module.initial.module.download.data.github_release.latest",
            "module.initial.module.download.data.github_release.selected",
            "module.initial.module.download.local_file.download_dir",
            "module.initial.module.download.terraform_data.download",
            "module.initial.module.install.data.local_sensitive_file.kubeconfig",
            "module.initial.module.install.null_resource.configure",
            "module.initial.module.install.null_resource.get_kubeconfig",
            "module.initial.module.install.null_resource.install",
            "module.initial.module.install.null_resource.install_prep",
            "module.initial.module.install.null_resource.prep",
            "module.initial.module.install.null_resource.start",
            "module.initial.module.install.terraform_data.copy_manifests",
            "module.initial.module.install.terraform_data.copy_to_remote",
            "module.initial.module.install.time_sleep.ten_s_after_install",
            "module.initial.module.install.time_sleep.ten_s_before_install",
            "module.initial.module.install.time_sleep.ten_s_before_start",
            "module.initial.module.project.data.aws_availability_zones.available",
            "module.initial.module.project.module.domain.acme_certificate.new",
            "module.initial.module.project.module.domain.acme_registration.reg",
            "module.initial.module.project.module.domain.aws_iam_server_certificate.new",
            "module.initial.module.project.module.domain.aws_route53_record.ipv4",
            "module.initial.module.project.module.domain.aws_route53_record.ipv6",
            "module.initial.module.project.module.domain.aws_route53domains_registered_domain.select",
            "module.initial.module.project.module.domain.data.aws_iam_server_certificate.select",
            "module.initial.module.project.module.domain.data.aws_route53_zone.select",
            "module.initial.module.project.module.domain.tls_cert_request.req",
            "module.initial.module.project.module.domain.tls_private_key.cert_private_key",
            "module.initial.module.project.module.domain.tls_private_key.private_key",
            "module.initial.module.project.module.network_load_balancer.aws_eip.created",
            "module.initial.module.project.module.network_load_balancer.aws_lb.new",
            "module.initial.module.project.module.network_load_balancer.aws_lb_listener.created",
            "module.initial.module.project.module.network_load_balancer.aws_lb_target_group.created",
            "module.initial.module.project.module.network_load_balancer.aws_security_group.load_balancer",
            "module.initial.module.project.module.network_load_balancer.aws_vpc_security_group_ingress_rule.external_ingress",
            "module.initial.module.project.module.network_load_balancer.aws_vpc_security_group_ingress_rule.project_ingress_loadbalancer",
            "module.initial.module.project.module.network_load_balancer.data.aws_lb.selected",
            "module.initial.module.project.module.project_security_group.aws_security_group.new",
            "module.initial.module.project.module.project_security_group.aws_vpc_security_group_egress_rule.external_egress_ipv4",
            "module.initial.module.project.module.project_security_group.aws_vpc_security_group_egress_rule.external_egress_ipv6",
            "module.initial.module.project.module.project_security_group.aws_vpc_security_group_egress_rule.project_egress_ipv4",
            "module.initial.module.project.module.project_security_group.aws_vpc_security_group_egress_rule.project_egress_ipv6",
            "module.initial.module.project.module.project_security_group.aws_vpc_security_group_ingress_rule.external_ingress_ipv4",
            "module.initial.module.project.module.project_security_group.aws_vpc_security_group_ingress_rule.external_ingress_ipv6",
            "module.initial.module.project.module.project_security_group.aws_vpc_security_group_ingress_rule.project_ingress_ipv4",
            "module.initial.module.project.module.project_security_group.aws_vpc_security_group_ingress_rule.project_ingress_ipv6",
            "module.initial.module.project.module.project_security_group.data.aws_security_group.selected",
            "module.initial.module.project.module.subnet.aws_subnet.created",
            "module.initial.module.project.module.subnet.data.aws_subnet.selected",
            "module.initial.module.project.module.vpc.aws_internet_gateway.new",
            "module.initial.module.project.module.vpc.aws_route.public_ipv4",
            "module.initial.module.project.module.vpc.aws_route.public_ipv6",
            "module.initial.module.project.module.vpc.aws_vpc.new",
            "module.initial.module.project.module.vpc.data.aws_vpc.selected",
            "module.initial.module.server.data.cloudinit_config.setup",
            "module.initial.module.server.module.direct_access.aws_eip.created",
            "module.initial.module.server.module.direct_access.aws_eip_association.created",
            "module.initial.module.server.module.direct_access.aws_network_interface_sg_attachment.server_security_group_attachment",
            "module.initial.module.server.module.direct_access.aws_route53_record.created",
            "module.initial.module.server.module.direct_access.aws_security_group.direct_access",
            "module.initial.module.server.module.direct_access.aws_vpc_security_group_ingress_rule.server_direct_link",
            "module.initial.module.server.module.direct_access.aws_vpc_security_group_ingress_rule.server_ingress",
            "module.initial.module.server.module.direct_access.data.aws_route53_zone.general_info",
            "module.initial.module.server.module.direct_access.data.aws_security_group.server_security_group",
            "module.initial.module.server.module.direct_access.terraform_data.remove_initial_user",
            "module.initial.module.server.module.direct_access.terraform_data.setup",
            "module.initial.module.server.module.image.data.aws_ami.search",
            "module.initial.module.server.module.image.data.aws_ami.select",
            "module.initial.module.server.module.indirect_access.aws_lb_target_group_attachment.server",
            "module.initial.module.server.module.indirect_access.data.aws_lb_target_group.general_info",
            "module.initial.module.server.module.server.aws_instance.created",
            "module.initial.module.server.module.server.aws_key_pair.created",
            "module.initial.module.server.module.server.data.aws_availability_zone.general_info_create",
            "module.initial.module.server.module.server.data.aws_ec2_instance_type.general_info_create",
            "module.initial.module.server.module.server.data.aws_ec2_instance_type.general_info_select",
            "module.initial.module.server.module.server.data.aws_instance.selected",
            "module.initial.module.server.module.server.data.aws_key_pair.ssh_key_selected",
            "module.initial.module.server.module.server.data.aws_security_group.general_info_create",
            "module.initial.module.server.module.server.data.aws_subnet.general_info_create",
            "module.initial.module.server.module.server.data.aws_subnet.general_info_select",
            "module.initial.module.server.module.server.data.aws_vpc.general_info_create",
            "module.initial.module.server.module.server.data.aws_vpc.general_info_select",
            "module.initial.module.server.module.server.terraform_data.set_primary_ipv6",
            "module.initial.null_resource.write_supplied_config",
            "module.initial.random_pet.server",
            "module.initial.random_uuid.join_token",
            "terraform_data.path"
          ]
        },
        {
          "index_key": "tf-PartyPic-4e9af-a627",
          "status": "tainted",
          "schema_version": 0,
          "attributes": {
            "id": "eee8d0b7-1732-1f08-79e8-1cd03e6a93b1",
            "input": null,
            "output": null,
            "triggers_replace": {
              "value": {
                "info": "771383b6cb35acd25da11cf0571739cd",
                "initial": "https://10.0.8.1:9345",
                "path": "/workspace/terraform/terraform-aws-rke2-2.0.0/examples/prod/rke2/tf-PartyPic-4e9af-a627"
              },
              "type": [
                "object",
                {
                  "info": "string",
                  "initial": "string",
                  "path": "string"
                }
              ]
            }
          },
          "sensitive_attributes": [],
          "identity_schema_version": 0,
          "dependencies": [
            "data.aws_availability_zones.available",
            "data.http.myip",
            "local_file.inputs",
            "local_file.main",
            "module.initial.data.aws_availability_zones.available",
            "module.initial.data.aws_security_group.general_info",
            "module.initial.module.default_config.null_resource.write_config",
            "module.initial.module.download.data.github_release.latest",
            "module.initial.module.download.data.github_release.selected",
            "module.initial.module.download.local_file.download_dir",
            "module.initial.module.download.terraform_data.download",
            "module.initial.module.install.data.local_sensitive_file.kubeconfig",
            "module.initial.module.install.null_resource.configure",
            "module.initial.module.install.null_resource.get_kubeconfig",
            "module.initial.module.install.null_resource.install",
            "module.initial.module.install.null_resource.install_prep",
            "module.initial.module.install.null_resource.prep",
            "module.initial.module.install.null_resource.start",
            "module.initial.module.install.terraform_data.copy_manifests",
            "module.initial.module.install.terraform_data.copy_to_remote",
            "module.initial.module.install.time_sleep.ten_s_after_install",
            "module.initial.module.install.time_sleep.ten_s_before_install",
            "module.initial.module.install.time_sleep.ten_s_before_start",
            "module.initial.module.project.data.aws_availability_zones.available",
            "module.initial.module.project.module.domain.acme_certificate.new",
            "module.initial.module.project.module.domain.acme_registration.reg",
            "module.initial.module.project.module.domain.aws_iam_server_certificate.new",
            "module.initial.module.project.module.domain.aws_route53_record.ipv4",
            "module.initial.module.project.module.domain.aws_route53_record.ipv6",
            "module.initial.module.project.module.domain.aws_route53domains_registered_domain.select",
            "module.initial.module.project.module.domain.data.aws_iam_server_certificate.select",
            "module.initial.module.project.module.domain.data.aws_route53_zone.select",
            "module.initial.module.project.module.domain.tls_cert_request.req",
            "module.initial.module.project.module.domain.tls_private_key.cert_private_key",
            "module.initial.module.project.module.domain.tls_private_key.private_key",
            "module.initial.module.project.module.network_load_balancer.aws_eip.created",
            "module.initial.module.project.module.network_load_balancer.aws_lb.new",
            "module.initial.module.project.module.network_load_balancer.aws_lb_listener.created",
            "module.initial.module.project.module.network_load_balancer.aws_lb_target_group.created",
            "module.initial.module.project.module.network_load_balancer.aws_security_group.load_balancer",
            "module.initial.module.project.module.network_load_balancer.aws_vpc_security_group_ingress_rule.external_ingress",
            "module.initial.module.project.module.network_load_balancer.aws_vpc_security_group_ingress_rule.project_ingress_loadbalancer",
            "module.initial.module.project.module.network_load_balancer.data.aws_lb.selected",
            "module.initial.module.project.module.project_security_group.aws_security_group.new",
            "module.initial.module.project.module.project_security_group.aws_vpc_security_group_egress_rule.external_egress_ipv4",
            "module.initial.module.project.module.project_security_group.aws_vpc_security_group_egress_rule.external_egress_ipv6",
            "module.initial.module.project.module.project_security_group.aws_vpc_security_group_egress_rule.project_egress_ipv4",
            "module.initial.module.project.module.project_security_group.aws_vpc_security_group_egress_rule.project_egress_ipv6",
            "module.initial.module.project.module.project_security_group.aws_vpc_security_group_ingress_rule.external_ingress_ipv4",
            "module.initial.module.project.module.project_security_group.aws_vpc_security_group_ingress_rule.external_ingress_ipv6",
            "module.initial.module.project.module.project_security_group.aws_vpc_security_group_ingress_rule.project_ingress_ipv4",
            "module.initial.module.project.module.project_security_group.aws_vpc_security_group_ingress_rule.project_ingress_ipv6",
            "module.initial.module.project.module.project_security_group.data.aws_security_group.selected",
            "module.initial.module.project.module.subnet.aws_subnet.created",
            "module.initial.module.project.module.subnet.data.aws_subnet.selected",
            "module.initial.module.project.module.vpc.aws_internet_gateway.new",
            "module.initial.module.project.module.vpc.aws_route.public_ipv4",
            "module.initial.module.project.module.vpc.aws_route.public_ipv6",
            "module.initial.module.project.module.vpc.aws_vpc.new",
            "module.initial.module.project.module.vpc.data.aws_vpc.selected",
            "module.initial.module.server.data.cloudinit_config.setup",
            "module.initial.module.server.module.direct_access.aws_eip.created",
            "module.initial.module.server.module.direct_access.aws_eip_association.created",
            "module.initial.module.server.module.direct_access.aws_network_interface_sg_attachment.server_security_group_attachment",
            "module.initial.module.server.module.direct_access.aws_route53_record.created",
            "module.initial.module.server.module.direct_access.aws_security_group.direct_access",
            "module.initial.module.server.module.direct_access.aws_vpc_security_group_ingress_rule.server_direct_link",
            "module.initial.module.server.module.direct_access.aws_vpc_security_group_ingress_rule.server_ingress",
            "module.initial.module.server.module.direct_access.data.aws_route53_zone.general_info",
            "module.initial.module.server.module.direct_access.data.aws_security_group.server_security_group",
            "module.initial.module.server.module.direct_access.terraform_data.remove_initial_user",
            "module.initial.module.server.module.direct_access.terraform_data.setup",
            "module.initial.module.server.module.image.data.aws_ami.search",
            "module.initial.module.server.module.image.data.aws_ami.select",
            "module.initial.module.server.module.indirect_access.aws_lb_target_group_attachment.server",
            "module.initial.module.server.module.indirect_access.data.aws_lb_target_group.general_info",
            "module.initial.module.server.module.server.aws_instance.created",
            "module.initial.module.server.module.server.aws_key_pair.created",
            "module.initial.module.server.module.server.data.aws_availability_zone.general_info_create",
            "module.initial.module.server.module.server.data.aws_ec2_instance_type.general_info_create",
            "module.initial.module.server.module.server.data.aws_ec2_instance_type.general_info_select",
            "module.initial.module.server.module.server.data.aws_instance.selected",
            "module.initial.module.server.module.server.data.aws_key_pair.ssh_key_selected",
            "module.initial.module.server.module.server.data.aws_security_group.general_info_create",
            "module.initial.module.server.module.server.data.aws_subnet.general_info_create",
            "module.initial.module.server.module.server.data.aws_subnet.general_info_select",
            "module.initial.module.server.module.server.data.aws_vpc.general_info_create",
            "module.initial.module.server.module.server.data.aws_vpc.general_info_select",
            "module.initial.module.server.module.server.terraform_data.set_primary_ipv6",
            "module.initial.null_resource.write_supplied_config",
            "module.initial.random_pet.server",
            "module.initial.random_uuid.join_token",
            "terraform_data.path"
          ]
        },
        {
          "index_key": "tf-PartyPic-4e9af-beb6",
          "status": "tainted",
          "schema_version": 0,
          "attributes": {
            "id": "b46bcb76-e143-a267-838d-e138b42ab2ee",
            "input": null,
            "output": null,
            "triggers_replace": {
              "value": {
                "info": "771383b6cb35acd25da11cf0571739cd",
                "initial": "https://10.0.8.1:9345",
                "path": "/workspace/terraform/terraform-aws-rke2-2.0.0/examples/prod/rke2/tf-PartyPic-4e9af-beb6"
              },
              "type": [
                "object",
                {
                  "info": "string",
                  "initial": "string",
                  "path": "string"
                }
              ]
            }
          },
          "sensitive_attributes": [],
          "identity_schema_version": 0,
          "dependencies": [
            "data.aws_availability_zones.available",
            "data.http.myip",
            "local_file.inputs",
            "local_file.main",
            "module.initial.data.aws_availability_zones.available",
            "module.initial.data.aws_security_group.general_info",
            "module.initial.module.default_config.null_resource.write_config",
            "module.initial.module.download.data.github_release.latest",
            "module.initial.module.download.data.github_release.selected",
            "module.initial.module.download.local_file.download_dir",
            "module.initial.module.download.terraform_data.download",
            "module.initial.module.install.data.local_sensitive_file.kubeconfig",
            "module.initial.module.install.null_resource.configure",
            "module.initial.module.install.null_resource.get_kubeconfig",
            "module.initial.module.install.null_resource.install",
            "module.initial.module.install.null_resource.install_prep",
            "module.initial.module.install.null_resource.prep",
            "module.initial.module.install.null_resource.start",
            "module.initial.module.install.terraform_data.copy_manifests",
            "module.initial.module.install.terraform_data.copy_to_remote",
            "module.initial.module.install.time_sleep.ten_s_after_install",
            "module.initial.module.install.time_sleep.ten_s_before_install",
            "module.initial.module.install.time_sleep.ten_s_before_start",
            "module.initial.module.project.data.aws_availability_zones.available",
            "module.initial.module.project.module.domain.acme_certificate.new",
            "module.initial.module.project.module.domain.acme_registration.reg",
            "module.initial.module.project.module.domain.aws_iam_server_certificate.new",
            "module.initial.module.project.module.domain.aws_route53_record.ipv4",
            "module.initial.module.project.module.domain.aws_route53_record.ipv6",
            "module.initial.module.project.module.domain.aws_route53domains_registered_domain.select",
            "module.initial.module.project.module.domain.data.aws_iam_server_certificate.select",
            "module.initial.module.project.module.domain.data.aws_route53_zone.select",
            "module.initial.module.project.module.domain.tls_cert_request.req",
            "module.initial.module.project.module.domain.tls_private_key.cert_private_key",
            "module.initial.module.project.module.domain.tls_private_key.private_key",
            "module.initial.module.project.module.network_load_balancer.aws_eip.created",
            "module.initial.module.project.module.network_load_balancer.aws_lb.new",
            "module.initial.module.project.module.network_load_balancer.aws_lb_listener.created",
            "module.initial.module.project.module.network_load_balancer.aws_lb_target_group.created",
            "module.initial.module.project.module.network_load_balancer.aws_security_group.load_balancer",
            "module.initial.module.project.module.network_load_balancer.aws_vpc_security_group_ingress_rule.external_ingress",
            "module.initial.module.project.module.network_load_balancer.aws_vpc_security_group_ingress_rule.project_ingress_loadbalancer",
            "module.initial.module.project.module.network_load_balancer.data.aws_lb.selected",
            "module.initial.module.project.module.project_security_group.aws_security_group.new",
            "module.initial.module.project.module.project_security_group.aws_vpc_security_group_egress_rule.external_egress_ipv4",
            "module.initial.module.project.module.project_security_group.aws_vpc_security_group_egress_rule.external_egress_ipv6",
            "module.initial.module.project.module.project_security_group.aws_vpc_security_group_egress_rule.project_egress_ipv4",
            "module.initial.module.project.module.project_security_group.aws_vpc_security_group_egress_rule.project_egress_ipv6",
            "module.initial.module.project.module.project_security_group.aws_vpc_security_group_ingress_rule.external_ingress_ipv4",
            "module.initial.module.project.module.project_security_group.aws_vpc_security_group_ingress_rule.external_ingress_ipv6",
            "module.initial.module.project.module.project_security_group.aws_vpc_security_group_ingress_rule.project_ingress_ipv4",
            "module.initial.module.project.module.project_security_group.aws_vpc_security_group_ingress_rule.project_ingress_ipv6",
            "module.initial.module.project.module.project_security_group.data.aws_security_group.selected",
            "module.initial.module.project.module.subnet.aws_subnet.created",
            "module.initial.module.project.module.subnet.data.aws_subnet.selected",
            "module.initial.module.project.module.vpc.aws_internet_gateway.new",
            "module.initial.module.project.module.vpc.aws_route.public_ipv4",
            "module.initial.module.project.module.vpc.aws_route.public_ipv6",
            "module.initial.module.project.module.vpc.aws_vpc.new",
            "module.initial.module.project.module.vpc.data.aws_vpc.selected",
            "module.initial.module.server.data.cloudinit_config.setup",
            "module.initial.module.server.module.direct_access.aws_eip.created",
            "module.initial.module.server.module.direct_access.aws_eip_association.created",
            "module.initial.module.server.module.direct_access.aws_network_interface_sg_attachment.server_security_group_attachment",
            "module.initial.module.server.module.direct_access.aws_route53_record.created",
            "module.initial.module.server.module.direct_access.aws_security_group.direct_access",
            "module.initial.module.server.module.direct_access.aws_vpc_security_group_ingress_rule.server_direct_link",
            "module.initial.module.server.module.direct_access.aws_vpc_security_group_ingress_rule.server_ingress",
            "module.initial.module.server.module.direct_access.data.aws_route53_zone.general_info",
            "module.initial.module.server.module.direct_access.data.aws_security_group.server_security_group",
            "module.initial.module.server.module.direct_access.terraform_data.remove_initial_user",
            "module.initial.module.server.module.direct_access.terraform_data.setup",
            "module.initial.module.server.module.image.data.aws_ami.search",
            "module.initial.module.server.module.image.data.aws_ami.select",
            "module.initial.module.server.module.indirect_access.aws_lb_target_group_attachment.server",
            "module.initial.module.server.module.indirect_access.data.aws_lb_target_group.general_info",
            "module.initial.module.server.module.server.aws_instance.created",
            "module.initial.module.server.module.server.aws_key_pair.created",
            "module.initial.module.server.module.server.data.aws_availability_zone.general_info_create",
            "module.initial.module.server.module.server.data.aws_ec2_instance_type.general_info_create",
            "module.initial.module.server.module.server.data.aws_ec2_instance_type.general_info_select",
            "module.initial.module.server.module.server.data.aws_instance.selected",
            "module.initial.module.server.module.server.data.aws_key_pair.ssh_key_selected",
            "module.initial.module.server.module.server.data.aws_security_group.general_info_create",
            "module.initial.module.server.module.server.data.aws_subnet.general_info_create",
            "module.initial.module.server.module.server.data.aws_subnet.general_info_select",
            "module.initial.module.server.module.server.data.aws_vpc.general_info_create",
            "module.initial.module.server.module.server.data.aws_vpc.general_info_select",
            "module.initial.module.server.module.server.terraform_data.set_primary_ipv6",
            "module.initial.null_resource.write_supplied_config",
            "module.initial.random_pet.server",
            "module.initial.random_uuid.join_token",
            "terraform_data.path"
          ]
        }
      ]
    },
    {
      "mode": "managed",
      "type": "terraform_data",
      "name": "path",
      "provider": "provider[\"terraform.io/builtin/terraform\"]",
      "instances": [
        {
          "index_key": "tf-PartyPic-4e9af-2f46",
          "schema_version": 0,
          "attributes": {
            "id": "944ec59e-1174-9a25-5fa8-d208824cb5fc",
            "input": null,
            "output": null,
            "triggers_replace": {
              "value": {
                "initial_token": "56f19b46-8814-8b1a-7605-4cd16028a852",
                "initial_url": "https://10.0.8.1:9345"
              },
              "type": [
                "object",
                {
                  "initial_token": "string",
                  "initial_url": "string"
                }
              ]
            }
          },
          "sensitive_attributes": [
            [
              {
                "type": "get_attr",
                "value": "triggers_replace"
              },
              {
                "type": "get_attr",
                "value": "initial_token"
              }
            ]
          ],
          "identity_schema_version": 0,
          "dependencies": [
            "data.aws_availability_zones.available",
            "data.http.myip",
            "module.initial.data.aws_availability_zones.available",
            "module.initial.data.aws_security_group.general_info",
            "module.initial.module.default_config.null_resource.write_config",
            "module.initial.module.download.data.github_release.latest",
            "module.initial.module.download.data.github_release.selected",
            "module.initial.module.download.local_file.download_dir",
            "module.initial.module.download.terraform_data.download",
            "module.initial.module.install.data.local_sensitive_file.kubeconfig",
            "module.initial.module.install.null_resource.configure",
            "module.initial.module.install.null_resource.get_kubeconfig",
            "module.initial.module.install.null_resource.install",
            "module.initial.module.install.null_resource.install_prep",
            "module.initial.module.install.null_resource.prep",
            "module.initial.module.install.null_resource.start",
            "module.initial.module.install.terraform_data.copy_manifests",
            "module.initial.module.install.terraform_data.copy_to_remote",
            "module.initial.module.install.time_sleep.ten_s_after_install",
            "module.initial.module.install.time_sleep.ten_s_before_install",
            "module.initial.module.install.time_sleep.ten_s_before_start",
            "module.initial.module.project.data.aws_availability_zones.available",
            "module.initial.module.project.module.domain.acme_certificate.new",
            "module.initial.module.project.module.domain.acme_registration.reg",
            "module.initial.module.project.module.domain.aws_iam_server_certificate.new",
            "module.initial.module.project.module.domain.aws_route53_record.ipv4",
            "module.initial.module.project.module.domain.aws_route53_record.ipv6",
            "module.initial.module.project.module.domain.aws_route53domains_registered_domain.select",
            "module.initial.module.project.module.domain.data.aws_iam_server_certificate.select",
            "module.initial.module.project.module.domain.data.aws_route53_zone.select",
            "module.initial.module.project.module.domain.tls_cert_request.req",
            "module.initial.module.project.module.domain.tls_private_key.cert_private_key",
            "module.initial.module.project.module.domain.tls_private_key.private_key",
            "module.initial.module.project.module.network_load_balancer.aws_eip.created",
            "module.initial.module.project.module.network_load_balancer.aws_lb.new",
            "module.initial.module.project.module.network_load_balancer.aws_lb_listener.created",
            "module.initial.module.project.module.network_load_balancer.aws_lb_target_group.created",
            "module.initial.module.project.module.network_load_balancer.aws_security_group.load_balancer",
            "module.initial.module.project.module.network_load_balancer.aws_vpc_security_group_ingress_rule.external_ingress",
            "module.initial.module.project.module.network_load_balancer.aws_vpc_security_group_ingress_rule.project_ingress_loadbalancer",
            "module.initial.module.project.module.network_load_balancer.data.aws_lb.selected",
            "module.initial.module.project.module.project_security_group.aws_security_group.new",
            "module.initial.module.project.module.project_security_group.aws_vpc_security_group_egress_rule.external_egress_ipv4",
            "module.initial.module.project.module.project_security_group.aws_vpc_security_group_egress_rule.external_egress_ipv6",
            "module.initial.module.project.module.project_security_group.aws_vpc_security_group_egress_rule.project_egress_ipv4",
            "module.initial.module.project.module.project_security_group.aws_vpc_security_group_egress_rule.project_egress_ipv6",
            "module.initial.module.project.module.project_security_group.aws_vpc_security_group_ingress_rule.external_ingress_ipv4",
            "module.initial.module.project.module.project_security_group.aws_vpc_security_group_ingress_rule.external_ingress_ipv6",
            "module.initial.module.project.module.project_security_group.aws_vpc_security_group_ingress_rule.project_ingress_ipv4",
            "module.initial.module.project.module.project_security_group.aws_vpc_security_group_ingress_rule.project_ingress_ipv6",
            "module.initial.module.project.module.project_security_group.data.aws_security_group.selected",
            "module.initial.module.project.module.subnet.aws_subnet.created",
            "module.initial.module.project.module.subnet.data.aws_subnet.selected",
            "module.initial.module.project.module.vpc.aws_internet_gateway.new",
            "module.initial.module.project.module.vpc.aws_route.public_ipv4",
            "module.initial.module.project.module.vpc.aws_route.public_ipv6",
            "module.initial.module.project.module.vpc.aws_vpc.new",
            "module.initial.module.project.module.vpc.data.aws_vpc.selected",
            "module.initial.module.server.data.cloudinit_config.setup",
            "module.initial.module.server.module.direct_access.aws_eip.created",
            "module.initial.module.server.module.direct_access.aws_eip_association.created",
            "module.initial.module.server.module.direct_access.aws_network_interface_sg_attachment.server_security_group_attachment",
            "module.initial.module.server.module.direct_access.aws_route53_record.created",
            "module.initial.module.server.module.direct_access.aws_security_group.direct_access",
            "module.initial.module.server.module.direct_access.aws_vpc_security_group_ingress_rule.server_direct_link",
            "module.initial.module.server.module.direct_access.aws_vpc_security_group_ingress_rule.server_ingress",
            "module.initial.module.server.module.direct_access.data.aws_route53_zone.general_info",
            "module.initial.module.server.module.direct_access.data.aws_security_group.server_security_group",
            "module.initial.module.server.module.direct_access.terraform_data.remove_initial_user",
            "module.initial.module.server.module.direct_access.terraform_data.setup",
            "module.initial.module.server.module.image.data.aws_ami.search",
            "module.initial.module.server.module.image.data.aws_ami.select",
            "module.initial.module.server.module.indirect_access.aws_lb_target_group_attachment.server",
            "module.initial.module.server.module.indirect_access.data.aws_lb_target_group.general_info",
            "module.initial.module.server.module.server.aws_instance.created",
            "module.initial.module.server.module.server.aws_key_pair.created",
            "module.initial.module.server.module.server.data.aws_availability_zone.general_info_create",
            "module.initial.module.server.module.server.data.aws_ec2_instance_type.general_info_create",
            "module.initial.module.server.module.server.data.aws_ec2_instance_type.general_info_select",
            "module.initial.module.server.module.server.data.aws_instance.selected",
            "module.initial.module.server.module.server.data.aws_key_pair.ssh_key_selected",
            "module.initial.module.server.module.server.data.aws_security_group.general_info_create",
            "module.initial.module.server.module.server.data.aws_subnet.general_info_create",
            "module.initial.module.server.module.server.data.aws_subnet.general_info_select",
            "module.initial.module.server.module.server.data.aws_vpc.general_info_create",
            "module.initial.module.server.module.server.data.aws_vpc.general_info_select",
            "module.initial.module.server.module.server.terraform_data.set_primary_ipv6",
            "module.initial.null_resource.write_supplied_config",
            "module.initial.random_pet.server",
            "module.initial.random_uuid.join_token"
          ]
        },
        {
          "index_key": "tf-PartyPic-4e9af-351b",
          "schema_version": 0,
          "attributes": {
            "id": "17cf415c-823f-1196-01a0-3180dce3d96c",
            "input": null,
            "output": null,
            "triggers_replace": {
              "value": {
                "initial_token": "56f19b46-8814-8b1a-7605-4cd16028a852",
                "initial_url": "https://10.0.8.1:9345"
              },
              "type": [
                "object",
                {
                  "initial_token": "string",
                  "initial_url": "string"
                }
              ]
            }
          },
          "sensitive_attributes": [
            [
              {
                "type": "get_attr",
                "value": "triggers_replace"
              },
              {
                "type": "get_attr",
                "value": "initial_token"
              }
            ]
          ],
          "identity_schema_version": 0,
          "dependencies": [
            "data.aws_availability_zones.available",
            "data.http.myip",
            "module.initial.data.aws_availability_zones.available",
            "module.initial.data.aws_security_group.general_info",
            "module.initial.module.default_config.null_resource.write_config",
            "module.initial.module.download.data.github_release.latest",
            "module.initial.module.download.data.github_release.selected",
            "module.initial.module.download.local_file.download_dir",
            "module.initial.module.download.terraform_data.download",
            "module.initial.module.install.data.local_sensitive_file.kubeconfig",
            "module.initial.module.install.null_resource.configure",
            "module.initial.module.install.null_resource.get_kubeconfig",
            "module.initial.module.install.null_resource.install",
            "module.initial.module.install.null_resource.install_prep",
            "module.initial.module.install.null_resource.prep",
            "module.initial.module.install.null_resource.start",
            "module.initial.module.install.terraform_data.copy_manifests",
            "module.initial.module.install.terraform_data.copy_to_remote",
            "module.initial.module.install.time_sleep.ten_s_after_install",
            "module.initial.module.install.time_sleep.ten_s_before_install",
            "module.initial.module.install.time_sleep.ten_s_before_start",
            "module.initial.module.project.data.aws_availability_zones.available",
            "module.initial.module.project.module.domain.acme_certificate.new",
            "module.initial.module.project.module.domain.acme_registration.reg",
            "module.initial.module.project.module.domain.aws_iam_server_certificate.new",
            "module.initial.module.project.module.domain.aws_route53_record.ipv4",
            "module.initial.module.project.module.domain.aws_route53_record.ipv6",
            "module.initial.module.project.module.domain.aws_route53domains_registered_domain.select",
            "module.initial.module.project.module.domain.data.aws_iam_server_certificate.select",
            "module.initial.module.project.module.domain.data.aws_route53_zone.select",
            "module.initial.module.project.module.domain.tls_cert_request.req",
            "module.initial.module.project.module.domain.tls_private_key.cert_private_key",
            "module.initial.module.project.module.domain.tls_private_key.private_key",
            "module.initial.module.project.module.network_load_balancer.aws_eip.created",
            "module.initial.module.project.module.network_load_balancer.aws_lb.new",
            "module.initial.module.project.module.network_load_balancer.aws_lb_listener.created",
            "module.initial.module.project.module.network_load_balancer.aws_lb_target_group.created",
            "module.initial.module.project.module.network_load_balancer.aws_security_group.load_balancer",
            "module.initial.module.project.module.network_load_balancer.aws_vpc_security_group_ingress_rule.external_ingress",
            "module.initial.module.project.module.network_load_balancer.aws_vpc_security_group_ingress_rule.project_ingress_loadbalancer",
            "module.initial.module.project.module.network_load_balancer.data.aws_lb.selected",
            "module.initial.module.project.module.project_security_group.aws_security_group.new",
            "module.initial.module.project.module.project_security_group.aws_vpc_security_group_egress_rule.external_egress_ipv4",
            "module.initial.module.project.module.project_security_group.aws_vpc_security_group_egress_rule.external_egress_ipv6",
            "module.initial.module.project.module.project_security_group.aws_vpc_security_group_egress_rule.project_egress_ipv4",
            "module.initial.module.project.module.project_security_group.aws_vpc_security_group_egress_rule.project_egress_ipv6",
            "module.initial.module.project.module.project_security_group.aws_vpc_security_group_ingress_rule.external_ingress_ipv4",
            "module.initial.module.project.module.project_security_group.aws_vpc_security_group_ingress_rule.external_ingress_ipv6",
            "module.initial.module.project.module.project_security_group.aws_vpc_security_group_ingress_rule.project_ingress_ipv4",
            "module.initial.module.project.module.project_security_group.aws_vpc_security_group_ingress_rule.project_ingress_ipv6",
            "module.initial.module.project.module.project_security_group.data.aws_security_group.selected",
            "module.initial.module.project.module.subnet.aws_subnet.created",
            "module.initial.module.project.module.subnet.data.aws_subnet.selected",
            "module.initial.module.project.module.vpc.aws_internet_gateway.new",
            "module.initial.module.project.module.vpc.aws_route.public_ipv4",
            "module.initial.module.project.module.vpc.aws_route.public_ipv6",
            "module.initial.module.project.module.vpc.aws_vpc.new",
            "module.initial.module.project.module.vpc.data.aws_vpc.selected",
            "module.initial.module.server.data.cloudinit_config.setup",
            "module.initial.module.server.module.direct_access.aws_eip.created",
            "module.initial.module.server.module.direct_access.aws_eip_association.created",
            "module.initial.module.server.module.direct_access.aws_network_interface_sg_attachment.server_security_group_attachment",
            "module.initial.module.server.module.direct_access.aws_route53_record.created",
            "module.initial.module.server.module.direct_access.aws_security_group.direct_access",
            "module.initial.module.server.module.direct_access.aws_vpc_security_group_ingress_rule.server_direct_link",
            "module.initial.module.server.module.direct_access.aws_vpc_security_group_ingress_rule.server_ingress",
            "module.initial.module.server.module.direct_access.data.aws_route53_zone.general_info",
            "module.initial.module.server.module.direct_access.data.aws_security_group.server_security_group",
            "module.initial.module.server.module.direct_access.terraform_data.remove_initial_user",
            "module.initial.module.server.module.direct_access.terraform_data.setup",
            "module.initial.module.server.module.image.data.aws_ami.search",
            "module.initial.module.server.module.image.data.aws_ami.select",
            "module.initial.module.server.module.indirect_access.aws_lb_target_group_attachment.server",
            "module.initial.module.server.module.indirect_access.data.aws_lb_target_group.general_info",
            "module.initial.module.server.module.server.aws_instance.created",
            "module.initial.module.server.module.server.aws_key_pair.created",
            "module.initial.module.server.module.server.data.aws_availability_zone.general_info_create",
            "module.initial.module.server.module.server.data.aws_ec2_instance_type.general_info_create",
            "module.initial.module.server.module.server.data.aws_ec2_instance_type.general_info_select",
            "module.initial.module.server.module.server.data.aws_instance.selected",
            "module.initial.module.server.module.server.data.aws_key_pair.ssh_key_selected",
            "module.initial.module.server.module.server.data.aws_security_group.general_info_create",
            "module.initial.module.server.module.server.data.aws_subnet.general_info_create",
            "module.initial.module.server.module.server.data.aws_subnet.general_info_select",
            "module.initial.module.server.module.server.data.aws_vpc.general_info_create",
            "module.initial.module.server.module.server.data.aws_vpc.general_info_select",
            "module.initial.module.server.module.server.terraform_data.set_primary_ipv6",
            "module.initial.null_resource.write_supplied_config",
            "module.initial.random_pet.server",
            "module.initial.random_uuid.join_token"
          ]
        },
        {
          "index_key": "tf-PartyPic-4e9af-64cf",
          "schema_version": 0,
          "attributes": {
            "id": "04c86048-cfd3-0f2c-0c47-d2e9402a9494",
            "input": null,
            "output": null,
            "triggers_replace": {
              "value": {
                "initial_token": "56f19b46-8814-8b1a-7605-4cd16028a852",
                "initial_url": "https://10.0.8.1:9345"
              },
              "type": [
                "object",
                {
                  "initial_token": "string",
                  "initial_url": "string"
                }
              ]
            }
          },
          "sensitive_attributes": [
            [
              {
                "type": "get_attr",
                "value": "triggers_replace"
              },
              {
                "type": "get_attr",
                "value": "initial_token"
              }
            ]
          ],
          "identity_schema_version": 0,
          "dependencies": [
            "data.aws_availability_zones.available",
            "data.http.myip",
            "module.initial.data.aws_availability_zones.available",
            "module.initial.data.aws_security_group.general_info",
            "module.initial.module.default_config.null_resource.write_config",
            "module.initial.module.download.data.github_release.latest",
            "module.initial.module.download.data.github_release.selected",
            "module.initial.module.download.local_file.download_dir",
            "module.initial.module.download.terraform_data.download",
            "module.initial.module.install.data.local_sensitive_file.kubeconfig",
            "module.initial.module.install.null_resource.configure",
            "module.initial.module.install.null_resource.get_kubeconfig",
            "module.initial.module.install.null_resource.install",
            "module.initial.module.install.null_resource.install_prep",
            "module.initial.module.install.null_resource.prep",
            "module.initial.module.install.null_resource.start",
            "module.initial.module.install.terraform_data.copy_manifests",
            "module.initial.module.install.terraform_data.copy_to_remote",
            "module.initial.module.install.time_sleep.ten_s_after_install",
            "module.initial.module.install.time_sleep.ten_s_before_install",
            "module.initial.module.install.time_sleep.ten_s_before_start",
            "module.initial.module.project.data.aws_availability_zones.available",
            "module.initial.module.project.module.domain.acme_certificate.new",
            "module.initial.module.project.module.domain.acme_registration.reg",
            "module.initial.module.project.module.domain.aws_iam_server_certificate.new",
            "module.initial.module.project.module.domain.aws_route53_record.ipv4",
            "module.initial.module.project.module.domain.aws_route53_record.ipv6",
            "module.initial.module.project.module.domain.aws_route53domains_registered_domain.select",
            "module.initial.module.project.module.domain.data.aws_iam_server_certificate.select",
            "module.initial.module.project.module.domain.data.aws_route53_zone.select",
            "module.initial.module.project.module.domain.tls_cert_request.req",
            "module.initial.module.project.module.domain.tls_private_key.cert_private_key",
            "module.initial.module.project.module.domain.tls_private_key.private_key",
            "module.initial.module.project.module.network_load_balancer.aws_eip.created",
            "module.initial.module.project.module.network_load_balancer.aws_lb.new",
            "module.initial.module.project.module.network_load_balancer.aws_lb_listener.created",
            "module.initial.module.project.module.network_load_balancer.aws_lb_target_group.created",
            "module.initial.module.project.module.network_load_balancer.aws_security_group.load_balancer",
            "module.initial.module.project.module.network_load_balancer.aws_vpc_security_group_ingress_rule.external_ingress",
            "module.initial.module.project.module.network_load_balancer.aws_vpc_security_group_ingress_rule.project_ingress_loadbalancer",
            "module.initial.module.project.module.network_load_balancer.data.aws_lb.selected",
            "module.initial.module.project.module.project_security_group.aws_security_group.new",
            "module.initial.module.project.module.project_security_group.aws_vpc_security_group_egress_rule.external_egress_ipv4",
            "module.initial.module.project.module.project_security_group.aws_vpc_security_group_egress_rule.external_egress_ipv6",
            "module.initial.module.project.module.project_security_group.aws_vpc_security_group_egress_rule.project_egress_ipv4",
            "module.initial.module.project.module.project_security_group.aws_vpc_security_group_egress_rule.project_egress_ipv6",
            "module.initial.module.project.module.project_security_group.aws_vpc_security_group_ingress_rule.external_ingress_ipv4",
            "module.initial.module.project.module.project_security_group.aws_vpc_security_group_ingress_rule.external_ingress_ipv6",
            "module.initial.module.project.module.project_security_group.aws_vpc_security_group_ingress_rule.project_ingress_ipv4",
            "module.initial.module.project.module.project_security_group.aws_vpc_security_group_ingress_rule.project_ingress_ipv6",
            "module.initial.module.project.module.project_security_group.data.aws_security_group.selected",
            "module.initial.module.project.module.subnet.aws_subnet.created",
            "module.initial.module.project.module.subnet.data.aws_subnet.selected",
            "module.initial.module.project.module.vpc.aws_internet_gateway.new",
            "module.initial.module.project.module.vpc.aws_route.public_ipv4",
            "module.initial.module.project.module.vpc.aws_route.public_ipv6",
            "module.initial.module.project.module.vpc.aws_vpc.new",
            "module.initial.module.project.module.vpc.data.aws_vpc.selected",
            "module.initial.module.server.data.cloudinit_config.setup",
            "module.initial.module.server.module.direct_access.aws_eip.created",
            "module.initial.module.server.module.direct_access.aws_eip_association.created",
            "module.initial.module.server.module.direct_access.aws_network_interface_sg_attachment.server_security_group_attachment",
            "module.initial.module.server.module.direct_access.aws_route53_record.created",
            "module.initial.module.server.module.direct_access.aws_security_group.direct_access",
            "module.initial.module.server.module.direct_access.aws_vpc_security_group_ingress_rule.server_direct_link",
            "module.initial.module.server.module.direct_access.aws_vpc_security_group_ingress_rule.server_ingress",
            "module.initial.module.server.module.direct_access.data.aws_route53_zone.general_info",
            "module.initial.module.server.module.direct_access.data.aws_security_group.server_security_group",
            "module.initial.module.server.module.direct_access.terraform_data.remove_initial_user",
            "module.initial.module.server.module.direct_access.terraform_data.setup",
            "module.initial.module.server.module.image.data.aws_ami.search",
            "module.initial.module.server.module.image.data.aws_ami.select",
            "module.initial.module.server.module.indirect_access.aws_lb_target_group_attachment.server",
            "module.initial.module.server.module.indirect_access.data.aws_lb_target_group.general_info",
            "module.initial.module.server.module.server.aws_instance.created",
            "module.initial.module.server.module.server.aws_key_pair.created",
            "module.initial.module.server.module.server.data.aws_availability_zone.general_info_create",
            "module.initial.module.server.module.server.data.aws_ec2_instance_type.general_info_create",
            "module.initial.module.server.module.server.data.aws_ec2_instance_type.general_info_select",
            "module.initial.module.server.module.server.data.aws_instance.selected",
            "module.initial.module.server.module.server.data.aws_key_pair.ssh_key_selected",
            "module.initial.module.server.module.server.data.aws_security_group.general_info_create",
            "module.initial.module.server.module.server.data.aws_subnet.general_info_create",
            "module.initial.module.server.module.server.data.aws_subnet.general_info_select",
            "module.initial.module.server.module.server.data.aws_vpc.general_info_create",
            "module.initial.module.server.module.server.data.aws_vpc.general_info_select",
            "module.initial.module.server.module.server.terraform_data.set_primary_ipv6",
            "module.initial.null_resource.write_supplied_config",
            "module.initial.random_pet.server",
            "module.initial.random_uuid.join_token"
          ]
        },
        {
          "index_key": "tf-PartyPic-4e9af-a627",
          "schema_version": 0,
          "attributes": {
            "id": "53a0a1cc-30e2-717f-0225-6c8d79bfb205",
            "input": null,
            "output": null,
            "triggers_replace": {
              "value": {
                "initial_token": "56f19b46-8814-8b1a-7605-4cd16028a852",
                "initial_url": "https://10.0.8.1:9345"
              },
              "type": [
                "object",
                {
                  "initial_token": "string",
                  "initial_url": "string"
                }
              ]
            }
          },
          "sensitive_attributes": [
            [
              {
                "type": "get_attr",
                "value": "triggers_replace"
              },
              {
                "type": "get_attr",
                "value": "initial_token"
              }
            ]
          ],
          "identity_schema_version": 0,
          "dependencies": [
            "data.aws_availability_zones.available",
            "data.http.myip",
            "module.initial.data.aws_availability_zones.available",
            "module.initial.data.aws_security_group.general_info",
            "module.initial.module.default_config.null_resource.write_config",
            "module.initial.module.download.data.github_release.latest",
            "module.initial.module.download.data.github_release.selected",
            "module.initial.module.download.local_file.download_dir",
            "module.initial.module.download.terraform_data.download",
            "module.initial.module.install.data.local_sensitive_file.kubeconfig",
            "module.initial.module.install.null_resource.configure",
            "module.initial.module.install.null_resource.get_kubeconfig",
            "module.initial.module.install.null_resource.install",
            "module.initial.module.install.null_resource.install_prep",
            "module.initial.module.install.null_resource.prep",
            "module.initial.module.install.null_resource.start",
            "module.initial.module.install.terraform_data.copy_manifests",
            "module.initial.module.install.terraform_data.copy_to_remote",
            "module.initial.module.install.time_sleep.ten_s_after_install",
            "module.initial.module.install.time_sleep.ten_s_before_install",
            "module.initial.module.install.time_sleep.ten_s_before_start",
            "module.initial.module.project.data.aws_availability_zones.available",
            "module.initial.module.project.module.domain.acme_certificate.new",
            "module.initial.module.project.module.domain.acme_registration.reg",
            "module.initial.module.project.module.domain.aws_iam_server_certificate.new",
            "module.initial.module.project.module.domain.aws_route53_record.ipv4",
            "module.initial.module.project.module.domain.aws_route53_record.ipv6",
            "module.initial.module.project.module.domain.aws_route53domains_registered_domain.select",
            "module.initial.module.project.module.domain.data.aws_iam_server_certificate.select",
            "module.initial.module.project.module.domain.data.aws_route53_zone.select",
            "module.initial.module.project.module.domain.tls_cert_request.req",
            "module.initial.module.project.module.domain.tls_private_key.cert_private_key",
            "module.initial.module.project.module.domain.tls_private_key.private_key",
            "module.initial.module.project.module.network_load_balancer.aws_eip.created",
            "module.initial.module.project.module.network_load_balancer.aws_lb.new",
            "module.initial.module.project.module.network_load_balancer.aws_lb_listener.created",
            "module.initial.module.project.module.network_load_balancer.aws_lb_target_group.created",
            "module.initial.module.project.module.network_load_balancer.aws_security_group.load_balancer",
            "module.initial.module.project.module.network_load_balancer.aws_vpc_security_group_ingress_rule.external_ingress",
            "module.initial.module.project.module.network_load_balancer.aws_vpc_security_group_ingress_rule.project_ingress_loadbalancer",
            "module.initial.module.project.module.network_load_balancer.data.aws_lb.selected",
            "module.initial.module.project.module.project_security_group.aws_security_group.new",
            "module.initial.module.project.module.project_security_group.aws_vpc_security_group_egress_rule.external_egress_ipv4",
            "module.initial.module.project.module.project_security_group.aws_vpc_security_group_egress_rule.external_egress_ipv6",
            "module.initial.module.project.module.project_security_group.aws_vpc_security_group_egress_rule.project_egress_ipv4",
            "module.initial.module.project.module.project_security_group.aws_vpc_security_group_egress_rule.project_egress_ipv6",
            "module.initial.module.project.module.project_security_group.aws_vpc_security_group_ingress_rule.external_ingress_ipv4",
            "module.initial.module.project.module.project_security_group.aws_vpc_security_group_ingress_rule.external_ingress_ipv6",
            "module.initial.module.project.module.project_security_group.aws_vpc_security_group_ingress_rule.project_ingress_ipv4",
            "module.initial.module.project.module.project_security_group.aws_vpc_security_group_ingress_rule.project_ingress_ipv6",
            "module.initial.module.project.module.project_security_group.data.aws_security_group.selected",
            "module.initial.module.project.module.subnet.aws_subnet.created",
            "module.initial.module.project.module.subnet.data.aws_subnet.selected",
            "module.initial.module.project.module.vpc.aws_internet_gateway.new",
            "module.initial.module.project.module.vpc.aws_route.public_ipv4",
            "module.initial.module.project.module.vpc.aws_route.public_ipv6",
            "module.initial.module.project.module.vpc.aws_vpc.new",
            "module.initial.module.project.module.vpc.data.aws_vpc.selected",
            "module.initial.module.server.data.cloudinit_config.setup",
            "module.initial.module.server.module.direct_access.aws_eip.created",
            "module.initial.module.server.module.direct_access.aws_eip_association.created",
            "module.initial.module.server.module.direct_access.aws_network_interface_sg_attachment.server_security_group_attachment",
            "module.initial.module.server.module.direct_access.aws_route53_record.created",
            "module.initial.module.server.module.direct_access.aws_security_group.direct_access",
            "module.initial.module.server.module.direct_access.aws_vpc_security_group_ingress_rule.server_direct_link",
            "module.initial.module.server.module.direct_access.aws_vpc_security_group_ingress_rule.server_ingress",
            "module.initial.module.server.module.direct_access.data.aws_route53_zone.general_info",
            "module.initial.module.server.module.direct_access.data.aws_security_group.server_security_group",
            "module.initial.module.server.module.direct_access.terraform_data.remove_initial_user",
            "module.initial.module.server.module.direct_access.terraform_data.setup",
            "module.initial.module.server.module.image.data.aws_ami.search",
            "module.initial.module.server.module.image.data.aws_ami.select",
            "module.initial.module.server.module.indirect_access.aws_lb_target_group_attachment.server",
            "module.initial.module.server.module.indirect_access.data.aws_lb_target_group.general_info",
            "module.initial.module.server.module.server.aws_instance.created",
            "module.initial.module.server.module.server.aws_key_pair.created",
            "module.initial.module.server.module.server.data.aws_availability_zone.general_info_create",
            "module.initial.module.server.module.server.data.aws_ec2_instance_type.general_info_create",
            "module.initial.module.server.module.server.data.aws_ec2_instance_type.general_info_select",
            "module.initial.module.server.module.server.data.aws_instance.selected",
            "module.initial.module.server.module.server.data.aws_key_pair.ssh_key_selected",
            "module.initial.module.server.module.server.data.aws_security_group.general_info_create",
            "module.initial.module.server.module.server.data.aws_subnet.general_info_create",
            "module.initial.module.server.module.server.data.aws_subnet.general_info_select",
            "module.initial.module.server.module.server.data.aws_vpc.general_info_create",
            "module.initial.module.server.module.server.data.aws_vpc.general_info_select",
            "module.initial.module.server.module.server.terraform_data.set_primary_ipv6",
            "module.initial.null_resource.write_supplied_config",
            "module.initial.random_pet.server",
            "module.initial.random_uuid.join_token"
          ]
        },
        {
          "index_key": "tf-PartyPic-4e9af-beb6",
          "schema_version": 0,
          "attributes": {
            "id": "6e16766c-c8dd-3e32-a991-e93bd152bc2a",
            "input": null,
            "output": null,
            "triggers_replace": {
              "value": {
                "initial_token": "56f19b46-8814-8b1a-7605-4cd16028a852",
                "initial_url": "https://10.0.8.1:9345"
              },
              "type": [
                "object",
                {
                  "initial_token": "string",
                  "initial_url": "string"
                }
              ]
            }
          },
          "sensitive_attributes": [
            [
              {
                "type": "get_attr",
                "value": "triggers_replace"
              },
              {
                "type": "get_attr",
                "value": "initial_token"
              }
            ]
          ],
          "identity_schema_version": 0,
          "dependencies": [
            "data.aws_availability_zones.available",
            "data.http.myip",
            "module.initial.data.aws_availability_zones.available",
            "module.initial.data.aws_security_group.general_info",
            "module.initial.module.default_config.null_resource.write_config",
            "module.initial.module.download.data.github_release.latest",
            "module.initial.module.download.data.github_release.selected",
            "module.initial.module.download.local_file.download_dir",
            "module.initial.module.download.terraform_data.download",
            "module.initial.module.install.data.local_sensitive_file.kubeconfig",
            "module.initial.module.install.null_resource.configure",
            "module.initial.module.install.null_resource.get_kubeconfig",
            "module.initial.module.install.null_resource.install",
            "module.initial.module.install.null_resource.install_prep",
            "module.initial.module.install.null_resource.prep",
            "module.initial.module.install.null_resource.start",
            "module.initial.module.install.terraform_data.copy_manifests",
            "module.initial.module.install.terraform_data.copy_to_remote",
            "module.initial.module.install.time_sleep.ten_s_after_install",
            "module.initial.module.install.time_sleep.ten_s_before_install",
            "module.initial.module.install.time_sleep.ten_s_before_start",
            "module.initial.module.project.data.aws_availability_zones.available",
            "module.initial.module.project.module.domain.acme_certificate.new",
            "module.initial.module.project.module.domain.acme_registration.reg",
            "module.initial.module.project.module.domain.aws_iam_server_certificate.new",
            "module.initial.module.project.module.domain.aws_route53_record.ipv4",
            "module.initial.module.project.module.domain.aws_route53_record.ipv6",
            "module.initial.module.project.module.domain.aws_route53domains_registered_domain.select",
            "module.initial.module.project.module.domain.data.aws_iam_server_certificate.select",
            "module.initial.module.project.module.domain.data.aws_route53_zone.select",
            "module.initial.module.project.module.domain.tls_cert_request.req",
            "module.initial.module.project.module.domain.tls_private_key.cert_private_key",
            "module.initial.module.project.module.domain.tls_private_key.private_key",
            "module.initial.module.project.module.network_load_balancer.aws_eip.created",
            "module.initial.module.project.module.network_load_balancer.aws_lb.new",
            "module.initial.module.project.module.network_load_balancer.aws_lb_listener.created",
            "module.initial.module.project.module.network_load_balancer.aws_lb_target_group.created",
            "module.initial.module.project.module.network_load_balancer.aws_security_group.load_balancer",
            "module.initial.module.project.module.network_load_balancer.aws_vpc_security_group_ingress_rule.external_ingress",
            "module.initial.module.project.module.network_load_balancer.aws_vpc_security_group_ingress_rule.project_ingress_loadbalancer",
            "module.initial.module.project.module.network_load_balancer.data.aws_lb.selected",
            "module.initial.module.project.module.project_security_group.aws_security_group.new",
            "module.initial.module.project.module.project_security_group.aws_vpc_security_group_egress_rule.external_egress_ipv4",
            "module.initial.module.project.module.project_security_group.aws_vpc_security_group_egress_rule.external_egress_ipv6",
            "module.initial.module.project.module.project_security_group.aws_vpc_security_group_egress_rule.project_egress_ipv4",
            "module.initial.module.project.module.project_security_group.aws_vpc_security_group_egress_rule.project_egress_ipv6",
            "module.initial.module.project.module.project_security_group.aws_vpc_security_group_ingress_rule.external_ingress_ipv4",
            "module.initial.module.project.module.project_security_group.aws_vpc_security_group_ingress_rule.external_ingress_ipv6",
            "module.initial.module.project.module.project_security_group.aws_vpc_security_group_ingress_rule.project_ingress_ipv4",
            "module.initial.module.project.module.project_security_group.aws_vpc_security_group_ingress_rule.project_ingress_ipv6",
            "module.initial.module.project.module.project_security_group.data.aws_security_group.selected",
            "module.initial.module.project.module.subnet.aws_subnet.created",
            "module.initial.module.project.module.subnet.data.aws_subnet.selected",
            "module.initial.module.project.module.vpc.aws_internet_gateway.new",
            "module.initial.module.project.module.vpc.aws_route.public_ipv4",
            "module.initial.module.project.module.vpc.aws_route.public_ipv6",
            "module.initial.module.project.module.vpc.aws_vpc.new",
            "module.initial.module.project.module.vpc.data.aws_vpc.selected",
            "module.initial.module.server.data.cloudinit_config.setup",
            "module.initial.module.server.module.direct_access.aws_eip.created",
            "module.initial.module.server.module.direct_access.aws_eip_association.created",
            "module.initial.module.server.module.direct_access.aws_network_interface_sg_attachment.server_security_group_attachment",
            "module.initial.module.server.module.direct_access.aws_route53_record.created",
            "module.initial.module.server.module.direct_access.aws_security_group.direct_access",
            "module.initial.module.server.module.direct_access.aws_vpc_security_group_ingress_rule.server_direct_link",
            "module.initial.module.server.module.direct_access.aws_vpc_security_group_ingress_rule.server_ingress",
            "module.initial.module.server.module.direct_access.data.aws_route53_zone.general_info",
            "module.initial.module.server.module.direct_access.data.aws_security_group.server_security_group",
            "module.initial.module.server.module.direct_access.terraform_data.remove_initial_user",
            "module.initial.module.server.module.direct_access.terraform_data.setup",
            "module.initial.module.server.module.image.data.aws_ami.search",
            "module.initial.module.server.module.image.data.aws_ami.select",
            "module.initial.module.server.module.indirect_access.aws_lb_target_group_attachment.server",
            "module.initial.module.server.module.indirect_access.data.aws_lb_target_group.general_info",
            "module.initial.module.server.module.server.aws_instance.created",
            "module.initial.module.server.module.server.aws_key_pair.created",
            "module.initial.module.server.module.server.data.aws_availability_zone.general_info_create",
            "module.initial.module.server.module.server.data.aws_ec2_instance_type.general_info_create",
            "module.initial.module.server.module.server.data.aws_ec2_instance_type.general_info_select",
            "module.initial.module.server.module.server.data.aws_instance.selected",
            "module.initial.module.server.module.server.data.aws_key_pair.ssh_key_selected",
            "module.initial.module.server.module.server.data.aws_security_group.general_info_create",
            "module.initial.module.server.module.server.data.aws_subnet.general_info_create",
            "module.initial.module.server.module.server.data.aws_subnet.general_info_select",
            "module.initial.module.server.module.server.data.aws_vpc.general_info_create",
            "module.initial.module.server.module.server.data.aws_vpc.general_info_select",
            "module.initial.module.server.module.server.terraform_data.set_primary_ipv6",
            "module.initial.null_resource.write_supplied_config",
            "module.initial.random_pet.server",
            "module.initial.random_uuid.join_token"
          ]
        }
      ]
    },
    {
      "module": "module.initial",
      "mode": "data",
      "type": "aws_availability_zones",
      "name": "available",
      "provider": "provider[\"registry.terraform.io/hashicorp/aws\"]",
      "instances": [
        {
          "schema_version": 0,
          "attributes": {
            "all_availability_zones": null,
            "exclude_names": null,
            "exclude_zone_ids": null,
            "filter": null,
            "group_names": [
              "us-east-1-zg-1"
            ],
            "id": "us-east-1",
            "names": [
              "us-east-1a",
              "us-east-1b",
              "us-east-1c",
              "us-east-1d",
              "us-east-1e",
              "us-east-1f"
            ],
            "region": "us-east-1",
            "state": "available",
            "timeouts": null,
            "zone_ids": [
              "use1-az1",
              "use1-az2",
              "use1-az4",
              "use1-az6",
              "use1-az3",
              "use1-az5"
            ]
          },
          "sensitive_attributes": [],
          "identity_schema_version": 0
        }
      ]
    },
    {
      "module": "module.initial",
      "mode": "data",
      "type": "aws_security_group",
      "name": "general_info",
      "provider": "provider[\"registry.terraform.io/hashicorp/aws\"]",
      "instances": [
        {
          "index_key": 0,
          "schema_version": 0,
          "attributes": {
            "arn": "arn:aws:ec2:us-east-1:473900222434:security-group/sg-0471603f8f71e321f",
            "description": "Access to project generated by aws_access module",
            "filter": [
              {
                "name": "tag:Name",
                "values": [
                  "tf-PartyPic-4e9af-sg"
                ]
              }
            ],
            "id": "sg-0471603f8f71e321f",
            "name": "tf-PartyPic-4e9af-sg",
            "region": "us-east-1",
            "tags": {
              "Id": "PartyPic",
              "Name": "tf-PartyPic-4e9af-sg",
              "Owner": "terraform-ci@suse.com"
            },
            "timeouts": {
              "read": "40m"
            },
            "vpc_id": "vpc-08e57b4ba11de6188"
          },
          "sensitive_attributes": [],
          "identity_schema_version": 0
        }
      ]
    },
    {
      "module": "module.initial",
      "mode": "managed",
      "type": "null_resource",
      "name": "write_supplied_config",
      "provider": "provider[\"registry.terraform.io/hashicorp/null\"]",
      "instances": [
        {
          "index_key": 0,
          "schema_version": 0,
          "attributes": {
            "id": "3616870928042433938",
            "triggers": {
              "config_content": "\ndisable-apiserver: true\ndisable-controller-manager: true\ndisable-scheduler: true\n\n"
            }
          },
          "sensitive_attributes": [],
          "identity_schema_version": 0,
          "dependencies": [
            "data.aws_availability_zones.available"
          ]
        }
      ]
    },
    {
      "module": "module.initial",
      "mode": "managed",
      "type": "random_pet",
      "name": "server",
      "provider": "provider[\"registry.terraform.io/hashicorp/random\"]",
      "instances": [
        {
          "schema_version": 0,
          "attributes": {
            "id": "louse",
            "keepers": {
              "identifier": ""
            },
            "length": 1,
            "prefix": null,
            "separator": "-"
          },
          "sensitive_attributes": [],
          "identity_schema_version": 0
        }
      ]
    },
    {
      "module": "module.initial",
      "mode": "managed",
      "type": "random_uuid",
      "name": "join_token",
      "provider": "provider[\"registry.terraform.io/hashicorp/random\"]",
      "instances": [
        {
          "schema_version": 0,
          "attributes": {
            "id": "56f19b46-8814-8b1a-7605-4cd16028a852",
            "keepers": {
              "server": "i-0b9f92fcc01350772"
            },
            "result": "56f19b46-8814-8b1a-7605-4cd16028a852"
          },
          "sensitive_attributes": [],
          "identity_schema_version": 0,
          "dependencies": [
            "data.aws_availability_zones.available",
            "data.http.myip",
            "module.initial.data.aws_availability_zones.available",
            "module.initial.data.aws_security_group.general_info",
            "module.initial.module.project.data.aws_availability_zones.available",
            "module.initial.module.project.module.domain.acme_certificate.new",
            "module.initial.module.project.module.domain.acme_registration.reg",
            "module.initial.module.project.module.domain.aws_iam_server_certificate.new",
            "module.initial.module.project.module.domain.aws_route53_record.ipv4",
            "module.initial.module.project.module.domain.aws_route53_record.ipv6",
            "module.initial.module.project.module.domain.aws_route53domains_registered_domain.select",
            "module.initial.module.project.module.domain.data.aws_iam_server_certificate.select",
            "module.initial.module.project.module.domain.data.aws_route53_zone.select",
            "module.initial.module.project.module.domain.tls_cert_request.req",
            "module.initial.module.project.module.domain.tls_private_key.cert_private_key",
            "module.initial.module.project.module.domain.tls_private_key.private_key",
            "module.initial.module.project.module.network_load_balancer.aws_eip.created",
            "module.initial.module.project.module.network_load_balancer.aws_lb.new",
            "module.initial.module.project.module.network_load_balancer.aws_lb_listener.created",
            "module.initial.module.project.module.network_load_balancer.aws_lb_target_group.created",
            "module.initial.module.project.module.network_load_balancer.aws_security_group.load_balancer",
            "module.initial.module.project.module.network_load_balancer.aws_vpc_security_group_ingress_rule.external_ingress",
            "module.initial.module.project.module.network_load_balancer.aws_vpc_security_group_ingress_rule.project_ingress_loadbalancer",
            "module.initial.module.project.module.network_load_balancer.data.aws_lb.selected",
            "module.initial.module.project.module.project_security_group.aws_security_group.new",
            "module.initial.module.project.module.project_security_group.aws_vpc_security_group_egress_rule.external_egress_ipv4",
            "module.initial.module.project.module.project_security_group.aws_vpc_security_group_egress_rule.external_egress_ipv6",
            "module.initial.module.project.module.project_security_group.aws_vpc_security_group_egress_rule.project_egress_ipv4",
            "module.initial.module.project.module.project_security_group.aws_vpc_security_group_egress_rule.project_egress_ipv6",
            "module.initial.module.project.module.project_security_group.aws_vpc_security_group_ingress_rule.external_ingress_ipv4",
            "module.initial.module.project.module.project_security_group.aws_vpc_security_group_ingress_rule.external_ingress_ipv6",
            "module.initial.module.project.module.project_security_group.aws_vpc_security_group_ingress_rule.project_ingress_ipv4",
            "module.initial.module.project.module.project_security_group.aws_vpc_security_group_ingress_rule.project_ingress_ipv6",
            "module.initial.module.project.module.project_security_group.data.aws_security_group.selected",
            "module.initial.module.project.module.subnet.aws_subnet.created",
            "module.initial.module.project.module.subnet.data.aws_subnet.selected",
            "module.initial.module.project.module.vpc.aws_internet_gateway.new",
            "module.initial.module.project.module.vpc.aws_route.public_ipv4",
            "module.initial.module.project.module.vpc.aws_route.public_ipv6",
            "module.initial.module.project.module.vpc.aws_vpc.new",
            "module.initial.module.project.module.vpc.data.aws_vpc.selected",
            "module.initial.module.server.data.cloudinit_config.setup",
            "module.initial.module.server.module.direct_access.aws_eip.created",
            "module.initial.module.server.module.direct_access.aws_security_group.direct_access",
            "module.initial.module.server.module.image.data.aws_ami.search",
            "module.initial.module.server.module.image.data.aws_ami.select",
            "module.initial.module.server.module.indirect_access.aws_lb_target_group_attachment.server",
            "module.initial.module.server.module.indirect_access.data.aws_lb_target_group.general_info",
            "module.initial.module.server.module.server.aws_instance.created",
            "module.initial.module.server.module.server.aws_key_pair.created",
            "module.initial.module.server.module.server.data.aws_availability_zone.general_info_create",
            "module.initial.module.server.module.server.data.aws_ec2_instance_type.general_info_create",
            "module.initial.module.server.module.server.data.aws_ec2_instance_type.general_info_select",
            "module.initial.module.server.module.server.data.aws_instance.selected",
            "module.initial.module.server.module.server.data.aws_key_pair.ssh_key_selected",
            "module.initial.module.server.module.server.data.aws_security_group.general_info_create",
            "module.initial.module.server.module.server.data.aws_subnet.general_info_create",
            "module.initial.module.server.module.server.data.aws_subnet.general_info_select",
            "module.initial.module.server.module.server.data.aws_vpc.general_info_create",
            "module.initial.module.server.module.server.data.aws_vpc.general_info_select",
            "module.initial.module.server.module.server.terraform_data.set_primary_ipv6"
          ]
        }
      ]
    },
    {
      "module": "module.initial.module.default_config[0]",
      "mode": "managed",
      "type": "null_resource",
      "name": "write_config",
      "provider": "provider[\"registry.terraform.io/hashicorp/null\"]",
      "instances": [
        {
          "index_key": "50-default-config.yaml",
          "schema_version": 0,
          "attributes": {
            "id": "9035102308301402565",
            "triggers": {
              "config_content": "\"advertise-address\": \"10.0.8.1\"\n\"node-external-ip\":\n- \"44.200.215.127\"\n\"node-ip\":\n- \"10.0.8.1\"\n\"node-name\": \"tf-PartyPic-4e9af-cc51b81\"\n\"token\": \"56f19b46-8814-8b1a-7605-4cd16028a852\"\n"
            }
          },
          "sensitive_attributes": [],
          "identity_schema_version": 0,
          "dependencies": [
            "data.aws_availability_zones.available",
            "data.http.myip",
            "module.initial.data.aws_availability_zones.available",
            "module.initial.data.aws_security_group.general_info",
            "module.initial.module.project.data.aws_availability_zones.available",
            "module.initial.module.project.module.domain.acme_certificate.new",
            "module.initial.module.project.module.domain.acme_registration.reg",
            "module.initial.module.project.module.domain.aws_iam_server_certificate.new",
            "module.initial.module.project.module.domain.aws_route53_record.ipv4",
            "module.initial.module.project.module.domain.aws_route53_record.ipv6",
            "module.initial.module.project.module.domain.aws_route53domains_registered_domain.select",
            "module.initial.module.project.module.domain.data.aws_iam_server_certificate.select",
            "module.initial.module.project.module.domain.data.aws_route53_zone.select",
            "module.initial.module.project.module.domain.tls_cert_request.req",
            "module.initial.module.project.module.domain.tls_private_key.cert_private_key",
            "module.initial.module.project.module.domain.tls_private_key.private_key",
            "module.initial.module.project.module.network_load_balancer.aws_eip.created",
            "module.initial.module.project.module.network_load_balancer.aws_lb.new",
            "module.initial.module.project.module.network_load_balancer.aws_lb_listener.created",
            "module.initial.module.project.module.network_load_balancer.aws_lb_target_group.created",
            "module.initial.module.project.module.network_load_balancer.aws_security_group.load_balancer",
            "module.initial.module.project.module.network_load_balancer.aws_vpc_security_group_ingress_rule.external_ingress",
            "module.initial.module.project.module.network_load_balancer.aws_vpc_security_group_ingress_rule.project_ingress_loadbalancer",
            "module.initial.module.project.module.network_load_balancer.data.aws_lb.selected",
            "module.initial.module.project.module.project_security_group.aws_security_group.new",
            "module.initial.module.project.module.project_security_group.aws_vpc_security_group_egress_rule.external_egress_ipv4",
            "module.initial.module.project.module.project_security_group.aws_vpc_security_group_egress_rule.external_egress_ipv6",
            "module.initial.module.project.module.project_security_group.aws_vpc_security_group_egress_rule.project_egress_ipv4",
            "module.initial.module.project.module.project_security_group.aws_vpc_security_group_egress_rule.project_egress_ipv6",
            "module.initial.module.project.module.project_security_group.aws_vpc_security_group_ingress_rule.external_ingress_ipv4",
            "module.initial.module.project.module.project_security_group.aws_vpc_security_group_ingress_rule.external_ingress_ipv6",
            "module.initial.module.project.module.project_security_group.aws_vpc_security_group_ingress_rule.project_ingress_ipv4",
            "module.initial.module.project.module.project_security_group.aws_vpc_security_group_ingress_rule.project_ingress_ipv6",
            "module.initial.module.project.module.project_security_group.data.aws_security_group.selected",
            "module.initial.module.project.module.subnet.aws_subnet.created",
            "module.initial.module.project.module.subnet.data.aws_subnet.selected",
            "module.initial.module.project.module.vpc.aws_internet_gateway.new",
            "module.initial.module.project.module.vpc.aws_route.public_ipv4",
            "module.initial.module.project.module.vpc.aws_route.public_ipv6",
            "module.initial.module.project.module.vpc.aws_vpc.new",
            "module.initial.module.project.module.vpc.data.aws_vpc.selected",
            "module.initial.module.server.data.cloudinit_config.setup",
            "module.initial.module.server.module.direct_access.aws_eip.created",
            "module.initial.module.server.module.direct_access.aws_eip_association.created",
            "module.initial.module.server.module.direct_access.aws_network_interface_sg_attachment.server_security_group_attachment",
            "module.initial.module.server.module.direct_access.aws_route53_record.created",
            "module.initial.module.server.module.direct_access.aws_security_group.direct_access",
            "module.initial.module.server.module.direct_access.aws_vpc_security_group_ingress_rule.server_direct_link",
            "module.initial.module.server.module.direct_access.aws_vpc_security_group_ingress_rule.server_ingress",
            "module.initial.module.server.module.direct_access.data.aws_route53_zone.general_info",
            "module.initial.module.server.module.direct_access.data.aws_security_group.server_security_group",
            "module.initial.module.server.module.direct_access.terraform_data.remove_initial_user",
            "module.initial.module.server.module.direct_access.terraform_data.setup",
            "module.initial.module.server.module.image.data.aws_ami.search",
            "module.initial.module.server.module.image.data.aws_ami.select",
            "module.initial.module.server.module.indirect_access.aws_lb_target_group_attachment.server",
            "module.initial.module.server.module.indirect_access.data.aws_lb_target_group.general_info",
            "module.initial.module.server.module.server.aws_instance.created",
            "module.initial.module.server.module.server.aws_key_pair.created",
            "module.initial.module.server.module.server.data.aws_availability_zone.general_info_create",
            "module.initial.module.server.module.server.data.aws_ec2_instance_type.general_info_create",
            "module.initial.module.server.module.server.data.aws_ec2_instance_type.general_info_select",
            "module.initial.module.server.module.server.data.aws_instance.selected",
            "module.initial.module.server.module.server.data.aws_key_pair.ssh_key_selected",
            "module.initial.module.server.module.server.data.aws_security_group.general_info_create",
            "module.initial.module.server.module.server.data.aws_subnet.general_info_create",
            "module.initial.module.server.module.server.data.aws_subnet.general_info_select",
            "module.initial.module.server.module.server.data.aws_vpc.general_info_create",
            "module.initial.module.server.module.server.data.aws_vpc.general_info_select",
            "module.initial.module.server.module.server.terraform_data.set_primary_ipv6",
            "module.initial.random_uuid.join_token"
          ]
        }
      ]
    },
    {
      "module": "module.initial.module.download[0]",
      "mode": "data",
      "type": "github_release",
      "name": "latest",
      "provider": "provider[\"registry.terraform.io/integrations/github\"]",
      "instances": [
        {
          "schema_version": 0,
          "attributes": {
            "asserts_url": "https://api.github.com/repos/rancher/rke2/releases/264071716/assets",
            "assets": [
              {
                "browser_download_url": "https://github.com/rancher/rke2/releases/download/v1.34.2%2Brke2r1/e2e-passed-amd64-parallel.log",
                "content_type": "application/octet-stream",
                "created_at": "2025-11-20 20:29:34 +0000 UTC",
                "id": 318926086,
                "label": "",
                "name": "e2e-passed-amd64-parallel.log",
                "node_id": "RA_kwDODyID484TAm0G",
                "size": 8313,
                "updated_at": "2025-11-20 20:29:34 +0000 UTC",
                "url": "https://api.github.com/repos/rancher/rke2/releases/assets/318926086"
              },
              {
                "browser_download_url": "https://github.com/rancher/rke2/releases/download/v1.34.2%2Brke2r1/e2e-passed-amd64-serial.log",
                "content_type": "application/octet-stream",
                "created_at": "2025-11-20 20:29:34 +0000 UTC",
                "id": 318926082,
                "label": "",
                "name": "e2e-passed-amd64-serial.log",
                "node_id": "RA_kwDODyID484TAm0C",
                "size": 7657,
                "updated_at": "2025-11-20 20:29:34 +0000 UTC",
                "url": "https://api.github.com/repos/rancher/rke2/releases/assets/318926082"
              },
              {
                "browser_download_url": "https://github.com/rancher/rke2/releases/download/v1.34.2%2Brke2r1/rke2-images-all.linux-amd64.txt",
                "content_type": "application/octet-stream",
                "created_at": "2025-11-20 20:29:34 +0000 UTC",
                "id": 318926083,
                "label": "",
                "name": "rke2-images-all.linux-amd64.txt",
                "node_id": "RA_kwDODyID484TAm0D",
                "size": 3967,
                "updated_at": "2025-11-20 20:29:34 +0000 UTC",
                "url": "https://api.github.com/repos/rancher/rke2/releases/assets/318926083"
              },
              {
                "browser_download_url": "https://github.com/rancher/rke2/releases/download/v1.34.2%2Brke2r1/rke2-images-all.linux-arm64.txt",
                "content_type": "application/octet-stream",
                "created_at": "2025-11-20 18:18:55 +0000 UTC",
                "id": 318885256,
                "label": "",
                "name": "rke2-images-all.linux-arm64.txt",
                "node_id": "RA_kwDODyID484TAc2I",
                "size": 3381,
                "updated_at": "2025-11-20 18:18:56 +0000 UTC",
                "url": "https://api.github.com/repos/rancher/rke2/releases/assets/318885256"
              },
              {
                "browser_download_url": "https://github.com/rancher/rke2/releases/download/v1.34.2%2Brke2r1/rke2-images-calico.linux-amd64.tar.gz",
                "content_type": "application/x-gtar",
                "created_at": "2025-11-20 20:29:34 +0000 UTC",
                "id": 318926084,
                "label": "",
                "name": "rke2-images-calico.linux-amd64.tar.gz",
                "node_id": "RA_kwDODyID484TAm0E",
                "size": 615042365,
                "updated_at": "2025-11-20 20:29:51 +0000 UTC",
                "url": "https://api.github.com/repos/rancher/rke2/releases/assets/318926084"
              },
              {
                "browser_download_url": "https://github.com/rancher/rke2/releases/download/v1.34.2%2Brke2r1/rke2-images-calico.linux-amd64.tar.zst",
                "content_type": "application/octet-stream",
                "created_at": "2025-11-20 20:29:34 +0000 UTC",
                "id": 318926085,
                "label": "",
                "name": "rke2-images-calico.linux-amd64.tar.zst",
                "node_id": "RA_kwDODyID484TAm0F",
                "size": 506976529,
                "updated_at": "2025-11-20 20:29:48 +0000 UTC",
                "url": "https://api.github.com/repos/rancher/rke2/releases/assets/318926085"
              },
              {
                "browser_download_url": "https://github.com/rancher/rke2/releases/download/v1.34.2%2Brke2r1/rke2-images-calico.linux-amd64.txt",
                "content_type": "application/octet-stream",
                "created_at": "2025-11-20 20:29:34 +0000 UTC",
                "id": 318926088,
                "label": "",
                "name": "rke2-images-calico.linux-amd64.txt",
                "node_id": "RA_kwDODyID484TAm0I",
                "size": 847,
                "updated_at": "2025-11-20 20:29:34 +0000 UTC",
                "url": "https://api.github.com/repos/rancher/rke2/releases/assets/318926088"
              },
              {
                "browser_download_url": "https://github.com/rancher/rke2/releases/download/v1.34.2%2Brke2r1/rke2-images-calico.linux-arm64.tar.gz",
                "content_type": "application/x-gtar",
                "created_at": "2025-11-20 18:18:55 +0000 UTC",
                "id": 318885252,
                "label": "",
                "name": "rke2-images-calico.linux-arm64.tar.gz",
                "node_id": "RA_kwDODyID484TAc2E",
                "size": 576408227,
                "updated_at": "2025-11-20 18:19:11 +0000 UTC",
                "url": "https://api.github.com/repos/rancher/rke2/releases/assets/318885252"
              },
              {
                "browser_download_url": "https://github.com/rancher/rke2/releases/download/v1.34.2%2Brke2r1/rke2-images-calico.linux-arm64.tar.zst",
                "content_type": "application/octet-stream",
                "created_at": "2025-11-20 18:18:55 +0000 UTC",
                "id": 318885255,
                "label": "",
                "name": "rke2-images-calico.linux-arm64.tar.zst",
                "node_id": "RA_kwDODyID484TAc2H",
                "size": 477668413,
                "updated_at": "2025-11-20 18:19:12 +0000 UTC",
                "url": "https://api.github.com/repos/rancher/rke2/releases/assets/318885255"
              },
              {
                "browser_download_url": "https://github.com/rancher/rke2/releases/download/v1.34.2%2Brke2r1/rke2-images-calico.linux-arm64.txt",
                "content_type": "application/octet-stream",
                "created_at": "2025-11-20 18:18:55 +0000 UTC",
                "id": 318885254,
                "label": "",
                "name": "rke2-images-calico.linux-arm64.txt",
                "node_id": "RA_kwDODyID484TAc2G",
                "size": 847,
                "updated_at": "2025-11-20 18:18:56 +0000 UTC",
                "url": "https://api.github.com/repos/rancher/rke2/releases/assets/318885254"
              },
              {
                "browser_download_url": "https://github.com/rancher/rke2/releases/download/v1.34.2%2Brke2r1/rke2-images-canal.linux-amd64.tar.gz",
                "content_type": "application/x-gtar",
                "created_at": "2025-11-20 20:29:34 +0000 UTC",
                "id": 318926089,
                "label": "",
                "name": "rke2-images-canal.linux-amd64.tar.gz",
                "node_id": "RA_kwDODyID484TAm0J",
                "size": 248616473,
                "updated_at": "2025-11-20 20:29:42 +0000 UTC",
                "url": "https://api.github.com/repos/rancher/rke2/releases/assets/318926089"
              },
              {
                "browser_download_url": "https://github.com/rancher/rke2/releases/download/v1.34.2%2Brke2r1/rke2-images-canal.linux-amd64.tar.zst",
                "content_type": "application/octet-stream",
                "created_at": "2025-11-20 20:29:34 +0000 UTC",
                "id": 318926091,
                "label": "",
                "name": "rke2-images-canal.linux-amd64.tar.zst",
                "node_id": "RA_kwDODyID484TAm0L",
                "size": 170534589,
                "updated_at": "2025-11-20 20:29:39 +0000 UTC",
                "url": "https://api.github.com/repos/rancher/rke2/releases/assets/318926091"
              },
              {
                "browser_download_url": "https://github.com/rancher/rke2/releases/download/v1.34.2%2Brke2r1/rke2-images-canal.linux-amd64.txt",
                "content_type": "application/octet-stream",
                "created_at": "2025-11-20 20:29:35 +0000 UTC",
                "id": 318926092,
                "label": "",
                "name": "rke2-images-canal.linux-amd64.txt",
                "node_id": "RA_kwDODyID484TAm0M",
                "size": 113,
                "updated_at": "2025-11-20 20:29:35 +0000 UTC",
                "url": "https://api.github.com/repos/rancher/rke2/releases/assets/318926092"
              },
              {
                "browser_download_url": "https://github.com/rancher/rke2/releases/download/v1.34.2%2Brke2r1/rke2-images-canal.linux-arm64.tar.gz",
                "content_type": "application/x-gtar",
                "created_at": "2025-11-20 18:18:55 +0000 UTC",
                "id": 318885253,
                "label": "",
                "name": "rke2-images-canal.linux-arm64.tar.gz",
                "node_id": "RA_kwDODyID484TAc2F",
                "size": 228336967,
                "updated_at": "2025-11-20 18:19:03 +0000 UTC",
                "url": "https://api.github.com/repos/rancher/rke2/releases/assets/318885253"
              },
              {
                "browser_download_url": "https://github.com/rancher/rke2/releases/download/v1.34.2%2Brke2r1/rke2-images-canal.linux-arm64.tar.zst",
                "content_type": "application/octet-stream",
                "created_at": "2025-11-20 18:18:56 +0000 UTC",
                "id": 318885259,
                "label": "",
                "name": "rke2-images-canal.linux-arm64.tar.zst",
                "node_id": "RA_kwDODyID484TAc2L",
                "size": 156519600,
                "updated_at": "2025-11-20 18:19:01 +0000 UTC",
                "url": "https://api.github.com/repos/rancher/rke2/releases/assets/318885259"
              },
              {
                "browser_download_url": "https://github.com/rancher/rke2/releases/download/v1.34.2%2Brke2r1/rke2-images-canal.linux-arm64.txt",
                "content_type": "application/octet-stream",
                "created_at": "2025-11-20 18:18:56 +0000 UTC",
                "id": 318885260,
                "label": "",
                "name": "rke2-images-canal.linux-arm64.txt",
                "node_id": "RA_kwDODyID484TAc2M",
                "size": 113,
                "updated_at": "2025-11-20 18:18:56 +0000 UTC",
                "url": "https://api.github.com/repos/rancher/rke2/releases/assets/318885260"
              },
              {
                "browser_download_url": "https://github.com/rancher/rke2/releases/download/v1.34.2%2Brke2r1/rke2-images-cilium.linux-amd64.tar.gz",
                "content_type": "application/x-gtar",
                "created_at": "2025-11-20 20:29:35 +0000 UTC",
                "id": 318926094,
                "label": "",
                "name": "rke2-images-cilium.linux-amd64.tar.gz",
                "node_id": "RA_kwDODyID484TAm0O",
                "size": 579433022,
                "updated_at": "2025-11-20 20:29:48 +0000 UTC",
                "url": "https://api.github.com/repos/rancher/rke2/releases/assets/318926094"
              },
              {
                "browser_download_url": "https://github.com/rancher/rke2/releases/download/v1.34.2%2Brke2r1/rke2-images-cilium.linux-amd64.tar.zst",
                "content_type": "application/octet-stream",
                "created_at": "2025-11-20 20:29:39 +0000 UTC",
                "id": 318926111,
                "label": "",
                "name": "rke2-images-cilium.linux-amd64.tar.zst",
                "node_id": "RA_kwDODyID484TAm0f",
                "size": 433248637,
                "updated_at": "2025-11-20 20:29:50 +0000 UTC",
                "url": "https://api.github.com/repos/rancher/rke2/releases/assets/318926111"
              },
              {
                "browser_download_url": "https://github.com/rancher/rke2/releases/download/v1.34.2%2Brke2r1/rke2-images-cilium.linux-amd64.txt",
                "content_type": "application/octet-stream",
                "created_at": "2025-11-20 20:29:42 +0000 UTC",
                "id": 318926132,
                "label": "",
                "name": "rke2-images-cilium.linux-amd64.txt",
                "node_id": "RA_kwDODyID484TAm00",
                "size": 668,
                "updated_at": "2025-11-20 20:29:42 +0000 UTC",
                "url": "https://api.github.com/repos/rancher/rke2/releases/assets/318926132"
              },
              {
                "browser_download_url": "https://github.com/rancher/rke2/releases/download/v1.34.2%2Brke2r1/rke2-images-cilium.linux-arm64.tar.gz",
                "content_type": "application/x-gtar",
                "created_at": "2025-11-20 18:18:56 +0000 UTC",
                "id": 318885262,
                "label": "",
                "name": "rke2-images-cilium.linux-arm64.tar.gz",
                "node_id": "RA_kwDODyID484TAc2O",
                "size": 639770479,
                "updated_at": "2025-11-20 18:19:15 +0000 UTC",
                "url": "https://api.github.com/repos/rancher/rke2/releases/assets/318885262"
              },
              {
                "browser_download_url": "https://github.com/rancher/rke2/releases/download/v1.34.2%2Brke2r1/rke2-images-cilium.linux-arm64.tar.zst",
                "content_type": "application/octet-stream",
                "created_at": "2025-11-20 18:19:02 +0000 UTC",
                "id": 318885286,
                "label": "",
                "name": "rke2-images-cilium.linux-arm64.tar.zst",
                "node_id": "RA_kwDODyID484TAc2m",
                "size": 495477940,
                "updated_at": "2025-11-20 18:19:12 +0000 UTC",
                "url": "https://api.github.com/repos/rancher/rke2/releases/assets/318885286"
              },
              {
                "browser_download_url": "https://github.com/rancher/rke2/releases/download/v1.34.2%2Brke2r1/rke2-images-cilium.linux-arm64.txt",
                "content_type": "application/octet-stream",
                "created_at": "2025-11-20 18:19:04 +0000 UTC",
                "id": 318885294,
                "label": "",
                "name": "rke2-images-cilium.linux-arm64.txt",
                "node_id": "RA_kwDODyID484TAc2u",
                "size": 668,
                "updated_at": "2025-11-20 18:19:04 +0000 UTC",
                "url": "https://api.github.com/repos/rancher/rke2/releases/assets/318885294"
              },
              {
                "browser_download_url": "https://github.com/rancher/rke2/releases/download/v1.34.2%2Brke2r1/rke2-images-core.linux-amd64.tar.gz",
                "content_type": "application/x-gtar",
                "created_at": "2025-11-20 20:29:42 +0000 UTC",
                "id": 318926138,
                "label": "",
                "name": "rke2-images-core.linux-amd64.tar.gz",
                "node_id": "RA_kwDODyID484TAm06",
                "size": 785476751,
                "updated_at": "2025-11-20 20:30:01 +0000 UTC",
                "url": "https://api.github.com/repos/rancher/rke2/releases/assets/318926138"
              },
              {
                "browser_download_url": "https://github.com/rancher/rke2/releases/download/v1.34.2%2Brke2r1/rke2-images-core.linux-amd64.tar.zst",
                "content_type": "application/octet-stream",
                "created_at": "2025-11-20 20:29:49 +0000 UTC",
                "id": 318926200,
                "label": "",
                "name": "rke2-images-core.linux-amd64.tar.zst",
                "node_id": "RA_kwDODyID484TAm14",
                "size": 621478301,
                "updated_at": "2025-11-20 20:30:03 +0000 UTC",
                "url": "https://api.github.com/repos/rancher/rke2/releases/assets/318926200"
              },
              {
                "browser_download_url": "https://github.com/rancher/rke2/releases/download/v1.34.2%2Brke2r1/rke2-images-core.linux-amd64.txt",
                "content_type": "application/octet-stream",
                "created_at": "2025-11-20 20:29:49 +0000 UTC",
                "id": 318926201,
                "label": "",
                "name": "rke2-images-core.linux-amd64.txt",
                "node_id": "RA_kwDODyID484TAm15",
                "size": 901,
                "updated_at": "2025-11-20 20:29:49 +0000 UTC",
                "url": "https://api.github.com/repos/rancher/rke2/releases/assets/318926201"
              },
              {
                "browser_download_url": "https://github.com/rancher/rke2/releases/download/v1.34.2%2Brke2r1/rke2-images-core.linux-arm64.tar.gz",
                "content_type": "application/x-gtar",
                "created_at": "2025-11-20 18:19:04 +0000 UTC",
                "id": 318885299,
                "label": "",
                "name": "rke2-images-core.linux-arm64.tar.gz",
                "node_id": "RA_kwDODyID484TAc2z",
                "size": 734543992,
                "updated_at": "2025-11-20 18:19:22 +0000 UTC",
                "url": "https://api.github.com/repos/rancher/rke2/releases/assets/318885299"
              },
              {
                "browser_download_url": "https://github.com/rancher/rke2/releases/download/v1.34.2%2Brke2r1/rke2-images-core.linux-arm64.tar.zst",
                "content_type": "application/octet-stream",
                "created_at": "2025-11-20 18:19:12 +0000 UTC",
                "id": 318885315,
                "label": "",
                "name": "rke2-images-core.linux-arm64.tar.zst",
                "node_id": "RA_kwDODyID484TAc3D",
                "size": 582324169,
                "updated_at": "2025-11-20 18:19:26 +0000 UTC",
                "url": "https://api.github.com/repos/rancher/rke2/releases/assets/318885315"
              },
              {
                "browser_download_url": "https://github.com/rancher/rke2/releases/download/v1.34.2%2Brke2r1/rke2-images-core.linux-arm64.txt",
                "content_type": "application/octet-stream",
                "created_at": "2025-11-20 18:19:12 +0000 UTC",
                "id": 318885317,
                "label": "",
                "name": "rke2-images-core.linux-arm64.txt",
                "node_id": "RA_kwDODyID484TAc3F",
                "size": 901,
                "updated_at": "2025-11-20 18:19:12 +0000 UTC",
                "url": "https://api.github.com/repos/rancher/rke2/releases/assets/318885317"
              },
              {
                "browser_download_url": "https://github.com/rancher/rke2/releases/download/v1.34.2%2Brke2r1/rke2-images-flannel.linux-amd64.tar.gz",
                "content_type": "application/x-gtar",
                "created_at": "2025-11-20 20:29:50 +0000 UTC",
                "id": 318926212,
                "label": "",
                "name": "rke2-images-flannel.linux-amd64.tar.gz",
                "node_id": "RA_kwDODyID484TAm2E",
                "size": 64826382,
                "updated_at": "2025-11-20 20:29:51 +0000 UTC",
                "url": "https://api.github.com/repos/rancher/rke2/releases/assets/318926212"
              },
              {
                "browser_download_url": "https://github.com/rancher/rke2/releases/download/v1.34.2%2Brke2r1/rke2-images-flannel.linux-amd64.tar.zst",
                "content_type": "application/octet-stream",
                "created_at": "2025-11-20 20:29:51 +0000 UTC",
                "id": 318926220,
                "label": "",
                "name": "rke2-images-flannel.linux-amd64.tar.zst",
                "node_id": "RA_kwDODyID484TAm2M",
                "size": 30774335,
                "updated_at": "2025-11-20 20:29:52 +0000 UTC",
                "url": "https://api.github.com/repos/rancher/rke2/releases/assets/318926220"
              },
              {
                "browser_download_url": "https://github.com/rancher/rke2/releases/download/v1.34.2%2Brke2r1/rke2-images-flannel.linux-amd64.txt",
                "content_type": "application/octet-stream",
                "created_at": "2025-11-20 20:29:52 +0000 UTC",
                "id": 318926230,
                "label": "",
                "name": "rke2-images-flannel.linux-amd64.txt",
                "node_id": "RA_kwDODyID484TAm2W",
                "size": 117,
                "updated_at": "2025-11-20 20:29:52 +0000 UTC",
                "url": "https://api.github.com/repos/rancher/rke2/releases/assets/318926230"
              },
              {
                "browser_download_url": "https://github.com/rancher/rke2/releases/download/v1.34.2%2Brke2r1/rke2-images-flannel.linux-arm64.tar.gz",
                "content_type": "application/x-gtar",
                "created_at": "2025-11-20 18:19:12 +0000 UTC",
                "id": 318885319,
                "label": "",
                "name": "rke2-images-flannel.linux-arm64.tar.gz",
                "node_id": "RA_kwDODyID484TAc3H",
                "size": 57332208,
                "updated_at": "2025-11-20 18:19:14 +0000 UTC",
                "url": "https://api.github.com/repos/rancher/rke2/releases/assets/318885319"
              },
              {
                "browser_download_url": "https://github.com/rancher/rke2/releases/download/v1.34.2%2Brke2r1/rke2-images-flannel.linux-arm64.tar.zst",
                "content_type": "application/octet-stream",
                "created_at": "2025-11-20 18:19:13 +0000 UTC",
                "id": 318885321,
                "label": "",
                "name": "rke2-images-flannel.linux-arm64.tar.zst",
                "node_id": "RA_kwDODyID484TAc3J",
                "size": 27474036,
                "updated_at": "2025-11-20 18:19:14 +0000 UTC",
                "url": "https://api.github.com/repos/rancher/rke2/releases/assets/318885321"
              },
              {
                "browser_download_url": "https://github.com/rancher/rke2/releases/download/v1.34.2%2Brke2r1/rke2-images-flannel.linux-arm64.txt",
                "content_type": "application/octet-stream",
                "created_at": "2025-11-20 18:19:14 +0000 UTC",
                "id": 318885329,
                "label": "",
                "name": "rke2-images-flannel.linux-arm64.txt",
                "node_id": "RA_kwDODyID484TAc3R",
                "size": 117,
                "updated_at": "2025-11-20 18:19:14 +0000 UTC",
                "url": "https://api.github.com/repos/rancher/rke2/releases/assets/318885329"
              },
              {
                "browser_download_url": "https://github.com/rancher/rke2/releases/download/v1.34.2%2Brke2r1/rke2-images-harvester.linux-amd64.tar.gz",
                "content_type": "application/x-gtar",
                "created_at": "2025-11-20 20:29:52 +0000 UTC",
                "id": 318926231,
                "label": "",
                "name": "rke2-images-harvester.linux-amd64.tar.gz",
                "node_id": "RA_kwDODyID484TAm2X",
                "size": 282705036,
                "updated_at": "2025-11-20 20:29:58 +0000 UTC",
                "url": "https://api.github.com/repos/rancher/rke2/releases/assets/318926231"
              },
              {
                "browser_download_url": "https://github.com/rancher/rke2/releases/download/v1.34.2%2Brke2r1/rke2-images-harvester.linux-amd64.tar.zst",
                "content_type": "application/octet-stream",
                "created_at": "2025-11-20 20:29:52 +0000 UTC",
                "id": 318926233,
                "label": "",
                "name": "rke2-images-harvester.linux-amd64.tar.zst",
                "node_id": "RA_kwDODyID484TAm2Z",
                "size": 231116775,
                "updated_at": "2025-11-20 20:30:00 +0000 UTC",
                "url": "https://api.github.com/repos/rancher/rke2/releases/assets/318926233"
              },
              {
                "browser_download_url": "https://github.com/rancher/rke2/releases/download/v1.34.2%2Brke2r1/rke2-images-harvester.linux-amd64.txt",
                "content_type": "application/octet-stream",
                "created_at": "2025-11-20 20:29:52 +0000 UTC",
                "id": 318926235,
                "label": "",
                "name": "rke2-images-harvester.linux-amd64.txt",
                "node_id": "RA_kwDODyID484TAm2b",
                "size": 483,
                "updated_at": "2025-11-20 20:29:53 +0000 UTC",
                "url": "https://api.github.com/repos/rancher/rke2/releases/assets/318926235"
              },
              {
                "browser_download_url": "https://github.com/rancher/rke2/releases/download/v1.34.2%2Brke2r1/rke2-images-harvester.linux-arm64.tar.gz",
                "content_type": "application/x-gtar",
                "created_at": "2025-11-20 18:19:14 +0000 UTC",
                "id": 318885332,
                "label": "",
                "name": "rke2-images-harvester.linux-arm64.tar.gz",
                "node_id": "RA_kwDODyID484TAc3U",
                "size": 268779462,
                "updated_at": "2025-11-20 18:19:23 +0000 UTC",
                "url": "https://api.github.com/repos/rancher/rke2/releases/assets/318885332"
              },
              {
                "browser_download_url": "https://github.com/rancher/rke2/releases/download/v1.34.2%2Brke2r1/rke2-images-harvester.linux-arm64.tar.zst",
                "content_type": "application/octet-stream",
                "created_at": "2025-11-20 18:19:15 +0000 UTC",
                "id": 318885335,
                "label": "",
                "name": "rke2-images-harvester.linux-arm64.tar.zst",
                "node_id": "RA_kwDODyID484TAc3X",
                "size": 219701999,
                "updated_at": "2025-11-20 18:19:21 +0000 UTC",
                "url": "https://api.github.com/repos/rancher/rke2/releases/assets/318885335"
              },
              {
                "browser_download_url": "https://github.com/rancher/rke2/releases/download/v1.34.2%2Brke2r1/rke2-images-harvester.linux-arm64.txt",
                "content_type": "application/octet-stream",
                "created_at": "2025-11-20 18:19:15 +0000 UTC",
                "id": 318885340,
                "label": "",
                "name": "rke2-images-harvester.linux-arm64.txt",
                "node_id": "RA_kwDODyID484TAc3c",
                "size": 483,
                "updated_at": "2025-11-20 18:19:15 +0000 UTC",
                "url": "https://api.github.com/repos/rancher/rke2/releases/assets/318885340"
              },
              {
                "browser_download_url": "https://github.com/rancher/rke2/releases/download/v1.34.2%2Brke2r1/rke2-images-multus.linux-amd64.tar.gz",
                "content_type": "application/x-gtar",
                "created_at": "2025-11-20 20:29:53 +0000 UTC",
                "id": 318926244,
                "label": "",
                "name": "rke2-images-multus.linux-amd64.tar.gz",
                "node_id": "RA_kwDODyID484TAm2k",
                "size": 184008889,
                "updated_at": "2025-11-20 20:29:57 +0000 UTC",
                "url": "https://api.github.com/repos/rancher/rke2/releases/assets/318926244"
              },
              {
                "browser_download_url": "https://github.com/rancher/rke2/releases/download/v1.34.2%2Brke2r1/rke2-images-multus.linux-amd64.tar.zst",
                "content_type": "application/octet-stream",
                "created_at": "2025-11-20 20:29:57 +0000 UTC",
                "id": 318926273,
                "label": "",
                "name": "rke2-images-multus.linux-amd64.tar.zst",
                "node_id": "RA_kwDODyID484TAm3B",
                "size": 121024594,
                "updated_at": "2025-11-20 20:30:01 +0000 UTC",
                "url": "https://api.github.com/repos/rancher/rke2/releases/assets/318926273"
              },
              {
                "browser_download_url": "https://github.com/rancher/rke2/releases/download/v1.34.2%2Brke2r1/rke2-images-multus.linux-amd64.txt",
                "content_type": "application/octet-stream",
                "created_at": "2025-11-20 20:29:58 +0000 UTC",
                "id": 318926280,
                "label": "",
                "name": "rke2-images-multus.linux-amd64.txt",
                "node_id": "RA_kwDODyID484TAm3I",
                "size": 373,
                "updated_at": "2025-11-20 20:29:58 +0000 UTC",
                "url": "https://api.github.com/repos/rancher/rke2/releases/assets/318926280"
              },
              {
                "browser_download_url": "https://github.com/rancher/rke2/releases/download/v1.34.2%2Brke2r1/rke2-images-multus.linux-arm64.tar.gz",
                "content_type": "application/x-gtar",
                "created_at": "2025-11-20 18:19:15 +0000 UTC",
                "id": 318885345,
                "label": "",
                "name": "rke2-images-multus.linux-arm64.tar.gz",
                "node_id": "RA_kwDODyID484TAc3h",
                "size": 164261324,
                "updated_at": "2025-11-20 18:19:20 +0000 UTC",
                "url": "https://api.github.com/repos/rancher/rke2/releases/assets/318885345"
              },
              {
                "browser_download_url": "https://github.com/rancher/rke2/releases/download/v1.34.2%2Brke2r1/rke2-images-multus.linux-arm64.tar.zst",
                "content_type": "application/octet-stream",
                "created_at": "2025-11-20 18:19:20 +0000 UTC",
                "id": 318885363,
                "label": "",
                "name": "rke2-images-multus.linux-arm64.tar.zst",
                "node_id": "RA_kwDODyID484TAc3z",
                "size": 108541041,
                "updated_at": "2025-11-20 18:19:24 +0000 UTC",
                "url": "https://api.github.com/repos/rancher/rke2/releases/assets/318885363"
              },
              {
                "browser_download_url": "https://github.com/rancher/rke2/releases/download/v1.34.2%2Brke2r1/rke2-images-multus.linux-arm64.txt",
                "content_type": "application/octet-stream",
                "created_at": "2025-11-20 18:19:21 +0000 UTC",
                "id": 318885377,
                "label": "",
                "name": "rke2-images-multus.linux-arm64.txt",
                "node_id": "RA_kwDODyID484TAc4B",
                "size": 373,
                "updated_at": "2025-11-20 18:19:21 +0000 UTC",
                "url": "https://api.github.com/repos/rancher/rke2/releases/assets/318885377"
              },
              {
                "browser_download_url": "https://github.com/rancher/rke2/releases/download/v1.34.2%2Brke2r1/rke2-images-traefik.linux-amd64.tar.gz",
                "content_type": "application/x-gtar",
                "created_at": "2025-11-20 20:29:59 +0000 UTC",
                "id": 318926282,
                "label": "",
                "name": "rke2-images-traefik.linux-amd64.tar.gz",
                "node_id": "RA_kwDODyID484TAm3K",
                "size": 46889288,
                "updated_at": "2025-11-20 20:30:00 +0000 UTC",
                "url": "https://api.github.com/repos/rancher/rke2/releases/assets/318926282"
              },
              {
                "browser_download_url": "https://github.com/rancher/rke2/releases/download/v1.34.2%2Brke2r1/rke2-images-traefik.linux-amd64.tar.zst",
                "content_type": "application/octet-stream",
                "created_at": "2025-11-20 20:30:00 +0000 UTC",
                "id": 318926292,
                "label": "",
                "name": "rke2-images-traefik.linux-amd64.tar.zst",
                "node_id": "RA_kwDODyID484TAm3U",
                "size": 37048491,
                "updated_at": "2025-11-20 20:30:01 +0000 UTC",
                "url": "https://api.github.com/repos/rancher/rke2/releases/assets/318926292"
              },
              {
                "browser_download_url": "https://github.com/rancher/rke2/releases/download/v1.34.2%2Brke2r1/rke2-images-traefik.linux-amd64.txt",
                "content_type": "application/octet-stream",
                "created_at": "2025-11-20 20:30:00 +0000 UTC",
                "id": 318926294,
                "label": "",
                "name": "rke2-images-traefik.linux-amd64.txt",
                "node_id": "RA_kwDODyID484TAm3W",
                "size": 56,
                "updated_at": "2025-11-20 20:30:00 +0000 UTC",
                "url": "https://api.github.com/repos/rancher/rke2/releases/assets/318926294"
              },
              {
                "browser_download_url": "https://github.com/rancher/rke2/releases/download/v1.34.2%2Brke2r1/rke2-images-traefik.linux-arm64.tar.gz",
                "content_type": "application/x-gtar",
                "created_at": "2025-11-20 18:19:21 +0000 UTC",
                "id": 318885379,
                "label": "",
                "name": "rke2-images-traefik.linux-arm64.tar.gz",
                "node_id": "RA_kwDODyID484TAc4D",
                "size": 42331033,
                "updated_at": "2025-11-20 18:19:23 +0000 UTC",
                "url": "https://api.github.com/repos/rancher/rke2/releases/assets/318885379"
              },
              {
                "browser_download_url": "https://github.com/rancher/rke2/releases/download/v1.34.2%2Brke2r1/rke2-images-traefik.linux-arm64.tar.zst",
                "content_type": "application/octet-stream",
                "created_at": "2025-11-20 18:19:22 +0000 UTC",
                "id": 318885388,
                "label": "",
                "name": "rke2-images-traefik.linux-arm64.tar.zst",
                "node_id": "RA_kwDODyID484TAc4M",
                "size": 33455915,
                "updated_at": "2025-11-20 18:19:24 +0000 UTC",
                "url": "https://api.github.com/repos/rancher/rke2/releases/assets/318885388"
              },
              {
                "browser_download_url": "https://github.com/rancher/rke2/releases/download/v1.34.2%2Brke2r1/rke2-images-traefik.linux-arm64.txt",
                "content_type": "application/octet-stream",
                "created_at": "2025-11-20 18:19:23 +0000 UTC",
                "id": 318885395,
                "label": "",
                "name": "rke2-images-traefik.linux-arm64.txt",
                "node_id": "RA_kwDODyID484TAc4T",
                "size": 56,
                "updated_at": "2025-11-20 18:19:23 +0000 UTC",
                "url": "https://api.github.com/repos/rancher/rke2/releases/assets/318885395"
              },
              {
                "browser_download_url": "https://github.com/rancher/rke2/releases/download/v1.34.2%2Brke2r1/rke2-images-vsphere.linux-amd64.tar.gz",
                "content_type": "application/x-gtar",
                "created_at": "2025-11-20 20:30:01 +0000 UTC",
                "id": 318926295,
                "label": "",
                "name": "rke2-images-vsphere.linux-amd64.tar.gz",
                "node_id": "RA_kwDODyID484TAm3X",
                "size": 314530016,
                "updated_at": "2025-11-20 20:30:11 +0000 UTC",
                "url": "https://api.github.com/repos/rancher/rke2/releases/assets/318926295"
              },
              {
                "browser_download_url": "https://github.com/rancher/rke2/releases/download/v1.34.2%2Brke2r1/rke2-images-vsphere.linux-amd64.tar.zst",
                "content_type": "application/octet-stream",
                "created_at": "2025-11-20 20:30:01 +0000 UTC",
                "id": 318926300,
                "label": "",
                "name": "rke2-images-vsphere.linux-amd64.tar.zst",
                "node_id": "RA_kwDODyID484TAm3c",
                "size": 267492422,
                "updated_at": "2025-11-20 20:30:08 +0000 UTC",
                "url": "https://api.github.com/repos/rancher/rke2/releases/assets/318926300"
              },
              {
                "browser_download_url": "https://github.com/rancher/rke2/releases/download/v1.34.2%2Brke2r1/rke2-images-vsphere.linux-amd64.txt",
                "content_type": "application/octet-stream",
                "created_at": "2025-11-20 20:30:01 +0000 UTC",
                "id": 318926302,
                "label": "",
                "name": "rke2-images-vsphere.linux-amd64.txt",
                "node_id": "RA_kwDODyID484TAm3e",
                "size": 586,
                "updated_at": "2025-11-20 20:30:02 +0000 UTC",
                "url": "https://api.github.com/repos/rancher/rke2/releases/assets/318926302"
              },
              {
                "browser_download_url": "https://github.com/rancher/rke2/releases/download/v1.34.2%2Brke2r1/rke2-images.linux-amd64.tar.gz",
                "content_type": "application/x-gtar",
                "created_at": "2025-11-20 20:30:02 +0000 UTC",
                "id": 318926303,
                "label": "",
                "name": "rke2-images.linux-amd64.tar.gz",
                "node_id": "RA_kwDODyID484TAm3f",
                "size": 1028598365,
                "updated_at": "2025-11-20 20:30:30 +0000 UTC",
                "url": "https://api.github.com/repos/rancher/rke2/releases/assets/318926303"
              },
              {
                "browser_download_url": "https://github.com/rancher/rke2/releases/download/v1.34.2%2Brke2r1/rke2-images.linux-amd64.tar.zst",
                "content_type": "application/octet-stream",
                "created_at": "2025-11-20 20:30:02 +0000 UTC",
                "id": 318926307,
                "label": "",
                "name": "rke2-images.linux-amd64.tar.zst",
                "node_id": "RA_kwDODyID484TAm3j",
                "size": 787726342,
                "updated_at": "2025-11-20 20:30:21 +0000 UTC",
                "url": "https://api.github.com/repos/rancher/rke2/releases/assets/318926307"
              },
              {
                "browser_download_url": "https://github.com/rancher/rke2/releases/download/v1.34.2%2Brke2r1/rke2-images.linux-amd64.txt",
                "content_type": "application/octet-stream",
                "created_at": "2025-11-20 20:30:03 +0000 UTC",
                "id": 318926320,
                "label": "",
                "name": "rke2-images.linux-amd64.txt",
                "node_id": "RA_kwDODyID484TAm3w",
                "size": 1014,
                "updated_at": "2025-11-20 20:30:03 +0000 UTC",
                "url": "https://api.github.com/repos/rancher/rke2/releases/assets/318926320"
              },
              {
                "browser_download_url": "https://github.com/rancher/rke2/releases/download/v1.34.2%2Brke2r1/rke2-images.linux-arm64.tar.gz",
                "content_type": "application/x-gtar",
                "created_at": "2025-11-20 18:19:23 +0000 UTC",
                "id": 318885398,
                "label": "",
                "name": "rke2-images.linux-arm64.tar.gz",
                "node_id": "RA_kwDODyID484TAc4W",
                "size": 958237824,
                "updated_at": "2025-11-20 18:19:47 +0000 UTC",
                "url": "https://api.github.com/repos/rancher/rke2/releases/assets/318885398"
              },
              {
                "browser_download_url": "https://github.com/rancher/rke2/releases/download/v1.34.2%2Brke2r1/rke2-images.linux-arm64.tar.zst",
                "content_type": "application/octet-stream",
                "created_at": "2025-11-20 18:19:23 +0000 UTC",
                "id": 318885400,
                "label": "",
                "name": "rke2-images.linux-arm64.tar.zst",
                "node_id": "RA_kwDODyID484TAc4Y",
                "size": 733624445,
                "updated_at": "2025-11-20 18:19:40 +0000 UTC",
                "url": "https://api.github.com/repos/rancher/rke2/releases/assets/318885400"
              },
              {
                "browser_download_url": "https://github.com/rancher/rke2/releases/download/v1.34.2%2Brke2r1/rke2-images.linux-arm64.txt",
                "content_type": "application/octet-stream",
                "created_at": "2025-11-20 18:19:24 +0000 UTC",
                "id": 318885407,
                "label": "",
                "name": "rke2-images.linux-arm64.txt",
                "node_id": "RA_kwDODyID484TAc4f",
                "size": 1014,
                "updated_at": "2025-11-20 18:19:24 +0000 UTC",
                "url": "https://api.github.com/repos/rancher/rke2/releases/assets/318885407"
              },
              {
                "browser_download_url": "https://github.com/rancher/rke2/releases/download/v1.34.2%2Brke2r1/rke2-images.windows-amd64.txt",
                "content_type": "application/octet-stream",
                "created_at": "2025-11-20 20:30:04 +0000 UTC",
                "id": 318926325,
                "label": "",
                "name": "rke2-images.windows-amd64.txt",
                "node_id": "RA_kwDODyID484TAm31",
                "size": 97,
                "updated_at": "2025-11-20 20:30:04 +0000 UTC",
                "url": "https://api.github.com/repos/rancher/rke2/releases/assets/318926325"
              },
              {
                "browser_download_url": "https://github.com/rancher/rke2/releases/download/v1.34.2%2Brke2r1/rke2-windows-1809-amd64-images.tar.gz",
                "content_type": "application/x-gtar",
                "created_at": "2025-11-20 20:30:04 +0000 UTC",
                "id": 318926354,
                "label": "",
                "name": "rke2-windows-1809-amd64-images.tar.gz",
                "node_id": "RA_kwDODyID484TAm4S",
                "size": 354309178,
                "updated_at": "2025-11-20 20:30:14 +0000 UTC",
                "url": "https://api.github.com/repos/rancher/rke2/releases/assets/318926354"
              },
              {
                "browser_download_url": "https://github.com/rancher/rke2/releases/download/v1.34.2%2Brke2r1/rke2-windows-1809-amd64-images.tar.zst",
                "content_type": "application/octet-stream",
                "created_at": "2025-11-20 20:30:08 +0000 UTC",
                "id": 318926382,
                "label": "",
                "name": "rke2-windows-1809-amd64-images.tar.zst",
                "node_id": "RA_kwDODyID484TAm4u",
                "size": 354329527,
                "updated_at": "2025-11-20 20:30:19 +0000 UTC",
                "url": "https://api.github.com/repos/rancher/rke2/releases/assets/318926382"
              },
              {
                "browser_download_url": "https://github.com/rancher/rke2/releases/download/v1.34.2%2Brke2r1/rke2-windows-amd64.exe",
                "content_type": "application/octet-stream",
                "created_at": "2025-11-20 20:30:11 +0000 UTC",
                "id": 318926394,
                "label": "",
                "name": "rke2-windows-amd64.exe",
                "node_id": "RA_kwDODyID484TAm46",
                "size": 169224718,
                "updated_at": "2025-11-20 20:30:16 +0000 UTC",
                "url": "https://api.github.com/repos/rancher/rke2/releases/assets/318926394"
              },
              {
                "browser_download_url": "https://github.com/rancher/rke2/releases/download/v1.34.2%2Brke2r1/rke2-windows-ltsc2022-amd64-images.tar.gz",
                "content_type": "application/x-gtar",
                "created_at": "2025-11-20 20:30:14 +0000 UTC",
                "id": 318926427,
                "label": "",
                "name": "rke2-windows-ltsc2022-amd64-images.tar.gz",
                "node_id": "RA_kwDODyID484TAm5b",
                "size": 369477919,
                "updated_at": "2025-11-20 20:30:24 +0000 UTC",
                "url": "https://api.github.com/repos/rancher/rke2/releases/assets/318926427"
              },
              {
                "browser_download_url": "https://github.com/rancher/rke2/releases/download/v1.34.2%2Brke2r1/rke2-windows-ltsc2022-amd64-images.tar.zst",
                "content_type": "application/octet-stream",
                "created_at": "2025-11-20 20:30:16 +0000 UTC",
                "id": 318926434,
                "label": "",
                "name": "rke2-windows-ltsc2022-amd64-images.tar.zst",
                "node_id": "RA_kwDODyID484TAm5i",
                "size": 368896891,
                "updated_at": "2025-11-20 20:30:25 +0000 UTC",
                "url": "https://api.github.com/repos/rancher/rke2/releases/assets/318926434"
              },
              {
                "browser_download_url": "https://github.com/rancher/rke2/releases/download/v1.34.2%2Brke2r1/rke2.linux-amd64",
                "content_type": "application/octet-stream",
                "created_at": "2025-11-20 20:30:19 +0000 UTC",
                "id": 318926450,
                "label": "",
                "name": "rke2.linux-amd64",
                "node_id": "RA_kwDODyID484TAm5y",
                "size": 129518616,
                "updated_at": "2025-11-20 20:30:22 +0000 UTC",
                "url": "https://api.github.com/repos/rancher/rke2/releases/assets/318926450"
              },
              {
                "browser_download_url": "https://github.com/rancher/rke2/releases/download/v1.34.2%2Brke2r1/rke2.linux-amd64.tar.gz",
                "content_type": "application/x-gtar",
                "created_at": "2025-11-20 20:30:21 +0000 UTC",
                "id": 318926461,
                "label": "",
                "name": "rke2.linux-amd64.tar.gz",
                "node_id": "RA_kwDODyID484TAm59",
                "size": 39839824,
                "updated_at": "2025-11-20 20:30:22 +0000 UTC",
                "url": "https://api.github.com/repos/rancher/rke2/releases/assets/318926461"
              },
              {
                "browser_download_url": "https://github.com/rancher/rke2/releases/download/v1.34.2%2Brke2r1/rke2.linux-arm64",
                "content_type": "application/octet-stream",
                "created_at": "2025-11-20 18:19:24 +0000 UTC",
                "id": 318885408,
                "label": "",
                "name": "rke2.linux-arm64",
                "node_id": "RA_kwDODyID484TAc4g",
                "size": 123554776,
                "updated_at": "2025-11-20 18:19:27 +0000 UTC",
                "url": "https://api.github.com/repos/rancher/rke2/releases/assets/318885408"
              },
              {
                "browser_download_url": "https://github.com/rancher/rke2/releases/download/v1.34.2%2Brke2r1/rke2.linux-arm64.tar.gz",
                "content_type": "application/x-gtar",
                "created_at": "2025-11-20 18:19:24 +0000 UTC",
                "id": 318885411,
                "label": "",
                "name": "rke2.linux-arm64.tar.gz",
                "node_id": "RA_kwDODyID484TAc4j",
                "size": 36234021,
                "updated_at": "2025-11-20 18:19:25 +0000 UTC",
                "url": "https://api.github.com/repos/rancher/rke2/releases/assets/318885411"
              },
              {
                "browser_download_url": "https://github.com/rancher/rke2/releases/download/v1.34.2%2Brke2r1/rke2.windows-amd64.tar.gz",
                "content_type": "application/x-gtar",
                "created_at": "2025-11-20 20:30:23 +0000 UTC",
                "id": 318926474,
                "label": "",
                "name": "rke2.windows-amd64.tar.gz",
                "node_id": "RA_kwDODyID484TAm6K",
                "size": 91276983,
                "updated_at": "2025-11-20 20:30:25 +0000 UTC",
                "url": "https://api.github.com/repos/rancher/rke2/releases/assets/318926474"
              },
              {
                "browser_download_url": "https://github.com/rancher/rke2/releases/download/v1.34.2%2Brke2r1/sha256sum-amd64.txt",
                "content_type": "application/octet-stream",
                "created_at": "2025-11-20 20:30:23 +0000 UTC",
                "id": 318926476,
                "label": "",
                "name": "sha256sum-amd64.txt",
                "node_id": "RA_kwDODyID484TAm6M",
                "size": 4252,
                "updated_at": "2025-11-20 20:30:23 +0000 UTC",
                "url": "https://api.github.com/repos/rancher/rke2/releases/assets/318926476"
              },
              {
                "browser_download_url": "https://github.com/rancher/rke2/releases/download/v1.34.2%2Brke2r1/sha256sum-arm64.txt",
                "content_type": "application/octet-stream",
                "created_at": "2025-11-20 18:19:26 +0000 UTC",
                "id": 318885418,
                "label": "",
                "name": "sha256sum-arm64.txt",
                "node_id": "RA_kwDODyID484TAc4q",
                "size": 3046,
                "updated_at": "2025-11-20 18:19:26 +0000 UTC",
                "url": "https://api.github.com/repos/rancher/rke2/releases/assets/318885418"
              }
            ],
            "assets_url": "https://api.github.com/repos/rancher/rke2/releases/264071716/assets",
            "body": "\u003c!-- v1.34.2+rke2r1 --\u003e\r\n\r\nThis release updates Kubernetes to v1.34.2.\r\n\r\n**Important Note**\r\n\r\nIf your server (control-plane) nodes were not started with the `--token` CLI flag or config file key, a randomized token was generated during initial cluster startup. This key is used both for joining new nodes to the cluster, and for encrypting cluster bootstrap data within the datastore. Ensure that you retain a copy of this token, as is required when restoring from backup.\r\n\r\nYou may retrieve the token value from any server already joined to the cluster:\r\n```bash\r\ncat /var/lib/rancher/rke2/server/token\r\n```\r\n\r\n## Changes since v1.34.1+rke2r1:\r\n\r\n* Bump harvester-cloud-provider chart to v0.2.11 with app image tag v0.2.5 [(#8957)](https://github.com/rancher/rke2/pull/8957)\r\n* Update traefik to v3.5.1, use new hardened image [(#8970)](https://github.com/rancher/rke2/pull/8970)\r\n* Bump rke2-ingress-nginx to v1.13.3-hardened1 [(#8998)](https://github.com/rancher/rke2/pull/8998)\r\n* Container runtime endpoint description and Docker warning [(#8985)](https://github.com/rancher/rke2/pull/8985)\r\n* Add calico `envoy-proxy` and `envoy-ratelimit` images [(#9022)](https://github.com/rancher/rke2/pull/9022)\r\n* Move dualstack to larger docker runners to prevent eviction failures [(#9030)](https://github.com/rancher/rke2/pull/9030)\r\n* Charts: Bump Harvester CSI driver 0.1.25 [(#9038)](https://github.com/rancher/rke2/pull/9038)\r\n  * - Support CSI Snapshot\r\n* Bump k3s [(#9043)](https://github.com/rancher/rke2/pull/9043)\r\n* Update to cilium v1.18.2 [(#9075)](https://github.com/rancher/rke2/pull/9075)\r\n* October 2025 bumps for canal, flannel and multus [(#9100)](https://github.com/rancher/rke2/pull/9100)\r\n* Update to CoreDNS chart 1.44.300 and Kubernetes Metrics Server chart 3.13.002 [(#9089)](https://github.com/rancher/rke2/pull/9089)\r\n* Bump images for go1.24.9 rebuild [(#9103)](https://github.com/rancher/rke2/pull/9103)\r\n* Add new kubeapiserver argument for cis-1.11 benchmark [(#9118)](https://github.com/rancher/rke2/pull/9118)\r\n* Bump traefik and ingress-nginx [(#9127)](https://github.com/rancher/rke2/pull/9127)\r\n* Bump helm-controller/klipper-helm [(#9135)](https://github.com/rancher/rke2/pull/9135)\r\n* Tests: update e2e tests to use images from the rancher org [(#9158)](https://github.com/rancher/rke2/pull/9158)\r\n* Bump k3s and backport uninstall fix [(#9174)](https://github.com/rancher/rke2/pull/9174)\r\n* Bump traefik to v3.5.4 and ingress-nginx to v1.13.4 [(#9187)](https://github.com/rancher/rke2/pull/9187)\r\n* Bump runc to v1.3.3 [(#9192)](https://github.com/rancher/rke2/pull/9192)\r\n* - Update to cilium v1.18.3 [(#9218)](https://github.com/rancher/rke2/pull/9218)\r\n* Improve PR Trivy Scanning Reports [(#9238)](https://github.com/rancher/rke2/pull/9238)\r\n* More backports for 2025-11 [(#9244)](https://github.com/rancher/rke2/pull/9244)\r\n* - Update to calico v3.30.4 [(#9247)](https://github.com/rancher/rke2/pull/9247)\r\n* - Update to multus chart version v4.2.300 [(#9252)](https://github.com/rancher/rke2/pull/9252)\r\n* - Update to calico v3.30.4 [(#9259)](https://github.com/rancher/rke2/pull/9259)\r\n* Bump k3s and helm-controller [(#9263)](https://github.com/rancher/rke2/pull/9263)\r\n* Update k8s and Go [(#9273)](https://github.com/rancher/rke2/pull/9273)\r\n* Fix race condition with Calico startup on Windows [(#9279)](https://github.com/rancher/rke2/pull/9279)\r\n* Release race condition [(#9294)](https://github.com/rancher/rke2/pull/9294)\r\n\r\n\r\n## Charts Versions\r\n| Component | Version |\r\n| --- | --- |\r\n| rke2-cilium | [1.18.300](https://github.com/rancher/rke2-charts/raw/main/assets/rke2-cilium/rke2-cilium-1.18.300.tgz) |\r\n| rke2-canal | [v3.30.3-build2025101500](https://github.com/rancher/rke2-charts/raw/main/assets/rke2-canal/rke2-canal-v3.30.3-build2025101500.tgz) |\r\n| rke2-calico | [v3.30.401](https://github.com/rancher/rke2-charts/raw/main/assets/rke2-calico/rke2-calico-v3.30.401.tgz) |\r\n| rke2-calico-crd | [v3.30.401](https://github.com/rancher/rke2-charts/raw/main/assets/rke2-calico/rke2-calico-crd-v3.30.401.tgz) |\r\n| rke2-coredns | [1.44.300](https://github.com/rancher/rke2-charts/raw/main/assets/rke2-coredns/rke2-coredns-1.44.300.tgz) |\r\n| rke2-ingress-nginx | [4.13.400](https://github.com/rancher/rke2-charts/raw/main/assets/rke2-ingress-nginx/rke2-ingress-nginx-4.13.400.tgz) |\r\n| rke2-metrics-server | [3.13.002](https://github.com/rancher/rke2-charts/raw/main/assets/rke2-metrics-server/rke2-metrics-server-3.13.002.tgz) |\r\n| rancher-vsphere-csi | [3.5.0-rancher100](https://github.com/rancher/rke2-charts/raw/main/assets/rancher-vsphere-csi/rancher-vsphere-csi-3.5.0-rancher100.tgz) |\r\n| rancher-vsphere-cpi | [1.12.100](https://github.com/rancher/rke2-charts/raw/main/assets/rancher-vsphere-cpi/rancher-vsphere-cpi-1.12.100.tgz) |\r\n| harvester-cloud-provider | [0.2.1100](https://github.com/rancher/rke2-charts/raw/main/assets/harvester-cloud-provider/harvester-cloud-provider-0.2.1100.tgz) |\r\n| harvester-csi-driver | [0.1.2500](https://github.com/rancher/rke2-charts/raw/main/assets/harvester-cloud-provider/harvester-csi-driver-0.1.2500.tgz) |\r\n| rke2-snapshot-controller | [4.0.003](https://github.com/rancher/rke2-charts/raw/main/assets/rke2-snapshot-controller/rke2-snapshot-controller-4.0.003.tgz) |\r\n| rke2-snapshot-controller-crd | [4.0.003](https://github.com/rancher/rke2-charts/raw/main/assets/rke2-snapshot-controller/rke2-snapshot-controller-crd-4.0.003.tgz) |\r\n| rke2-snapshot-validation-webhook | [0.0.0](https://github.com/rancher/rke2-charts/raw/main/assets/rke2-snapshot-validation-webhook/rke2-snapshot-validation-webhook-0.0.0.tgz) |\r\n\r\n\r\n## Packaged Component Versions\r\n| Component | Version |\r\n| --- | --- |\r\n| Kubernetes | [v1.34.2](https://github.com/kubernetes/kubernetes/blob/master/CHANGELOG/CHANGELOG-1.34.md#v1342) |\r\n| Etcd | [v3.6.5-k3s1](https://github.com/k3s-io/etcd/releases/tag/v3.6.5-k3s1) |\r\n| Containerd | [v2.1.5-k3s1](https://github.com/k3s-io/containerd/releases/tag/v2.1.5-k3s1) |\r\n| Runc | [v1.3.3](https://github.com/opencontainers/runc/releases/tag/v1.3.3) |\r\n| Metrics-server | [v0.8.0](https://github.com/kubernetes-sigs/metrics-server/releases/tag/v0.8.0) |\r\n| CoreDNS | [v1.13.1](https://github.com/coredns/coredns/releases/tag/v1.13.1) |\r\n| Ingress-Nginx | [v1.13.4-hardened1](https://github.com/rancher/ingress-nginx/releases/tag/v1.13.4-hardened1) |\r\n| Helm-controller | [v0.16.16](https://github.com/k3s-io/helm-controller/releases/tag/v0.16.16) |\r\n\r\n### Available CNIs\r\n| Component | Version | FIPS Compliant |\r\n| --- | --- | --- |\r\n| Canal (Default) | [Flannel v0.27.4](https://github.com/flannel-io/flannel/releases/tag/v0.27.4)\u003cbr/\u003e[Calico v3.30.3](https://docs.tigera.io/calico/latest/release-notes/#v3.30) | Yes |\r\n| Calico | [v3.30.4](https://docs.tigera.io/calico/latest/release-notes/#v3.30) | No |\r\n| Cilium | [v1.18.3](https://github.com/cilium/cilium/releases/tag/v1.18.3) | No |\r\n| Multus | [v4.2.3](https://github.com/k8snetworkplumbingwg/multus-cni/releases/tag/v4.2.3) | No |\r\n\r\n## Helpful Links\r\n\r\nAs always, we welcome and appreciate feedback from our community of users. Please feel free to:\r\n- [Open issues here](https://github.com/rancher/rke2/issues/new)\r\n- [Join our Slack channel](https://slack.rancher.io/)\r\n- [Check out our documentation](https://docs.rke2.io) for guidance on how to get started.\r\n",
            "created_at": "2025-11-20 16:43:27 +0000 UTC",
            "draft": false,
            "html_url": "https://github.com/rancher/rke2/releases/tag/v1.34.2%2Brke2r1",
            "id": "264071716",
            "name": "v1.34.2+rke2r1",
            "owner": "rancher",
            "prerelease": false,
            "published_at": "2025-11-20 17:39:38 +0000 UTC",
            "release_id": null,
            "release_tag": "v1.34.2+rke2r1",
            "repository": "rke2",
            "retrieve_by": "latest",
            "tarball_url": "https://api.github.com/repos/rancher/rke2/tarball/v1.34.2+rke2r1",
            "target_commitish": "release-1.34",
            "upload_url": "https://uploads.github.com/repos/rancher/rke2/releases/264071716/assets{?name,label}",
            "url": "https://api.github.com/repos/rancher/rke2/releases/264071716",
            "zipball_url": "https://api.github.com/repos/rancher/rke2/zipball/v1.34.2+rke2r1"
          },
          "sensitive_attributes": [],
          "identity_schema_version": 0
        }
      ]
    },
    {
      "module": "module.initial.module.download[0]",
      "mode": "data",
      "type": "github_release",
      "name": "selected",
      "provider": "provider[\"registry.terraform.io/integrations/github\"]",
      "instances": [
        {
          "index_key": 0,
          "schema_version": 0,
          "attributes": {
            "asserts_url": "https://api.github.com/repos/rancher/rke2/releases/264071860/assets",
            "assets": [
              {
                "browser_download_url": "https://github.com/rancher/rke2/releases/download/v1.33.6%2Brke2r1/e2e-passed-amd64-parallel.log",
                "content_type": "application/octet-stream",
                "created_at": "2025-11-20 21:24:26 +0000 UTC",
                "id": 318941899,
                "label": "",
                "name": "e2e-passed-amd64-parallel.log",
                "node_id": "RA_kwDODyID484TAqrL",
                "size": 7900,
                "updated_at": "2025-11-20 21:24:26 +0000 UTC",
                "url": "https://api.github.com/repos/rancher/rke2/releases/assets/318941899"
              },
              {
                "browser_download_url": "https://github.com/rancher/rke2/releases/download/v1.33.6%2Brke2r1/e2e-passed-amd64-serial.log",
                "content_type": "application/octet-stream",
                "created_at": "2025-11-20 21:24:26 +0000 UTC",
                "id": 318941903,
                "label": "",
                "name": "e2e-passed-amd64-serial.log",
                "node_id": "RA_kwDODyID484TAqrP",
                "size": 7255,
                "updated_at": "2025-11-20 21:24:26 +0000 UTC",
                "url": "https://api.github.com/repos/rancher/rke2/releases/assets/318941903"
              },
              {
                "browser_download_url": "https://github.com/rancher/rke2/releases/download/v1.33.6%2Brke2r1/rke2-images-all.linux-amd64.txt",
                "content_type": "application/octet-stream",
                "created_at": "2025-11-20 21:24:26 +0000 UTC",
                "id": 318941902,
                "label": "",
                "name": "rke2-images-all.linux-amd64.txt",
                "node_id": "RA_kwDODyID484TAqrO",
                "size": 3968,
                "updated_at": "2025-11-20 21:24:26 +0000 UTC",
                "url": "https://api.github.com/repos/rancher/rke2/releases/assets/318941902"
              },
              {
                "browser_download_url": "https://github.com/rancher/rke2/releases/download/v1.33.6%2Brke2r1/rke2-images-all.linux-arm64.txt",
                "content_type": "application/octet-stream",
                "created_at": "2025-11-20 18:18:57 +0000 UTC",
                "id": 318885265,
                "label": "",
                "name": "rke2-images-all.linux-arm64.txt",
                "node_id": "RA_kwDODyID484TAc2R",
                "size": 3382,
                "updated_at": "2025-11-20 18:18:58 +0000 UTC",
                "url": "https://api.github.com/repos/rancher/rke2/releases/assets/318885265"
              },
              {
                "browser_download_url": "https://github.com/rancher/rke2/releases/download/v1.33.6%2Brke2r1/rke2-images-calico.linux-amd64.tar.gz",
                "content_type": "application/x-gtar",
                "created_at": "2025-11-20 21:24:26 +0000 UTC",
                "id": 318941900,
                "label": "",
                "name": "rke2-images-calico.linux-amd64.tar.gz",
                "node_id": "RA_kwDODyID484TAqrM",
                "size": 615042386,
                "updated_at": "2025-11-20 21:24:43 +0000 UTC",
                "url": "https://api.github.com/repos/rancher/rke2/releases/assets/318941900"
              },
              {
                "browser_download_url": "https://github.com/rancher/rke2/releases/download/v1.33.6%2Brke2r1/rke2-images-calico.linux-amd64.tar.zst",
                "content_type": "application/octet-stream",
                "created_at": "2025-11-20 21:24:26 +0000 UTC",
                "id": 318941901,
                "label": "",
                "name": "rke2-images-calico.linux-amd64.tar.zst",
                "node_id": "RA_kwDODyID484TAqrN",
                "size": 506976816,
                "updated_at": "2025-11-20 21:24:39 +0000 UTC",
                "url": "https://api.github.com/repos/rancher/rke2/releases/assets/318941901"
              },
              {
                "browser_download_url": "https://github.com/rancher/rke2/releases/download/v1.33.6%2Brke2r1/rke2-images-calico.linux-amd64.txt",
                "content_type": "application/octet-stream",
                "created_at": "2025-11-20 21:24:26 +0000 UTC",
                "id": 318941905,
                "label": "",
                "name": "rke2-images-calico.linux-amd64.txt",
                "node_id": "RA_kwDODyID484TAqrR",
                "size": 847,
                "updated_at": "2025-11-20 21:24:27 +0000 UTC",
                "url": "https://api.github.com/repos/rancher/rke2/releases/assets/318941905"
              },
              {
                "browser_download_url": "https://github.com/rancher/rke2/releases/download/v1.33.6%2Brke2r1/rke2-images-calico.linux-arm64.tar.gz",
                "content_type": "application/x-gtar",
                "created_at": "2025-11-20 18:18:57 +0000 UTC",
                "id": 318885269,
                "label": "",
                "name": "rke2-images-calico.linux-arm64.tar.gz",
                "node_id": "RA_kwDODyID484TAc2V",
                "size": 576408227,
                "updated_at": "2025-11-20 18:19:12 +0000 UTC",
                "url": "https://api.github.com/repos/rancher/rke2/releases/assets/318885269"
              },
              {
                "browser_download_url": "https://github.com/rancher/rke2/releases/download/v1.33.6%2Brke2r1/rke2-images-calico.linux-arm64.tar.zst",
                "content_type": "application/octet-stream",
                "created_at": "2025-11-20 18:18:57 +0000 UTC",
                "id": 318885267,
                "label": "",
                "name": "rke2-images-calico.linux-arm64.tar.zst",
                "node_id": "RA_kwDODyID484TAc2T",
                "size": 477668542,
                "updated_at": "2025-11-20 18:19:09 +0000 UTC",
                "url": "https://api.github.com/repos/rancher/rke2/releases/assets/318885267"
              },
              {
                "browser_download_url": "https://github.com/rancher/rke2/releases/download/v1.33.6%2Brke2r1/rke2-images-calico.linux-arm64.txt",
                "content_type": "application/octet-stream",
                "created_at": "2025-11-20 18:18:57 +0000 UTC",
                "id": 318885266,
                "label": "",
                "name": "rke2-images-calico.linux-arm64.txt",
                "node_id": "RA_kwDODyID484TAc2S",
                "size": 847,
                "updated_at": "2025-11-20 18:18:58 +0000 UTC",
                "url": "https://api.github.com/repos/rancher/rke2/releases/assets/318885266"
              },
              {
                "browser_download_url": "https://github.com/rancher/rke2/releases/download/v1.33.6%2Brke2r1/rke2-images-canal.linux-amd64.tar.gz",
                "content_type": "application/x-gtar",
                "created_at": "2025-11-20 21:24:26 +0000 UTC",
                "id": 318941904,
                "label": "",
                "name": "rke2-images-canal.linux-amd64.tar.gz",
                "node_id": "RA_kwDODyID484TAqrQ",
                "size": 248616479,
                "updated_at": "2025-11-20 21:24:36 +0000 UTC",
                "url": "https://api.github.com/repos/rancher/rke2/releases/assets/318941904"
              },
              {
                "browser_download_url": "https://github.com/rancher/rke2/releases/download/v1.33.6%2Brke2r1/rke2-images-canal.linux-amd64.tar.zst",
                "content_type": "application/octet-stream",
                "created_at": "2025-11-20 21:24:26 +0000 UTC",
                "id": 318941906,
                "label": "",
                "name": "rke2-images-canal.linux-amd64.tar.zst",
                "node_id": "RA_kwDODyID484TAqrS",
                "size": 170536048,
                "updated_at": "2025-11-20 21:24:34 +0000 UTC",
                "url": "https://api.github.com/repos/rancher/rke2/releases/assets/318941906"
              },
              {
                "browser_download_url": "https://github.com/rancher/rke2/releases/download/v1.33.6%2Brke2r1/rke2-images-canal.linux-amd64.txt",
                "content_type": "application/octet-stream",
                "created_at": "2025-11-20 21:24:27 +0000 UTC",
                "id": 318941908,
                "label": "",
                "name": "rke2-images-canal.linux-amd64.txt",
                "node_id": "RA_kwDODyID484TAqrU",
                "size": 113,
                "updated_at": "2025-11-20 21:24:27 +0000 UTC",
                "url": "https://api.github.com/repos/rancher/rke2/releases/assets/318941908"
              },
              {
                "browser_download_url": "https://github.com/rancher/rke2/releases/download/v1.33.6%2Brke2r1/rke2-images-canal.linux-arm64.tar.gz",
                "content_type": "application/x-gtar",
                "created_at": "2025-11-20 18:18:57 +0000 UTC",
                "id": 318885268,
                "label": "",
                "name": "rke2-images-canal.linux-arm64.tar.gz",
                "node_id": "RA_kwDODyID484TAc2U",
                "size": 228336962,
                "updated_at": "2025-11-20 18:19:04 +0000 UTC",
                "url": "https://api.github.com/repos/rancher/rke2/releases/assets/318885268"
              },
              {
                "browser_download_url": "https://github.com/rancher/rke2/releases/download/v1.33.6%2Brke2r1/rke2-images-canal.linux-arm64.tar.zst",
                "content_type": "application/octet-stream",
                "created_at": "2025-11-20 18:18:58 +0000 UTC",
                "id": 318885272,
                "label": "",
                "name": "rke2-images-canal.linux-arm64.tar.zst",
                "node_id": "RA_kwDODyID484TAc2Y",
                "size": 156519716,
                "updated_at": "2025-11-20 18:19:01 +0000 UTC",
                "url": "https://api.github.com/repos/rancher/rke2/releases/assets/318885272"
              },
              {
                "browser_download_url": "https://github.com/rancher/rke2/releases/download/v1.33.6%2Brke2r1/rke2-images-canal.linux-arm64.txt",
                "content_type": "application/octet-stream",
                "created_at": "2025-11-20 18:18:58 +0000 UTC",
                "id": 318885273,
                "label": "",
                "name": "rke2-images-canal.linux-arm64.txt",
                "node_id": "RA_kwDODyID484TAc2Z",
                "size": 113,
                "updated_at": "2025-11-20 18:18:58 +0000 UTC",
                "url": "https://api.github.com/repos/rancher/rke2/releases/assets/318885273"
              },
              {
                "browser_download_url": "https://github.com/rancher/rke2/releases/download/v1.33.6%2Brke2r1/rke2-images-cilium.linux-amd64.tar.gz",
                "content_type": "application/x-gtar",
                "created_at": "2025-11-20 21:24:27 +0000 UTC",
                "id": 318941910,
                "label": "",
                "name": "rke2-images-cilium.linux-amd64.tar.gz",
                "node_id": "RA_kwDODyID484TAqrW",
                "size": 579432985,
                "updated_at": "2025-11-20 21:24:41 +0000 UTC",
                "url": "https://api.github.com/repos/rancher/rke2/releases/assets/318941910"
              },
              {
                "browser_download_url": "https://github.com/rancher/rke2/releases/download/v1.33.6%2Brke2r1/rke2-images-cilium.linux-amd64.tar.zst",
                "content_type": "application/octet-stream",
                "created_at": "2025-11-20 21:24:34 +0000 UTC",
                "id": 318941930,
                "label": "",
                "name": "rke2-images-cilium.linux-amd64.tar.zst",
                "node_id": "RA_kwDODyID484TAqrq",
                "size": 433249525,
                "updated_at": "2025-11-20 21:24:45 +0000 UTC",
                "url": "https://api.github.com/repos/rancher/rke2/releases/assets/318941930"
              },
              {
                "browser_download_url": "https://github.com/rancher/rke2/releases/download/v1.33.6%2Brke2r1/rke2-images-cilium.linux-amd64.txt",
                "content_type": "application/octet-stream",
                "created_at": "2025-11-20 21:24:36 +0000 UTC",
                "id": 318941937,
                "label": "",
                "name": "rke2-images-cilium.linux-amd64.txt",
                "node_id": "RA_kwDODyID484TAqrx",
                "size": 668,
                "updated_at": "2025-11-20 21:24:36 +0000 UTC",
                "url": "https://api.github.com/repos/rancher/rke2/releases/assets/318941937"
              },
              {
                "browser_download_url": "https://github.com/rancher/rke2/releases/download/v1.33.6%2Brke2r1/rke2-images-cilium.linux-arm64.tar.gz",
                "content_type": "application/x-gtar",
                "created_at": "2025-11-20 18:18:58 +0000 UTC",
                "id": 318885275,
                "label": "",
                "name": "rke2-images-cilium.linux-arm64.tar.gz",
                "node_id": "RA_kwDODyID484TAc2b",
                "size": 639770516,
                "updated_at": "2025-11-20 18:19:16 +0000 UTC",
                "url": "https://api.github.com/repos/rancher/rke2/releases/assets/318885275"
              },
              {
                "browser_download_url": "https://github.com/rancher/rke2/releases/download/v1.33.6%2Brke2r1/rke2-images-cilium.linux-arm64.tar.zst",
                "content_type": "application/octet-stream",
                "created_at": "2025-11-20 18:19:02 +0000 UTC",
                "id": 318885287,
                "label": "",
                "name": "rke2-images-cilium.linux-arm64.tar.zst",
                "node_id": "RA_kwDODyID484TAc2n",
                "size": 495478384,
                "updated_at": "2025-11-20 18:19:15 +0000 UTC",
                "url": "https://api.github.com/repos/rancher/rke2/releases/assets/318885287"
              },
              {
                "browser_download_url": "https://github.com/rancher/rke2/releases/download/v1.33.6%2Brke2r1/rke2-images-cilium.linux-arm64.txt",
                "content_type": "application/octet-stream",
                "created_at": "2025-11-20 18:19:05 +0000 UTC",
                "id": 318885301,
                "label": "",
                "name": "rke2-images-cilium.linux-arm64.txt",
                "node_id": "RA_kwDODyID484TAc21",
                "size": 668,
                "updated_at": "2025-11-20 18:19:05 +0000 UTC",
                "url": "https://api.github.com/repos/rancher/rke2/releases/assets/318885301"
              },
              {
                "browser_download_url": "https://github.com/rancher/rke2/releases/download/v1.33.6%2Brke2r1/rke2-images-core.linux-amd64.tar.gz",
                "content_type": "application/x-gtar",
                "created_at": "2025-11-20 21:24:36 +0000 UTC",
                "id": 318941941,
                "label": "",
                "name": "rke2-images-core.linux-amd64.tar.gz",
                "node_id": "RA_kwDODyID484TAqr1",
                "size": 782264769,
                "updated_at": "2025-11-20 21:24:54 +0000 UTC",
                "url": "https://api.github.com/repos/rancher/rke2/releases/assets/318941941"
              },
              {
                "browser_download_url": "https://github.com/rancher/rke2/releases/download/v1.33.6%2Brke2r1/rke2-images-core.linux-amd64.tar.zst",
                "content_type": "application/octet-stream",
                "created_at": "2025-11-20 21:24:40 +0000 UTC",
                "id": 318941953,
                "label": "",
                "name": "rke2-images-core.linux-amd64.tar.zst",
                "node_id": "RA_kwDODyID484TAqsB",
                "size": 619411854,
                "updated_at": "2025-11-20 21:24:56 +0000 UTC",
                "url": "https://api.github.com/repos/rancher/rke2/releases/assets/318941953"
              },
              {
                "browser_download_url": "https://github.com/rancher/rke2/releases/download/v1.33.6%2Brke2r1/rke2-images-core.linux-amd64.txt",
                "content_type": "application/octet-stream",
                "created_at": "2025-11-20 21:24:42 +0000 UTC",
                "id": 318941959,
                "label": "",
                "name": "rke2-images-core.linux-amd64.txt",
                "node_id": "RA_kwDODyID484TAqsH",
                "size": 902,
                "updated_at": "2025-11-20 21:24:42 +0000 UTC",
                "url": "https://api.github.com/repos/rancher/rke2/releases/assets/318941959"
              },
              {
                "browser_download_url": "https://github.com/rancher/rke2/releases/download/v1.33.6%2Brke2r1/rke2-images-core.linux-arm64.tar.gz",
                "content_type": "application/x-gtar",
                "created_at": "2025-11-20 18:19:05 +0000 UTC",
                "id": 318885302,
                "label": "",
                "name": "rke2-images-core.linux-arm64.tar.gz",
                "node_id": "RA_kwDODyID484TAc22",
                "size": 731362848,
                "updated_at": "2025-11-20 18:19:20 +0000 UTC",
                "url": "https://api.github.com/repos/rancher/rke2/releases/assets/318885302"
              },
              {
                "browser_download_url": "https://github.com/rancher/rke2/releases/download/v1.33.6%2Brke2r1/rke2-images-core.linux-arm64.tar.zst",
                "content_type": "application/octet-stream",
                "created_at": "2025-11-20 18:19:09 +0000 UTC",
                "id": 318885310,
                "label": "",
                "name": "rke2-images-core.linux-arm64.tar.zst",
                "node_id": "RA_kwDODyID484TAc2-",
                "size": 579318209,
                "updated_at": "2025-11-20 18:19:25 +0000 UTC",
                "url": "https://api.github.com/repos/rancher/rke2/releases/assets/318885310"
              },
              {
                "browser_download_url": "https://github.com/rancher/rke2/releases/download/v1.33.6%2Brke2r1/rke2-images-core.linux-arm64.txt",
                "content_type": "application/octet-stream",
                "created_at": "2025-11-20 18:19:12 +0000 UTC",
                "id": 318885318,
                "label": "",
                "name": "rke2-images-core.linux-arm64.txt",
                "node_id": "RA_kwDODyID484TAc3G",
                "size": 902,
                "updated_at": "2025-11-20 18:19:12 +0000 UTC",
                "url": "https://api.github.com/repos/rancher/rke2/releases/assets/318885318"
              },
              {
                "browser_download_url": "https://github.com/rancher/rke2/releases/download/v1.33.6%2Brke2r1/rke2-images-flannel.linux-amd64.tar.gz",
                "content_type": "application/x-gtar",
                "created_at": "2025-11-20 21:24:42 +0000 UTC",
                "id": 318941961,
                "label": "",
                "name": "rke2-images-flannel.linux-amd64.tar.gz",
                "node_id": "RA_kwDODyID484TAqsJ",
                "size": 64826384,
                "updated_at": "2025-11-20 21:24:44 +0000 UTC",
                "url": "https://api.github.com/repos/rancher/rke2/releases/assets/318941961"
              },
              {
                "browser_download_url": "https://github.com/rancher/rke2/releases/download/v1.33.6%2Brke2r1/rke2-images-flannel.linux-amd64.tar.zst",
                "content_type": "application/octet-stream",
                "created_at": "2025-11-20 21:24:44 +0000 UTC",
                "id": 318941969,
                "label": "",
                "name": "rke2-images-flannel.linux-amd64.tar.zst",
                "node_id": "RA_kwDODyID484TAqsR",
                "size": 30774161,
                "updated_at": "2025-11-20 21:24:45 +0000 UTC",
                "url": "https://api.github.com/repos/rancher/rke2/releases/assets/318941969"
              },
              {
                "browser_download_url": "https://github.com/rancher/rke2/releases/download/v1.33.6%2Brke2r1/rke2-images-flannel.linux-amd64.txt",
                "content_type": "application/octet-stream",
                "created_at": "2025-11-20 21:24:44 +0000 UTC",
                "id": 318941970,
                "label": "",
                "name": "rke2-images-flannel.linux-amd64.txt",
                "node_id": "RA_kwDODyID484TAqsS",
                "size": 117,
                "updated_at": "2025-11-20 21:24:44 +0000 UTC",
                "url": "https://api.github.com/repos/rancher/rke2/releases/assets/318941970"
              },
              {
                "browser_download_url": "https://github.com/rancher/rke2/releases/download/v1.33.6%2Brke2r1/rke2-images-flannel.linux-arm64.tar.gz",
                "content_type": "application/x-gtar",
                "created_at": "2025-11-20 18:19:12 +0000 UTC",
                "id": 318885320,
                "label": "",
                "name": "rke2-images-flannel.linux-arm64.tar.gz",
                "node_id": "RA_kwDODyID484TAc3I",
                "size": 57332208,
                "updated_at": "2025-11-20 18:19:14 +0000 UTC",
                "url": "https://api.github.com/repos/rancher/rke2/releases/assets/318885320"
              },
              {
                "browser_download_url": "https://github.com/rancher/rke2/releases/download/v1.33.6%2Brke2r1/rke2-images-flannel.linux-arm64.tar.zst",
                "content_type": "application/octet-stream",
                "created_at": "2025-11-20 18:19:15 +0000 UTC",
                "id": 318885336,
                "label": "",
                "name": "rke2-images-flannel.linux-arm64.tar.zst",
                "node_id": "RA_kwDODyID484TAc3Y",
                "size": 27474033,
                "updated_at": "2025-11-20 18:19:16 +0000 UTC",
                "url": "https://api.github.com/repos/rancher/rke2/releases/assets/318885336"
              },
              {
                "browser_download_url": "https://github.com/rancher/rke2/releases/download/v1.33.6%2Brke2r1/rke2-images-flannel.linux-arm64.txt",
                "content_type": "application/octet-stream",
                "created_at": "2025-11-20 18:19:15 +0000 UTC",
                "id": 318885339,
                "label": "",
                "name": "rke2-images-flannel.linux-arm64.txt",
                "node_id": "RA_kwDODyID484TAc3b",
                "size": 117,
                "updated_at": "2025-11-20 18:19:15 +0000 UTC",
                "url": "https://api.github.com/repos/rancher/rke2/releases/assets/318885339"
              },
              {
                "browser_download_url": "https://github.com/rancher/rke2/releases/download/v1.33.6%2Brke2r1/rke2-images-harvester.linux-amd64.tar.gz",
                "content_type": "application/x-gtar",
                "created_at": "2025-11-20 21:24:45 +0000 UTC",
                "id": 318941971,
                "label": "",
                "name": "rke2-images-harvester.linux-amd64.tar.gz",
                "node_id": "RA_kwDODyID484TAqsT",
                "size": 282705051,
                "updated_at": "2025-11-20 21:24:52 +0000 UTC",
                "url": "https://api.github.com/repos/rancher/rke2/releases/assets/318941971"
              },
              {
                "browser_download_url": "https://github.com/rancher/rke2/releases/download/v1.33.6%2Brke2r1/rke2-images-harvester.linux-amd64.tar.zst",
                "content_type": "application/octet-stream",
                "created_at": "2025-11-20 21:24:45 +0000 UTC",
                "id": 318941972,
                "label": "",
                "name": "rke2-images-harvester.linux-amd64.tar.zst",
                "node_id": "RA_kwDODyID484TAqsU",
                "size": 231116822,
                "updated_at": "2025-11-20 21:24:52 +0000 UTC",
                "url": "https://api.github.com/repos/rancher/rke2/releases/assets/318941972"
              },
              {
                "browser_download_url": "https://github.com/rancher/rke2/releases/download/v1.33.6%2Brke2r1/rke2-images-harvester.linux-amd64.txt",
                "content_type": "application/octet-stream",
                "created_at": "2025-11-20 21:24:45 +0000 UTC",
                "id": 318941973,
                "label": "",
                "name": "rke2-images-harvester.linux-amd64.txt",
                "node_id": "RA_kwDODyID484TAqsV",
                "size": 483,
                "updated_at": "2025-11-20 21:24:45 +0000 UTC",
                "url": "https://api.github.com/repos/rancher/rke2/releases/assets/318941973"
              },
              {
                "browser_download_url": "https://github.com/rancher/rke2/releases/download/v1.33.6%2Brke2r1/rke2-images-harvester.linux-arm64.tar.gz",
                "content_type": "application/x-gtar",
                "created_at": "2025-11-20 18:19:15 +0000 UTC",
                "id": 318885343,
                "label": "",
                "name": "rke2-images-harvester.linux-arm64.tar.gz",
                "node_id": "RA_kwDODyID484TAc3f",
                "size": 268779464,
                "updated_at": "2025-11-20 18:19:23 +0000 UTC",
                "url": "https://api.github.com/repos/rancher/rke2/releases/assets/318885343"
              },
              {
                "browser_download_url": "https://github.com/rancher/rke2/releases/download/v1.33.6%2Brke2r1/rke2-images-harvester.linux-arm64.tar.zst",
                "content_type": "application/octet-stream",
                "created_at": "2025-11-20 18:19:16 +0000 UTC",
                "id": 318885347,
                "label": "",
                "name": "rke2-images-harvester.linux-arm64.tar.zst",
                "node_id": "RA_kwDODyID484TAc3j",
                "size": 219702000,
                "updated_at": "2025-11-20 18:19:22 +0000 UTC",
                "url": "https://api.github.com/repos/rancher/rke2/releases/assets/318885347"
              },
              {
                "browser_download_url": "https://github.com/rancher/rke2/releases/download/v1.33.6%2Brke2r1/rke2-images-harvester.linux-arm64.txt",
                "content_type": "application/octet-stream",
                "created_at": "2025-11-20 18:19:16 +0000 UTC",
                "id": 318885349,
                "label": "",
                "name": "rke2-images-harvester.linux-arm64.txt",
                "node_id": "RA_kwDODyID484TAc3l",
                "size": 483,
                "updated_at": "2025-11-20 18:19:17 +0000 UTC",
                "url": "https://api.github.com/repos/rancher/rke2/releases/assets/318885349"
              },
              {
                "browser_download_url": "https://github.com/rancher/rke2/releases/download/v1.33.6%2Brke2r1/rke2-images-multus.linux-amd64.tar.gz",
                "content_type": "application/x-gtar",
                "created_at": "2025-11-20 21:24:46 +0000 UTC",
                "id": 318941975,
                "label": "",
                "name": "rke2-images-multus.linux-amd64.tar.gz",
                "node_id": "RA_kwDODyID484TAqsX",
                "size": 184008894,
                "updated_at": "2025-11-20 21:24:50 +0000 UTC",
                "url": "https://api.github.com/repos/rancher/rke2/releases/assets/318941975"
              },
              {
                "browser_download_url": "https://github.com/rancher/rke2/releases/download/v1.33.6%2Brke2r1/rke2-images-multus.linux-amd64.tar.zst",
                "content_type": "application/octet-stream",
                "created_at": "2025-11-20 21:24:50 +0000 UTC",
                "id": 318941999,
                "label": "",
                "name": "rke2-images-multus.linux-amd64.tar.zst",
                "node_id": "RA_kwDODyID484TAqsv",
                "size": 121024892,
                "updated_at": "2025-11-20 21:24:54 +0000 UTC",
                "url": "https://api.github.com/repos/rancher/rke2/releases/assets/318941999"
              },
              {
                "browser_download_url": "https://github.com/rancher/rke2/releases/download/v1.33.6%2Brke2r1/rke2-images-multus.linux-amd64.txt",
                "content_type": "application/octet-stream",
                "created_at": "2025-11-20 21:24:52 +0000 UTC",
                "id": 318942009,
                "label": "",
                "name": "rke2-images-multus.linux-amd64.txt",
                "node_id": "RA_kwDODyID484TAqs5",
                "size": 373,
                "updated_at": "2025-11-20 21:24:52 +0000 UTC",
                "url": "https://api.github.com/repos/rancher/rke2/releases/assets/318942009"
              },
              {
                "browser_download_url": "https://github.com/rancher/rke2/releases/download/v1.33.6%2Brke2r1/rke2-images-multus.linux-arm64.tar.gz",
                "content_type": "application/x-gtar",
                "created_at": "2025-11-20 18:19:17 +0000 UTC",
                "id": 318885351,
                "label": "",
                "name": "rke2-images-multus.linux-arm64.tar.gz",
                "node_id": "RA_kwDODyID484TAc3n",
                "size": 164261330,
                "updated_at": "2025-11-20 18:19:21 +0000 UTC",
                "url": "https://api.github.com/repos/rancher/rke2/releases/assets/318885351"
              },
              {
                "browser_download_url": "https://github.com/rancher/rke2/releases/download/v1.33.6%2Brke2r1/rke2-images-multus.linux-arm64.tar.zst",
                "content_type": "application/octet-stream",
                "created_at": "2025-11-20 18:19:21 +0000 UTC",
                "id": 318885366,
                "label": "",
                "name": "rke2-images-multus.linux-arm64.tar.zst",
                "node_id": "RA_kwDODyID484TAc32",
                "size": 108541718,
                "updated_at": "2025-11-20 18:19:24 +0000 UTC",
                "url": "https://api.github.com/repos/rancher/rke2/releases/assets/318885366"
              },
              {
                "browser_download_url": "https://github.com/rancher/rke2/releases/download/v1.33.6%2Brke2r1/rke2-images-multus.linux-arm64.txt",
                "content_type": "application/octet-stream",
                "created_at": "2025-11-20 18:19:21 +0000 UTC",
                "id": 318885380,
                "label": "",
                "name": "rke2-images-multus.linux-arm64.txt",
                "node_id": "RA_kwDODyID484TAc4E",
                "size": 373,
                "updated_at": "2025-11-20 18:19:21 +0000 UTC",
                "url": "https://api.github.com/repos/rancher/rke2/releases/assets/318885380"
              },
              {
                "browser_download_url": "https://github.com/rancher/rke2/releases/download/v1.33.6%2Brke2r1/rke2-images-traefik.linux-amd64.tar.gz",
                "content_type": "application/x-gtar",
                "created_at": "2025-11-20 21:24:52 +0000 UTC",
                "id": 318942012,
                "label": "",
                "name": "rke2-images-traefik.linux-amd64.tar.gz",
                "node_id": "RA_kwDODyID484TAqs8",
                "size": 46889288,
                "updated_at": "2025-11-20 21:24:54 +0000 UTC",
                "url": "https://api.github.com/repos/rancher/rke2/releases/assets/318942012"
              },
              {
                "browser_download_url": "https://github.com/rancher/rke2/releases/download/v1.33.6%2Brke2r1/rke2-images-traefik.linux-amd64.tar.zst",
                "content_type": "application/octet-stream",
                "created_at": "2025-11-20 21:24:53 +0000 UTC",
                "id": 318942013,
                "label": "",
                "name": "rke2-images-traefik.linux-amd64.tar.zst",
                "node_id": "RA_kwDODyID484TAqs9",
                "size": 37048491,
                "updated_at": "2025-11-20 21:24:54 +0000 UTC",
                "url": "https://api.github.com/repos/rancher/rke2/releases/assets/318942013"
              },
              {
                "browser_download_url": "https://github.com/rancher/rke2/releases/download/v1.33.6%2Brke2r1/rke2-images-traefik.linux-amd64.txt",
                "content_type": "application/octet-stream",
                "created_at": "2025-11-20 21:24:54 +0000 UTC",
                "id": 318942018,
                "label": "",
                "name": "rke2-images-traefik.linux-amd64.txt",
                "node_id": "RA_kwDODyID484TAqtC",
                "size": 56,
                "updated_at": "2025-11-20 21:24:54 +0000 UTC",
                "url": "https://api.github.com/repos/rancher/rke2/releases/assets/318942018"
              },
              {
                "browser_download_url": "https://github.com/rancher/rke2/releases/download/v1.33.6%2Brke2r1/rke2-images-traefik.linux-arm64.tar.gz",
                "content_type": "application/x-gtar",
                "created_at": "2025-11-20 18:19:22 +0000 UTC",
                "id": 318885384,
                "label": "",
                "name": "rke2-images-traefik.linux-arm64.tar.gz",
                "node_id": "RA_kwDODyID484TAc4I",
                "size": 42331030,
                "updated_at": "2025-11-20 18:19:23 +0000 UTC",
                "url": "https://api.github.com/repos/rancher/rke2/releases/assets/318885384"
              },
              {
                "browser_download_url": "https://github.com/rancher/rke2/releases/download/v1.33.6%2Brke2r1/rke2-images-traefik.linux-arm64.tar.zst",
                "content_type": "application/octet-stream",
                "created_at": "2025-11-20 18:19:22 +0000 UTC",
                "id": 318885386,
                "label": "",
                "name": "rke2-images-traefik.linux-arm64.tar.zst",
                "node_id": "RA_kwDODyID484TAc4K",
                "size": 33455899,
                "updated_at": "2025-11-20 18:19:24 +0000 UTC",
                "url": "https://api.github.com/repos/rancher/rke2/releases/assets/318885386"
              },
              {
                "browser_download_url": "https://github.com/rancher/rke2/releases/download/v1.33.6%2Brke2r1/rke2-images-traefik.linux-arm64.txt",
                "content_type": "application/octet-stream",
                "created_at": "2025-11-20 18:19:23 +0000 UTC",
                "id": 318885396,
                "label": "",
                "name": "rke2-images-traefik.linux-arm64.txt",
                "node_id": "RA_kwDODyID484TAc4U",
                "size": 56,
                "updated_at": "2025-11-20 18:19:23 +0000 UTC",
                "url": "https://api.github.com/repos/rancher/rke2/releases/assets/318885396"
              },
              {
                "browser_download_url": "https://github.com/rancher/rke2/releases/download/v1.33.6%2Brke2r1/rke2-images-vsphere.linux-amd64.tar.gz",
                "content_type": "application/x-gtar",
                "created_at": "2025-11-20 21:24:54 +0000 UTC",
                "id": 318942019,
                "label": "",
                "name": "rke2-images-vsphere.linux-amd64.tar.gz",
                "node_id": "RA_kwDODyID484TAqtD",
                "size": 314200470,
                "updated_at": "2025-11-20 21:25:02 +0000 UTC",
                "url": "https://api.github.com/repos/rancher/rke2/releases/assets/318942019"
              },
              {
                "browser_download_url": "https://github.com/rancher/rke2/releases/download/v1.33.6%2Brke2r1/rke2-images-vsphere.linux-amd64.tar.zst",
                "content_type": "application/octet-stream",
                "created_at": "2025-11-20 21:24:54 +0000 UTC",
                "id": 318942021,
                "label": "",
                "name": "rke2-images-vsphere.linux-amd64.tar.zst",
                "node_id": "RA_kwDODyID484TAqtF",
                "size": 267251543,
                "updated_at": "2025-11-20 21:25:01 +0000 UTC",
                "url": "https://api.github.com/repos/rancher/rke2/releases/assets/318942021"
              },
              {
                "browser_download_url": "https://github.com/rancher/rke2/releases/download/v1.33.6%2Brke2r1/rke2-images-vsphere.linux-amd64.txt",
                "content_type": "application/octet-stream",
                "created_at": "2025-11-20 21:24:54 +0000 UTC",
                "id": 318942022,
                "label": "",
                "name": "rke2-images-vsphere.linux-amd64.txt",
                "node_id": "RA_kwDODyID484TAqtG",
                "size": 586,
                "updated_at": "2025-11-20 21:24:55 +0000 UTC",
                "url": "https://api.github.com/repos/rancher/rke2/releases/assets/318942022"
              },
              {
                "browser_download_url": "https://github.com/rancher/rke2/releases/download/v1.33.6%2Brke2r1/rke2-images.linux-amd64.tar.gz",
                "content_type": "application/x-gtar",
                "created_at": "2025-11-20 21:24:55 +0000 UTC",
                "id": 318942025,
                "label": "",
                "name": "rke2-images.linux-amd64.tar.gz",
                "node_id": "RA_kwDODyID484TAqtJ",
                "size": 1025362582,
                "updated_at": "2025-11-20 21:25:25 +0000 UTC",
                "url": "https://api.github.com/repos/rancher/rke2/releases/assets/318942025"
              },
              {
                "browser_download_url": "https://github.com/rancher/rke2/releases/download/v1.33.6%2Brke2r1/rke2-images.linux-amd64.tar.zst",
                "content_type": "application/octet-stream",
                "created_at": "2025-11-20 21:24:55 +0000 UTC",
                "id": 318942026,
                "label": "",
                "name": "rke2-images.linux-amd64.tar.zst",
                "node_id": "RA_kwDODyID484TAqtK",
                "size": 786125622,
                "updated_at": "2025-11-20 21:25:13 +0000 UTC",
                "url": "https://api.github.com/repos/rancher/rke2/releases/assets/318942026"
              },
              {
                "browser_download_url": "https://github.com/rancher/rke2/releases/download/v1.33.6%2Brke2r1/rke2-images.linux-amd64.txt",
                "content_type": "application/octet-stream",
                "created_at": "2025-11-20 21:24:57 +0000 UTC",
                "id": 318942031,
                "label": "",
                "name": "rke2-images.linux-amd64.txt",
                "node_id": "RA_kwDODyID484TAqtP",
                "size": 1015,
                "updated_at": "2025-11-20 21:24:57 +0000 UTC",
                "url": "https://api.github.com/repos/rancher/rke2/releases/assets/318942031"
              },
              {
                "browser_download_url": "https://github.com/rancher/rke2/releases/download/v1.33.6%2Brke2r1/rke2-images.linux-arm64.tar.gz",
                "content_type": "application/x-gtar",
                "created_at": "2025-11-20 18:19:23 +0000 UTC",
                "id": 318885399,
                "label": "",
                "name": "rke2-images.linux-arm64.tar.gz",
                "node_id": "RA_kwDODyID484TAc4X",
                "size": 955071035,
                "updated_at": "2025-11-20 18:19:43 +0000 UTC",
                "url": "https://api.github.com/repos/rancher/rke2/releases/assets/318885399"
              },
              {
                "browser_download_url": "https://github.com/rancher/rke2/releases/download/v1.33.6%2Brke2r1/rke2-images.linux-arm64.tar.zst",
                "content_type": "application/octet-stream",
                "created_at": "2025-11-20 18:19:23 +0000 UTC",
                "id": 318885403,
                "label": "",
                "name": "rke2-images.linux-arm64.tar.zst",
                "node_id": "RA_kwDODyID484TAc4b",
                "size": 733375172,
                "updated_at": "2025-11-20 18:19:38 +0000 UTC",
                "url": "https://api.github.com/repos/rancher/rke2/releases/assets/318885403"
              },
              {
                "browser_download_url": "https://github.com/rancher/rke2/releases/download/v1.33.6%2Brke2r1/rke2-images.linux-arm64.txt",
                "content_type": "application/octet-stream",
                "created_at": "2025-11-20 18:19:24 +0000 UTC",
                "id": 318885409,
                "label": "",
                "name": "rke2-images.linux-arm64.txt",
                "node_id": "RA_kwDODyID484TAc4h",
                "size": 1015,
                "updated_at": "2025-11-20 18:19:24 +0000 UTC",
                "url": "https://api.github.com/repos/rancher/rke2/releases/assets/318885409"
              },
              {
                "browser_download_url": "https://github.com/rancher/rke2/releases/download/v1.33.6%2Brke2r1/rke2-images.windows-amd64.txt",
                "content_type": "application/octet-stream",
                "created_at": "2025-11-20 21:24:57 +0000 UTC",
                "id": 318942033,
                "label": "",
                "name": "rke2-images.windows-amd64.txt",
                "node_id": "RA_kwDODyID484TAqtR",
                "size": 97,
                "updated_at": "2025-11-20 21:24:57 +0000 UTC",
                "url": "https://api.github.com/repos/rancher/rke2/releases/assets/318942033"
              },
              {
                "browser_download_url": "https://github.com/rancher/rke2/releases/download/v1.33.6%2Brke2r1/rke2-windows-1809-amd64-images.tar.gz",
                "content_type": "application/x-gtar",
                "created_at": "2025-11-20 21:24:58 +0000 UTC",
                "id": 318942035,
                "label": "",
                "name": "rke2-windows-1809-amd64-images.tar.gz",
                "node_id": "RA_kwDODyID484TAqtT",
                "size": 365706267,
                "updated_at": "2025-11-20 21:25:06 +0000 UTC",
                "url": "https://api.github.com/repos/rancher/rke2/releases/assets/318942035"
              },
              {
                "browser_download_url": "https://github.com/rancher/rke2/releases/download/v1.33.6%2Brke2r1/rke2-windows-1809-amd64-images.tar.zst",
                "content_type": "application/octet-stream",
                "created_at": "2025-11-20 21:25:02 +0000 UTC",
                "id": 318942058,
                "label": "",
                "name": "rke2-windows-1809-amd64-images.tar.zst",
                "node_id": "RA_kwDODyID484TAqtq",
                "size": 365921245,
                "updated_at": "2025-11-20 21:25:13 +0000 UTC",
                "url": "https://api.github.com/repos/rancher/rke2/releases/assets/318942058"
              },
              {
                "browser_download_url": "https://github.com/rancher/rke2/releases/download/v1.33.6%2Brke2r1/rke2-windows-amd64.exe",
                "content_type": "application/octet-stream",
                "created_at": "2025-11-20 21:25:03 +0000 UTC",
                "id": 318942064,
                "label": "",
                "name": "rke2-windows-amd64.exe",
                "node_id": "RA_kwDODyID484TAqtw",
                "size": 165555214,
                "updated_at": "2025-11-20 21:25:09 +0000 UTC",
                "url": "https://api.github.com/repos/rancher/rke2/releases/assets/318942064"
              },
              {
                "browser_download_url": "https://github.com/rancher/rke2/releases/download/v1.33.6%2Brke2r1/rke2-windows-ltsc2022-amd64-images.tar.gz",
                "content_type": "application/x-gtar",
                "created_at": "2025-11-20 21:25:06 +0000 UTC",
                "id": 318942084,
                "label": "",
                "name": "rke2-windows-ltsc2022-amd64-images.tar.gz",
                "node_id": "RA_kwDODyID484TAquE",
                "size": 380878216,
                "updated_at": "2025-11-20 21:25:17 +0000 UTC",
                "url": "https://api.github.com/repos/rancher/rke2/releases/assets/318942084"
              },
              {
                "browser_download_url": "https://github.com/rancher/rke2/releases/download/v1.33.6%2Brke2r1/rke2-windows-ltsc2022-amd64-images.tar.zst",
                "content_type": "application/octet-stream",
                "created_at": "2025-11-20 21:25:09 +0000 UTC",
                "id": 318942093,
                "label": "",
                "name": "rke2-windows-ltsc2022-amd64-images.tar.zst",
                "node_id": "RA_kwDODyID484TAquN",
                "size": 380486279,
                "updated_at": "2025-11-20 21:25:18 +0000 UTC",
                "url": "https://api.github.com/repos/rancher/rke2/releases/assets/318942093"
              },
              {
                "browser_download_url": "https://github.com/rancher/rke2/releases/download/v1.33.6%2Brke2r1/rke2.linux-amd64",
                "content_type": "application/octet-stream",
                "created_at": "2025-11-20 21:25:13 +0000 UTC",
                "id": 318942111,
                "label": "",
                "name": "rke2.linux-amd64",
                "node_id": "RA_kwDODyID484TAquf",
                "size": 128284248,
                "updated_at": "2025-11-20 21:25:16 +0000 UTC",
                "url": "https://api.github.com/repos/rancher/rke2/releases/assets/318942111"
              },
              {
                "browser_download_url": "https://github.com/rancher/rke2/releases/download/v1.33.6%2Brke2r1/rke2.linux-amd64.tar.gz",
                "content_type": "application/x-gtar",
                "created_at": "2025-11-20 21:25:14 +0000 UTC",
                "id": 318942120,
                "label": "",
                "name": "rke2.linux-amd64.tar.gz",
                "node_id": "RA_kwDODyID484TAquo",
                "size": 39489479,
                "updated_at": "2025-11-20 21:25:16 +0000 UTC",
                "url": "https://api.github.com/repos/rancher/rke2/releases/assets/318942120"
              },
              {
                "browser_download_url": "https://github.com/rancher/rke2/releases/download/v1.33.6%2Brke2r1/rke2.linux-arm64",
                "content_type": "application/octet-stream",
                "created_at": "2025-11-20 18:19:24 +0000 UTC",
                "id": 318885410,
                "label": "",
                "name": "rke2.linux-arm64",
                "node_id": "RA_kwDODyID484TAc4i",
                "size": 122369560,
                "updated_at": "2025-11-20 18:19:27 +0000 UTC",
                "url": "https://api.github.com/repos/rancher/rke2/releases/assets/318885410"
              },
              {
                "browser_download_url": "https://github.com/rancher/rke2/releases/download/v1.33.6%2Brke2r1/rke2.linux-arm64.tar.gz",
                "content_type": "application/x-gtar",
                "created_at": "2025-11-20 18:19:24 +0000 UTC",
                "id": 318885414,
                "label": "",
                "name": "rke2.linux-arm64.tar.gz",
                "node_id": "RA_kwDODyID484TAc4m",
                "size": 35886692,
                "updated_at": "2025-11-20 18:19:26 +0000 UTC",
                "url": "https://api.github.com/repos/rancher/rke2/releases/assets/318885414"
              },
              {
                "browser_download_url": "https://github.com/rancher/rke2/releases/download/v1.33.6%2Brke2r1/rke2.windows-amd64.tar.gz",
                "content_type": "application/x-gtar",
                "created_at": "2025-11-20 21:25:16 +0000 UTC",
                "id": 318942139,
                "label": "",
                "name": "rke2.windows-amd64.tar.gz",
                "node_id": "RA_kwDODyID484TAqu7",
                "size": 89930886,
                "updated_at": "2025-11-20 21:25:19 +0000 UTC",
                "url": "https://api.github.com/repos/rancher/rke2/releases/assets/318942139"
              },
              {
                "browser_download_url": "https://github.com/rancher/rke2/releases/download/v1.33.6%2Brke2r1/sha256sum-amd64.txt",
                "content_type": "application/octet-stream",
                "created_at": "2025-11-20 21:25:17 +0000 UTC",
                "id": 318942142,
                "label": "",
                "name": "sha256sum-amd64.txt",
                "node_id": "RA_kwDODyID484TAqu-",
                "size": 4252,
                "updated_at": "2025-11-20 21:25:17 +0000 UTC",
                "url": "https://api.github.com/repos/rancher/rke2/releases/assets/318942142"
              },
              {
                "browser_download_url": "https://github.com/rancher/rke2/releases/download/v1.33.6%2Brke2r1/sha256sum-arm64.txt",
                "content_type": "application/octet-stream",
                "created_at": "2025-11-20 18:19:26 +0000 UTC",
                "id": 318885420,
                "label": "",
                "name": "sha256sum-arm64.txt",
                "node_id": "RA_kwDODyID484TAc4s",
                "size": 3046,
                "updated_at": "2025-11-20 18:19:26 +0000 UTC",
                "url": "https://api.github.com/repos/rancher/rke2/releases/assets/318885420"
              }
            ],
            "assets_url": "https://api.github.com/repos/rancher/rke2/releases/264071860/assets",
            "body": "\u003c!-- v1.33.6+rke2r1 --\u003e\r\n\r\nThis release updates Kubernetes to v1.33.6.\r\n\r\n**Important Note**\r\n\r\nIf your server (control-plane) nodes were not started with the `--token` CLI flag or config file key, a randomized token was generated during initial cluster startup. This key is used both for joining new nodes to the cluster, and for encrypting cluster bootstrap data within the datastore. Ensure that you retain a copy of this token, as is required when restoring from backup.\r\n\r\nYou may retrieve the token value from any server already joined to the cluster:\r\n```bash\r\ncat /var/lib/rancher/rke2/server/token\r\n```\r\n\r\n## Changes since v1.33.5+rke2r1:\r\n\r\n* Bump harvester-cloud-provider chart to v0.2.11 with app image tag v0.2.5 [(#8958)](https://github.com/rancher/rke2/pull/8958)\r\n* Update traefik to v3.5.1, use new hardened image [(#8971)](https://github.com/rancher/rke2/pull/8971)\r\n* Bump rke2-ingress-nginx to v1.13.3-hardened1 [(#8999)](https://github.com/rancher/rke2/pull/8999)\r\n* Container runtime endpoint description and Docker warning [(#8986)](https://github.com/rancher/rke2/pull/8986)\r\n* Add calico `envoy-proxy` and `envoy-ratelimit` images [(#9023)](https://github.com/rancher/rke2/pull/9023)\r\n* Move dualstack to larger docker runners to prevent eviction failures [(#9031)](https://github.com/rancher/rke2/pull/9031)\r\n* Charts: Bump Harvester CSI driver 0.1.25 [(#9037)](https://github.com/rancher/rke2/pull/9037)\r\n  * - Support CSI Snapshot\r\n* Bump k3s [(#9044)](https://github.com/rancher/rke2/pull/9044)\r\n* Update to cilium v1.18.2 [(#9076)](https://github.com/rancher/rke2/pull/9076)\r\n* October 2025 bumps for canal, flannel and multus [(#9098)](https://github.com/rancher/rke2/pull/9098)\r\n* Update to CoreDNS chart 1.44.300 and Kubernetes Metrics Server chart 3.13.002 [(#9090)](https://github.com/rancher/rke2/pull/9090)\r\n* Bump images for go1.24.9 [(#9104)](https://github.com/rancher/rke2/pull/9104)\r\n* Add new kubeapiserver argument for cis-1.11 benchmark [(#9119)](https://github.com/rancher/rke2/pull/9119)\r\n* Bump traefik and ingress-nginx [(#9128)](https://github.com/rancher/rke2/pull/9128)\r\n* Bump helm-controller/klipper-helm [(#9136)](https://github.com/rancher/rke2/pull/9136)\r\n* Tests: update e2e tests to use images from the rancher org [(#9159)](https://github.com/rancher/rke2/pull/9159)\r\n* Bump k3s and backport uninstall fixes [(#9175)](https://github.com/rancher/rke2/pull/9175)\r\n* Bump traefik to v3.5.4 and ingress-nginx to v1.13.4 [(#9188)](https://github.com/rancher/rke2/pull/9188)\r\n* Bump runc to v1.3.3 [(#9193)](https://github.com/rancher/rke2/pull/9193)\r\n* - Update to cilium v1.18.3 [(#9219)](https://github.com/rancher/rke2/pull/9219)\r\n* Improve PR Trivy Scanning Reports [(#9239)](https://github.com/rancher/rke2/pull/9239)\r\n* More backports for 2025-11 [(#9251)](https://github.com/rancher/rke2/pull/9251)\r\n* - Update to calico v3.30.4 [(#9248)](https://github.com/rancher/rke2/pull/9248)\r\n* - Update to multus chart version v4.2.300 [(#9253)](https://github.com/rancher/rke2/pull/9253)\r\n* - Update to calico v3.30.4 [(#9260)](https://github.com/rancher/rke2/pull/9260)\r\n* Bump k3s and helm-controller [(#9264)](https://github.com/rancher/rke2/pull/9264)\r\n* Update k8s and Go [(#9272)](https://github.com/rancher/rke2/pull/9272)\r\n* Fix race condition with Calico startup on Windows [(#9280)](https://github.com/rancher/rke2/pull/9280)\r\n* Release race condition [(#9297)](https://github.com/rancher/rke2/pull/9297)\r\n\r\n\r\n## Charts Versions\r\n| Component | Version |\r\n| --- | --- |\r\n| rke2-cilium | [1.18.300](https://github.com/rancher/rke2-charts/raw/main/assets/rke2-cilium/rke2-cilium-1.18.300.tgz) |\r\n| rke2-canal | [v3.30.3-build2025101500](https://github.com/rancher/rke2-charts/raw/main/assets/rke2-canal/rke2-canal-v3.30.3-build2025101500.tgz) |\r\n| rke2-calico | [v3.30.401](https://github.com/rancher/rke2-charts/raw/main/assets/rke2-calico/rke2-calico-v3.30.401.tgz) |\r\n| rke2-calico-crd | [v3.30.401](https://github.com/rancher/rke2-charts/raw/main/assets/rke2-calico/rke2-calico-crd-v3.30.401.tgz) |\r\n| rke2-coredns | [1.44.300](https://github.com/rancher/rke2-charts/raw/main/assets/rke2-coredns/rke2-coredns-1.44.300.tgz) |\r\n| rke2-ingress-nginx | [4.13.400](https://github.com/rancher/rke2-charts/raw/main/assets/rke2-ingress-nginx/rke2-ingress-nginx-4.13.400.tgz) |\r\n| rke2-metrics-server | [3.13.002](https://github.com/rancher/rke2-charts/raw/main/assets/rke2-metrics-server/rke2-metrics-server-3.13.002.tgz) |\r\n| rancher-vsphere-csi | [3.5.0-rancher100](https://github.com/rancher/rke2-charts/raw/main/assets/rancher-vsphere-csi/rancher-vsphere-csi-3.5.0-rancher100.tgz) |\r\n| rancher-vsphere-cpi | [1.12.100](https://github.com/rancher/rke2-charts/raw/main/assets/rancher-vsphere-cpi/rancher-vsphere-cpi-1.12.100.tgz) |\r\n| harvester-cloud-provider | [0.2.1100](https://github.com/rancher/rke2-charts/raw/main/assets/harvester-cloud-provider/harvester-cloud-provider-0.2.1100.tgz) |\r\n| harvester-csi-driver | [0.1.2500](https://github.com/rancher/rke2-charts/raw/main/assets/harvester-cloud-provider/harvester-csi-driver-0.1.2500.tgz) |\r\n| rke2-snapshot-controller | [4.0.003](https://github.com/rancher/rke2-charts/raw/main/assets/rke2-snapshot-controller/rke2-snapshot-controller-4.0.003.tgz) |\r\n| rke2-snapshot-controller-crd | [4.0.003](https://github.com/rancher/rke2-charts/raw/main/assets/rke2-snapshot-controller/rke2-snapshot-controller-crd-4.0.003.tgz) |\r\n| rke2-snapshot-validation-webhook | [0.0.0](https://github.com/rancher/rke2-charts/raw/main/assets/rke2-snapshot-validation-webhook/rke2-snapshot-validation-webhook-0.0.0.tgz) |\r\n\r\n\r\n## Packaged Component Versions\r\n| Component | Version |\r\n| --- | --- |\r\n| Kubernetes | [v1.33.6](https://github.com/kubernetes/kubernetes/blob/master/CHANGELOG/CHANGELOG-1.33.md#v1336) |\r\n| Etcd | [v3.5.21-k3s1](https://github.com/k3s-io/etcd/releases/tag/v3.5.21-k3s1) |\r\n| Containerd | [v2.1.5-k3s1](https://github.com/k3s-io/containerd/releases/tag/v2.1.5-k3s1) |\r\n| Runc | [v1.3.3](https://github.com/opencontainers/runc/releases/tag/v1.3.3) |\r\n| Metrics-server | [v0.8.0](https://github.com/kubernetes-sigs/metrics-server/releases/tag/v0.8.0) |\r\n| CoreDNS | [v1.13.1](https://github.com/coredns/coredns/releases/tag/v1.13.1) |\r\n| Ingress-Nginx | [v1.13.4-hardened1](https://github.com/rancher/ingress-nginx/releases/tag/v1.13.4-hardened1) |\r\n| Helm-controller | [v0.16.16](https://github.com/k3s-io/helm-controller/releases/tag/v0.16.16) |\r\n\r\n### Available CNIs\r\n| Component | Version | FIPS Compliant |\r\n| --- | --- | --- |\r\n| Canal (Default) | [Flannel v0.27.4](https://github.com/flannel-io/flannel/releases/tag/v0.27.4)\u003cbr/\u003e[Calico v3.30.3](https://docs.tigera.io/calico/latest/release-notes/#v3.30) | Yes |\r\n| Calico | [v3.30.4](https://docs.tigera.io/calico/latest/release-notes/#v3.30) | No |\r\n| Cilium | [v1.18.3](https://github.com/cilium/cilium/releases/tag/v1.18.3) | No |\r\n| Multus | [v4.2.3](https://github.com/k8snetworkplumbingwg/multus-cni/releases/tag/v4.2.3) | No |\r\n\r\n## Helpful Links\r\n\r\nAs always, we welcome and appreciate feedback from our community of users. Please feel free to:\r\n- [Open issues here](https://github.com/rancher/rke2/issues/new)\r\n- [Join our Slack channel](https://slack.rancher.io/)\r\n- [Check out our documentation](https://docs.rke2.io) for guidance on how to get started.\r\n",
            "created_at": "2025-11-20 16:43:32 +0000 UTC",
            "draft": false,
            "html_url": "https://github.com/rancher/rke2/releases/tag/v1.33.6%2Brke2r1",
            "id": "264071860",
            "name": "v1.33.6+rke2r1",
            "owner": "rancher",
            "prerelease": false,
            "published_at": "2025-11-20 17:40:07 +0000 UTC",
            "release_id": null,
            "release_tag": "v1.33.6+rke2r1",
            "repository": "rke2",
            "retrieve_by": "tag",
            "tarball_url": "https://api.github.com/repos/rancher/rke2/tarball/v1.33.6+rke2r1",
            "target_commitish": "release-1.33",
            "upload_url": "https://uploads.github.com/repos/rancher/rke2/releases/264071860/assets{?name,label}",
            "url": "https://api.github.com/repos/rancher/rke2/releases/264071860",
            "zipball_url": "https://api.github.com/repos/rancher/rke2/zipball/v1.33.6+rke2r1"
          },
          "sensitive_attributes": [],
          "identity_schema_version": 0
        }
      ]
    },
    {
      "module": "module.initial.module.download[0]",
      "mode": "managed",
      "type": "local_file",
      "name": "download_dir",
      "provider": "provider[\"registry.terraform.io/hashicorp/local\"]",
      "instances": [
        {
          "schema_version": 0,
          "attributes": {
            "content": "# RKE2 Downloads\nThis directory is used to download the RKE2 installer and images.\n",
            "content_base64": null,
            "content_base64sha256": "gQsUdzBImG7K1s9P0AlRyor/ybad+EQwZsoe6GjkXfM=",
            "content_base64sha512": "7XjirRC18Yk7zOjiKlPcvmTPGIL3wWHR4zKyGus6RB+Yp57eMnK3EYYhetoXA1ArEanXcAxKJ5yX8F+075xiOQ==",
            "content_md5": "4782e90551ecd2d5db850553369310ad",
            "content_sha1": "8157ff31dde27ac871b57305aa8ba40224b1fbca",
            "content_sha256": "810b14773048986ecad6cf4fd00951ca8affc9b69df8443066ca1ee868e45df3",
            "content_sha512": "ed78e2ad10b5f1893bcce8e22a53dcbe64cf1882f7c161d1e332b21aeb3a441f98a79ede3272b71186217ada1703502b11a9d7700c4a279c97f05fb4ef9c6239",
            "directory_permission": "0755",
            "file_permission": "0644",
            "filename": "/workspace/terraform/terraform-aws-rke2-2.0.0/examples/prod/rke2/tf-PartyPic-4e9af-cc51b81/README.md",
            "id": "8157ff31dde27ac871b57305aa8ba40224b1fbca",
            "sensitive_content": null,
            "source": null
          },
          "sensitive_attributes": [
            [
              {
                "type": "get_attr",
                "value": "sensitive_content"
              }
            ]
          ],
          "identity_schema_version": 0,
          "dependencies": [
            "data.aws_availability_zones.available",
            "module.initial.module.download.data.github_release.latest",
            "module.initial.module.download.data.github_release.selected"
          ]
        }
      ]
    },
    {
      "module": "module.initial.module.download[0]",
      "mode": "managed",
      "type": "terraform_data",
      "name": "download",
      "provider": "provider[\"terraform.io/builtin/terraform\"]",
      "instances": [
        {
          "index_key": "install.sh",
          "schema_version": 0,
          "attributes": {
            "id": "248929ef-7e4b-3894-c883-1652d93c24b9",
            "input": null,
            "output": null,
            "triggers_replace": {
              "value": "https://raw.githubusercontent.com/rancher/rke2/master/install.sh",
              "type": "string"
            }
          },
          "sensitive_attributes": [],
          "identity_schema_version": 0,
          "dependencies": [
            "data.aws_availability_zones.available",
            "module.initial.module.download.data.github_release.latest",
            "module.initial.module.download.data.github_release.selected",
            "module.initial.module.download.local_file.download_dir"
          ]
        },
        {
          "index_key": "rke2-images.linux-amd64.tar.gz",
          "schema_version": 0,
          "attributes": {
            "id": "905d5ada-9bf3-5dc0-31a4-644db06f9a2e",
            "input": null,
            "output": null,
            "triggers_replace": {
              "value": "https://github.com/rancher/rke2/releases/download/v1.33.6%2Brke2r1/rke2-images.linux-amd64.tar.gz",
              "type": "string"
            }
          },
          "sensitive_attributes": [],
          "identity_schema_version": 0,
          "dependencies": [
            "data.aws_availability_zones.available",
            "module.initial.module.download.data.github_release.latest",
            "module.initial.module.download.data.github_release.selected",
            "module.initial.module.download.local_file.download_dir"
          ]
        },
        {
          "index_key": "rke2.linux-amd64.tar.gz",
          "schema_version": 0,
          "attributes": {
            "id": "cd2352e9-7ed3-3fd5-8e29-94f664f8a344",
            "input": null,
            "output": null,
            "triggers_replace": {
              "value": "https://github.com/rancher/rke2/releases/download/v1.33.6%2Brke2r1/rke2.linux-amd64.tar.gz",
              "type": "string"
            }
          },
          "sensitive_attributes": [],
          "identity_schema_version": 0,
          "dependencies": [
            "data.aws_availability_zones.available",
            "module.initial.module.download.data.github_release.latest",
            "module.initial.module.download.data.github_release.selected",
            "module.initial.module.download.local_file.download_dir"
          ]
        },
        {
          "index_key": "sha256sum-amd64.txt",
          "schema_version": 0,
          "attributes": {
            "id": "b4888ba6-ff67-da35-e62d-4b7a26837900",
            "input": null,
            "output": null,
            "triggers_replace": {
              "value": "https://github.com/rancher/rke2/releases/download/v1.33.6%2Brke2r1/sha256sum-amd64.txt",
              "type": "string"
            }
          },
          "sensitive_attributes": [],
          "identity_schema_version": 0,
          "dependencies": [
            "data.aws_availability_zones.available",
            "module.initial.module.download.data.github_release.latest",
            "module.initial.module.download.data.github_release.selected",
            "module.initial.module.download.local_file.download_dir"
          ]
        }
      ]
    },
    {
      "module": "module.initial.module.install[0]",
      "mode": "data",
      "type": "local_sensitive_file",
      "name": "kubeconfig",
      "provider": "provider[\"registry.terraform.io/hashicorp/local\"]",
      "instances": [
        {
          "index_key": 0,
          "schema_version": 0,
          "attributes": {
            "content": "apiVersion: v1\nclusters:\n- cluster:\n    certificate-authority-data: LS0tLS1CRUdJTiBDRVJUSUZJQ0FURS0tLS0tCk1JSUJlRENDQVIrZ0F3SUJBZ0lCQURBS0JnZ3Foa2pPUFFRREFqQWtNU0l3SUFZRFZRUUREQmx5YTJVeUxYTmwKY25abGNpMWpZVUF4TnpZMU5qSTFPVGt3TUI0WERUSTFNVEl4TXpFeE16azFNRm9YRFRNMU1USXhNVEV4TXprMQpNRm93SkRFaU1DQUdBMVVFQXd3WmNtdGxNaTF6WlhKMlpYSXRZMkZBTVRjMk5UWXlOVGs1TURCWk1CTUdCeXFHClNNNDlBZ0VHQ0NxR1NNNDlBd0VIQTBJQUJMOW5nd0l4WVZ3aG1yY0lOZkNaS2lvOHhWU2xwczY3Q2hRUm12cmkKcGx5bHBGU0ZKVGQvbTVra0hua1l6U3dFUDliODhuemxEU1lhbXFZNEx1VFI2eWVqUWpCQU1BNEdBMVVkRHdFQgovd1FFQXdJQ3BEQVBCZ05WSFJNQkFmOEVCVEFEQVFIL01CMEdBMVVkRGdRV0JCUzRYRHZHaFdnRDdXWW54WlFDCmNJYzFWSzVNS1RBS0JnZ3Foa2pPUFFRREFnTkhBREJFQWlCOUVqWmlUdHNyeTZKbFIyTmx3djBSRC9vVjltNHIKSjFSRmkrRCtSV1hSa1FJZ050TkdpY0ZKcjRNdHpnNENTZVJzV1NhVWhBa2RIUVNqYzZhbGFFZUJrMVE9Ci0tLS0tRU5EIENFUlRJRklDQVRFLS0tLS0K\n    server: https://44.200.215.127:6443\n  name: default\ncontexts:\n- context:\n    cluster: default\n    user: default\n  name: default\ncurrent-context: default\nkind: Config\npreferences: {}\nusers:\n- name: default\n  user:\n    client-certificate-data: LS0tLS1CRUdJTiBDRVJUSUZJQ0FURS0tLS0tCk1JSUJrakNDQVRpZ0F3SUJBZ0lJRmNsREN5eW13Szh3Q2dZSUtvWkl6ajBFQXdJd0pERWlNQ0FHQTFVRUF3d1oKY210bE1pMWpiR2xsYm5RdFkyRkFNVGMyTlRZeU5UazVNREFlRncweU5URXlNVE14TVRNNU5UQmFGdzB5TmpFeQpNVE14TVRNNU5UQmFNREF4RnpBVkJnTlZCQW9URG5ONWMzUmxiVHB0WVhOMFpYSnpNUlV3RXdZRFZRUURFd3h6CmVYTjBaVzA2WVdSdGFXNHdXVEFUQmdjcWhrak9QUUlCQmdncWhrak9QUU1CQndOQ0FBUmsvalRhVUwwc0F2SDMKV3J6T0gxTVIxSHh0U1NUSUtJMXRDS3NHZUo2eHM2OWhKNWhVTDJJNmFiTjNBVm84bVZaQVN4cWVSNVJFS09saQpBTFBMejZMOW8wZ3dSakFPQmdOVkhROEJBZjhFQkFNQ0JhQXdFd1lEVlIwbEJBd3dDZ1lJS3dZQkJRVUhBd0l3Ckh3WURWUjBqQkJnd0ZvQVVOM3M1blZjeXFncXlrSW5ONndtMEpEQStSVEF3Q2dZSUtvWkl6ajBFQXdJRFNBQXcKUlFJZ0s4YmIxNTMrc3F6NWdIQlUrbWVha0RONlJlaTZOemI4T2VRTlMxdE0zVFlDSVFDT0RvN3p1UWVDRHdlcApGMTZrZWl4VHhRSTl1WmNBSEZscXdjOGdMM3FyZ2c9PQotLS0tLUVORCBDRVJUSUZJQ0FURS0tLS0tCi0tLS0tQkVHSU4gQ0VSVElGSUNBVEUtLS0tLQpNSUlCZWpDQ0FSK2dBd0lCQWdJQkFEQUtCZ2dxaGtqT1BRUURBakFrTVNJd0lBWURWUVFEREJseWEyVXlMV05zCmFXVnVkQzFqWVVBeE56WTFOakkxT1Rrd01CNFhEVEkxTVRJeE16RXhNemsxTUZvWERUTTFNVEl4TVRFeE16azEKTUZvd0pERWlNQ0FHQTFVRUF3d1pjbXRsTWkxamJHbGxiblF0WTJGQU1UYzJOVFl5TlRrNU1EQlpNQk1HQnlxRwpTTTQ5QWdFR0NDcUdTTTQ5QXdFSEEwSUFCSEs5NTRKT3JmTVBTVzdtS1dhMmN2amoyL21reElSMlVBaTF1Sk9lCnFzMTZ0UnZDTkw2RkUrZTcrekFnRzdjbElpWnMvNER1RGM4UlV0dm9BMjBwYnJ5alFqQkFNQTRHQTFVZER3RUIKL3dRRUF3SUNwREFQQmdOVkhSTUJBZjhFQlRBREFRSC9NQjBHQTFVZERnUVdCQlEzZXptZFZ6S3FDcktRaWMzcgpDYlFrTUQ1Rk1EQUtCZ2dxaGtqT1BRUURBZ05KQURCR0FpRUE0dmVRYlpLT2Jlb0VteGZtbWRIaW91SWRtNVJxCkg5WS9jWEZuZlNxQ1hsRUNJUUM2dHp3OFUrSTNuYXZSeVJVMDFRUjNOY0pQUnkzUVFYdUF1Qk1LbzA2RDZBPT0KLS0tLS1FTkQgQ0VSVElGSUNBVEUtLS0tLQo=\n    client-key-data: LS0tLS1CRUdJTiBFQyBQUklWQVRFIEtFWS0tLS0tCk1IY0NBUUVFSUYxZmkwa0NsUENaWU5tZmtoaE9RdTYrRFNFTWtlakgyUm02SEVvd01VdklvQW9HQ0NxR1NNNDkKQXdFSG9VUURRZ0FFWlA0MDJsQzlMQUx4OTFxOHpoOVRFZFI4YlVra3lDaU5iUWlyQm5pZXNiT3ZZU2VZVkM5aQpPbW16ZHdGYVBKbFdRRXNhbmtlVVJDanBZZ0N6eTgraS9RPT0KLS0tLS1FTkQgRUMgUFJJVkFURSBLRVktLS0tLQo=\n",
            "content_base64": "YXBpVmVyc2lvbjogdjEKY2x1c3RlcnM6Ci0gY2x1c3RlcjoKICAgIGNlcnRpZmljYXRlLWF1dGhvcml0eS1kYXRhOiBMUzB0TFMxQ1JVZEpUaUJEUlZKVVNVWkpRMEZVUlMwdExTMHRDazFKU1VKbFJFTkRRVklyWjBGM1NVSkJaMGxDUVVSQlMwSm5aM0ZvYTJwUFVGRlJSRUZxUVd0TlUwbDNTVUZaUkZaUlVVUkVRbXg1WVRKVmVVeFlUbXdLWTI1YWJHTnBNV3BaVlVGNFRucFpNVTVxU1RGUFZHdDNUVUkwV0VSVVNURk5WRWw0VFhwRmVFMTZhekZOUm05WVJGUk5NVTFVU1hoTlZFVjRUWHByTVFwTlJtOTNTa1JGYVUxRFFVZEJNVlZGUVhkM1dtTnRkR3hOYVRGNldsaEtNbHBZU1hSWk1rWkJUVlJqTWs1VVdYbE9WR3MxVFVSQ1drMUNUVWRDZVhGSENsTk5ORGxCWjBWSFEwTnhSMU5OTkRsQmQwVklRVEJKUVVKTU9XNW5kMGw0V1ZaM2FHMXlZMGxPWmtOYVMybHZPSGhXVTJ4d2N6WTNRMmhSVW0xMmNta0tjR3g1YkhCR1UwWktWR1F2YlRWcmEwaHVhMWw2VTNkRlVEbGlPRGh1ZW14RVUxbGhiWEZaTkV4MVZGSTJlV1ZxVVdwQ1FVMUJORWRCTVZWa1JIZEZRZ292ZDFGRlFYZEpRM0JFUVZCQ1owNVdTRkpOUWtGbU9FVkNWRUZFUVZGSUwwMUNNRWRCTVZWa1JHZFJWMEpDVXpSWVJIWkhhRmRuUkRkWFdXNTRXbEZEQ21OSll6RldTelZOUzFSQlMwSm5aM0ZvYTJwUFVGRlJSRUZuVGtoQlJFSkZRV2xDT1VWcVdtbFVkSE55ZVRaS2JGSXlUbXgzZGpCU1JDOXZWamx0TkhJS1NqRlNSbWtyUkN0U1YxaFNhMUZKWjA1MFRrZHBZMFpLY2pSTmRIcG5ORU5UWlZKelYxTmhWV2hCYTJSSVVWTnFZelpoYkdGRlpVSnJNVkU5Q2kwdExTMHRSVTVFSUVORlVsUkpSa2xEUVZSRkxTMHRMUzBLCiAgICBzZXJ2ZXI6IGh0dHBzOi8vNDQuMjAwLjIxNS4xMjc6NjQ0MwogIG5hbWU6IGRlZmF1bHQKY29udGV4dHM6Ci0gY29udGV4dDoKICAgIGNsdXN0ZXI6IGRlZmF1bHQKICAgIHVzZXI6IGRlZmF1bHQKICBuYW1lOiBkZWZhdWx0CmN1cnJlbnQtY29udGV4dDogZGVmYXVsdApraW5kOiBDb25maWcKcHJlZmVyZW5jZXM6IHt9CnVzZXJzOgotIG5hbWU6IGRlZmF1bHQKICB1c2VyOgogICAgY2xpZW50LWNlcnRpZmljYXRlLWRhdGE6IExTMHRMUzFDUlVkSlRpQkRSVkpVU1VaSlEwRlVSUzB0TFMwdENrMUpTVUpyYWtORFFWUnBaMEYzU1VKQlowbEpSbU5zUkVONWVXMTNTemgzUTJkWlNVdHZXa2w2YWpCRlFYZEpkMHBFUldsTlEwRkhRVEZWUlVGM2Qxb0tZMjEwYkUxcE1XcGlSMnhzWW01UmRGa3lSa0ZOVkdNeVRsUlplVTVVYXpWTlJFRmxSbmN3ZVU1VVJYbE5WRTE0VFZSTk5VNVVRbUZHZHpCNVRtcEZlUXBOVkUxNFRWUk5OVTVVUW1GTlJFRjRSbnBCVmtKblRsWkNRVzlVUkc1T05XTXpVbXhpVkhCMFdWaE9NRnBZU25wTlVsVjNSWGRaUkZaUlVVUkZkM2g2Q21WWVRqQmFWekEyV1ZkU2RHRlhOSGRYVkVGVVFtZGpjV2hyYWs5UVVVbENRbWRuY1docmFrOVFVVTFDUW5kT1EwRkJVbXN2YWxSaFZVd3djMEYyU0RNS1YzSjZUMGd4VFZJeFNIaDBVMU5VU1V0Sk1YUkRTM05IWlVvMmVITTJPV2hLTldoVlRESkpObUZpVGpOQlZtODRiVlphUVZONGNXVlNOVkpGUzA5c2FRcEJURkJNZWpaTU9XOHdaM2RTYWtGUFFtZE9Wa2hST0VKQlpqaEZRa0ZOUTBKaFFYZEZkMWxFVmxJd2JFSkJkM2REWjFsSlMzZFpRa0pSVlVoQmQwbDNDa2gzV1VSV1VqQnFRa0puZDBadlFWVk9NM00xYmxaamVYRm5jWGxyU1c1T05uZHRNRXBFUVN0U1ZFRjNRMmRaU1V0dldrbDZhakJGUVhkSlJGTkJRWGNLVWxGSlowczRZbUl4TlRNcmMzRjZOV2RJUWxVcmJXVmhhMFJPTmxKbGFUWk9lbUk0VDJWUlRsTXhkRTB6VkZsRFNWRkRUMFJ2TjNwMVVXVkRSSGRsY0FwR01UWnJaV2w0VkhoUlNUbDFXbU5CU0Vac2NYZGpPR2RNTTNGeVoyYzlQUW90TFMwdExVVk9SQ0JEUlZKVVNVWkpRMEZVUlMwdExTMHRDaTB0TFMwdFFrVkhTVTRnUTBWU1ZFbEdTVU5CVkVVdExTMHRMUXBOU1VsQ1pXcERRMEZTSzJkQmQwbENRV2RKUWtGRVFVdENaMmR4YUd0cVQxQlJVVVJCYWtGclRWTkpkMGxCV1VSV1VWRkVSRUpzZVdFeVZYbE1WMDV6Q21GWFZuVmtRekZxV1ZWQmVFNTZXVEZPYWtreFQxUnJkMDFDTkZoRVZFa3hUVlJKZUUxNlJYaE5lbXN4VFVadldFUlVUVEZOVkVsNFRWUkZlRTE2YXpFS1RVWnZkMHBFUldsTlEwRkhRVEZWUlVGM2QxcGpiWFJzVFdreGFtSkhiR3hpYmxGMFdUSkdRVTFVWXpKT1ZGbDVUbFJyTlUxRVFscE5RazFIUW5seFJ3cFRUVFE1UVdkRlIwTkRjVWRUVFRRNVFYZEZTRUV3U1VGQ1NFczVOVFJLVDNKbVRWQlRWemR0UzFkaE1tTjJhbW95TDIxcmVFbFNNbFZCYVRGMVNrOWxDbkZ6TVRaMFVuWkRUa3cyUmtVclpUY3Jla0ZuUnpkamJFbHBXbk12TkVSMVJHTTRVbFYwZG05Qk1qQndZbko1YWxGcVFrRk5RVFJIUVRGVlpFUjNSVUlLTDNkUlJVRjNTVU53UkVGUVFtZE9Wa2hTVFVKQlpqaEZRbFJCUkVGUlNDOU5RakJIUVRGVlpFUm5VVmRDUWxFelpYcHRaRlo2UzNGRGNrdFJhV016Y2dwRFlsRnJUVVExUmsxRVFVdENaMmR4YUd0cVQxQlJVVVJCWjA1S1FVUkNSMEZwUlVFMGRtVlJZbHBMVDJKbGIwVnRlR1p0YldSSWFXOTFTV1J0TlZKeENrZzVXUzlqV0VadVpsTnhRMWhzUlVOSlVVTTJkSHAzT0ZVclNUTnVZWFpTZVZKVk1ERlJVak5PWTBwUVVua3pVVkZZZFVGMVFrMUxiekEyUkRaQlBUMEtMUzB0TFMxRlRrUWdRMFZTVkVsR1NVTkJWRVV0TFMwdExRbz0KICAgIGNsaWVudC1rZXktZGF0YTogTFMwdExTMUNSVWRKVGlCRlF5QlFVa2xXUVZSRklFdEZXUzB0TFMwdENrMUlZME5CVVVWRlNVWXhabWt3YTBOc1VFTmFXVTV0Wm10b2FFOVJkVFlyUkZORlRXdGxha2d5VW0wMlNFVnZkMDFWZGtsdlFXOUhRME54UjFOTk5Ea0tRWGRGU0c5VlVVUlJaMEZGV2xBME1ESnNRemxNUVV4NE9URnhPSHBvT1ZSRlpGSTRZbFZyYTNsRGFVNWlVV2x5UW01cFpYTmlUM1paVTJWWlZrTTVhUXBQYlcxNlpIZEdZVkJLYkZkUlJYTmhibXRsVlZKRGFuQlpaME42ZVRncmFTOVJQVDBLTFMwdExTMUZUa1FnUlVNZ1VGSkpWa0ZVUlNCTFJWa3RMUzB0TFFvPQo=",
            "content_base64sha256": "T7IVE4216ZocUGrDwKpuPI3/B/TcwXTLqHn+wPUM6cU=",
            "content_base64sha512": "up6T3bcRFbpefoRHOyIvpQ9irdXS0tOioWcwY90/gjkKlqQnP+cccWHzZitrdHNFQQabZih9mp0JR5NCOEgIhA==",
            "content_md5": "f8d149f2a6251b085b6de3b26bdba908",
            "content_sha1": "6f422eeae4ef802a276e2264e780e4eba2a221ed",
            "content_sha256": "4fb215138db5e99a1c506ac3c0aa6e3c8dff07f4dcc174cba879fec0f50ce9c5",
            "content_sha512": "ba9e93ddb71115ba5e7e84473b222fa50f62add5d2d2d3a2a1673063dd3f82390a96a4273fe71c7161f3662b6b74734541069b66287d9a9d0947934238480884",
            "filename": "/workspace/terraform/terraform-aws-rke2-2.0.0/examples/prod/rke2/tf-PartyPic-4e9af-cc51b81/kubeconfig",
            "id": "6f422eeae4ef802a276e2264e780e4eba2a221ed"
          },
          "sensitive_attributes": [
            [
              {
                "type": "get_attr",
                "value": "content"
              }
            ],
            [
              {
                "type": "get_attr",
                "value": "content_base64"
              }
            ]
          ],
          "identity_schema_version": 0
        }
      ]
    },
    {
      "module": "module.initial.module.install[0]",
      "mode": "managed",
      "type": "null_resource",
      "name": "configure",
      "provider": "provider[\"registry.terraform.io/hashicorp/null\"]",
      "instances": [
        {
          "schema_version": 0,
          "attributes": {
            "id": "1237189638685866612",
            "triggers": {
              "id": "bb12b8b65eed404902074cbd67e6cec2"
            }
          },
          "sensitive_attributes": [],
          "identity_schema_version": 0,
          "dependencies": [
            "data.aws_availability_zones.available",
            "data.http.myip",
            "module.initial.data.aws_availability_zones.available",
            "module.initial.data.aws_security_group.general_info",
            "module.initial.module.default_config.null_resource.write_config",
            "module.initial.module.download.data.github_release.latest",
            "module.initial.module.download.data.github_release.selected",
            "module.initial.module.download.local_file.download_dir",
            "module.initial.module.download.terraform_data.download",
            "module.initial.module.install.terraform_data.copy_to_remote",
            "module.initial.module.project.data.aws_availability_zones.available",
            "module.initial.module.project.module.domain.acme_certificate.new",
            "module.initial.module.project.module.domain.acme_registration.reg",
            "module.initial.module.project.module.domain.aws_iam_server_certificate.new",
            "module.initial.module.project.module.domain.aws_route53_record.ipv4",
            "module.initial.module.project.module.domain.aws_route53_record.ipv6",
            "module.initial.module.project.module.domain.aws_route53domains_registered_domain.select",
            "module.initial.module.project.module.domain.data.aws_iam_server_certificate.select",
            "module.initial.module.project.module.domain.data.aws_route53_zone.select",
            "module.initial.module.project.module.domain.tls_cert_request.req",
            "module.initial.module.project.module.domain.tls_private_key.cert_private_key",
            "module.initial.module.project.module.domain.tls_private_key.private_key",
            "module.initial.module.project.module.network_load_balancer.aws_eip.created",
            "module.initial.module.project.module.network_load_balancer.aws_lb.new",
            "module.initial.module.project.module.network_load_balancer.aws_lb_listener.created",
            "module.initial.module.project.module.network_load_balancer.aws_lb_target_group.created",
            "module.initial.module.project.module.network_load_balancer.aws_security_group.load_balancer",
            "module.initial.module.project.module.network_load_balancer.aws_vpc_security_group_ingress_rule.external_ingress",
            "module.initial.module.project.module.network_load_balancer.aws_vpc_security_group_ingress_rule.project_ingress_loadbalancer",
            "module.initial.module.project.module.network_load_balancer.data.aws_lb.selected",
            "module.initial.module.project.module.project_security_group.aws_security_group.new",
            "module.initial.module.project.module.project_security_group.aws_vpc_security_group_egress_rule.external_egress_ipv4",
            "module.initial.module.project.module.project_security_group.aws_vpc_security_group_egress_rule.external_egress_ipv6",
            "module.initial.module.project.module.project_security_group.aws_vpc_security_group_egress_rule.project_egress_ipv4",
            "module.initial.module.project.module.project_security_group.aws_vpc_security_group_egress_rule.project_egress_ipv6",
            "module.initial.module.project.module.project_security_group.aws_vpc_security_group_ingress_rule.external_ingress_ipv4",
            "module.initial.module.project.module.project_security_group.aws_vpc_security_group_ingress_rule.external_ingress_ipv6",
            "module.initial.module.project.module.project_security_group.aws_vpc_security_group_ingress_rule.project_ingress_ipv4",
            "module.initial.module.project.module.project_security_group.aws_vpc_security_group_ingress_rule.project_ingress_ipv6",
            "module.initial.module.project.module.project_security_group.data.aws_security_group.selected",
            "module.initial.module.project.module.subnet.aws_subnet.created",
            "module.initial.module.project.module.subnet.data.aws_subnet.selected",
            "module.initial.module.project.module.vpc.aws_internet_gateway.new",
            "module.initial.module.project.module.vpc.aws_route.public_ipv4",
            "module.initial.module.project.module.vpc.aws_route.public_ipv6",
            "module.initial.module.project.module.vpc.aws_vpc.new",
            "module.initial.module.project.module.vpc.data.aws_vpc.selected",
            "module.initial.module.server.data.cloudinit_config.setup",
            "module.initial.module.server.module.direct_access.aws_eip.created",
            "module.initial.module.server.module.direct_access.aws_eip_association.created",
            "module.initial.module.server.module.direct_access.aws_network_interface_sg_attachment.server_security_group_attachment",
            "module.initial.module.server.module.direct_access.aws_route53_record.created",
            "module.initial.module.server.module.direct_access.aws_security_group.direct_access",
            "module.initial.module.server.module.direct_access.aws_vpc_security_group_ingress_rule.server_direct_link",
            "module.initial.module.server.module.direct_access.aws_vpc_security_group_ingress_rule.server_ingress",
            "module.initial.module.server.module.direct_access.data.aws_route53_zone.general_info",
            "module.initial.module.server.module.direct_access.data.aws_security_group.server_security_group",
            "module.initial.module.server.module.direct_access.terraform_data.remove_initial_user",
            "module.initial.module.server.module.direct_access.terraform_data.setup",
            "module.initial.module.server.module.image.data.aws_ami.search",
            "module.initial.module.server.module.image.data.aws_ami.select",
            "module.initial.module.server.module.indirect_access.aws_lb_target_group_attachment.server",
            "module.initial.module.server.module.indirect_access.data.aws_lb_target_group.general_info",
            "module.initial.module.server.module.server.aws_instance.created",
            "module.initial.module.server.module.server.aws_key_pair.created",
            "module.initial.module.server.module.server.data.aws_availability_zone.general_info_create",
            "module.initial.module.server.module.server.data.aws_ec2_instance_type.general_info_create",
            "module.initial.module.server.module.server.data.aws_ec2_instance_type.general_info_select",
            "module.initial.module.server.module.server.data.aws_instance.selected",
            "module.initial.module.server.module.server.data.aws_key_pair.ssh_key_selected",
            "module.initial.module.server.module.server.data.aws_security_group.general_info_create",
            "module.initial.module.server.module.server.data.aws_subnet.general_info_create",
            "module.initial.module.server.module.server.data.aws_subnet.general_info_select",
            "module.initial.module.server.module.server.data.aws_vpc.general_info_create",
            "module.initial.module.server.module.server.data.aws_vpc.general_info_select",
            "module.initial.module.server.module.server.terraform_data.set_primary_ipv6",
            "module.initial.random_uuid.join_token"
          ]
        }
      ]
    },
    {
      "module": "module.initial.module.install[0]",
      "mode": "managed",
      "type": "null_resource",
      "name": "get_kubeconfig",
      "provider": "provider[\"registry.terraform.io/hashicorp/null\"]",
      "instances": [
        {
          "index_key": 0,
          "schema_version": 0,
          "attributes": {
            "id": "5001484778873175181",
            "triggers": {
              "id": "bb12b8b65eed404902074cbd67e6cec2"
            }
          },
          "sensitive_attributes": [],
          "identity_schema_version": 0,
          "dependencies": [
            "data.aws_availability_zones.available",
            "data.http.myip",
            "module.initial.data.aws_availability_zones.available",
            "module.initial.data.aws_security_group.general_info",
            "module.initial.module.default_config.null_resource.write_config",
            "module.initial.module.download.data.github_release.latest",
            "module.initial.module.download.data.github_release.selected",
            "module.initial.module.download.local_file.download_dir",
            "module.initial.module.download.terraform_data.download",
            "module.initial.module.install.null_resource.configure",
            "module.initial.module.install.null_resource.install",
            "module.initial.module.install.null_resource.install_prep",
            "module.initial.module.install.null_resource.prep",
            "module.initial.module.install.null_resource.start",
            "module.initial.module.install.terraform_data.copy_manifests",
            "module.initial.module.install.terraform_data.copy_to_remote",
            "module.initial.module.install.time_sleep.ten_s_after_install",
            "module.initial.module.install.time_sleep.ten_s_before_install",
            "module.initial.module.install.time_sleep.ten_s_before_start",
            "module.initial.module.project.data.aws_availability_zones.available",
            "module.initial.module.project.module.domain.acme_certificate.new",
            "module.initial.module.project.module.domain.acme_registration.reg",
            "module.initial.module.project.module.domain.aws_iam_server_certificate.new",
            "module.initial.module.project.module.domain.aws_route53_record.ipv4",
            "module.initial.module.project.module.domain.aws_route53_record.ipv6",
            "module.initial.module.project.module.domain.aws_route53domains_registered_domain.select",
            "module.initial.module.project.module.domain.data.aws_iam_server_certificate.select",
            "module.initial.module.project.module.domain.data.aws_route53_zone.select",
            "module.initial.module.project.module.domain.tls_cert_request.req",
            "module.initial.module.project.module.domain.tls_private_key.cert_private_key",
            "module.initial.module.project.module.domain.tls_private_key.private_key",
            "module.initial.module.project.module.network_load_balancer.aws_eip.created",
            "module.initial.module.project.module.network_load_balancer.aws_lb.new",
            "module.initial.module.project.module.network_load_balancer.aws_lb_listener.created",
            "module.initial.module.project.module.network_load_balancer.aws_lb_target_group.created",
            "module.initial.module.project.module.network_load_balancer.aws_security_group.load_balancer",
            "module.initial.module.project.module.network_load_balancer.aws_vpc_security_group_ingress_rule.external_ingress",
            "module.initial.module.project.module.network_load_balancer.aws_vpc_security_group_ingress_rule.project_ingress_loadbalancer",
            "module.initial.module.project.module.network_load_balancer.data.aws_lb.selected",
            "module.initial.module.project.module.project_security_group.aws_security_group.new",
            "module.initial.module.project.module.project_security_group.aws_vpc_security_group_egress_rule.external_egress_ipv4",
            "module.initial.module.project.module.project_security_group.aws_vpc_security_group_egress_rule.external_egress_ipv6",
            "module.initial.module.project.module.project_security_group.aws_vpc_security_group_egress_rule.project_egress_ipv4",
            "module.initial.module.project.module.project_security_group.aws_vpc_security_group_egress_rule.project_egress_ipv6",
            "module.initial.module.project.module.project_security_group.aws_vpc_security_group_ingress_rule.external_ingress_ipv4",
            "module.initial.module.project.module.project_security_group.aws_vpc_security_group_ingress_rule.external_ingress_ipv6",
            "module.initial.module.project.module.project_security_group.aws_vpc_security_group_ingress_rule.project_ingress_ipv4",
            "module.initial.module.project.module.project_security_group.aws_vpc_security_group_ingress_rule.project_ingress_ipv6",
            "module.initial.module.project.module.project_security_group.data.aws_security_group.selected",
            "module.initial.module.project.module.subnet.aws_subnet.created",
            "module.initial.module.project.module.subnet.data.aws_subnet.selected",
            "module.initial.module.project.module.vpc.aws_internet_gateway.new",
            "module.initial.module.project.module.vpc.aws_route.public_ipv4",
            "module.initial.module.project.module.vpc.aws_route.public_ipv6",
            "module.initial.module.project.module.vpc.aws_vpc.new",
            "module.initial.module.project.module.vpc.data.aws_vpc.selected",
            "module.initial.module.server.data.cloudinit_config.setup",
            "module.initial.module.server.module.direct_access.aws_eip.created",
            "module.initial.module.server.module.direct_access.aws_eip_association.created",
            "module.initial.module.server.module.direct_access.aws_network_interface_sg_attachment.server_security_group_attachment",
            "module.initial.module.server.module.direct_access.aws_route53_record.created",
            "module.initial.module.server.module.direct_access.aws_security_group.direct_access",
            "module.initial.module.server.module.direct_access.aws_vpc_security_group_ingress_rule.server_direct_link",
            "module.initial.module.server.module.direct_access.aws_vpc_security_group_ingress_rule.server_ingress",
            "module.initial.module.server.module.direct_access.data.aws_route53_zone.general_info",
            "module.initial.module.server.module.direct_access.data.aws_security_group.server_security_group",
            "module.initial.module.server.module.direct_access.terraform_data.remove_initial_user",
            "module.initial.module.server.module.direct_access.terraform_data.setup",
            "module.initial.module.server.module.image.data.aws_ami.search",
            "module.initial.module.server.module.image.data.aws_ami.select",
            "module.initial.module.server.module.indirect_access.aws_lb_target_group_attachment.server",
            "module.initial.module.server.module.indirect_access.data.aws_lb_target_group.general_info",
            "module.initial.module.server.module.server.aws_instance.created",
            "module.initial.module.server.module.server.aws_key_pair.created",
            "module.initial.module.server.module.server.data.aws_availability_zone.general_info_create",
            "module.initial.module.server.module.server.data.aws_ec2_instance_type.general_info_create",
            "module.initial.module.server.module.server.data.aws_ec2_instance_type.general_info_select",
            "module.initial.module.server.module.server.data.aws_instance.selected",
            "module.initial.module.server.module.server.data.aws_key_pair.ssh_key_selected",
            "module.initial.module.server.module.server.data.aws_security_group.general_info_create",
            "module.initial.module.server.module.server.data.aws_subnet.general_info_create",
            "module.initial.module.server.module.server.data.aws_subnet.general_info_select",
            "module.initial.module.server.module.server.data.aws_vpc.general_info_create",
            "module.initial.module.server.module.server.data.aws_vpc.general_info_select",
            "module.initial.module.server.module.server.terraform_data.set_primary_ipv6",
            "module.initial.random_uuid.join_token"
          ]
        }
      ]
    },
    {
      "module": "module.initial.module.install[0]",
      "mode": "managed",
      "type": "null_resource",
      "name": "install",
      "provider": "provider[\"registry.terraform.io/hashicorp/null\"]",
      "instances": [
        {
          "schema_version": 0,
          "attributes": {
            "id": "6760711525316419165",
            "triggers": {
              "id": "bb12b8b65eed404902074cbd67e6cec2"
            }
          },
          "sensitive_attributes": [],
          "identity_schema_version": 0,
          "dependencies": [
            "data.aws_availability_zones.available",
            "data.http.myip",
            "module.initial.data.aws_availability_zones.available",
            "module.initial.data.aws_security_group.general_info",
            "module.initial.module.default_config.null_resource.write_config",
            "module.initial.module.download.data.github_release.latest",
            "module.initial.module.download.data.github_release.selected",
            "module.initial.module.download.local_file.download_dir",
            "module.initial.module.download.terraform_data.download",
            "module.initial.module.install.null_resource.configure",
            "module.initial.module.install.null_resource.install_prep",
            "module.initial.module.install.terraform_data.copy_to_remote",
            "module.initial.module.install.time_sleep.ten_s_before_install",
            "module.initial.module.project.data.aws_availability_zones.available",
            "module.initial.module.project.module.domain.acme_certificate.new",
            "module.initial.module.project.module.domain.acme_registration.reg",
            "module.initial.module.project.module.domain.aws_iam_server_certificate.new",
            "module.initial.module.project.module.domain.aws_route53_record.ipv4",
            "module.initial.module.project.module.domain.aws_route53_record.ipv6",
            "module.initial.module.project.module.domain.aws_route53domains_registered_domain.select",
            "module.initial.module.project.module.domain.data.aws_iam_server_certificate.select",
            "module.initial.module.project.module.domain.data.aws_route53_zone.select",
            "module.initial.module.project.module.domain.tls_cert_request.req",
            "module.initial.module.project.module.domain.tls_private_key.cert_private_key",
            "module.initial.module.project.module.domain.tls_private_key.private_key",
            "module.initial.module.project.module.network_load_balancer.aws_eip.created",
            "module.initial.module.project.module.network_load_balancer.aws_lb.new",
            "module.initial.module.project.module.network_load_balancer.aws_lb_listener.created",
            "module.initial.module.project.module.network_load_balancer.aws_lb_target_group.created",
            "module.initial.module.project.module.network_load_balancer.aws_security_group.load_balancer",
            "module.initial.module.project.module.network_load_balancer.aws_vpc_security_group_ingress_rule.external_ingress",
            "module.initial.module.project.module.network_load_balancer.aws_vpc_security_group_ingress_rule.project_ingress_loadbalancer",
            "module.initial.module.project.module.network_load_balancer.data.aws_lb.selected",
            "module.initial.module.project.module.project_security_group.aws_security_group.new",
            "module.initial.module.project.module.project_security_group.aws_vpc_security_group_egress_rule.external_egress_ipv4",
            "module.initial.module.project.module.project_security_group.aws_vpc_security_group_egress_rule.external_egress_ipv6",
            "module.initial.module.project.module.project_security_group.aws_vpc_security_group_egress_rule.project_egress_ipv4",
            "module.initial.module.project.module.project_security_group.aws_vpc_security_group_egress_rule.project_egress_ipv6",
            "module.initial.module.project.module.project_security_group.aws_vpc_security_group_ingress_rule.external_ingress_ipv4",
            "module.initial.module.project.module.project_security_group.aws_vpc_security_group_ingress_rule.external_ingress_ipv6",
            "module.initial.module.project.module.project_security_group.aws_vpc_security_group_ingress_rule.project_ingress_ipv4",
            "module.initial.module.project.module.project_security_group.aws_vpc_security_group_ingress_rule.project_ingress_ipv6",
            "module.initial.module.project.module.project_security_group.data.aws_security_group.selected",
            "module.initial.module.project.module.subnet.aws_subnet.created",
            "module.initial.module.project.module.subnet.data.aws_subnet.selected",
            "module.initial.module.project.module.vpc.aws_internet_gateway.new",
            "module.initial.module.project.module.vpc.aws_route.public_ipv4",
            "module.initial.module.project.module.vpc.aws_route.public_ipv6",
            "module.initial.module.project.module.vpc.aws_vpc.new",
            "module.initial.module.project.module.vpc.data.aws_vpc.selected",
            "module.initial.module.server.data.cloudinit_config.setup",
            "module.initial.module.server.module.direct_access.aws_eip.created",
            "module.initial.module.server.module.direct_access.aws_eip_association.created",
            "module.initial.module.server.module.direct_access.aws_network_interface_sg_attachment.server_security_group_attachment",
            "module.initial.module.server.module.direct_access.aws_route53_record.created",
            "module.initial.module.server.module.direct_access.aws_security_group.direct_access",
            "module.initial.module.server.module.direct_access.aws_vpc_security_group_ingress_rule.server_direct_link",
            "module.initial.module.server.module.direct_access.aws_vpc_security_group_ingress_rule.server_ingress",
            "module.initial.module.server.module.direct_access.data.aws_route53_zone.general_info",
            "module.initial.module.server.module.direct_access.data.aws_security_group.server_security_group",
            "module.initial.module.server.module.direct_access.terraform_data.remove_initial_user",
            "module.initial.module.server.module.direct_access.terraform_data.setup",
            "module.initial.module.server.module.image.data.aws_ami.search",
            "module.initial.module.server.module.image.data.aws_ami.select",
            "module.initial.module.server.module.indirect_access.aws_lb_target_group_attachment.server",
            "module.initial.module.server.module.indirect_access.data.aws_lb_target_group.general_info",
            "module.initial.module.server.module.server.aws_instance.created",
            "module.initial.module.server.module.server.aws_key_pair.created",
            "module.initial.module.server.module.server.data.aws_availability_zone.general_info_create",
            "module.initial.module.server.module.server.data.aws_ec2_instance_type.general_info_create",
            "module.initial.module.server.module.server.data.aws_ec2_instance_type.general_info_select",
            "module.initial.module.server.module.server.data.aws_instance.selected",
            "module.initial.module.server.module.server.data.aws_key_pair.ssh_key_selected",
            "module.initial.module.server.module.server.data.aws_security_group.general_info_create",
            "module.initial.module.server.module.server.data.aws_subnet.general_info_create",
            "module.initial.module.server.module.server.data.aws_subnet.general_info_select",
            "module.initial.module.server.module.server.data.aws_vpc.general_info_create",
            "module.initial.module.server.module.server.data.aws_vpc.general_info_select",
            "module.initial.module.server.module.server.terraform_data.set_primary_ipv6",
            "module.initial.random_uuid.join_token"
          ]
        }
      ]
    },
    {
      "module": "module.initial.module.install[0]",
      "mode": "managed",
      "type": "null_resource",
      "name": "install_prep",
      "provider": "provider[\"registry.terraform.io/hashicorp/null\"]",
      "instances": []
    },
    {
      "module": "module.initial.module.install[0]",
      "mode": "managed",
      "type": "null_resource",
      "name": "prep",
      "provider": "provider[\"registry.terraform.io/hashicorp/null\"]",
      "instances": []
    },
    {
      "module": "module.initial.module.install[0]",
      "mode": "managed",
      "type": "null_resource",
      "name": "start",
      "provider": "provider[\"registry.terraform.io/hashicorp/null\"]",
      "instances": [
        {
          "index_key": 0,
          "schema_version": 0,
          "attributes": {
            "id": "488807120747122081",
            "triggers": {
              "id": "bb12b8b65eed404902074cbd67e6cec2"
            }
          },
          "sensitive_attributes": [],
          "identity_schema_version": 0,
          "dependencies": [
            "data.aws_availability_zones.available",
            "data.http.myip",
            "module.initial.data.aws_availability_zones.available",
            "module.initial.data.aws_security_group.general_info",
            "module.initial.module.default_config.null_resource.write_config",
            "module.initial.module.download.data.github_release.latest",
            "module.initial.module.download.data.github_release.selected",
            "module.initial.module.download.local_file.download_dir",
            "module.initial.module.download.terraform_data.download",
            "module.initial.module.install.null_resource.configure",
            "module.initial.module.install.null_resource.install",
            "module.initial.module.install.null_resource.install_prep",
            "module.initial.module.install.null_resource.prep",
            "module.initial.module.install.terraform_data.copy_manifests",
            "module.initial.module.install.terraform_data.copy_to_remote",
            "module.initial.module.install.time_sleep.ten_s_after_install",
            "module.initial.module.install.time_sleep.ten_s_before_install",
            "module.initial.module.install.time_sleep.ten_s_before_start",
            "module.initial.module.project.data.aws_availability_zones.available",
            "module.initial.module.project.module.domain.acme_certificate.new",
            "module.initial.module.project.module.domain.acme_registration.reg",
            "module.initial.module.project.module.domain.aws_iam_server_certificate.new",
            "module.initial.module.project.module.domain.aws_route53_record.ipv4",
            "module.initial.module.project.module.domain.aws_route53_record.ipv6",
            "module.initial.module.project.module.domain.aws_route53domains_registered_domain.select",
            "module.initial.module.project.module.domain.data.aws_iam_server_certificate.select",
            "module.initial.module.project.module.domain.data.aws_route53_zone.select",
            "module.initial.module.project.module.domain.tls_cert_request.req",
            "module.initial.module.project.module.domain.tls_private_key.cert_private_key",
            "module.initial.module.project.module.domain.tls_private_key.private_key",
            "module.initial.module.project.module.network_load_balancer.aws_eip.created",
            "module.initial.module.project.module.network_load_balancer.aws_lb.new",
            "module.initial.module.project.module.network_load_balancer.aws_lb_listener.created",
            "module.initial.module.project.module.network_load_balancer.aws_lb_target_group.created",
            "module.initial.module.project.module.network_load_balancer.aws_security_group.load_balancer",
            "module.initial.module.project.module.network_load_balancer.aws_vpc_security_group_ingress_rule.external_ingress",
            "module.initial.module.project.module.network_load_balancer.aws_vpc_security_group_ingress_rule.project_ingress_loadbalancer",
            "module.initial.module.project.module.network_load_balancer.data.aws_lb.selected",
            "module.initial.module.project.module.project_security_group.aws_security_group.new",
            "module.initial.module.project.module.project_security_group.aws_vpc_security_group_egress_rule.external_egress_ipv4",
            "module.initial.module.project.module.project_security_group.aws_vpc_security_group_egress_rule.external_egress_ipv6",
            "module.initial.module.project.module.project_security_group.aws_vpc_security_group_egress_rule.project_egress_ipv4",
            "module.initial.module.project.module.project_security_group.aws_vpc_security_group_egress_rule.project_egress_ipv6",
            "module.initial.module.project.module.project_security_group.aws_vpc_security_group_ingress_rule.external_ingress_ipv4",
            "module.initial.module.project.module.project_security_group.aws_vpc_security_group_ingress_rule.external_ingress_ipv6",
            "module.initial.module.project.module.project_security_group.aws_vpc_security_group_ingress_rule.project_ingress_ipv4",
            "module.initial.module.project.module.project_security_group.aws_vpc_security_group_ingress_rule.project_ingress_ipv6",
            "module.initial.module.project.module.project_security_group.data.aws_security_group.selected",
            "module.initial.module.project.module.subnet.aws_subnet.created",
            "module.initial.module.project.module.subnet.data.aws_subnet.selected",
            "module.initial.module.project.module.vpc.aws_internet_gateway.new",
            "module.initial.module.project.module.vpc.aws_route.public_ipv4",
            "module.initial.module.project.module.vpc.aws_route.public_ipv6",
            "module.initial.module.project.module.vpc.aws_vpc.new",
            "module.initial.module.project.module.vpc.data.aws_vpc.selected",
            "module.initial.module.server.data.cloudinit_config.setup",
            "module.initial.module.server.module.direct_access.aws_eip.created",
            "module.initial.module.server.module.direct_access.aws_eip_association.created",
            "module.initial.module.server.module.direct_access.aws_network_interface_sg_attachment.server_security_group_attachment",
            "module.initial.module.server.module.direct_access.aws_route53_record.created",
            "module.initial.module.server.module.direct_access.aws_security_group.direct_access",
            "module.initial.module.server.module.direct_access.aws_vpc_security_group_ingress_rule.server_direct_link",
            "module.initial.module.server.module.direct_access.aws_vpc_security_group_ingress_rule.server_ingress",
            "module.initial.module.server.module.direct_access.data.aws_route53_zone.general_info",
            "module.initial.module.server.module.direct_access.data.aws_security_group.server_security_group",
            "module.initial.module.server.module.direct_access.terraform_data.remove_initial_user",
            "module.initial.module.server.module.direct_access.terraform_data.setup",
            "module.initial.module.server.module.image.data.aws_ami.search",
            "module.initial.module.server.module.image.data.aws_ami.select",
            "module.initial.module.server.module.indirect_access.aws_lb_target_group_attachment.server",
            "module.initial.module.server.module.indirect_access.data.aws_lb_target_group.general_info",
            "module.initial.module.server.module.server.aws_instance.created",
            "module.initial.module.server.module.server.aws_key_pair.created",
            "module.initial.module.server.module.server.data.aws_availability_zone.general_info_create",
            "module.initial.module.server.module.server.data.aws_ec2_instance_type.general_info_create",
            "module.initial.module.server.module.server.data.aws_ec2_instance_type.general_info_select",
            "module.initial.module.server.module.server.data.aws_instance.selected",
            "module.initial.module.server.module.server.data.aws_key_pair.ssh_key_selected",
            "module.initial.module.server.module.server.data.aws_security_group.general_info_create",
            "module.initial.module.server.module.server.data.aws_subnet.general_info_create",
            "module.initial.module.server.module.server.data.aws_subnet.general_info_select",
            "module.initial.module.server.module.server.data.aws_vpc.general_info_create",
            "module.initial.module.server.module.server.data.aws_vpc.general_info_select",
            "module.initial.module.server.module.server.terraform_data.set_primary_ipv6",
            "module.initial.random_uuid.join_token"
          ]
        }
      ]
    },
    {
      "module": "module.initial.module.install[0]",
      "mode": "managed",
      "type": "terraform_data",
      "name": "copy_manifests",
      "provider": "provider[\"terraform.io/builtin/terraform\"]",
      "instances": []
    },
    {
      "module": "module.initial.module.install[0]",
      "mode": "managed",
      "type": "terraform_data",
      "name": "copy_to_remote",
      "provider": "provider[\"terraform.io/builtin/terraform\"]",
      "instances": [
        {
          "schema_version": 0,
          "attributes": {
            "id": "6dcce3e2-dd43-e64e-e6c3-1a43df3f8e2f",
            "input": null,
            "output": null,
            "triggers_replace": {
              "value": "bb12b8b65eed404902074cbd67e6cec2",
              "type": "string"
            }
          },
          "sensitive_attributes": [],
          "identity_schema_version": 0,
          "dependencies": [
            "data.aws_availability_zones.available",
            "data.http.myip",
            "module.initial.data.aws_availability_zones.available",
            "module.initial.data.aws_security_group.general_info",
            "module.initial.module.default_config.null_resource.write_config",
            "module.initial.module.download.data.github_release.latest",
            "module.initial.module.download.data.github_release.selected",
            "module.initial.module.download.local_file.download_dir",
            "module.initial.module.download.terraform_data.download",
            "module.initial.module.project.data.aws_availability_zones.available",
            "module.initial.module.project.module.domain.acme_certificate.new",
            "module.initial.module.project.module.domain.acme_registration.reg",
            "module.initial.module.project.module.domain.aws_iam_server_certificate.new",
            "module.initial.module.project.module.domain.aws_route53_record.ipv4",
            "module.initial.module.project.module.domain.aws_route53_record.ipv6",
            "module.initial.module.project.module.domain.aws_route53domains_registered_domain.select",
            "module.initial.module.project.module.domain.data.aws_iam_server_certificate.select",
            "module.initial.module.project.module.domain.data.aws_route53_zone.select",
            "module.initial.module.project.module.domain.tls_cert_request.req",
            "module.initial.module.project.module.domain.tls_private_key.cert_private_key",
            "module.initial.module.project.module.domain.tls_private_key.private_key",
            "module.initial.module.project.module.network_load_balancer.aws_eip.created",
            "module.initial.module.project.module.network_load_balancer.aws_lb.new",
            "module.initial.module.project.module.network_load_balancer.aws_lb_listener.created",
            "module.initial.module.project.module.network_load_balancer.aws_lb_target_group.created",
            "module.initial.module.project.module.network_load_balancer.aws_security_group.load_balancer",
            "module.initial.module.project.module.network_load_balancer.aws_vpc_security_group_ingress_rule.external_ingress",
            "module.initial.module.project.module.network_load_balancer.aws_vpc_security_group_ingress_rule.project_ingress_loadbalancer",
            "module.initial.module.project.module.network_load_balancer.data.aws_lb.selected",
            "module.initial.module.project.module.project_security_group.aws_security_group.new",
            "module.initial.module.project.module.project_security_group.aws_vpc_security_group_egress_rule.external_egress_ipv4",
            "module.initial.module.project.module.project_security_group.aws_vpc_security_group_egress_rule.external_egress_ipv6",
            "module.initial.module.project.module.project_security_group.aws_vpc_security_group_egress_rule.project_egress_ipv4",
            "module.initial.module.project.module.project_security_group.aws_vpc_security_group_egress_rule.project_egress_ipv6",
            "module.initial.module.project.module.project_security_group.aws_vpc_security_group_ingress_rule.external_ingress_ipv4",
            "module.initial.module.project.module.project_security_group.aws_vpc_security_group_ingress_rule.external_ingress_ipv6",
            "module.initial.module.project.module.project_security_group.aws_vpc_security_group_ingress_rule.project_ingress_ipv4",
            "module.initial.module.project.module.project_security_group.aws_vpc_security_group_ingress_rule.project_ingress_ipv6",
            "module.initial.module.project.module.project_security_group.data.aws_security_group.selected",
            "module.initial.module.project.module.subnet.aws_subnet.created",
            "module.initial.module.project.module.subnet.data.aws_subnet.selected",
            "module.initial.module.project.module.vpc.aws_internet_gateway.new",
            "module.initial.module.project.module.vpc.aws_route.public_ipv4",
            "module.initial.module.project.module.vpc.aws_route.public_ipv6",
            "module.initial.module.project.module.vpc.aws_vpc.new",
            "module.initial.module.project.module.vpc.data.aws_vpc.selected",
            "module.initial.module.server.data.cloudinit_config.setup",
            "module.initial.module.server.module.direct_access.aws_eip.created",
            "module.initial.module.server.module.direct_access.aws_eip_association.created",
            "module.initial.module.server.module.direct_access.aws_network_interface_sg_attachment.server_security_group_attachment",
            "module.initial.module.server.module.direct_access.aws_route53_record.created",
            "module.initial.module.server.module.direct_access.aws_security_group.direct_access",
            "module.initial.module.server.module.direct_access.aws_vpc_security_group_ingress_rule.server_direct_link",
            "module.initial.module.server.module.direct_access.aws_vpc_security_group_ingress_rule.server_ingress",
            "module.initial.module.server.module.direct_access.data.aws_route53_zone.general_info",
            "module.initial.module.server.module.direct_access.data.aws_security_group.server_security_group",
            "module.initial.module.server.module.direct_access.terraform_data.remove_initial_user",
            "module.initial.module.server.module.direct_access.terraform_data.setup",
            "module.initial.module.server.module.image.data.aws_ami.search",
            "module.initial.module.server.module.image.data.aws_ami.select",
            "module.initial.module.server.module.indirect_access.aws_lb_target_group_attachment.server",
            "module.initial.module.server.module.indirect_access.data.aws_lb_target_group.general_info",
            "module.initial.module.server.module.server.aws_instance.created",
            "module.initial.module.server.module.server.aws_key_pair.created",
            "module.initial.module.server.module.server.data.aws_availability_zone.general_info_create",
            "module.initial.module.server.module.server.data.aws_ec2_instance_type.general_info_create",
            "module.initial.module.server.module.server.data.aws_ec2_instance_type.general_info_select",
            "module.initial.module.server.module.server.data.aws_instance.selected",
            "module.initial.module.server.module.server.data.aws_key_pair.ssh_key_selected",
            "module.initial.module.server.module.server.data.aws_security_group.general_info_create",
            "module.initial.module.server.module.server.data.aws_subnet.general_info_create",
            "module.initial.module.server.module.server.data.aws_subnet.general_info_select",
            "module.initial.module.server.module.server.data.aws_vpc.general_info_create",
            "module.initial.module.server.module.server.data.aws_vpc.general_info_select",
            "module.initial.module.server.module.server.terraform_data.set_primary_ipv6",
            "module.initial.random_uuid.join_token"
          ]
        }
      ]
    },
    {
      "module": "module.initial.module.install[0]",
      "mode": "managed",
      "type": "time_sleep",
      "name": "ten_s_after_install",
      "provider": "provider[\"registry.terraform.io/hashicorp/time\"]",
      "instances": [
        {
          "schema_version": 0,
          "attributes": {
            "create_duration": "10s",
            "destroy_duration": null,
            "id": "2025-12-13T11:39:33Z",
            "triggers": null
          },
          "sensitive_attributes": [],
          "identity_schema_version": 0,
          "dependencies": [
            "data.aws_availability_zones.available",
            "data.http.myip",
            "module.initial.data.aws_availability_zones.available",
            "module.initial.data.aws_security_group.general_info",
            "module.initial.module.default_config.null_resource.write_config",
            "module.initial.module.download.data.github_release.latest",
            "module.initial.module.download.data.github_release.selected",
            "module.initial.module.download.local_file.download_dir",
            "module.initial.module.download.terraform_data.download",
            "module.initial.module.install.null_resource.configure",
            "module.initial.module.install.null_resource.install",
            "module.initial.module.install.null_resource.install_prep",
            "module.initial.module.install.terraform_data.copy_to_remote",
            "module.initial.module.install.time_sleep.ten_s_before_install",
            "module.initial.module.project.data.aws_availability_zones.available",
            "module.initial.module.project.module.domain.acme_certificate.new",
            "module.initial.module.project.module.domain.acme_registration.reg",
            "module.initial.module.project.module.domain.aws_iam_server_certificate.new",
            "module.initial.module.project.module.domain.aws_route53_record.ipv4",
            "module.initial.module.project.module.domain.aws_route53_record.ipv6",
            "module.initial.module.project.module.domain.aws_route53domains_registered_domain.select",
            "module.initial.module.project.module.domain.data.aws_iam_server_certificate.select",
            "module.initial.module.project.module.domain.data.aws_route53_zone.select",
            "module.initial.module.project.module.domain.tls_cert_request.req",
            "module.initial.module.project.module.domain.tls_private_key.cert_private_key",
            "module.initial.module.project.module.domain.tls_private_key.private_key",
            "module.initial.module.project.module.network_load_balancer.aws_eip.created",
            "module.initial.module.project.module.network_load_balancer.aws_lb.new",
            "module.initial.module.project.module.network_load_balancer.aws_lb_listener.created",
            "module.initial.module.project.module.network_load_balancer.aws_lb_target_group.created",
            "module.initial.module.project.module.network_load_balancer.aws_security_group.load_balancer",
            "module.initial.module.project.module.network_load_balancer.aws_vpc_security_group_ingress_rule.external_ingress",
            "module.initial.module.project.module.network_load_balancer.aws_vpc_security_group_ingress_rule.project_ingress_loadbalancer",
            "module.initial.module.project.module.network_load_balancer.data.aws_lb.selected",
            "module.initial.module.project.module.project_security_group.aws_security_group.new",
            "module.initial.module.project.module.project_security_group.aws_vpc_security_group_egress_rule.external_egress_ipv4",
            "module.initial.module.project.module.project_security_group.aws_vpc_security_group_egress_rule.external_egress_ipv6",
            "module.initial.module.project.module.project_security_group.aws_vpc_security_group_egress_rule.project_egress_ipv4",
            "module.initial.module.project.module.project_security_group.aws_vpc_security_group_egress_rule.project_egress_ipv6",
            "module.initial.module.project.module.project_security_group.aws_vpc_security_group_ingress_rule.external_ingress_ipv4",
            "module.initial.module.project.module.project_security_group.aws_vpc_security_group_ingress_rule.external_ingress_ipv6",
            "module.initial.module.project.module.project_security_group.aws_vpc_security_group_ingress_rule.project_ingress_ipv4",
            "module.initial.module.project.module.project_security_group.aws_vpc_security_group_ingress_rule.project_ingress_ipv6",
            "module.initial.module.project.module.project_security_group.data.aws_security_group.selected",
            "module.initial.module.project.module.subnet.aws_subnet.created",
            "module.initial.module.project.module.subnet.data.aws_subnet.selected",
            "module.initial.module.project.module.vpc.aws_internet_gateway.new",
            "module.initial.module.project.module.vpc.aws_route.public_ipv4",
            "module.initial.module.project.module.vpc.aws_route.public_ipv6",
            "module.initial.module.project.module.vpc.aws_vpc.new",
            "module.initial.module.project.module.vpc.data.aws_vpc.selected",
            "module.initial.module.server.data.cloudinit_config.setup",
            "module.initial.module.server.module.direct_access.aws_eip.created",
            "module.initial.module.server.module.direct_access.aws_eip_association.created",
            "module.initial.module.server.module.direct_access.aws_network_interface_sg_attachment.server_security_group_attachment",
            "module.initial.module.server.module.direct_access.aws_route53_record.created",
            "module.initial.module.server.module.direct_access.aws_security_group.direct_access",
            "module.initial.module.server.module.direct_access.aws_vpc_security_group_ingress_rule.server_direct_link",
            "module.initial.module.server.module.direct_access.aws_vpc_security_group_ingress_rule.server_ingress",
            "module.initial.module.server.module.direct_access.data.aws_route53_zone.general_info",
            "module.initial.module.server.module.direct_access.data.aws_security_group.server_security_group",
            "module.initial.module.server.module.direct_access.terraform_data.remove_initial_user",
            "module.initial.module.server.module.direct_access.terraform_data.setup",
            "module.initial.module.server.module.image.data.aws_ami.search",
            "module.initial.module.server.module.image.data.aws_ami.select",
            "module.initial.module.server.module.indirect_access.aws_lb_target_group_attachment.server",
            "module.initial.module.server.module.indirect_access.data.aws_lb_target_group.general_info",
            "module.initial.module.server.module.server.aws_instance.created",
            "module.initial.module.server.module.server.aws_key_pair.created",
            "module.initial.module.server.module.server.data.aws_availability_zone.general_info_create",
            "module.initial.module.server.module.server.data.aws_ec2_instance_type.general_info_create",
            "module.initial.module.server.module.server.data.aws_ec2_instance_type.general_info_select",
            "module.initial.module.server.module.server.data.aws_instance.selected",
            "module.initial.module.server.module.server.data.aws_key_pair.ssh_key_selected",
            "module.initial.module.server.module.server.data.aws_security_group.general_info_create",
            "module.initial.module.server.module.server.data.aws_subnet.general_info_create",
            "module.initial.module.server.module.server.data.aws_subnet.general_info_select",
            "module.initial.module.server.module.server.data.aws_vpc.general_info_create",
            "module.initial.module.server.module.server.data.aws_vpc.general_info_select",
            "module.initial.module.server.module.server.terraform_data.set_primary_ipv6",
            "module.initial.random_uuid.join_token"
          ]
        }
      ]
    },
    {
      "module": "module.initial.module.install[0]",
      "mode": "managed",
      "type": "time_sleep",
      "name": "ten_s_before_install",
      "provider": "provider[\"registry.terraform.io/hashicorp/time\"]",
      "instances": [
        {
          "schema_version": 0,
          "attributes": {
            "create_duration": "10s",
            "destroy_duration": null,
            "id": "2025-12-13T11:38:43Z",
            "triggers": null
          },
          "sensitive_attributes": [],
          "identity_schema_version": 0,
          "dependencies": [
            "data.aws_availability_zones.available",
            "data.http.myip",
            "module.initial.data.aws_availability_zones.available",
            "module.initial.data.aws_security_group.general_info",
            "module.initial.module.default_config.null_resource.write_config",
            "module.initial.module.download.data.github_release.latest",
            "module.initial.module.download.data.github_release.selected",
            "module.initial.module.download.local_file.download_dir",
            "module.initial.module.download.terraform_data.download",
            "module.initial.module.install.null_resource.configure",
            "module.initial.module.install.null_resource.install_prep",
            "module.initial.module.install.terraform_data.copy_to_remote",
            "module.initial.module.project.data.aws_availability_zones.available",
            "module.initial.module.project.module.domain.acme_certificate.new",
            "module.initial.module.project.module.domain.acme_registration.reg",
            "module.initial.module.project.module.domain.aws_iam_server_certificate.new",
            "module.initial.module.project.module.domain.aws_route53_record.ipv4",
            "module.initial.module.project.module.domain.aws_route53_record.ipv6",
            "module.initial.module.project.module.domain.aws_route53domains_registered_domain.select",
            "module.initial.module.project.module.domain.data.aws_iam_server_certificate.select",
            "module.initial.module.project.module.domain.data.aws_route53_zone.select",
            "module.initial.module.project.module.domain.tls_cert_request.req",
            "module.initial.module.project.module.domain.tls_private_key.cert_private_key",
            "module.initial.module.project.module.domain.tls_private_key.private_key",
            "module.initial.module.project.module.network_load_balancer.aws_eip.created",
            "module.initial.module.project.module.network_load_balancer.aws_lb.new",
            "module.initial.module.project.module.network_load_balancer.aws_lb_listener.created",
            "module.initial.module.project.module.network_load_balancer.aws_lb_target_group.created",
            "module.initial.module.project.module.network_load_balancer.aws_security_group.load_balancer",
            "module.initial.module.project.module.network_load_balancer.aws_vpc_security_group_ingress_rule.external_ingress",
            "module.initial.module.project.module.network_load_balancer.aws_vpc_security_group_ingress_rule.project_ingress_loadbalancer",
            "module.initial.module.project.module.network_load_balancer.data.aws_lb.selected",
            "module.initial.module.project.module.project_security_group.aws_security_group.new",
            "module.initial.module.project.module.project_security_group.aws_vpc_security_group_egress_rule.external_egress_ipv4",
            "module.initial.module.project.module.project_security_group.aws_vpc_security_group_egress_rule.external_egress_ipv6",
            "module.initial.module.project.module.project_security_group.aws_vpc_security_group_egress_rule.project_egress_ipv4",
            "module.initial.module.project.module.project_security_group.aws_vpc_security_group_egress_rule.project_egress_ipv6",
            "module.initial.module.project.module.project_security_group.aws_vpc_security_group_ingress_rule.external_ingress_ipv4",
            "module.initial.module.project.module.project_security_group.aws_vpc_security_group_ingress_rule.external_ingress_ipv6",
            "module.initial.module.project.module.project_security_group.aws_vpc_security_group_ingress_rule.project_ingress_ipv4",
            "module.initial.module.project.module.project_security_group.aws_vpc_security_group_ingress_rule.project_ingress_ipv6",
            "module.initial.module.project.module.project_security_group.data.aws_security_group.selected",
            "module.initial.module.project.module.subnet.aws_subnet.created",
            "module.initial.module.project.module.subnet.data.aws_subnet.selected",
            "module.initial.module.project.module.vpc.aws_internet_gateway.new",
            "module.initial.module.project.module.vpc.aws_route.public_ipv4",
            "module.initial.module.project.module.vpc.aws_route.public_ipv6",
            "module.initial.module.project.module.vpc.aws_vpc.new",
            "module.initial.module.project.module.vpc.data.aws_vpc.selected",
            "module.initial.module.server.data.cloudinit_config.setup",
            "module.initial.module.server.module.direct_access.aws_eip.created",
            "module.initial.module.server.module.direct_access.aws_eip_association.created",
            "module.initial.module.server.module.direct_access.aws_network_interface_sg_attachment.server_security_group_attachment",
            "module.initial.module.server.module.direct_access.aws_route53_record.created",
            "module.initial.module.server.module.direct_access.aws_security_group.direct_access",
            "module.initial.module.server.module.direct_access.aws_vpc_security_group_ingress_rule.server_direct_link",
            "module.initial.module.server.module.direct_access.aws_vpc_security_group_ingress_rule.server_ingress",
            "module.initial.module.server.module.direct_access.data.aws_route53_zone.general_info",
            "module.initial.module.server.module.direct_access.data.aws_security_group.server_security_group",
            "module.initial.module.server.module.direct_access.terraform_data.remove_initial_user",
            "module.initial.module.server.module.direct_access.terraform_data.setup",
            "module.initial.module.server.module.image.data.aws_ami.search",
            "module.initial.module.server.module.image.data.aws_ami.select",
            "module.initial.module.server.module.indirect_access.aws_lb_target_group_attachment.server",
            "module.initial.module.server.module.indirect_access.data.aws_lb_target_group.general_info",
            "module.initial.module.server.module.server.aws_instance.created",
            "module.initial.module.server.module.server.aws_key_pair.created",
            "module.initial.module.server.module.server.data.aws_availability_zone.general_info_create",
            "module.initial.module.server.module.server.data.aws_ec2_instance_type.general_info_create",
            "module.initial.module.server.module.server.data.aws_ec2_instance_type.general_info_select",
            "module.initial.module.server.module.server.data.aws_instance.selected",
            "module.initial.module.server.module.server.data.aws_key_pair.ssh_key_selected",
            "module.initial.module.server.module.server.data.aws_security_group.general_info_create",
            "module.initial.module.server.module.server.data.aws_subnet.general_info_create",
            "module.initial.module.server.module.server.data.aws_subnet.general_info_select",
            "module.initial.module.server.module.server.data.aws_vpc.general_info_create",
            "module.initial.module.server.module.server.data.aws_vpc.general_info_select",
            "module.initial.module.server.module.server.terraform_data.set_primary_ipv6",
            "module.initial.random_uuid.join_token"
          ]
        }
      ]
    },
    {
      "module": "module.initial.module.install[0]",
      "mode": "managed",
      "type": "time_sleep",
      "name": "ten_s_before_start",
      "provider": "provider[\"registry.terraform.io/hashicorp/time\"]",
      "instances": [
        {
          "schema_version": 0,
          "attributes": {
            "create_duration": "10s",
            "destroy_duration": null,
            "id": "2025-12-13T11:39:43Z",
            "triggers": null
          },
          "sensitive_attributes": [],
          "identity_schema_version": 0,
          "dependencies": [
            "data.aws_availability_zones.available",
            "data.http.myip",
            "module.initial.data.aws_availability_zones.available",
            "module.initial.data.aws_security_group.general_info",
            "module.initial.module.default_config.null_resource.write_config",
            "module.initial.module.download.data.github_release.latest",
            "module.initial.module.download.data.github_release.selected",
            "module.initial.module.download.local_file.download_dir",
            "module.initial.module.download.terraform_data.download",
            "module.initial.module.install.null_resource.configure",
            "module.initial.module.install.null_resource.install",
            "module.initial.module.install.null_resource.install_prep",
            "module.initial.module.install.null_resource.prep",
            "module.initial.module.install.terraform_data.copy_manifests",
            "module.initial.module.install.terraform_data.copy_to_remote",
            "module.initial.module.install.time_sleep.ten_s_after_install",
            "module.initial.module.install.time_sleep.ten_s_before_install",
            "module.initial.module.project.data.aws_availability_zones.available",
            "module.initial.module.project.module.domain.acme_certificate.new",
            "module.initial.module.project.module.domain.acme_registration.reg",
            "module.initial.module.project.module.domain.aws_iam_server_certificate.new",
            "module.initial.module.project.module.domain.aws_route53_record.ipv4",
            "module.initial.module.project.module.domain.aws_route53_record.ipv6",
            "module.initial.module.project.module.domain.aws_route53domains_registered_domain.select",
            "module.initial.module.project.module.domain.data.aws_iam_server_certificate.select",
            "module.initial.module.project.module.domain.data.aws_route53_zone.select",
            "module.initial.module.project.module.domain.tls_cert_request.req",
            "module.initial.module.project.module.domain.tls_private_key.cert_private_key",
            "module.initial.module.project.module.domain.tls_private_key.private_key",
            "module.initial.module.project.module.network_load_balancer.aws_eip.created",
            "module.initial.module.project.module.network_load_balancer.aws_lb.new",
            "module.initial.module.project.module.network_load_balancer.aws_lb_listener.created",
            "module.initial.module.project.module.network_load_balancer.aws_lb_target_group.created",
            "module.initial.module.project.module.network_load_balancer.aws_security_group.load_balancer",
            "module.initial.module.project.module.network_load_balancer.aws_vpc_security_group_ingress_rule.external_ingress",
            "module.initial.module.project.module.network_load_balancer.aws_vpc_security_group_ingress_rule.project_ingress_loadbalancer",
            "module.initial.module.project.module.network_load_balancer.data.aws_lb.selected",
            "module.initial.module.project.module.project_security_group.aws_security_group.new",
            "module.initial.module.project.module.project_security_group.aws_vpc_security_group_egress_rule.external_egress_ipv4",
            "module.initial.module.project.module.project_security_group.aws_vpc_security_group_egress_rule.external_egress_ipv6",
            "module.initial.module.project.module.project_security_group.aws_vpc_security_group_egress_rule.project_egress_ipv4",
            "module.initial.module.project.module.project_security_group.aws_vpc_security_group_egress_rule.project_egress_ipv6",
            "module.initial.module.project.module.project_security_group.aws_vpc_security_group_ingress_rule.external_ingress_ipv4",
            "module.initial.module.project.module.project_security_group.aws_vpc_security_group_ingress_rule.external_ingress_ipv6",
            "module.initial.module.project.module.project_security_group.aws_vpc_security_group_ingress_rule.project_ingress_ipv4",
            "module.initial.module.project.module.project_security_group.aws_vpc_security_group_ingress_rule.project_ingress_ipv6",
            "module.initial.module.project.module.project_security_group.data.aws_security_group.selected",
            "module.initial.module.project.module.subnet.aws_subnet.created",
            "module.initial.module.project.module.subnet.data.aws_subnet.selected",
            "module.initial.module.project.module.vpc.aws_internet_gateway.new",
            "module.initial.module.project.module.vpc.aws_route.public_ipv4",
            "module.initial.module.project.module.vpc.aws_route.public_ipv6",
            "module.initial.module.project.module.vpc.aws_vpc.new",
            "module.initial.module.project.module.vpc.data.aws_vpc.selected",
            "module.initial.module.server.data.cloudinit_config.setup",
            "module.initial.module.server.module.direct_access.aws_eip.created",
            "module.initial.module.server.module.direct_access.aws_eip_association.created",
            "module.initial.module.server.module.direct_access.aws_network_interface_sg_attachment.server_security_group_attachment",
            "module.initial.module.server.module.direct_access.aws_route53_record.created",
            "module.initial.module.server.module.direct_access.aws_security_group.direct_access",
            "module.initial.module.server.module.direct_access.aws_vpc_security_group_ingress_rule.server_direct_link",
            "module.initial.module.server.module.direct_access.aws_vpc_security_group_ingress_rule.server_ingress",
            "module.initial.module.server.module.direct_access.data.aws_route53_zone.general_info",
            "module.initial.module.server.module.direct_access.data.aws_security_group.server_security_group",
            "module.initial.module.server.module.direct_access.terraform_data.remove_initial_user",
            "module.initial.module.server.module.direct_access.terraform_data.setup",
            "module.initial.module.server.module.image.data.aws_ami.search",
            "module.initial.module.server.module.image.data.aws_ami.select",
            "module.initial.module.server.module.indirect_access.aws_lb_target_group_attachment.server",
            "module.initial.module.server.module.indirect_access.data.aws_lb_target_group.general_info",
            "module.initial.module.server.module.server.aws_instance.created",
            "module.initial.module.server.module.server.aws_key_pair.created",
            "module.initial.module.server.module.server.data.aws_availability_zone.general_info_create",
            "module.initial.module.server.module.server.data.aws_ec2_instance_type.general_info_create",
            "module.initial.module.server.module.server.data.aws_ec2_instance_type.general_info_select",
            "module.initial.module.server.module.server.data.aws_instance.selected",
            "module.initial.module.server.module.server.data.aws_key_pair.ssh_key_selected",
            "module.initial.module.server.module.server.data.aws_security_group.general_info_create",
            "module.initial.module.server.module.server.data.aws_subnet.general_info_create",
            "module.initial.module.server.module.server.data.aws_subnet.general_info_select",
            "module.initial.module.server.module.server.data.aws_vpc.general_info_create",
            "module.initial.module.server.module.server.data.aws_vpc.general_info_select",
            "module.initial.module.server.module.server.terraform_data.set_primary_ipv6",
            "module.initial.random_uuid.join_token"
          ]
        }
      ]
    },
    {
      "module": "module.initial.module.project[0]",
      "mode": "data",
      "type": "aws_availability_zones",
      "name": "available",
      "provider": "provider[\"registry.terraform.io/hashicorp/aws\"]",
      "instances": [
        {
          "schema_version": 0,
          "attributes": {
            "all_availability_zones": null,
            "exclude_names": null,
            "exclude_zone_ids": null,
            "filter": null,
            "group_names": [
              "us-east-1-zg-1"
            ],
            "id": "us-east-1",
            "names": [
              "us-east-1a",
              "us-east-1b",
              "us-east-1c",
              "us-east-1d",
              "us-east-1e",
              "us-east-1f"
            ],
            "region": "us-east-1",
            "state": "available",
            "timeouts": null,
            "zone_ids": [
              "use1-az1",
              "use1-az2",
              "use1-az4",
              "use1-az6",
              "use1-az3",
              "use1-az5"
            ]
          },
          "sensitive_attributes": [],
          "identity_schema_version": 0
        }
      ]
    },
    {
      "module": "module.initial.module.project[0].module.network_load_balancer[0]",
      "mode": "data",
      "type": "aws_lb",
      "name": "selected",
      "provider": "provider[\"registry.terraform.io/hashicorp/aws\"]",
      "instances": []
    },
    {
      "module": "module.initial.module.project[0].module.network_load_balancer[0]",
      "mode": "managed",
      "type": "aws_eip",
      "name": "created",
      "provider": "provider[\"registry.terraform.io/hashicorp/aws\"]",
      "instances": [
        {
          "index_key": "0",
          "schema_version": 0,
          "attributes": {
            "address": null,
            "allocation_id": "eipalloc-02895771b06ce3f7c",
            "arn": "arn:aws:ec2:us-east-1:473900222434:elastic-ip/eipalloc-02895771b06ce3f7c",
            "associate_with_private_ip": "10.0.127.254",
            "association_id": "",
            "carrier_ip": "",
            "customer_owned_ip": "",
            "customer_owned_ipv4_pool": "",
            "domain": "vpc",
            "id": "eipalloc-02895771b06ce3f7c",
            "instance": "",
            "ipam_pool_id": null,
            "network_border_group": "us-east-1",
            "network_interface": "",
            "private_dns": null,
            "private_ip": "",
            "ptr_record": "",
            "public_dns": "ec2-52-22-129-98.compute-1.amazonaws.com",
            "public_ip": "52.22.129.98",
            "public_ipv4_pool": "amazon",
            "region": "us-east-1",
            "tags": {
              "Name": "tf-PartyPic-4e9af-subnet"
            },
            "tags_all": {
              "Id": "PartyPic",
              "Name": "tf-PartyPic-4e9af-subnet",
              "Owner": "terraform-ci@suse.com"
            },
            "timeouts": null
          },
          "sensitive_attributes": [],
          "identity_schema_version": 0,
          "private": "eyJlMmJmYjczMC1lY2FhLTExZTYtOGY4OC0zNDM2M2JjN2M0YzAiOnsiZGVsZXRlIjoxODAwMDAwMDAwMDAsInJlYWQiOjkwMDAwMDAwMDAwMCwidXBkYXRlIjozMDAwMDAwMDAwMDB9fQ==",
          "dependencies": [
            "module.initial.data.aws_availability_zones.available",
            "module.initial.module.project.data.aws_availability_zones.available",
            "module.initial.module.project.module.project_security_group.aws_security_group.new",
            "module.initial.module.project.module.project_security_group.aws_vpc_security_group_egress_rule.external_egress_ipv4",
            "module.initial.module.project.module.project_security_group.aws_vpc_security_group_egress_rule.external_egress_ipv6",
            "module.initial.module.project.module.project_security_group.aws_vpc_security_group_egress_rule.project_egress_ipv4",
            "module.initial.module.project.module.project_security_group.aws_vpc_security_group_egress_rule.project_egress_ipv6",
            "module.initial.module.project.module.project_security_group.aws_vpc_security_group_ingress_rule.external_ingress_ipv4",
            "module.initial.module.project.module.project_security_group.aws_vpc_security_group_ingress_rule.external_ingress_ipv6",
            "module.initial.module.project.module.project_security_group.aws_vpc_security_group_ingress_rule.project_ingress_ipv4",
            "module.initial.module.project.module.project_security_group.aws_vpc_security_group_ingress_rule.project_ingress_ipv6",
            "module.initial.module.project.module.project_security_group.data.aws_security_group.selected",
            "module.initial.module.project.module.subnet.aws_subnet.created",
            "module.initial.module.project.module.subnet.data.aws_subnet.selected",
            "module.initial.module.project.module.vpc.aws_internet_gateway.new",
            "module.initial.module.project.module.vpc.aws_route.public_ipv4",
            "module.initial.module.project.module.vpc.aws_route.public_ipv6",
            "module.initial.module.project.module.vpc.aws_vpc.new",
            "module.initial.module.project.module.vpc.data.aws_vpc.selected"
          ],
          "create_before_destroy": true
        }
      ]
    },
    {
      "module": "module.initial.module.project[0].module.network_load_balancer[0]",
      "mode": "managed",
      "type": "aws_lb",
      "name": "new",
      "provider": "provider[\"registry.terraform.io/hashicorp/aws\"]",
      "instances": [
        {
          "index_key": 0,
          "schema_version": 0,
          "attributes": {
            "access_logs": [
              {
                "bucket": "",
                "enabled": false,
                "prefix": ""
              }
            ],
            "arn": "arn:aws:elasticloadbalancing:us-east-1:473900222434:loadbalancer/net/tf-PartyPic-4e9af-lb/06c747ade4864c43",
            "arn_suffix": "net/tf-PartyPic-4e9af-lb/06c747ade4864c43",
            "client_keep_alive": null,
            "connection_logs": [],
            "customer_owned_ipv4_pool": "",
            "desync_mitigation_mode": null,
            "dns_name": "tf-PartyPic-4e9af-lb-06c747ade4864c43.elb.us-east-1.amazonaws.com",
            "dns_record_client_routing_policy": "any_availability_zone",
            "drop_invalid_header_fields": null,
            "enable_cross_zone_load_balancing": true,
            "enable_deletion_protection": false,
            "enable_http2": null,
            "enable_tls_version_and_cipher_suite_headers": null,
            "enable_waf_fail_open": null,
            "enable_xff_client_port": null,
            "enable_zonal_shift": false,
            "enforce_security_group_inbound_rules_on_private_link_traffic": "",
            "health_check_logs": [],
            "id": "arn:aws:elasticloadbalancing:us-east-1:473900222434:loadbalancer/net/tf-PartyPic-4e9af-lb/06c747ade4864c43",
            "idle_timeout": null,
            "internal": false,
            "ip_address_type": "ipv4",
            "ipam_pools": [],
            "load_balancer_type": "network",
            "minimum_load_balancer_capacity": [],
            "name": "tf-PartyPic-4e9af-lb",
            "name_prefix": "",
            "preserve_host_header": null,
            "region": "us-east-1",
            "secondary_ips_auto_assigned_per_subnet": 0,
            "security_groups": [
              "sg-0471603f8f71e321f",
              "sg-0d8c7b80762acdeb1"
            ],
            "subnet_mapping": [
              {
                "allocation_id": "eipalloc-02895771b06ce3f7c",
                "ipv6_address": "",
                "outpost_id": "",
                "private_ipv4_address": "",
                "subnet_id": "subnet-07f422ca25bf36b71"
              }
            ],
            "subnets": [
              "subnet-07f422ca25bf36b71"
            ],
            "tags": {
              "Name": "tf-PartyPic-4e9af-lb"
            },
            "tags_all": {
              "Id": "PartyPic",
              "Name": "tf-PartyPic-4e9af-lb",
              "Owner": "terraform-ci@suse.com"
            },
            "timeouts": null,
            "vpc_id": "vpc-08e57b4ba11de6188",
            "xff_header_processing_mode": null,
            "zone_id": "Z26RNL4JYFTOTI"
          },
          "sensitive_attributes": [],
          "identity_schema_version": 0,
          "identity": {
            "arn": "arn:aws:elasticloadbalancing:us-east-1:473900222434:loadbalancer/net/tf-PartyPic-4e9af-lb/06c747ade4864c43"
          },
          "private": "eyJlMmJmYjczMC1lY2FhLTExZTYtOGY4OC0zNDM2M2JjN2M0YzAiOnsiY3JlYXRlIjo2MDAwMDAwMDAwMDAsImRlbGV0ZSI6NjAwMDAwMDAwMDAwLCJ1cGRhdGUiOjYwMDAwMDAwMDAwMH19",
          "dependencies": [
            "module.initial.data.aws_availability_zones.available",
            "module.initial.module.project.data.aws_availability_zones.available",
            "module.initial.module.project.module.network_load_balancer.aws_eip.created",
            "module.initial.module.project.module.network_load_balancer.aws_security_group.load_balancer",
            "module.initial.module.project.module.project_security_group.aws_security_group.new",
            "module.initial.module.project.module.project_security_group.aws_vpc_security_group_egress_rule.external_egress_ipv4",
            "module.initial.module.project.module.project_security_group.aws_vpc_security_group_egress_rule.external_egress_ipv6",
            "module.initial.module.project.module.project_security_group.aws_vpc_security_group_egress_rule.project_egress_ipv4",
            "module.initial.module.project.module.project_security_group.aws_vpc_security_group_egress_rule.project_egress_ipv6",
            "module.initial.module.project.module.project_security_group.aws_vpc_security_group_ingress_rule.external_ingress_ipv4",
            "module.initial.module.project.module.project_security_group.aws_vpc_security_group_ingress_rule.external_ingress_ipv6",
            "module.initial.module.project.module.project_security_group.aws_vpc_security_group_ingress_rule.project_ingress_ipv4",
            "module.initial.module.project.module.project_security_group.aws_vpc_security_group_ingress_rule.project_ingress_ipv6",
            "module.initial.module.project.module.project_security_group.data.aws_security_group.selected",
            "module.initial.module.project.module.subnet.aws_subnet.created",
            "module.initial.module.project.module.subnet.data.aws_subnet.selected",
            "module.initial.module.project.module.vpc.aws_internet_gateway.new",
            "module.initial.module.project.module.vpc.aws_route.public_ipv4",
            "module.initial.module.project.module.vpc.aws_route.public_ipv6",
            "module.initial.module.project.module.vpc.aws_vpc.new",
            "module.initial.module.project.module.vpc.data.aws_vpc.selected"
          ],
          "create_before_destroy": true
        }
      ]
    },
    {
      "module": "module.initial.module.project[0].module.network_load_balancer[0]",
      "mode": "managed",
      "type": "aws_lb_listener",
      "name": "created",
      "provider": "provider[\"registry.terraform.io/hashicorp/aws\"]",
      "instances": [
        {
          "index_key": "kubectl",
          "schema_version": 0,
          "attributes": {
            "alpn_policy": null,
            "arn": "arn:aws:elasticloadbalancing:us-east-1:473900222434:listener/net/tf-PartyPic-4e9af-lb/06c747ade4864c43/583980ae7a7e9f59",
            "certificate_arn": null,
            "default_action": [
              {
                "authenticate_cognito": [],
                "authenticate_oidc": [],
                "fixed_response": [],
                "forward": [],
                "jwt_validation": [],
                "order": 1,
                "redirect": [],
                "target_group_arn": "arn:aws:elasticloadbalancing:us-east-1:473900222434:targetgroup/tf-partypic-4e9af-kubectl/de4f6f79c99509ec",
                "type": "forward"
              }
            ],
            "id": "arn:aws:elasticloadbalancing:us-east-1:473900222434:listener/net/tf-PartyPic-4e9af-lb/06c747ade4864c43/583980ae7a7e9f59",
            "load_balancer_arn": "arn:aws:elasticloadbalancing:us-east-1:473900222434:loadbalancer/net/tf-PartyPic-4e9af-lb/06c747ade4864c43",
            "mutual_authentication": [],
            "port": 6443,
            "protocol": "TCP",
            "region": "us-east-1",
            "routing_http_request_x_amzn_mtls_clientcert_header_name": null,
            "routing_http_request_x_amzn_mtls_clientcert_issuer_header_name": null,
            "routing_http_request_x_amzn_mtls_clientcert_leaf_header_name": null,
            "routing_http_request_x_amzn_mtls_clientcert_serial_number_header_name": null,
            "routing_http_request_x_amzn_mtls_clientcert_subject_header_name": null,
            "routing_http_request_x_amzn_mtls_clientcert_validity_header_name": null,
            "routing_http_request_x_amzn_tls_cipher_suite_header_name": null,
            "routing_http_request_x_amzn_tls_version_header_name": null,
            "routing_http_response_access_control_allow_credentials_header_value": null,
            "routing_http_response_access_control_allow_headers_header_value": null,
            "routing_http_response_access_control_allow_methods_header_value": null,
            "routing_http_response_access_control_allow_origin_header_value": null,
            "routing_http_response_access_control_expose_headers_header_value": null,
            "routing_http_response_access_control_max_age_header_value": null,
            "routing_http_response_content_security_policy_header_value": null,
            "routing_http_response_server_enabled": null,
            "routing_http_response_strict_transport_security_header_value": null,
            "routing_http_response_x_content_type_options_header_value": null,
            "routing_http_response_x_frame_options_header_value": null,
            "ssl_policy": "",
            "tags": null,
            "tags_all": {
              "Id": "PartyPic",
              "Owner": "terraform-ci@suse.com"
            },
            "tcp_idle_timeout_seconds": 350,
            "timeouts": null
          },
          "sensitive_attributes": [],
          "identity_schema_version": 0,
          "identity": {
            "arn": "arn:aws:elasticloadbalancing:us-east-1:473900222434:listener/net/tf-PartyPic-4e9af-lb/06c747ade4864c43/583980ae7a7e9f59"
          },
          "private": "eyJlMmJmYjczMC1lY2FhLTExZTYtOGY4OC0zNDM2M2JjN2M0YzAiOnsiY3JlYXRlIjozMDAwMDAwMDAwMDAsInVwZGF0ZSI6MzAwMDAwMDAwMDAwfX0=",
          "dependencies": [
            "data.http.myip",
            "module.initial.data.aws_availability_zones.available",
            "module.initial.module.project.data.aws_availability_zones.available",
            "module.initial.module.project.module.network_load_balancer.aws_eip.created",
            "module.initial.module.project.module.network_load_balancer.aws_lb.new",
            "module.initial.module.project.module.network_load_balancer.aws_lb_target_group.created",
            "module.initial.module.project.module.network_load_balancer.aws_security_group.load_balancer",
            "module.initial.module.project.module.project_security_group.aws_security_group.new",
            "module.initial.module.project.module.project_security_group.aws_vpc_security_group_egress_rule.external_egress_ipv4",
            "module.initial.module.project.module.project_security_group.aws_vpc_security_group_egress_rule.external_egress_ipv6",
            "module.initial.module.project.module.project_security_group.aws_vpc_security_group_egress_rule.project_egress_ipv4",
            "module.initial.module.project.module.project_security_group.aws_vpc_security_group_egress_rule.project_egress_ipv6",
            "module.initial.module.project.module.project_security_group.aws_vpc_security_group_ingress_rule.external_ingress_ipv4",
            "module.initial.module.project.module.project_security_group.aws_vpc_security_group_ingress_rule.external_ingress_ipv6",
            "module.initial.module.project.module.project_security_group.aws_vpc_security_group_ingress_rule.project_ingress_ipv4",
            "module.initial.module.project.module.project_security_group.aws_vpc_security_group_ingress_rule.project_ingress_ipv6",
            "module.initial.module.project.module.project_security_group.data.aws_security_group.selected",
            "module.initial.module.project.module.subnet.aws_subnet.created",
            "module.initial.module.project.module.subnet.data.aws_subnet.selected",
            "module.initial.module.project.module.vpc.aws_internet_gateway.new",
            "module.initial.module.project.module.vpc.aws_route.public_ipv4",
            "module.initial.module.project.module.vpc.aws_route.public_ipv6",
            "module.initial.module.project.module.vpc.aws_vpc.new",
            "module.initial.module.project.module.vpc.data.aws_vpc.selected"
          ],
          "create_before_destroy": true
        }
      ]
    },
    {
      "module": "module.initial.module.project[0].module.network_load_balancer[0]",
      "mode": "managed",
      "type": "aws_lb_target_group",
      "name": "created",
      "provider": "provider[\"registry.terraform.io/hashicorp/aws\"]",
      "instances": [
        {
          "index_key": "kubectl",
          "schema_version": 0,
          "attributes": {
            "arn": "arn:aws:elasticloadbalancing:us-east-1:473900222434:targetgroup/tf-partypic-4e9af-kubectl/de4f6f79c99509ec",
            "arn_suffix": "targetgroup/tf-partypic-4e9af-kubectl/de4f6f79c99509ec",
            "connection_termination": false,
            "deregistration_delay": "300",
            "health_check": [
              {
                "enabled": true,
                "healthy_threshold": 3,
                "interval": 30,
                "matcher": "",
                "path": "",
                "port": "6443",
                "protocol": "TCP",
                "timeout": 10,
                "unhealthy_threshold": 3
              }
            ],
            "id": "arn:aws:elasticloadbalancing:us-east-1:473900222434:targetgroup/tf-partypic-4e9af-kubectl/de4f6f79c99509ec",
            "ip_address_type": "ipv4",
            "lambda_multi_value_headers_enabled": false,
            "load_balancer_arns": [],
            "load_balancing_algorithm_type": null,
            "load_balancing_anomaly_mitigation": null,
            "load_balancing_cross_zone_enabled": "use_load_balancer_configuration",
            "name": "tf-partypic-4e9af-kubectl",
            "name_prefix": "",
            "port": 6443,
            "preserve_client_ip": "true",
            "protocol": "TCP",
            "protocol_version": null,
            "proxy_protocol_v2": false,
            "region": "us-east-1",
            "slow_start": 0,
            "stickiness": [
              {
                "cookie_duration": 0,
                "cookie_name": "",
                "enabled": false,
                "type": "source_ip"
              }
            ],
            "tags": {
              "Name": "tf-partypic-4e9af-kubectl"
            },
            "tags_all": {
              "Id": "PartyPic",
              "Name": "tf-partypic-4e9af-kubectl",
              "Owner": "terraform-ci@suse.com"
            },
            "target_control_port": 0,
            "target_failover": [
              {
                "on_deregistration": null,
                "on_unhealthy": null
              }
            ],
            "target_group_health": [
              {
                "dns_failover": [
                  {
                    "minimum_healthy_targets_count": "1",
                    "minimum_healthy_targets_percentage": "off"
                  }
                ],
                "unhealthy_state_routing": [
                  {
                    "minimum_healthy_targets_count": 1,
                    "minimum_healthy_targets_percentage": "off"
                  }
                ]
              }
            ],
            "target_health_state": [
              {
                "enable_unhealthy_connection_termination": true,
                "unhealthy_draining_interval": 0
              }
            ],
            "target_type": "instance",
            "vpc_id": "vpc-08e57b4ba11de6188"
          },
          "sensitive_attributes": [],
          "identity_schema_version": 0,
          "identity": {
            "arn": "arn:aws:elasticloadbalancing:us-east-1:473900222434:targetgroup/tf-partypic-4e9af-kubectl/de4f6f79c99509ec"
          },
          "private": "bnVsbA==",
          "dependencies": [
            "data.http.myip",
            "module.initial.data.aws_availability_zones.available",
            "module.initial.module.project.data.aws_availability_zones.available",
            "module.initial.module.project.module.network_load_balancer.aws_eip.created",
            "module.initial.module.project.module.network_load_balancer.aws_lb.new",
            "module.initial.module.project.module.network_load_balancer.aws_security_group.load_balancer",
            "module.initial.module.project.module.project_security_group.aws_security_group.new",
            "module.initial.module.project.module.project_security_group.aws_vpc_security_group_egress_rule.external_egress_ipv4",
            "module.initial.module.project.module.project_security_group.aws_vpc_security_group_egress_rule.external_egress_ipv6",
            "module.initial.module.project.module.project_security_group.aws_vpc_security_group_egress_rule.project_egress_ipv4",
            "module.initial.module.project.module.project_security_group.aws_vpc_security_group_egress_rule.project_egress_ipv6",
            "module.initial.module.project.module.project_security_group.aws_vpc_security_group_ingress_rule.external_ingress_ipv4",
            "module.initial.module.project.module.project_security_group.aws_vpc_security_group_ingress_rule.external_ingress_ipv6",
            "module.initial.module.project.module.project_security_group.aws_vpc_security_group_ingress_rule.project_ingress_ipv4",
            "module.initial.module.project.module.project_security_group.aws_vpc_security_group_ingress_rule.project_ingress_ipv6",
            "module.initial.module.project.module.project_security_group.data.aws_security_group.selected",
            "module.initial.module.project.module.subnet.aws_subnet.created",
            "module.initial.module.project.module.subnet.data.aws_subnet.selected",
            "module.initial.module.project.module.vpc.aws_internet_gateway.new",
            "module.initial.module.project.module.vpc.aws_route.public_ipv4",
            "module.initial.module.project.module.vpc.aws_route.public_ipv6",
            "module.initial.module.project.module.vpc.aws_vpc.new",
            "module.initial.module.project.module.vpc.data.aws_vpc.selected"
          ],
          "create_before_destroy": true
        }
      ]
    },
    {
      "module": "module.initial.module.project[0].module.network_load_balancer[0]",
      "mode": "managed",
      "type": "aws_security_group",
      "name": "load_balancer",
      "provider": "provider[\"registry.terraform.io/hashicorp/aws\"]",
      "instances": [
        {
          "index_key": 0,
          "schema_version": 1,
          "attributes": {
            "arn": "arn:aws:ec2:us-east-1:473900222434:security-group/sg-0d8c7b80762acdeb1",
            "description": "Security group for load balancer tf-PartyPic-4e9af-lb",
            "egress": [],
            "id": "sg-0d8c7b80762acdeb1",
            "ingress": [],
            "name": "tf-PartyPic-4e9af-lb",
            "name_prefix": "",
            "owner_id": "473900222434",
            "region": "us-east-1",
            "revoke_rules_on_delete": false,
            "tags": {
              "Name": "tf-PartyPic-4e9af-lb"
            },
            "tags_all": {
              "Id": "PartyPic",
              "Name": "tf-PartyPic-4e9af-lb",
              "Owner": "terraform-ci@suse.com"
            },
            "timeouts": null,
            "vpc_id": "vpc-08e57b4ba11de6188"
          },
          "sensitive_attributes": [],
          "identity_schema_version": 0,
          "identity": {
            "account_id": "473900222434",
            "id": "sg-0d8c7b80762acdeb1",
            "region": "us-east-1"
          },
          "private": "eyJlMmJmYjczMC1lY2FhLTExZTYtOGY4OC0zNDM2M2JjN2M0YzAiOnsiY3JlYXRlIjo2MDAwMDAwMDAwMDAsImRlbGV0ZSI6OTAwMDAwMDAwMDAwfSwic2NoZW1hX3ZlcnNpb24iOiIxIn0=",
          "dependencies": [
            "module.initial.data.aws_availability_zones.available",
            "module.initial.module.project.data.aws_availability_zones.available",
            "module.initial.module.project.module.project_security_group.aws_security_group.new",
            "module.initial.module.project.module.project_security_group.aws_vpc_security_group_egress_rule.external_egress_ipv4",
            "module.initial.module.project.module.project_security_group.aws_vpc_security_group_egress_rule.external_egress_ipv6",
            "module.initial.module.project.module.project_security_group.aws_vpc_security_group_egress_rule.project_egress_ipv4",
            "module.initial.module.project.module.project_security_group.aws_vpc_security_group_egress_rule.project_egress_ipv6",
            "module.initial.module.project.module.project_security_group.aws_vpc_security_group_ingress_rule.external_ingress_ipv4",
            "module.initial.module.project.module.project_security_group.aws_vpc_security_group_ingress_rule.external_ingress_ipv6",
            "module.initial.module.project.module.project_security_group.aws_vpc_security_group_ingress_rule.project_ingress_ipv4",
            "module.initial.module.project.module.project_security_group.aws_vpc_security_group_ingress_rule.project_ingress_ipv6",
            "module.initial.module.project.module.project_security_group.data.aws_security_group.selected",
            "module.initial.module.project.module.subnet.aws_subnet.created",
            "module.initial.module.project.module.subnet.data.aws_subnet.selected",
            "module.initial.module.project.module.vpc.aws_internet_gateway.new",
            "module.initial.module.project.module.vpc.aws_route.public_ipv4",
            "module.initial.module.project.module.vpc.aws_route.public_ipv6",
            "module.initial.module.project.module.vpc.aws_vpc.new",
            "module.initial.module.project.module.vpc.data.aws_vpc.selected"
          ],
          "create_before_destroy": true
        }
      ]
    },
    {
      "module": "module.initial.module.project[0].module.network_load_balancer[0]",
      "mode": "managed",
      "type": "aws_vpc_security_group_ingress_rule",
      "name": "external_ingress",
      "provider": "provider[\"registry.terraform.io/hashicorp/aws\"]",
      "instances": [
        {
          "index_key": "kubectl-0",
          "schema_version": 0,
          "attributes": {
            "arn": "arn:aws:ec2:us-east-1:473900222434:security-group-rule/sgr-0a11943ae50a004b0",
            "cidr_ipv4": "45.155.141.250/32",
            "cidr_ipv6": null,
            "description": null,
            "from_port": 6443,
            "id": "sgr-0a11943ae50a004b0",
            "ip_protocol": "tcp",
            "prefix_list_id": null,
            "referenced_security_group_id": null,
            "region": "us-east-1",
            "security_group_id": "sg-0d8c7b80762acdeb1",
            "security_group_rule_id": "sgr-0a11943ae50a004b0",
            "tags": null,
            "tags_all": {
              "Id": "PartyPic",
              "Owner": "terraform-ci@suse.com"
            },
            "to_port": 6443
          },
          "sensitive_attributes": [],
          "identity_schema_version": 0,
          "identity": {
            "account_id": "473900222434",
            "id": "sgr-0a11943ae50a004b0",
            "region": "us-east-1"
          },
          "dependencies": [
            "data.http.myip",
            "module.initial.data.aws_availability_zones.available",
            "module.initial.module.project.data.aws_availability_zones.available",
            "module.initial.module.project.module.network_load_balancer.aws_security_group.load_balancer",
            "module.initial.module.project.module.project_security_group.aws_security_group.new",
            "module.initial.module.project.module.project_security_group.aws_vpc_security_group_egress_rule.external_egress_ipv4",
            "module.initial.module.project.module.project_security_group.aws_vpc_security_group_egress_rule.external_egress_ipv6",
            "module.initial.module.project.module.project_security_group.aws_vpc_security_group_egress_rule.project_egress_ipv4",
            "module.initial.module.project.module.project_security_group.aws_vpc_security_group_egress_rule.project_egress_ipv6",
            "module.initial.module.project.module.project_security_group.aws_vpc_security_group_ingress_rule.external_ingress_ipv4",
            "module.initial.module.project.module.project_security_group.aws_vpc_security_group_ingress_rule.external_ingress_ipv6",
            "module.initial.module.project.module.project_security_group.aws_vpc_security_group_ingress_rule.project_ingress_ipv4",
            "module.initial.module.project.module.project_security_group.aws_vpc_security_group_ingress_rule.project_ingress_ipv6",
            "module.initial.module.project.module.project_security_group.data.aws_security_group.selected",
            "module.initial.module.project.module.subnet.aws_subnet.created",
            "module.initial.module.project.module.subnet.data.aws_subnet.selected",
            "module.initial.module.project.module.vpc.aws_internet_gateway.new",
            "module.initial.module.project.module.vpc.aws_route.public_ipv4",
            "module.initial.module.project.module.vpc.aws_route.public_ipv6",
            "module.initial.module.project.module.vpc.aws_vpc.new",
            "module.initial.module.project.module.vpc.data.aws_vpc.selected"
          ],
          "create_before_destroy": true
        }
      ]
    },
    {
      "module": "module.initial.module.project[0].module.network_load_balancer[0]",
      "mode": "managed",
      "type": "aws_vpc_security_group_ingress_rule",
      "name": "project_ingress_loadbalancer",
      "provider": "provider[\"registry.terraform.io/hashicorp/aws\"]",
      "instances": [
        {
          "schema_version": 0,
          "attributes": {
            "arn": "arn:aws:ec2:us-east-1:473900222434:security-group-rule/sgr-079e0104ae47e9433",
            "cidr_ipv4": null,
            "cidr_ipv6": null,
            "description": null,
            "from_port": null,
            "id": "sgr-079e0104ae47e9433",
            "ip_protocol": "-1",
            "prefix_list_id": null,
            "referenced_security_group_id": "sg-0471603f8f71e321f",
            "region": "us-east-1",
            "security_group_id": "sg-0d8c7b80762acdeb1",
            "security_group_rule_id": "sgr-079e0104ae47e9433",
            "tags": null,
            "tags_all": {
              "Id": "PartyPic",
              "Owner": "terraform-ci@suse.com"
            },
            "to_port": null
          },
          "sensitive_attributes": [],
          "identity_schema_version": 0,
          "identity": {
            "account_id": "473900222434",
            "id": "sgr-079e0104ae47e9433",
            "region": "us-east-1"
          },
          "dependencies": [
            "module.initial.data.aws_availability_zones.available",
            "module.initial.module.project.data.aws_availability_zones.available",
            "module.initial.module.project.module.network_load_balancer.aws_security_group.load_balancer",
            "module.initial.module.project.module.project_security_group.aws_security_group.new",
            "module.initial.module.project.module.project_security_group.aws_vpc_security_group_egress_rule.external_egress_ipv4",
            "module.initial.module.project.module.project_security_group.aws_vpc_security_group_egress_rule.external_egress_ipv6",
            "module.initial.module.project.module.project_security_group.aws_vpc_security_group_egress_rule.project_egress_ipv4",
            "module.initial.module.project.module.project_security_group.aws_vpc_security_group_egress_rule.project_egress_ipv6",
            "module.initial.module.project.module.project_security_group.aws_vpc_security_group_ingress_rule.external_ingress_ipv4",
            "module.initial.module.project.module.project_security_group.aws_vpc_security_group_ingress_rule.external_ingress_ipv6",
            "module.initial.module.project.module.project_security_group.aws_vpc_security_group_ingress_rule.project_ingress_ipv4",
            "module.initial.module.project.module.project_security_group.aws_vpc_security_group_ingress_rule.project_ingress_ipv6",
            "module.initial.module.project.module.project_security_group.data.aws_security_group.selected",
            "module.initial.module.project.module.subnet.aws_subnet.created",
            "module.initial.module.project.module.subnet.data.aws_subnet.selected",
            "module.initial.module.project.module.vpc.aws_internet_gateway.new",
            "module.initial.module.project.module.vpc.aws_route.public_ipv4",
            "module.initial.module.project.module.vpc.aws_route.public_ipv6",
            "module.initial.module.project.module.vpc.aws_vpc.new",
            "module.initial.module.project.module.vpc.data.aws_vpc.selected"
          ],
          "create_before_destroy": true
        }
      ]
    },
    {
      "module": "module.initial.module.project[0].module.project_security_group[0]",
      "mode": "data",
      "type": "aws_security_group",
      "name": "selected",
      "provider": "provider[\"registry.terraform.io/hashicorp/aws\"]",
      "instances": []
    },
    {
      "module": "module.initial.module.project[0].module.project_security_group[0]",
      "mode": "managed",
      "type": "aws_security_group",
      "name": "new",
      "provider": "provider[\"registry.terraform.io/hashicorp/aws\"]",
      "instances": [
        {
          "index_key": 0,
          "schema_version": 1,
          "attributes": {
            "arn": "arn:aws:ec2:us-east-1:473900222434:security-group/sg-0471603f8f71e321f",
            "description": "Access to project generated by aws_access module",
            "egress": [],
            "id": "sg-0471603f8f71e321f",
            "ingress": [],
            "name": "tf-PartyPic-4e9af-sg",
            "name_prefix": "",
            "owner_id": "473900222434",
            "region": "us-east-1",
            "revoke_rules_on_delete": false,
            "tags": {
              "Name": "tf-PartyPic-4e9af-sg"
            },
            "tags_all": {
              "Id": "PartyPic",
              "Name": "tf-PartyPic-4e9af-sg",
              "Owner": "terraform-ci@suse.com"
            },
            "timeouts": null,
            "vpc_id": "vpc-08e57b4ba11de6188"
          },
          "sensitive_attributes": [],
          "identity_schema_version": 0,
          "identity": {
            "account_id": "473900222434",
            "id": "sg-0471603f8f71e321f",
            "region": "us-east-1"
          },
          "private": "eyJlMmJmYjczMC1lY2FhLTExZTYtOGY4OC0zNDM2M2JjN2M0YzAiOnsiY3JlYXRlIjo2MDAwMDAwMDAwMDAsImRlbGV0ZSI6OTAwMDAwMDAwMDAwfSwic2NoZW1hX3ZlcnNpb24iOiIxIn0=",
          "dependencies": [
            "module.initial.data.aws_availability_zones.available",
            "module.initial.module.project.data.aws_availability_zones.available",
            "module.initial.module.project.module.subnet.aws_subnet.created",
            "module.initial.module.project.module.subnet.data.aws_subnet.selected",
            "module.initial.module.project.module.vpc.aws_internet_gateway.new",
            "module.initial.module.project.module.vpc.aws_route.public_ipv4",
            "module.initial.module.project.module.vpc.aws_route.public_ipv6",
            "module.initial.module.project.module.vpc.aws_vpc.new",
            "module.initial.module.project.module.vpc.data.aws_vpc.selected"
          ],
          "create_before_destroy": true
        }
      ]
    },
    {
      "module": "module.initial.module.project[0].module.project_security_group[0]",
      "mode": "managed",
      "type": "aws_vpc_security_group_egress_rule",
      "name": "external_egress_ipv4",
      "provider": "provider[\"registry.terraform.io/hashicorp/aws\"]",
      "instances": []
    },
    {
      "module": "module.initial.module.project[0].module.project_security_group[0]",
      "mode": "managed",
      "type": "aws_vpc_security_group_egress_rule",
      "name": "external_egress_ipv6",
      "provider": "provider[\"registry.terraform.io/hashicorp/aws\"]",
      "instances": []
    },
    {
      "module": "module.initial.module.project[0].module.project_security_group[0]",
      "mode": "managed",
      "type": "aws_vpc_security_group_egress_rule",
      "name": "project_egress_ipv4",
      "provider": "provider[\"registry.terraform.io/hashicorp/aws\"]",
      "instances": [
        {
          "index_key": 0,
          "schema_version": 0,
          "attributes": {
            "arn": "arn:aws:ec2:us-east-1:473900222434:security-group-rule/sgr-084caf5ee23dc4c0a",
            "cidr_ipv4": "10.0.0.0/16",
            "cidr_ipv6": null,
            "description": null,
            "from_port": null,
            "id": "sgr-084caf5ee23dc4c0a",
            "ip_protocol": "-1",
            "prefix_list_id": null,
            "referenced_security_group_id": null,
            "region": "us-east-1",
            "security_group_id": "sg-0471603f8f71e321f",
            "security_group_rule_id": "sgr-084caf5ee23dc4c0a",
            "tags": null,
            "tags_all": {
              "Id": "PartyPic",
              "Owner": "terraform-ci@suse.com"
            },
            "to_port": null
          },
          "sensitive_attributes": [],
          "identity_schema_version": 0,
          "identity": {
            "account_id": "473900222434",
            "id": "sgr-084caf5ee23dc4c0a",
            "region": "us-east-1"
          },
          "dependencies": [
            "module.initial.data.aws_availability_zones.available",
            "module.initial.module.project.data.aws_availability_zones.available",
            "module.initial.module.project.module.project_security_group.aws_security_group.new",
            "module.initial.module.project.module.subnet.aws_subnet.created",
            "module.initial.module.project.module.subnet.data.aws_subnet.selected",
            "module.initial.module.project.module.vpc.aws_internet_gateway.new",
            "module.initial.module.project.module.vpc.aws_route.public_ipv4",
            "module.initial.module.project.module.vpc.aws_route.public_ipv6",
            "module.initial.module.project.module.vpc.aws_vpc.new",
            "module.initial.module.project.module.vpc.data.aws_vpc.selected"
          ],
          "create_before_destroy": true
        }
      ]
    },
    {
      "module": "module.initial.module.project[0].module.project_security_group[0]",
      "mode": "managed",
      "type": "aws_vpc_security_group_egress_rule",
      "name": "project_egress_ipv6",
      "provider": "provider[\"registry.terraform.io/hashicorp/aws\"]",
      "instances": []
    },
    {
      "module": "module.initial.module.project[0].module.project_security_group[0]",
      "mode": "managed",
      "type": "aws_vpc_security_group_ingress_rule",
      "name": "external_ingress_ipv4",
      "provider": "provider[\"registry.terraform.io/hashicorp/aws\"]",
      "instances": []
    },
    {
      "module": "module.initial.module.project[0].module.project_security_group[0]",
      "mode": "managed",
      "type": "aws_vpc_security_group_ingress_rule",
      "name": "external_ingress_ipv6",
      "provider": "provider[\"registry.terraform.io/hashicorp/aws\"]",
      "instances": []
    },
    {
      "module": "module.initial.module.project[0].module.project_security_group[0]",
      "mode": "managed",
      "type": "aws_vpc_security_group_ingress_rule",
      "name": "project_ingress_ipv4",
      "provider": "provider[\"registry.terraform.io/hashicorp/aws\"]",
      "instances": [
        {
          "index_key": 0,
          "schema_version": 0,
          "attributes": {
            "arn": "arn:aws:ec2:us-east-1:473900222434:security-group-rule/sgr-0839118e4ced09bdb",
            "cidr_ipv4": "10.0.0.0/16",
            "cidr_ipv6": null,
            "description": null,
            "from_port": null,
            "id": "sgr-0839118e4ced09bdb",
            "ip_protocol": "-1",
            "prefix_list_id": null,
            "referenced_security_group_id": null,
            "region": "us-east-1",
            "security_group_id": "sg-0471603f8f71e321f",
            "security_group_rule_id": "sgr-0839118e4ced09bdb",
            "tags": null,
            "tags_all": {
              "Id": "PartyPic",
              "Owner": "terraform-ci@suse.com"
            },
            "to_port": null
          },
          "sensitive_attributes": [],
          "identity_schema_version": 0,
          "identity": {
            "account_id": "473900222434",
            "id": "sgr-0839118e4ced09bdb",
            "region": "us-east-1"
          },
          "dependencies": [
            "module.initial.data.aws_availability_zones.available",
            "module.initial.module.project.data.aws_availability_zones.available",
            "module.initial.module.project.module.project_security_group.aws_security_group.new",
            "module.initial.module.project.module.subnet.aws_subnet.created",
            "module.initial.module.project.module.subnet.data.aws_subnet.selected",
            "module.initial.module.project.module.vpc.aws_internet_gateway.new",
            "module.initial.module.project.module.vpc.aws_route.public_ipv4",
            "module.initial.module.project.module.vpc.aws_route.public_ipv6",
            "module.initial.module.project.module.vpc.aws_vpc.new",
            "module.initial.module.project.module.vpc.data.aws_vpc.selected"
          ],
          "create_before_destroy": true
        }
      ]
    },
    {
      "module": "module.initial.module.project[0].module.project_security_group[0]",
      "mode": "managed",
      "type": "aws_vpc_security_group_ingress_rule",
      "name": "project_ingress_ipv6",
      "provider": "provider[\"registry.terraform.io/hashicorp/aws\"]",
      "instances": []
    },
    {
      "module": "module.initial.module.project[0].module.subnet[\"0\"]",
      "mode": "data",
      "type": "aws_subnet",
      "name": "selected",
      "provider": "provider[\"registry.terraform.io/hashicorp/aws\"]",
      "instances": []
    },
    {
      "module": "module.initial.module.project[0].module.subnet[\"0\"]",
      "mode": "managed",
      "type": "aws_subnet",
      "name": "created",
      "provider": "provider[\"registry.terraform.io/hashicorp/aws\"]",
      "instances": [
        {
          "index_key": 0,
          "schema_version": 1,
          "attributes": {
            "arn": "arn:aws:ec2:us-east-1:473900222434:subnet/subnet-07f422ca25bf36b71",
            "assign_ipv6_address_on_creation": false,
            "availability_zone": "us-east-1a",
            "availability_zone_id": "use1-az1",
            "cidr_block": "10.0.0.0/17",
            "customer_owned_ipv4_pool": "",
            "enable_dns64": false,
            "enable_lni_at_device_index": 0,
            "enable_resource_name_dns_a_record_on_launch": false,
            "enable_resource_name_dns_aaaa_record_on_launch": false,
            "id": "subnet-07f422ca25bf36b71",
            "ipv6_cidr_block": "2600:1f18:1ce4:5200::/64",
            "ipv6_cidr_block_association_id": "subnet-cidr-assoc-0369020681fc03226",
            "ipv6_native": false,
            "map_customer_owned_ip_on_launch": false,
            "map_public_ip_on_launch": true,
            "outpost_arn": "",
            "owner_id": "473900222434",
            "private_dns_hostname_type_on_launch": "ip-name",
            "region": "us-east-1",
            "tags": {
              "Name": "tf-PartyPic-4e9af-subnet"
            },
            "tags_all": {
              "Id": "PartyPic",
              "Name": "tf-PartyPic-4e9af-subnet",
              "Owner": "terraform-ci@suse.com"
            },
            "timeouts": null,
            "vpc_id": "vpc-08e57b4ba11de6188"
          },
          "sensitive_attributes": [],
          "identity_schema_version": 0,
          "identity": {
            "account_id": "473900222434",
            "id": "subnet-07f422ca25bf36b71",
            "region": "us-east-1"
          },
          "private": "eyJlMmJmYjczMC1lY2FhLTExZTYtOGY4OC0zNDM2M2JjN2M0YzAiOnsiY3JlYXRlIjo2MDAwMDAwMDAwMDAsImRlbGV0ZSI6MTIwMDAwMDAwMDAwMH0sInNjaGVtYV92ZXJzaW9uIjoiMSJ9",
          "dependencies": [
            "module.initial.data.aws_availability_zones.available",
            "module.initial.module.project.data.aws_availability_zones.available",
            "module.initial.module.project.module.vpc.aws_internet_gateway.new",
            "module.initial.module.project.module.vpc.aws_route.public_ipv4",
            "module.initial.module.project.module.vpc.aws_route.public_ipv6",
            "module.initial.module.project.module.vpc.aws_vpc.new",
            "module.initial.module.project.module.vpc.data.aws_vpc.selected"
          ],
          "create_before_destroy": true
        }
      ]
    },
    {
      "module": "module.initial.module.project[0].module.vpc[0]",
      "mode": "data",
      "type": "aws_vpc",
      "name": "selected",
      "provider": "provider[\"registry.terraform.io/hashicorp/aws\"]",
      "instances": []
    },
    {
      "module": "module.initial.module.project[0].module.vpc[0]",
      "mode": "managed",
      "type": "aws_internet_gateway",
      "name": "new",
      "provider": "provider[\"registry.terraform.io/hashicorp/aws\"]",
      "instances": [
        {
          "index_key": 0,
          "schema_version": 0,
          "attributes": {
            "arn": "arn:aws:ec2:us-east-1:473900222434:internet-gateway/igw-0a7a2174bf76164f4",
            "id": "igw-0a7a2174bf76164f4",
            "owner_id": "473900222434",
            "region": "us-east-1",
            "tags": null,
            "tags_all": {
              "Id": "PartyPic",
              "Owner": "terraform-ci@suse.com"
            },
            "timeouts": null,
            "vpc_id": "vpc-08e57b4ba11de6188"
          },
          "sensitive_attributes": [],
          "identity_schema_version": 0,
          "private": "eyJlMmJmYjczMC1lY2FhLTExZTYtOGY4OC0zNDM2M2JjN2M0YzAiOnsiY3JlYXRlIjoxMjAwMDAwMDAwMDAwLCJkZWxldGUiOjEyMDAwMDAwMDAwMDAsInVwZGF0ZSI6MTIwMDAwMDAwMDAwMH19",
          "dependencies": [
            "module.initial.module.project.module.vpc.aws_vpc.new"
          ],
          "create_before_destroy": true
        }
      ]
    },
    {
      "module": "module.initial.module.project[0].module.vpc[0]",
      "mode": "managed",
      "type": "aws_route",
      "name": "public_ipv4",
      "provider": "provider[\"registry.terraform.io/hashicorp/aws\"]",
      "instances": [
        {
          "index_key": 0,
          "schema_version": 0,
          "attributes": {
            "carrier_gateway_id": "",
            "core_network_arn": "",
            "destination_cidr_block": "0.0.0.0/0",
            "destination_ipv6_cidr_block": "",
            "destination_prefix_list_id": "",
            "egress_only_gateway_id": "",
            "gateway_id": "igw-0a7a2174bf76164f4",
            "id": "r-rtb-03c52aa0130494f921080289494",
            "instance_id": "",
            "instance_owner_id": "",
            "local_gateway_id": "",
            "nat_gateway_id": "",
            "network_interface_id": "",
            "origin": "CreateRoute",
            "region": "us-east-1",
            "route_table_id": "rtb-03c52aa0130494f92",
            "state": "active",
            "timeouts": null,
            "transit_gateway_id": "",
            "vpc_endpoint_id": "",
            "vpc_peering_connection_id": ""
          },
          "sensitive_attributes": [],
          "identity_schema_version": 0,
          "identity": {
            "account_id": "473900222434",
            "destination_cidr_block": "0.0.0.0/0",
            "destination_ipv6_cidr_block": null,
            "destination_prefix_list_id": null,
            "region": "us-east-1",
            "route_table_id": "rtb-03c52aa0130494f92"
          },
          "private": "eyJlMmJmYjczMC1lY2FhLTExZTYtOGY4OC0zNDM2M2JjN2M0YzAiOnsiY3JlYXRlIjozMDAwMDAwMDAwMDAsImRlbGV0ZSI6MzAwMDAwMDAwMDAwLCJ1cGRhdGUiOjEyMDAwMDAwMDAwMH19",
          "dependencies": [
            "module.initial.module.project.module.vpc.aws_internet_gateway.new",
            "module.initial.module.project.module.vpc.aws_vpc.new"
          ],
          "create_before_destroy": true
        }
      ]
    },
    {
      "module": "module.initial.module.project[0].module.vpc[0]",
      "mode": "managed",
      "type": "aws_route",
      "name": "public_ipv6",
      "provider": "provider[\"registry.terraform.io/hashicorp/aws\"]",
      "instances": []
    },
    {
      "module": "module.initial.module.project[0].module.vpc[0]",
      "mode": "managed",
      "type": "aws_vpc",
      "name": "new",
      "provider": "provider[\"registry.terraform.io/hashicorp/aws\"]",
      "instances": [
        {
          "index_key": 0,
          "schema_version": 1,
          "attributes": {
            "arn": "arn:aws:ec2:us-east-1:473900222434:vpc/vpc-08e57b4ba11de6188",
            "assign_generated_ipv6_cidr_block": true,
            "cidr_block": "10.0.0.0/16",
            "default_network_acl_id": "acl-05fa8d5c1048ab775",
            "default_route_table_id": "rtb-03c52aa0130494f92",
            "default_security_group_id": "sg-0e2bda120cd69e1b4",
            "dhcp_options_id": "dopt-0a7e59cb7e5424140",
            "enable_dns_hostnames": false,
            "enable_dns_support": true,
            "enable_network_address_usage_metrics": false,
            "id": "vpc-08e57b4ba11de6188",
            "instance_tenancy": "default",
            "ipv4_ipam_pool_id": null,
            "ipv4_netmask_length": null,
            "ipv6_association_id": "vpc-cidr-assoc-00dc38ab9b4e6f955",
            "ipv6_cidr_block": "2600:1f18:1ce4:5200::/56",
            "ipv6_cidr_block_network_border_group": "us-east-1",
            "ipv6_ipam_pool_id": "",
            "ipv6_netmask_length": 0,
            "main_route_table_id": "rtb-03c52aa0130494f92",
            "owner_id": "473900222434",
            "region": "us-east-1",
            "tags": {
              "Name": "tf-PartyPic-4e9af-vpc"
            },
            "tags_all": {
              "Id": "PartyPic",
              "Name": "tf-PartyPic-4e9af-vpc",
              "Owner": "terraform-ci@suse.com"
            }
          },
          "sensitive_attributes": [],
          "identity_schema_version": 0,
          "identity": {
            "account_id": "473900222434",
            "id": "vpc-08e57b4ba11de6188",
            "region": "us-east-1"
          },
          "private": "eyJzY2hlbWFfdmVyc2lvbiI6IjEifQ==",
          "create_before_destroy": true
        }
      ]
    },
    {
      "module": "module.initial.module.server[0]",
      "mode": "data",
      "type": "cloudinit_config",
      "name": "setup",
      "provider": "provider[\"registry.terraform.io/hashicorp/cloudinit\"]",
      "instances": [
        {
          "index_key": 0,
          "schema_version": 0,
          "attributes": {
            "base64_encode": true,
            "boundary": "MIMEBOUNDARY",
            "gzip": false,
            "id": "1639883076",
            "part": [
              {
                "content": "#cloud-config\n\nmerge_how:\n - name: list\n   settings: [replace]\n - name: dict\n   settings: [replace]\n\nusers:\n  - name: tf-partypic-4e9af\n    gecos: tf-partypic-4e9af\n    sudo: ALL=(ALL) NOPASSWD:ALL\n    groups: users, wheel\n    lock_passwd: true\n    ssh_authorized_keys:\n      - ssh-ed25519 AAAAC3NzaC1lZDI1NTE5AAAAIIzG4JHCPuBQASJfAmyof6noYDSMVmkawzWzeQASwX7F simon@Simomsius\n    homedir: /home/tf-partypic-4e9af\n  - name: suse\n    gecos: suse\n    sudo: ALL=(ALL) NOPASSWD:ALL\n    groups: users, wheel\n    lock_passwd: true\n    ssh_authorized_keys:\n      - ssh-ed25519 AAAAC3NzaC1lZDI1NTE5AAAAIIzG4JHCPuBQASJfAmyof6noYDSMVmkawzWzeQASwX7F simon@Simomsius\nfqdn: tf-PartyPic-4e9af-cc51b81\n",
                "content_type": "text/cloud-config",
                "filename": "cloudinit",
                "merge_type": null
              }
            ],
            "rendered": "Q29udGVudC1UeXBlOiBtdWx0aXBhcnQvbWl4ZWQ7IGJvdW5kYXJ5PSJNSU1FQk9VTkRBUlkiCk1JTUUtVmVyc2lvbjogMS4wDQoNCi0tTUlNRUJPVU5EQVJZDQpDb250ZW50LURpc3Bvc2l0aW9uOiBhdHRhY2htZW50OyBmaWxlbmFtZT0iY2xvdWRpbml0Ig0KQ29udGVudC1UcmFuc2Zlci1FbmNvZGluZzogN2JpdA0KQ29udGVudC1UeXBlOiB0ZXh0L2Nsb3VkLWNvbmZpZw0KTWltZS1WZXJzaW9uOiAxLjANCg0KI2Nsb3VkLWNvbmZpZwoKbWVyZ2VfaG93OgogLSBuYW1lOiBsaXN0CiAgIHNldHRpbmdzOiBbcmVwbGFjZV0KIC0gbmFtZTogZGljdAogICBzZXR0aW5nczogW3JlcGxhY2VdCgp1c2VyczoKICAtIG5hbWU6IHRmLXBhcnR5cGljLTRlOWFmCiAgICBnZWNvczogdGYtcGFydHlwaWMtNGU5YWYKICAgIHN1ZG86IEFMTD0oQUxMKSBOT1BBU1NXRDpBTEwKICAgIGdyb3VwczogdXNlcnMsIHdoZWVsCiAgICBsb2NrX3Bhc3N3ZDogdHJ1ZQogICAgc3NoX2F1dGhvcml6ZWRfa2V5czoKICAgICAgLSBzc2gtZWQyNTUxOSBBQUFBQzNOemFDMWxaREkxTlRFNUFBQUFJSXpHNEpIQ1B1QlFBU0pmQW15b2Y2bm9ZRFNNVm1rYXd6V3plUUFTd1g3RiBzaW1vbkBTaW1vbXNpdXMKICAgIGhvbWVkaXI6IC9ob21lL3RmLXBhcnR5cGljLTRlOWFmCiAgLSBuYW1lOiBzdXNlCiAgICBnZWNvczogc3VzZQogICAgc3VkbzogQUxMPShBTEwpIE5PUEFTU1dEOkFMTAogICAgZ3JvdXBzOiB1c2Vycywgd2hlZWwKICAgIGxvY2tfcGFzc3dkOiB0cnVlCiAgICBzc2hfYXV0aG9yaXplZF9rZXlzOgogICAgICAtIHNzaC1lZDI1NTE5IEFBQUFDM056YUMxbFpESTFOVEU1QUFBQUlJekc0SkhDUHVCUUFTSmZBbXlvZjZub1lEU01WbWthd3pXemVRQVN3WDdGIHNpbW9uQFNpbW9tc2l1cwpmcWRuOiB0Zi1QYXJ0eVBpYy00ZTlhZi1jYzUxYjgxCg0KLS1NSU1FQk9VTkRBUlktLQ0K"
          },
          "sensitive_attributes": [
            [
              {
                "type": "get_attr",
                "value": "part"
              },
              {
                "type": "index",
                "value": {
                  "value": 0,
                  "type": "number"
                }
              },
              {
                "type": "get_attr",
                "value": "content"
              }
            ]
          ],
          "identity_schema_version": 0
        }
      ]
    },
    {
      "module": "module.initial.module.server[0].module.direct_access[0]",
      "mode": "data",
      "type": "aws_route53_zone",
      "name": "general_info",
      "provider": "provider[\"registry.terraform.io/hashicorp/aws\"]",
      "instances": []
    },
    {
      "module": "module.initial.module.server[0].module.direct_access[0]",
      "mode": "data",
      "type": "aws_security_group",
      "name": "server_security_group",
      "provider": "provider[\"registry.terraform.io/hashicorp/aws\"]",
      "instances": [
        {
          "schema_version": 0,
          "attributes": {
            "arn": "arn:aws:ec2:us-east-1:473900222434:security-group/sg-0471603f8f71e321f",
            "description": "Access to project generated by aws_access module",
            "filter": [
              {
                "name": "tag:Name",
                "values": [
                  "tf-PartyPic-4e9af-sg"
                ]
              }
            ],
            "id": "sg-0471603f8f71e321f",
            "name": "tf-PartyPic-4e9af-sg",
            "region": "us-east-1",
            "tags": {
              "Id": "PartyPic",
              "Name": "tf-PartyPic-4e9af-sg",
              "Owner": "terraform-ci@suse.com"
            },
            "timeouts": null,
            "vpc_id": "vpc-08e57b4ba11de6188"
          },
          "sensitive_attributes": [],
          "identity_schema_version": 0
        }
      ]
    },
    {
      "module": "module.initial.module.server[0].module.direct_access[0]",
      "mode": "managed",
      "type": "aws_eip",
      "name": "created",
      "provider": "provider[\"registry.terraform.io/hashicorp/aws\"]",
      "instances": []
    },
    {
      "module": "module.initial.module.server[0].module.direct_access[0]",
      "mode": "managed",
      "type": "aws_eip_association",
      "name": "created",
      "provider": "provider[\"registry.terraform.io/hashicorp/aws\"]",
      "instances": []
    },
    {
      "module": "module.initial.module.server[0].module.direct_access[0]",
      "mode": "managed",
      "type": "aws_network_interface_sg_attachment",
      "name": "server_security_group_attachment",
      "provider": "provider[\"registry.terraform.io/hashicorp/aws\"]",
      "instances": [
        {
          "schema_version": 0,
          "attributes": {
            "id": "sg-0bf513e16956053d8_eni-0327dc594e467c26e",
            "network_interface_id": "eni-0327dc594e467c26e",
            "region": "us-east-1",
            "security_group_id": "sg-0bf513e16956053d8",
            "timeouts": null
          },
          "sensitive_attributes": [],
          "identity_schema_version": 0,
          "private": "eyJlMmJmYjczMC1lY2FhLTExZTYtOGY4OC0zNDM2M2JjN2M0YzAiOnsiY3JlYXRlIjoxODAwMDAwMDAwMDAsImRlbGV0ZSI6MTgwMDAwMDAwMDAwLCJyZWFkIjoxODAwMDAwMDAwMDB9fQ==",
          "dependencies": [
            "data.aws_availability_zones.available",
            "data.http.myip",
            "module.initial.data.aws_availability_zones.available",
            "module.initial.data.aws_security_group.general_info",
            "module.initial.module.project.data.aws_availability_zones.available",
            "module.initial.module.project.module.domain.acme_certificate.new",
            "module.initial.module.project.module.domain.acme_registration.reg",
            "module.initial.module.project.module.domain.aws_iam_server_certificate.new",
            "module.initial.module.project.module.domain.aws_route53_record.ipv4",
            "module.initial.module.project.module.domain.aws_route53_record.ipv6",
            "module.initial.module.project.module.domain.aws_route53domains_registered_domain.select",
            "module.initial.module.project.module.domain.data.aws_iam_server_certificate.select",
            "module.initial.module.project.module.domain.data.aws_route53_zone.select",
            "module.initial.module.project.module.domain.tls_cert_request.req",
            "module.initial.module.project.module.domain.tls_private_key.cert_private_key",
            "module.initial.module.project.module.domain.tls_private_key.private_key",
            "module.initial.module.project.module.network_load_balancer.aws_eip.created",
            "module.initial.module.project.module.network_load_balancer.aws_lb.new",
            "module.initial.module.project.module.network_load_balancer.aws_lb_listener.created",
            "module.initial.module.project.module.network_load_balancer.aws_lb_target_group.created",
            "module.initial.module.project.module.network_load_balancer.aws_security_group.load_balancer",
            "module.initial.module.project.module.network_load_balancer.aws_vpc_security_group_ingress_rule.external_ingress",
            "module.initial.module.project.module.network_load_balancer.aws_vpc_security_group_ingress_rule.project_ingress_loadbalancer",
            "module.initial.module.project.module.network_load_balancer.data.aws_lb.selected",
            "module.initial.module.project.module.project_security_group.aws_security_group.new",
            "module.initial.module.project.module.project_security_group.aws_vpc_security_group_egress_rule.external_egress_ipv4",
            "module.initial.module.project.module.project_security_group.aws_vpc_security_group_egress_rule.external_egress_ipv6",
            "module.initial.module.project.module.project_security_group.aws_vpc_security_group_egress_rule.project_egress_ipv4",
            "module.initial.module.project.module.project_security_group.aws_vpc_security_group_egress_rule.project_egress_ipv6",
            "module.initial.module.project.module.project_security_group.aws_vpc_security_group_ingress_rule.external_ingress_ipv4",
            "module.initial.module.project.module.project_security_group.aws_vpc_security_group_ingress_rule.external_ingress_ipv6",
            "module.initial.module.project.module.project_security_group.aws_vpc_security_group_ingress_rule.project_ingress_ipv4",
            "module.initial.module.project.module.project_security_group.aws_vpc_security_group_ingress_rule.project_ingress_ipv6",
            "module.initial.module.project.module.project_security_group.data.aws_security_group.selected",
            "module.initial.module.project.module.subnet.aws_subnet.created",
            "module.initial.module.project.module.subnet.data.aws_subnet.selected",
            "module.initial.module.project.module.vpc.aws_internet_gateway.new",
            "module.initial.module.project.module.vpc.aws_route.public_ipv4",
            "module.initial.module.project.module.vpc.aws_route.public_ipv6",
            "module.initial.module.project.module.vpc.aws_vpc.new",
            "module.initial.module.project.module.vpc.data.aws_vpc.selected",
            "module.initial.module.server.data.cloudinit_config.setup",
            "module.initial.module.server.module.direct_access.aws_security_group.direct_access",
            "module.initial.module.server.module.image.data.aws_ami.search",
            "module.initial.module.server.module.image.data.aws_ami.select",
            "module.initial.module.server.module.indirect_access.aws_lb_target_group_attachment.server",
            "module.initial.module.server.module.indirect_access.data.aws_lb_target_group.general_info",
            "module.initial.module.server.module.server.aws_instance.created",
            "module.initial.module.server.module.server.aws_key_pair.created",
            "module.initial.module.server.module.server.data.aws_availability_zone.general_info_create",
            "module.initial.module.server.module.server.data.aws_ec2_instance_type.general_info_create",
            "module.initial.module.server.module.server.data.aws_ec2_instance_type.general_info_select",
            "module.initial.module.server.module.server.data.aws_instance.selected",
            "module.initial.module.server.module.server.data.aws_key_pair.ssh_key_selected",
            "module.initial.module.server.module.server.data.aws_security_group.general_info_create",
            "module.initial.module.server.module.server.data.aws_subnet.general_info_create",
            "module.initial.module.server.module.server.data.aws_subnet.general_info_select",
            "module.initial.module.server.module.server.data.aws_vpc.general_info_create",
            "module.initial.module.server.module.server.data.aws_vpc.general_info_select",
            "module.initial.module.server.module.server.terraform_data.set_primary_ipv6"
          ]
        }
      ]
    },
    {
      "module": "module.initial.module.server[0].module.direct_access[0]",
      "mode": "managed",
      "type": "aws_route53_record",
      "name": "created",
      "provider": "provider[\"registry.terraform.io/hashicorp/aws\"]",
      "instances": []
    },
    {
      "module": "module.initial.module.server[0].module.direct_access[0]",
      "mode": "managed",
      "type": "aws_security_group",
      "name": "direct_access",
      "provider": "provider[\"registry.terraform.io/hashicorp/aws\"]",
      "instances": [
        {
          "schema_version": 1,
          "attributes": {
            "arn": "arn:aws:ec2:us-east-1:473900222434:security-group/sg-0bf513e16956053d8",
            "description": "Security group for server tf-PartyPic-4e9af-cc51b81",
            "egress": [],
            "id": "sg-0bf513e16956053d8",
            "ingress": [],
            "name": "tf-PartyPic-4e9af-cc51b81-direct",
            "name_prefix": "",
            "owner_id": "473900222434",
            "region": "us-east-1",
            "revoke_rules_on_delete": false,
            "tags": {
              "Name": "tf-PartyPic-4e9af-cc51b81-direct"
            },
            "tags_all": {
              "Id": "PartyPic",
              "Name": "tf-PartyPic-4e9af-cc51b81-direct",
              "Owner": "terraform-ci@suse.com"
            },
            "timeouts": null,
            "vpc_id": "vpc-08e57b4ba11de6188"
          },
          "sensitive_attributes": [],
          "identity_schema_version": 0,
          "identity": {
            "account_id": "473900222434",
            "id": "sg-0bf513e16956053d8",
            "region": "us-east-1"
          },
          "private": "eyJlMmJmYjczMC1lY2FhLTExZTYtOGY4OC0zNDM2M2JjN2M0YzAiOnsiY3JlYXRlIjo2MDAwMDAwMDAwMDAsImRlbGV0ZSI6OTAwMDAwMDAwMDAwfSwic2NoZW1hX3ZlcnNpb24iOiIxIn0=",
          "dependencies": [
            "data.aws_availability_zones.available",
            "data.http.myip",
            "module.initial.data.aws_availability_zones.available",
            "module.initial.data.aws_security_group.general_info",
            "module.initial.module.project.data.aws_availability_zones.available",
            "module.initial.module.project.module.domain.acme_certificate.new",
            "module.initial.module.project.module.domain.acme_registration.reg",
            "module.initial.module.project.module.domain.aws_iam_server_certificate.new",
            "module.initial.module.project.module.domain.aws_route53_record.ipv4",
            "module.initial.module.project.module.domain.aws_route53_record.ipv6",
            "module.initial.module.project.module.domain.aws_route53domains_registered_domain.select",
            "module.initial.module.project.module.domain.data.aws_iam_server_certificate.select",
            "module.initial.module.project.module.domain.data.aws_route53_zone.select",
            "module.initial.module.project.module.domain.tls_cert_request.req",
            "module.initial.module.project.module.domain.tls_private_key.cert_private_key",
            "module.initial.module.project.module.domain.tls_private_key.private_key",
            "module.initial.module.project.module.network_load_balancer.aws_eip.created",
            "module.initial.module.project.module.network_load_balancer.aws_lb.new",
            "module.initial.module.project.module.network_load_balancer.aws_lb_listener.created",
            "module.initial.module.project.module.network_load_balancer.aws_lb_target_group.created",
            "module.initial.module.project.module.network_load_balancer.aws_security_group.load_balancer",
            "module.initial.module.project.module.network_load_balancer.aws_vpc_security_group_ingress_rule.external_ingress",
            "module.initial.module.project.module.network_load_balancer.aws_vpc_security_group_ingress_rule.project_ingress_loadbalancer",
            "module.initial.module.project.module.network_load_balancer.data.aws_lb.selected",
            "module.initial.module.project.module.project_security_group.aws_security_group.new",
            "module.initial.module.project.module.project_security_group.aws_vpc_security_group_egress_rule.external_egress_ipv4",
            "module.initial.module.project.module.project_security_group.aws_vpc_security_group_egress_rule.external_egress_ipv6",
            "module.initial.module.project.module.project_security_group.aws_vpc_security_group_egress_rule.project_egress_ipv4",
            "module.initial.module.project.module.project_security_group.aws_vpc_security_group_egress_rule.project_egress_ipv6",
            "module.initial.module.project.module.project_security_group.aws_vpc_security_group_ingress_rule.external_ingress_ipv4",
            "module.initial.module.project.module.project_security_group.aws_vpc_security_group_ingress_rule.external_ingress_ipv6",
            "module.initial.module.project.module.project_security_group.aws_vpc_security_group_ingress_rule.project_ingress_ipv4",
            "module.initial.module.project.module.project_security_group.aws_vpc_security_group_ingress_rule.project_ingress_ipv6",
            "module.initial.module.project.module.project_security_group.data.aws_security_group.selected",
            "module.initial.module.project.module.subnet.aws_subnet.created",
            "module.initial.module.project.module.subnet.data.aws_subnet.selected",
            "module.initial.module.project.module.vpc.aws_internet_gateway.new",
            "module.initial.module.project.module.vpc.aws_route.public_ipv4",
            "module.initial.module.project.module.vpc.aws_route.public_ipv6",
            "module.initial.module.project.module.vpc.aws_vpc.new",
            "module.initial.module.project.module.vpc.data.aws_vpc.selected",
            "module.initial.module.server.data.cloudinit_config.setup",
            "module.initial.module.server.module.image.data.aws_ami.search",
            "module.initial.module.server.module.image.data.aws_ami.select",
            "module.initial.module.server.module.indirect_access.aws_lb_target_group_attachment.server",
            "module.initial.module.server.module.indirect_access.data.aws_lb_target_group.general_info",
            "module.initial.module.server.module.server.aws_instance.created",
            "module.initial.module.server.module.server.aws_key_pair.created",
            "module.initial.module.server.module.server.data.aws_availability_zone.general_info_create",
            "module.initial.module.server.module.server.data.aws_ec2_instance_type.general_info_create",
            "module.initial.module.server.module.server.data.aws_ec2_instance_type.general_info_select",
            "module.initial.module.server.module.server.data.aws_instance.selected",
            "module.initial.module.server.module.server.data.aws_key_pair.ssh_key_selected",
            "module.initial.module.server.module.server.data.aws_security_group.general_info_create",
            "module.initial.module.server.module.server.data.aws_subnet.general_info_create",
            "module.initial.module.server.module.server.data.aws_subnet.general_info_select",
            "module.initial.module.server.module.server.data.aws_vpc.general_info_create",
            "module.initial.module.server.module.server.data.aws_vpc.general_info_select",
            "module.initial.module.server.module.server.terraform_data.set_primary_ipv6"
          ]
        }
      ]
    },
    {
      "module": "module.initial.module.server[0].module.direct_access[0]",
      "mode": "managed",
      "type": "aws_vpc_security_group_ingress_rule",
      "name": "server_direct_link",
      "provider": "provider[\"registry.terraform.io/hashicorp/aws\"]",
      "instances": [
        {
          "schema_version": 0,
          "attributes": {
            "arn": "arn:aws:ec2:us-east-1:473900222434:security-group-rule/sgr-080c9e6d91d29e784",
            "cidr_ipv4": null,
            "cidr_ipv6": null,
            "description": null,
            "from_port": null,
            "id": "sgr-080c9e6d91d29e784",
            "ip_protocol": "-1",
            "prefix_list_id": null,
            "referenced_security_group_id": "sg-0471603f8f71e321f",
            "region": "us-east-1",
            "security_group_id": "sg-0bf513e16956053d8",
            "security_group_rule_id": "sgr-080c9e6d91d29e784",
            "tags": null,
            "tags_all": {
              "Id": "PartyPic",
              "Owner": "terraform-ci@suse.com"
            },
            "to_port": null
          },
          "sensitive_attributes": [],
          "identity_schema_version": 0,
          "identity": {
            "account_id": "473900222434",
            "id": "sgr-080c9e6d91d29e784",
            "region": "us-east-1"
          },
          "dependencies": [
            "data.aws_availability_zones.available",
            "data.http.myip",
            "module.initial.data.aws_availability_zones.available",
            "module.initial.data.aws_security_group.general_info",
            "module.initial.module.project.data.aws_availability_zones.available",
            "module.initial.module.project.module.domain.acme_certificate.new",
            "module.initial.module.project.module.domain.acme_registration.reg",
            "module.initial.module.project.module.domain.aws_iam_server_certificate.new",
            "module.initial.module.project.module.domain.aws_route53_record.ipv4",
            "module.initial.module.project.module.domain.aws_route53_record.ipv6",
            "module.initial.module.project.module.domain.aws_route53domains_registered_domain.select",
            "module.initial.module.project.module.domain.data.aws_iam_server_certificate.select",
            "module.initial.module.project.module.domain.data.aws_route53_zone.select",
            "module.initial.module.project.module.domain.tls_cert_request.req",
            "module.initial.module.project.module.domain.tls_private_key.cert_private_key",
            "module.initial.module.project.module.domain.tls_private_key.private_key",
            "module.initial.module.project.module.network_load_balancer.aws_eip.created",
            "module.initial.module.project.module.network_load_balancer.aws_lb.new",
            "module.initial.module.project.module.network_load_balancer.aws_lb_listener.created",
            "module.initial.module.project.module.network_load_balancer.aws_lb_target_group.created",
            "module.initial.module.project.module.network_load_balancer.aws_security_group.load_balancer",
            "module.initial.module.project.module.network_load_balancer.aws_vpc_security_group_ingress_rule.external_ingress",
            "module.initial.module.project.module.network_load_balancer.aws_vpc_security_group_ingress_rule.project_ingress_loadbalancer",
            "module.initial.module.project.module.network_load_balancer.data.aws_lb.selected",
            "module.initial.module.project.module.project_security_group.aws_security_group.new",
            "module.initial.module.project.module.project_security_group.aws_vpc_security_group_egress_rule.external_egress_ipv4",
            "module.initial.module.project.module.project_security_group.aws_vpc_security_group_egress_rule.external_egress_ipv6",
            "module.initial.module.project.module.project_security_group.aws_vpc_security_group_egress_rule.project_egress_ipv4",
            "module.initial.module.project.module.project_security_group.aws_vpc_security_group_egress_rule.project_egress_ipv6",
            "module.initial.module.project.module.project_security_group.aws_vpc_security_group_ingress_rule.external_ingress_ipv4",
            "module.initial.module.project.module.project_security_group.aws_vpc_security_group_ingress_rule.external_ingress_ipv6",
            "module.initial.module.project.module.project_security_group.aws_vpc_security_group_ingress_rule.project_ingress_ipv4",
            "module.initial.module.project.module.project_security_group.aws_vpc_security_group_ingress_rule.project_ingress_ipv6",
            "module.initial.module.project.module.project_security_group.data.aws_security_group.selected",
            "module.initial.module.project.module.subnet.aws_subnet.created",
            "module.initial.module.project.module.subnet.data.aws_subnet.selected",
            "module.initial.module.project.module.vpc.aws_internet_gateway.new",
            "module.initial.module.project.module.vpc.aws_route.public_ipv4",
            "module.initial.module.project.module.vpc.aws_route.public_ipv6",
            "module.initial.module.project.module.vpc.aws_vpc.new",
            "module.initial.module.project.module.vpc.data.aws_vpc.selected",
            "module.initial.module.server.data.cloudinit_config.setup",
            "module.initial.module.server.module.direct_access.aws_security_group.direct_access",
            "module.initial.module.server.module.direct_access.data.aws_security_group.server_security_group",
            "module.initial.module.server.module.image.data.aws_ami.search",
            "module.initial.module.server.module.image.data.aws_ami.select",
            "module.initial.module.server.module.indirect_access.aws_lb_target_group_attachment.server",
            "module.initial.module.server.module.indirect_access.data.aws_lb_target_group.general_info",
            "module.initial.module.server.module.server.aws_instance.created",
            "module.initial.module.server.module.server.aws_key_pair.created",
            "module.initial.module.server.module.server.data.aws_availability_zone.general_info_create",
            "module.initial.module.server.module.server.data.aws_ec2_instance_type.general_info_create",
            "module.initial.module.server.module.server.data.aws_ec2_instance_type.general_info_select",
            "module.initial.module.server.module.server.data.aws_instance.selected",
            "module.initial.module.server.module.server.data.aws_key_pair.ssh_key_selected",
            "module.initial.module.server.module.server.data.aws_security_group.general_info_create",
            "module.initial.module.server.module.server.data.aws_subnet.general_info_create",
            "module.initial.module.server.module.server.data.aws_subnet.general_info_select",
            "module.initial.module.server.module.server.data.aws_vpc.general_info_create",
            "module.initial.module.server.module.server.data.aws_vpc.general_info_select",
            "module.initial.module.server.module.server.terraform_data.set_primary_ipv6"
          ]
        }
      ]
    },
    {
      "module": "module.initial.module.server[0].module.direct_access[0]",
      "mode": "managed",
      "type": "aws_vpc_security_group_ingress_rule",
      "name": "server_ingress",
      "provider": "provider[\"registry.terraform.io/hashicorp/aws\"]",
      "instances": [
        {
          "index_key": "runnerApi-0",
          "schema_version": 0,
          "attributes": {
            "arn": "arn:aws:ec2:us-east-1:473900222434:security-group-rule/sgr-0b469bac513776b72",
            "cidr_ipv4": "45.155.141.250/32",
            "cidr_ipv6": null,
            "description": null,
            "from_port": 6443,
            "id": "sgr-0b469bac513776b72",
            "ip_protocol": "tcp",
            "prefix_list_id": null,
            "referenced_security_group_id": null,
            "region": "us-east-1",
            "security_group_id": "sg-0bf513e16956053d8",
            "security_group_rule_id": "sgr-0b469bac513776b72",
            "tags": null,
            "tags_all": {
              "Id": "PartyPic",
              "Owner": "terraform-ci@suse.com"
            },
            "to_port": 6443
          },
          "sensitive_attributes": [],
          "identity_schema_version": 0,
          "identity": {
            "account_id": "473900222434",
            "id": "sgr-0b469bac513776b72",
            "region": "us-east-1"
          },
          "dependencies": [
            "data.aws_availability_zones.available",
            "data.http.myip",
            "module.initial.data.aws_availability_zones.available",
            "module.initial.data.aws_security_group.general_info",
            "module.initial.module.project.data.aws_availability_zones.available",
            "module.initial.module.project.module.domain.acme_certificate.new",
            "module.initial.module.project.module.domain.acme_registration.reg",
            "module.initial.module.project.module.domain.aws_iam_server_certificate.new",
            "module.initial.module.project.module.domain.aws_route53_record.ipv4",
            "module.initial.module.project.module.domain.aws_route53_record.ipv6",
            "module.initial.module.project.module.domain.aws_route53domains_registered_domain.select",
            "module.initial.module.project.module.domain.data.aws_iam_server_certificate.select",
            "module.initial.module.project.module.domain.data.aws_route53_zone.select",
            "module.initial.module.project.module.domain.tls_cert_request.req",
            "module.initial.module.project.module.domain.tls_private_key.cert_private_key",
            "module.initial.module.project.module.domain.tls_private_key.private_key",
            "module.initial.module.project.module.network_load_balancer.aws_eip.created",
            "module.initial.module.project.module.network_load_balancer.aws_lb.new",
            "module.initial.module.project.module.network_load_balancer.aws_lb_listener.created",
            "module.initial.module.project.module.network_load_balancer.aws_lb_target_group.created",
            "module.initial.module.project.module.network_load_balancer.aws_security_group.load_balancer",
            "module.initial.module.project.module.network_load_balancer.aws_vpc_security_group_ingress_rule.external_ingress",
            "module.initial.module.project.module.network_load_balancer.aws_vpc_security_group_ingress_rule.project_ingress_loadbalancer",
            "module.initial.module.project.module.network_load_balancer.data.aws_lb.selected",
            "module.initial.module.project.module.project_security_group.aws_security_group.new",
            "module.initial.module.project.module.project_security_group.aws_vpc_security_group_egress_rule.external_egress_ipv4",
            "module.initial.module.project.module.project_security_group.aws_vpc_security_group_egress_rule.external_egress_ipv6",
            "module.initial.module.project.module.project_security_group.aws_vpc_security_group_egress_rule.project_egress_ipv4",
            "module.initial.module.project.module.project_security_group.aws_vpc_security_group_egress_rule.project_egress_ipv6",
            "module.initial.module.project.module.project_security_group.aws_vpc_security_group_ingress_rule.external_ingress_ipv4",
            "module.initial.module.project.module.project_security_group.aws_vpc_security_group_ingress_rule.external_ingress_ipv6",
            "module.initial.module.project.module.project_security_group.aws_vpc_security_group_ingress_rule.project_ingress_ipv4",
            "module.initial.module.project.module.project_security_group.aws_vpc_security_group_ingress_rule.project_ingress_ipv6",
            "module.initial.module.project.module.project_security_group.data.aws_security_group.selected",
            "module.initial.module.project.module.subnet.aws_subnet.created",
            "module.initial.module.project.module.subnet.data.aws_subnet.selected",
            "module.initial.module.project.module.vpc.aws_internet_gateway.new",
            "module.initial.module.project.module.vpc.aws_route.public_ipv4",
            "module.initial.module.project.module.vpc.aws_route.public_ipv6",
            "module.initial.module.project.module.vpc.aws_vpc.new",
            "module.initial.module.project.module.vpc.data.aws_vpc.selected",
            "module.initial.module.server.data.cloudinit_config.setup",
            "module.initial.module.server.module.direct_access.aws_security_group.direct_access",
            "module.initial.module.server.module.image.data.aws_ami.search",
            "module.initial.module.server.module.image.data.aws_ami.select",
            "module.initial.module.server.module.indirect_access.aws_lb_target_group_attachment.server",
            "module.initial.module.server.module.indirect_access.data.aws_lb_target_group.general_info",
            "module.initial.module.server.module.server.aws_instance.created",
            "module.initial.module.server.module.server.aws_key_pair.created",
            "module.initial.module.server.module.server.data.aws_availability_zone.general_info_create",
            "module.initial.module.server.module.server.data.aws_ec2_instance_type.general_info_create",
            "module.initial.module.server.module.server.data.aws_ec2_instance_type.general_info_select",
            "module.initial.module.server.module.server.data.aws_instance.selected",
            "module.initial.module.server.module.server.data.aws_key_pair.ssh_key_selected",
            "module.initial.module.server.module.server.data.aws_security_group.general_info_create",
            "module.initial.module.server.module.server.data.aws_subnet.general_info_create",
            "module.initial.module.server.module.server.data.aws_subnet.general_info_select",
            "module.initial.module.server.module.server.data.aws_vpc.general_info_create",
            "module.initial.module.server.module.server.data.aws_vpc.general_info_select",
            "module.initial.module.server.module.server.terraform_data.set_primary_ipv6"
          ]
        },
        {
          "index_key": "runnerSsh-0",
          "schema_version": 0,
          "attributes": {
            "arn": "arn:aws:ec2:us-east-1:473900222434:security-group-rule/sgr-0c67c1b0aa1272e36",
            "cidr_ipv4": "45.155.141.250/32",
            "cidr_ipv6": null,
            "description": null,
            "from_port": 22,
            "id": "sgr-0c67c1b0aa1272e36",
            "ip_protocol": "tcp",
            "prefix_list_id": null,
            "referenced_security_group_id": null,
            "region": "us-east-1",
            "security_group_id": "sg-0bf513e16956053d8",
            "security_group_rule_id": "sgr-0c67c1b0aa1272e36",
            "tags": null,
            "tags_all": {
              "Id": "PartyPic",
              "Owner": "terraform-ci@suse.com"
            },
            "to_port": 22
          },
          "sensitive_attributes": [],
          "identity_schema_version": 0,
          "identity": {
            "account_id": "473900222434",
            "id": "sgr-0c67c1b0aa1272e36",
            "region": "us-east-1"
          },
          "dependencies": [
            "data.aws_availability_zones.available",
            "data.http.myip",
            "module.initial.data.aws_availability_zones.available",
            "module.initial.data.aws_security_group.general_info",
            "module.initial.module.project.data.aws_availability_zones.available",
            "module.initial.module.project.module.domain.acme_certificate.new",
            "module.initial.module.project.module.domain.acme_registration.reg",
            "module.initial.module.project.module.domain.aws_iam_server_certificate.new",
            "module.initial.module.project.module.domain.aws_route53_record.ipv4",
            "module.initial.module.project.module.domain.aws_route53_record.ipv6",
            "module.initial.module.project.module.domain.aws_route53domains_registered_domain.select",
            "module.initial.module.project.module.domain.data.aws_iam_server_certificate.select",
            "module.initial.module.project.module.domain.data.aws_route53_zone.select",
            "module.initial.module.project.module.domain.tls_cert_request.req",
            "module.initial.module.project.module.domain.tls_private_key.cert_private_key",
            "module.initial.module.project.module.domain.tls_private_key.private_key",
            "module.initial.module.project.module.network_load_balancer.aws_eip.created",
            "module.initial.module.project.module.network_load_balancer.aws_lb.new",
            "module.initial.module.project.module.network_load_balancer.aws_lb_listener.created",
            "module.initial.module.project.module.network_load_balancer.aws_lb_target_group.created",
            "module.initial.module.project.module.network_load_balancer.aws_security_group.load_balancer",
            "module.initial.module.project.module.network_load_balancer.aws_vpc_security_group_ingress_rule.external_ingress",
            "module.initial.module.project.module.network_load_balancer.aws_vpc_security_group_ingress_rule.project_ingress_loadbalancer",
            "module.initial.module.project.module.network_load_balancer.data.aws_lb.selected",
            "module.initial.module.project.module.project_security_group.aws_security_group.new",
            "module.initial.module.project.module.project_security_group.aws_vpc_security_group_egress_rule.external_egress_ipv4",
            "module.initial.module.project.module.project_security_group.aws_vpc_security_group_egress_rule.external_egress_ipv6",
            "module.initial.module.project.module.project_security_group.aws_vpc_security_group_egress_rule.project_egress_ipv4",
            "module.initial.module.project.module.project_security_group.aws_vpc_security_group_egress_rule.project_egress_ipv6",
            "module.initial.module.project.module.project_security_group.aws_vpc_security_group_ingress_rule.external_ingress_ipv4",
            "module.initial.module.project.module.project_security_group.aws_vpc_security_group_ingress_rule.external_ingress_ipv6",
            "module.initial.module.project.module.project_security_group.aws_vpc_security_group_ingress_rule.project_ingress_ipv4",
            "module.initial.module.project.module.project_security_group.aws_vpc_security_group_ingress_rule.project_ingress_ipv6",
            "module.initial.module.project.module.project_security_group.data.aws_security_group.selected",
            "module.initial.module.project.module.subnet.aws_subnet.created",
            "module.initial.module.project.module.subnet.data.aws_subnet.selected",
            "module.initial.module.project.module.vpc.aws_internet_gateway.new",
            "module.initial.module.project.module.vpc.aws_route.public_ipv4",
            "module.initial.module.project.module.vpc.aws_route.public_ipv6",
            "module.initial.module.project.module.vpc.aws_vpc.new",
            "module.initial.module.project.module.vpc.data.aws_vpc.selected",
            "module.initial.module.server.data.cloudinit_config.setup",
            "module.initial.module.server.module.direct_access.aws_security_group.direct_access",
            "module.initial.module.server.module.image.data.aws_ami.search",
            "module.initial.module.server.module.image.data.aws_ami.select",
            "module.initial.module.server.module.indirect_access.aws_lb_target_group_attachment.server",
            "module.initial.module.server.module.indirect_access.data.aws_lb_target_group.general_info",
            "module.initial.module.server.module.server.aws_instance.created",
            "module.initial.module.server.module.server.aws_key_pair.created",
            "module.initial.module.server.module.server.data.aws_availability_zone.general_info_create",
            "module.initial.module.server.module.server.data.aws_ec2_instance_type.general_info_create",
            "module.initial.module.server.module.server.data.aws_ec2_instance_type.general_info_select",
            "module.initial.module.server.module.server.data.aws_instance.selected",
            "module.initial.module.server.module.server.data.aws_key_pair.ssh_key_selected",
            "module.initial.module.server.module.server.data.aws_security_group.general_info_create",
            "module.initial.module.server.module.server.data.aws_subnet.general_info_create",
            "module.initial.module.server.module.server.data.aws_subnet.general_info_select",
            "module.initial.module.server.module.server.data.aws_vpc.general_info_create",
            "module.initial.module.server.module.server.data.aws_vpc.general_info_select",
            "module.initial.module.server.module.server.terraform_data.set_primary_ipv6"
          ]
        }
      ]
    },
    {
      "module": "module.initial.module.server[0].module.direct_access[0]",
      "mode": "managed",
      "type": "terraform_data",
      "name": "remove_initial_user",
      "provider": "provider[\"terraform.io/builtin/terraform\"]",
      "instances": [
        {
          "index_key": 0,
          "schema_version": 0,
          "attributes": {
            "id": "ccc41a4f-8c30-0ba2-c326-a053b7562e0f",
            "input": null,
            "output": null,
            "triggers_replace": {
              "value": [
                "i-0b9f92fcc01350772"
              ],
              "type": [
                "tuple",
                [
                  "string"
                ]
              ]
            }
          },
          "sensitive_attributes": [],
          "identity_schema_version": 0,
          "dependencies": [
            "data.aws_availability_zones.available",
            "data.http.myip",
            "module.initial.data.aws_availability_zones.available",
            "module.initial.data.aws_security_group.general_info",
            "module.initial.module.project.data.aws_availability_zones.available",
            "module.initial.module.project.module.domain.acme_certificate.new",
            "module.initial.module.project.module.domain.acme_registration.reg",
            "module.initial.module.project.module.domain.aws_iam_server_certificate.new",
            "module.initial.module.project.module.domain.aws_route53_record.ipv4",
            "module.initial.module.project.module.domain.aws_route53_record.ipv6",
            "module.initial.module.project.module.domain.aws_route53domains_registered_domain.select",
            "module.initial.module.project.module.domain.data.aws_iam_server_certificate.select",
            "module.initial.module.project.module.domain.data.aws_route53_zone.select",
            "module.initial.module.project.module.domain.tls_cert_request.req",
            "module.initial.module.project.module.domain.tls_private_key.cert_private_key",
            "module.initial.module.project.module.domain.tls_private_key.private_key",
            "module.initial.module.project.module.network_load_balancer.aws_eip.created",
            "module.initial.module.project.module.network_load_balancer.aws_lb.new",
            "module.initial.module.project.module.network_load_balancer.aws_lb_listener.created",
            "module.initial.module.project.module.network_load_balancer.aws_lb_target_group.created",
            "module.initial.module.project.module.network_load_balancer.aws_security_group.load_balancer",
            "module.initial.module.project.module.network_load_balancer.aws_vpc_security_group_ingress_rule.external_ingress",
            "module.initial.module.project.module.network_load_balancer.aws_vpc_security_group_ingress_rule.project_ingress_loadbalancer",
            "module.initial.module.project.module.network_load_balancer.data.aws_lb.selected",
            "module.initial.module.project.module.project_security_group.aws_security_group.new",
            "module.initial.module.project.module.project_security_group.aws_vpc_security_group_egress_rule.external_egress_ipv4",
            "module.initial.module.project.module.project_security_group.aws_vpc_security_group_egress_rule.external_egress_ipv6",
            "module.initial.module.project.module.project_security_group.aws_vpc_security_group_egress_rule.project_egress_ipv4",
            "module.initial.module.project.module.project_security_group.aws_vpc_security_group_egress_rule.project_egress_ipv6",
            "module.initial.module.project.module.project_security_group.aws_vpc_security_group_ingress_rule.external_ingress_ipv4",
            "module.initial.module.project.module.project_security_group.aws_vpc_security_group_ingress_rule.external_ingress_ipv6",
            "module.initial.module.project.module.project_security_group.aws_vpc_security_group_ingress_rule.project_ingress_ipv4",
            "module.initial.module.project.module.project_security_group.aws_vpc_security_group_ingress_rule.project_ingress_ipv6",
            "module.initial.module.project.module.project_security_group.data.aws_security_group.selected",
            "module.initial.module.project.module.subnet.aws_subnet.created",
            "module.initial.module.project.module.subnet.data.aws_subnet.selected",
            "module.initial.module.project.module.vpc.aws_internet_gateway.new",
            "module.initial.module.project.module.vpc.aws_route.public_ipv4",
            "module.initial.module.project.module.vpc.aws_route.public_ipv6",
            "module.initial.module.project.module.vpc.aws_vpc.new",
            "module.initial.module.project.module.vpc.data.aws_vpc.selected",
            "module.initial.module.server.data.cloudinit_config.setup",
            "module.initial.module.server.module.direct_access.aws_eip.created",
            "module.initial.module.server.module.direct_access.aws_eip_association.created",
            "module.initial.module.server.module.direct_access.aws_network_interface_sg_attachment.server_security_group_attachment",
            "module.initial.module.server.module.direct_access.aws_security_group.direct_access",
            "module.initial.module.server.module.direct_access.aws_vpc_security_group_ingress_rule.server_direct_link",
            "module.initial.module.server.module.direct_access.aws_vpc_security_group_ingress_rule.server_ingress",
            "module.initial.module.server.module.direct_access.data.aws_security_group.server_security_group",
            "module.initial.module.server.module.direct_access.terraform_data.setup",
            "module.initial.module.server.module.image.data.aws_ami.search",
            "module.initial.module.server.module.image.data.aws_ami.select",
            "module.initial.module.server.module.indirect_access.aws_lb_target_group_attachment.server",
            "module.initial.module.server.module.indirect_access.data.aws_lb_target_group.general_info",
            "module.initial.module.server.module.server.aws_instance.created",
            "module.initial.module.server.module.server.aws_key_pair.created",
            "module.initial.module.server.module.server.data.aws_availability_zone.general_info_create",
            "module.initial.module.server.module.server.data.aws_ec2_instance_type.general_info_create",
            "module.initial.module.server.module.server.data.aws_ec2_instance_type.general_info_select",
            "module.initial.module.server.module.server.data.aws_instance.selected",
            "module.initial.module.server.module.server.data.aws_key_pair.ssh_key_selected",
            "module.initial.module.server.module.server.data.aws_security_group.general_info_create",
            "module.initial.module.server.module.server.data.aws_subnet.general_info_create",
            "module.initial.module.server.module.server.data.aws_subnet.general_info_select",
            "module.initial.module.server.module.server.data.aws_vpc.general_info_create",
            "module.initial.module.server.module.server.data.aws_vpc.general_info_select",
            "module.initial.module.server.module.server.terraform_data.set_primary_ipv6"
          ]
        }
      ]
    },
    {
      "module": "module.initial.module.server[0].module.direct_access[0]",
      "mode": "managed",
      "type": "terraform_data",
      "name": "setup",
      "provider": "provider[\"terraform.io/builtin/terraform\"]",
      "instances": [
        {
          "index_key": 0,
          "schema_version": 0,
          "attributes": {
            "id": "78bf260d-e3e6-3452-f818-1a626f8db676",
            "input": null,
            "output": null,
            "triggers_replace": {
              "value": [
                "i-0b9f92fcc01350772"
              ],
              "type": [
                "tuple",
                [
                  "string"
                ]
              ]
            }
          },
          "sensitive_attributes": [],
          "identity_schema_version": 0,
          "dependencies": [
            "data.aws_availability_zones.available",
            "data.http.myip",
            "module.initial.data.aws_availability_zones.available",
            "module.initial.data.aws_security_group.general_info",
            "module.initial.module.project.data.aws_availability_zones.available",
            "module.initial.module.project.module.domain.acme_certificate.new",
            "module.initial.module.project.module.domain.acme_registration.reg",
            "module.initial.module.project.module.domain.aws_iam_server_certificate.new",
            "module.initial.module.project.module.domain.aws_route53_record.ipv4",
            "module.initial.module.project.module.domain.aws_route53_record.ipv6",
            "module.initial.module.project.module.domain.aws_route53domains_registered_domain.select",
            "module.initial.module.project.module.domain.data.aws_iam_server_certificate.select",
            "module.initial.module.project.module.domain.data.aws_route53_zone.select",
            "module.initial.module.project.module.domain.tls_cert_request.req",
            "module.initial.module.project.module.domain.tls_private_key.cert_private_key",
            "module.initial.module.project.module.domain.tls_private_key.private_key",
            "module.initial.module.project.module.network_load_balancer.aws_eip.created",
            "module.initial.module.project.module.network_load_balancer.aws_lb.new",
            "module.initial.module.project.module.network_load_balancer.aws_lb_listener.created",
            "module.initial.module.project.module.network_load_balancer.aws_lb_target_group.created",
            "module.initial.module.project.module.network_load_balancer.aws_security_group.load_balancer",
            "module.initial.module.project.module.network_load_balancer.aws_vpc_security_group_ingress_rule.external_ingress",
            "module.initial.module.project.module.network_load_balancer.aws_vpc_security_group_ingress_rule.project_ingress_loadbalancer",
            "module.initial.module.project.module.network_load_balancer.data.aws_lb.selected",
            "module.initial.module.project.module.project_security_group.aws_security_group.new",
            "module.initial.module.project.module.project_security_group.aws_vpc_security_group_egress_rule.external_egress_ipv4",
            "module.initial.module.project.module.project_security_group.aws_vpc_security_group_egress_rule.external_egress_ipv6",
            "module.initial.module.project.module.project_security_group.aws_vpc_security_group_egress_rule.project_egress_ipv4",
            "module.initial.module.project.module.project_security_group.aws_vpc_security_group_egress_rule.project_egress_ipv6",
            "module.initial.module.project.module.project_security_group.aws_vpc_security_group_ingress_rule.external_ingress_ipv4",
            "module.initial.module.project.module.project_security_group.aws_vpc_security_group_ingress_rule.external_ingress_ipv6",
            "module.initial.module.project.module.project_security_group.aws_vpc_security_group_ingress_rule.project_ingress_ipv4",
            "module.initial.module.project.module.project_security_group.aws_vpc_security_group_ingress_rule.project_ingress_ipv6",
            "module.initial.module.project.module.project_security_group.data.aws_security_group.selected",
            "module.initial.module.project.module.subnet.aws_subnet.created",
            "module.initial.module.project.module.subnet.data.aws_subnet.selected",
            "module.initial.module.project.module.vpc.aws_internet_gateway.new",
            "module.initial.module.project.module.vpc.aws_route.public_ipv4",
            "module.initial.module.project.module.vpc.aws_route.public_ipv6",
            "module.initial.module.project.module.vpc.aws_vpc.new",
            "module.initial.module.project.module.vpc.data.aws_vpc.selected",
            "module.initial.module.server.data.cloudinit_config.setup",
            "module.initial.module.server.module.direct_access.aws_eip.created",
            "module.initial.module.server.module.direct_access.aws_eip_association.created",
            "module.initial.module.server.module.direct_access.aws_network_interface_sg_attachment.server_security_group_attachment",
            "module.initial.module.server.module.direct_access.aws_security_group.direct_access",
            "module.initial.module.server.module.direct_access.aws_vpc_security_group_ingress_rule.server_direct_link",
            "module.initial.module.server.module.direct_access.aws_vpc_security_group_ingress_rule.server_ingress",
            "module.initial.module.server.module.direct_access.data.aws_security_group.server_security_group",
            "module.initial.module.server.module.image.data.aws_ami.search",
            "module.initial.module.server.module.image.data.aws_ami.select",
            "module.initial.module.server.module.indirect_access.aws_lb_target_group_attachment.server",
            "module.initial.module.server.module.indirect_access.data.aws_lb_target_group.general_info",
            "module.initial.module.server.module.server.aws_instance.created",
            "module.initial.module.server.module.server.aws_key_pair.created",
            "module.initial.module.server.module.server.data.aws_availability_zone.general_info_create",
            "module.initial.module.server.module.server.data.aws_ec2_instance_type.general_info_create",
            "module.initial.module.server.module.server.data.aws_ec2_instance_type.general_info_select",
            "module.initial.module.server.module.server.data.aws_instance.selected",
            "module.initial.module.server.module.server.data.aws_key_pair.ssh_key_selected",
            "module.initial.module.server.module.server.data.aws_security_group.general_info_create",
            "module.initial.module.server.module.server.data.aws_subnet.general_info_create",
            "module.initial.module.server.module.server.data.aws_subnet.general_info_select",
            "module.initial.module.server.module.server.data.aws_vpc.general_info_create",
            "module.initial.module.server.module.server.data.aws_vpc.general_info_select",
            "module.initial.module.server.module.server.terraform_data.set_primary_ipv6"
          ]
        }
      ]
    },
    {
      "module": "module.initial.module.server[0].module.image[0]",
      "mode": "data",
      "type": "aws_ami",
      "name": "search",
      "provider": "provider[\"registry.terraform.io/hashicorp/aws\"]",
      "instances": [
        {
          "index_key": 0,
          "schema_version": 0,
          "attributes": {
            "allow_unsafe_filter": null,
            "architecture": "x86_64",
            "arn": "arn:aws:ec2:us-east-1::image/ami-02cae6349c5c72f85",
            "block_device_mappings": [
              {
                "device_name": "/dev/sda1",
                "ebs": {
                  "delete_on_termination": "true",
                  "encrypted": "false",
                  "iops": "0",
                  "snapshot_id": "snap-007ddaa4b67c0a65a",
                  "throughput": "0",
                  "volume_initialization_rate": "0",
                  "volume_size": "10",
                  "volume_type": "gp3"
                },
                "no_device": "",
                "virtual_name": ""
              }
            ],
            "boot_mode": "uefi-preferred",
            "creation_date": "2025-10-29T04:11:30.000Z",
            "deprecation_time": "2027-10-29T04:11:30.000Z",
            "description": "SUSE Linux Enterprise Micro 6.0 - BYOS (HVM, 64-bit, SSD-Backed)",
            "ena_support": true,
            "executable_users": null,
            "filter": [
              {
                "name": "architecture",
                "values": [
                  "x86_64"
                ]
              },
              {
                "name": "name",
                "values": [
                  "suse-sle-micro-6-0-byos-v*-hvm-ssd-x86_64"
                ]
              }
            ],
            "hypervisor": "xen",
            "id": "ami-02cae6349c5c72f85",
            "image_id": "ami-02cae6349c5c72f85",
            "image_location": "amazon/suse-sle-micro-6-0-byos-v20251029-hvm-ssd-x86_64",
            "image_owner_alias": "amazon",
            "image_type": "machine",
            "imds_support": "v2.0",
            "include_deprecated": false,
            "kernel_id": "",
            "last_launched_time": "",
            "most_recent": true,
            "name": "suse-sle-micro-6-0-byos-v20251029-hvm-ssd-x86_64",
            "name_regex": "^suse-sle-micro-6-0-byos-v[0-9]+-hvm-ssd-x86_64$",
            "owner_id": "013907871322",
            "owners": [
              "013907871322"
            ],
            "platform": "",
            "platform_details": "Linux/UNIX",
            "product_codes": [],
            "public": true,
            "ramdisk_id": "",
            "region": "us-east-1",
            "root_device_name": "/dev/sda1",
            "root_device_type": "ebs",
            "root_snapshot_id": "snap-007ddaa4b67c0a65a",
            "sriov_net_support": "simple",
            "state": "available",
            "state_reason": {
              "code": "UNSET",
              "message": "UNSET"
            },
            "tags": {},
            "timeouts": null,
            "tpm_support": "",
            "uefi_data": null,
            "usage_operation": "RunInstances",
            "virtualization_type": "hvm"
          },
          "sensitive_attributes": [],
          "identity_schema_version": 0
        }
      ]
    },
    {
      "module": "module.initial.module.server[0].module.image[0]",
      "mode": "data",
      "type": "aws_ami",
      "name": "select",
      "provider": "provider[\"registry.terraform.io/hashicorp/aws\"]",
      "instances": []
    },
    {
      "module": "module.initial.module.server[0].module.indirect_access[0]",
      "mode": "data",
      "type": "aws_lb_target_group",
      "name": "general_info",
      "provider": "provider[\"registry.terraform.io/hashicorp/aws\"]",
      "instances": [
        {
          "index_key": "tf-partypic-4e9af-kubectl",
          "schema_version": 0,
          "attributes": {
            "arn": "arn:aws:elasticloadbalancing:us-east-1:473900222434:targetgroup/tf-partypic-4e9af-kubectl/de4f6f79c99509ec",
            "arn_suffix": "targetgroup/tf-partypic-4e9af-kubectl/de4f6f79c99509ec",
            "connection_termination": false,
            "deregistration_delay": "300",
            "health_check": [
              {
                "enabled": true,
                "healthy_threshold": 3,
                "interval": 30,
                "matcher": "",
                "path": "",
                "port": "6443",
                "protocol": "TCP",
                "timeout": 10,
                "unhealthy_threshold": 3
              }
            ],
            "id": "arn:aws:elasticloadbalancing:us-east-1:473900222434:targetgroup/tf-partypic-4e9af-kubectl/de4f6f79c99509ec",
            "lambda_multi_value_headers_enabled": null,
            "load_balancer_arns": [
              "arn:aws:elasticloadbalancing:us-east-1:473900222434:loadbalancer/net/tf-PartyPic-4e9af-lb/06c747ade4864c43"
            ],
            "load_balancing_algorithm_type": null,
            "load_balancing_anomaly_mitigation": null,
            "load_balancing_cross_zone_enabled": "use_load_balancer_configuration",
            "name": "tf-partypic-4e9af-kubectl",
            "port": 6443,
            "preserve_client_ip": "true",
            "protocol": "TCP",
            "protocol_version": null,
            "proxy_protocol_v2": false,
            "region": "us-east-1",
            "slow_start": null,
            "stickiness": [
              {
                "cookie_duration": 0,
                "cookie_name": "",
                "enabled": false,
                "type": "source_ip"
              }
            ],
            "tags": {
              "Id": "PartyPic",
              "Name": "tf-partypic-4e9af-kubectl",
              "Owner": "terraform-ci@suse.com"
            },
            "target_control_port": 0,
            "target_type": "instance",
            "timeouts": null,
            "vpc_id": "vpc-08e57b4ba11de6188"
          },
          "sensitive_attributes": [],
          "identity_schema_version": 0
        }
      ]
    },
    {
      "module": "module.initial.module.server[0].module.indirect_access[0]",
      "mode": "managed",
      "type": "aws_lb_target_group_attachment",
      "name": "server",
      "provider": "provider[\"registry.terraform.io/hashicorp/aws\"]",
      "instances": [
        {
          "index_key": "tf-partypic-4e9af-kubectl",
          "schema_version": 0,
          "attributes": {
            "availability_zone": null,
            "id": "arn:aws:elasticloadbalancing:us-east-1:473900222434:targetgroup/tf-partypic-4e9af-kubectl/de4f6f79c99509ec-20251213113552041200000002",
            "port": null,
            "region": "us-east-1",
            "target_group_arn": "arn:aws:elasticloadbalancing:us-east-1:473900222434:targetgroup/tf-partypic-4e9af-kubectl/de4f6f79c99509ec",
            "target_id": "i-0b9f92fcc01350772"
          },
          "sensitive_attributes": [],
          "identity_schema_version": 0,
          "private": "bnVsbA==",
          "dependencies": [
            "data.aws_availability_zones.available",
            "data.http.myip",
            "module.initial.data.aws_availability_zones.available",
            "module.initial.data.aws_security_group.general_info",
            "module.initial.module.project.data.aws_availability_zones.available",
            "module.initial.module.project.module.domain.acme_certificate.new",
            "module.initial.module.project.module.domain.acme_registration.reg",
            "module.initial.module.project.module.domain.aws_iam_server_certificate.new",
            "module.initial.module.project.module.domain.aws_route53_record.ipv4",
            "module.initial.module.project.module.domain.aws_route53_record.ipv6",
            "module.initial.module.project.module.domain.aws_route53domains_registered_domain.select",
            "module.initial.module.project.module.domain.data.aws_iam_server_certificate.select",
            "module.initial.module.project.module.domain.data.aws_route53_zone.select",
            "module.initial.module.project.module.domain.tls_cert_request.req",
            "module.initial.module.project.module.domain.tls_private_key.cert_private_key",
            "module.initial.module.project.module.domain.tls_private_key.private_key",
            "module.initial.module.project.module.network_load_balancer.aws_eip.created",
            "module.initial.module.project.module.network_load_balancer.aws_lb.new",
            "module.initial.module.project.module.network_load_balancer.aws_lb_listener.created",
            "module.initial.module.project.module.network_load_balancer.aws_lb_target_group.created",
            "module.initial.module.project.module.network_load_balancer.aws_security_group.load_balancer",
            "module.initial.module.project.module.network_load_balancer.aws_vpc_security_group_ingress_rule.external_ingress",
            "module.initial.module.project.module.network_load_balancer.aws_vpc_security_group_ingress_rule.project_ingress_loadbalancer",
            "module.initial.module.project.module.network_load_balancer.data.aws_lb.selected",
            "module.initial.module.project.module.project_security_group.aws_security_group.new",
            "module.initial.module.project.module.project_security_group.aws_vpc_security_group_egress_rule.external_egress_ipv4",
            "module.initial.module.project.module.project_security_group.aws_vpc_security_group_egress_rule.external_egress_ipv6",
            "module.initial.module.project.module.project_security_group.aws_vpc_security_group_egress_rule.project_egress_ipv4",
            "module.initial.module.project.module.project_security_group.aws_vpc_security_group_egress_rule.project_egress_ipv6",
            "module.initial.module.project.module.project_security_group.aws_vpc_security_group_ingress_rule.external_ingress_ipv4",
            "module.initial.module.project.module.project_security_group.aws_vpc_security_group_ingress_rule.external_ingress_ipv6",
            "module.initial.module.project.module.project_security_group.aws_vpc_security_group_ingress_rule.project_ingress_ipv4",
            "module.initial.module.project.module.project_security_group.aws_vpc_security_group_ingress_rule.project_ingress_ipv6",
            "module.initial.module.project.module.project_security_group.data.aws_security_group.selected",
            "module.initial.module.project.module.subnet.aws_subnet.created",
            "module.initial.module.project.module.subnet.data.aws_subnet.selected",
            "module.initial.module.project.module.vpc.aws_internet_gateway.new",
            "module.initial.module.project.module.vpc.aws_route.public_ipv4",
            "module.initial.module.project.module.vpc.aws_route.public_ipv6",
            "module.initial.module.project.module.vpc.aws_vpc.new",
            "module.initial.module.project.module.vpc.data.aws_vpc.selected",
            "module.initial.module.server.data.cloudinit_config.setup",
            "module.initial.module.server.module.image.data.aws_ami.search",
            "module.initial.module.server.module.image.data.aws_ami.select",
            "module.initial.module.server.module.indirect_access.data.aws_lb_target_group.general_info",
            "module.initial.module.server.module.server.aws_instance.created",
            "module.initial.module.server.module.server.aws_key_pair.created",
            "module.initial.module.server.module.server.data.aws_availability_zone.general_info_create",
            "module.initial.module.server.module.server.data.aws_ec2_instance_type.general_info_create",
            "module.initial.module.server.module.server.data.aws_ec2_instance_type.general_info_select",
            "module.initial.module.server.module.server.data.aws_instance.selected",
            "module.initial.module.server.module.server.data.aws_key_pair.ssh_key_selected",
            "module.initial.module.server.module.server.data.aws_security_group.general_info_create",
            "module.initial.module.server.module.server.data.aws_subnet.general_info_create",
            "module.initial.module.server.module.server.data.aws_subnet.general_info_select",
            "module.initial.module.server.module.server.data.aws_vpc.general_info_create",
            "module.initial.module.server.module.server.data.aws_vpc.general_info_select",
            "module.initial.module.server.module.server.terraform_data.set_primary_ipv6"
          ]
        }
      ]
    },
    {
      "module": "module.initial.module.server[0].module.server[0]",
      "mode": "data",
      "type": "aws_availability_zone",
      "name": "general_info_create",
      "provider": "provider[\"registry.terraform.io/hashicorp/aws\"]",
      "instances": [
        {
          "index_key": 0,
          "schema_version": 0,
          "attributes": {
            "all_availability_zones": null,
            "filter": null,
            "group_long_name": "US East (N. Virginia) 1",
            "group_name": "us-east-1-zg-1",
            "id": "us-east-1a",
            "name": "us-east-1a",
            "name_suffix": "a",
            "network_border_group": "us-east-1",
            "opt_in_status": "opt-in-not-required",
            "parent_zone_id": "",
            "parent_zone_name": "",
            "region": "us-east-1",
            "state": "available",
            "timeouts": null,
            "zone_id": "use1-az1",
            "zone_type": "availability-zone"
          },
          "sensitive_attributes": [],
          "identity_schema_version": 0
        }
      ]
    },
    {
      "module": "module.initial.module.server[0].module.server[0]",
      "mode": "data",
      "type": "aws_ec2_instance_type",
      "name": "general_info_create",
      "provider": "provider[\"registry.terraform.io/hashicorp/aws\"]",
      "instances": [
        {
          "index_key": 0,
          "schema_version": 0,
          "attributes": {
            "auto_recovery_supported": true,
            "bandwidth_weightings": [],
            "bare_metal": false,
            "boot_modes": [
              "legacy-bios",
              "uefi"
            ],
            "burstable_performance_supported": true,
            "current_generation": true,
            "dedicated_hosts_supported": true,
            "default_cores": 1,
            "default_network_card_index": 0,
            "default_threads_per_core": 2,
            "default_vcpus": 2,
            "ebs_encryption_support": "supported",
            "ebs_nvme_support": "required",
            "ebs_optimized_support": "default",
            "ebs_performance_baseline_bandwidth": 347,
            "ebs_performance_baseline_iops": 2000,
            "ebs_performance_baseline_throughput": 43.375,
            "ebs_performance_maximum_bandwidth": 2085,
            "ebs_performance_maximum_iops": 11800,
            "ebs_performance_maximum_throughput": 260.625,
            "efa_maximum_interfaces": null,
            "efa_supported": false,
            "ena_srd_supported": false,
            "ena_support": "required",
            "encryption_in_transit_supported": false,
            "fpgas": [],
            "free_tier_eligible": false,
            "gpus": [],
            "hibernation_supported": true,
            "hypervisor": "nitro",
            "id": "t3.medium",
            "inference_accelerators": [],
            "instance_disks": [],
            "instance_storage_supported": false,
            "instance_type": "t3.medium",
            "ipv6_supported": true,
            "maximum_ipv4_addresses_per_interface": 6,
            "maximum_ipv6_addresses_per_interface": 6,
            "maximum_network_cards": 1,
            "maximum_network_interfaces": 3,
            "media_accelerators": [],
            "memory_size": 4096,
            "network_cards": [
              {
                "baseline_bandwidth": 0.256,
                "index": 0,
                "maximum_interfaces": 3,
                "peak_bandwidth": 5,
                "performance": "Up to 5 Gigabit"
              }
            ],
            "network_performance": "Up to 5 Gigabit",
            "neuron_devices": [],
            "nitro_enclaves_support": "unsupported",
            "nitro_tpm_support": "supported",
            "nitro_tpm_supported_versions": [
              "2.0"
            ],
            "phc_support": "unsupported",
            "region": "us-east-1",
            "supported_architectures": [
              "x86_64"
            ],
            "supported_cpu_features": [],
            "supported_placement_strategies": [
              "partition",
              "spread"
            ],
            "supported_root_device_types": [
              "ebs"
            ],
            "supported_usages_classes": [
              "on-demand",
              "spot"
            ],
            "supported_virtualization_types": [
              "hvm"
            ],
            "sustained_clock_speed": 2.5,
            "timeouts": null,
            "total_fpga_memory": null,
            "total_gpu_memory": null,
            "total_inference_memory": null,
            "total_instance_storage": null,
            "total_media_memory": null,
            "total_neuron_device_memory": null,
            "valid_cores": [
              1
            ],
            "valid_threads_per_core": [
              1,
              2
            ]
          },
          "sensitive_attributes": [],
          "identity_schema_version": 0
        }
      ]
    },
    {
      "module": "module.initial.module.server[0].module.server[0]",
      "mode": "data",
      "type": "aws_ec2_instance_type",
      "name": "general_info_select",
      "provider": "provider[\"registry.terraform.io/hashicorp/aws\"]",
      "instances": []
    },
    {
      "module": "module.initial.module.server[0].module.server[0]",
      "mode": "data",
      "type": "aws_instance",
      "name": "selected",
      "provider": "provider[\"registry.terraform.io/hashicorp/aws\"]",
      "instances": []
    },
    {
      "module": "module.initial.module.server[0].module.server[0]",
      "mode": "data",
      "type": "aws_key_pair",
      "name": "ssh_key_selected",
      "provider": "provider[\"registry.terraform.io/hashicorp/aws\"]",
      "instances": [
        {
          "index_key": 0,
          "schema_version": 0,
          "attributes": {
            "arn": "arn:aws:ec2:us-east-1:473900222434:key-pair/test",
            "create_time": "2025-12-11T15:12:54Z",
            "filter": null,
            "fingerprint": "Ws33eDpfuP64b6Q3OBnWnIIwREbY9d5kHKgBptCnKg0=",
            "id": "key-0ae39a33217d5e894",
            "include_public_key": false,
            "key_name": "test",
            "key_pair_id": "key-0ae39a33217d5e894",
            "key_type": "ed25519",
            "public_key": "",
            "region": "us-east-1",
            "tags": {},
            "timeouts": null
          },
          "sensitive_attributes": [],
          "identity_schema_version": 0
        }
      ]
    },
    {
      "module": "module.initial.module.server[0].module.server[0]",
      "mode": "data",
      "type": "aws_security_group",
      "name": "general_info_create",
      "provider": "provider[\"registry.terraform.io/hashicorp/aws\"]",
      "instances": [
        {
          "index_key": 0,
          "schema_version": 0,
          "attributes": {
            "arn": "arn:aws:ec2:us-east-1:473900222434:security-group/sg-0471603f8f71e321f",
            "description": "Access to project generated by aws_access module",
            "filter": [
              {
                "name": "tag:Name",
                "values": [
                  "tf-PartyPic-4e9af-sg"
                ]
              }
            ],
            "id": "sg-0471603f8f71e321f",
            "name": "tf-PartyPic-4e9af-sg",
            "region": "us-east-1",
            "tags": {
              "Id": "PartyPic",
              "Name": "tf-PartyPic-4e9af-sg",
              "Owner": "terraform-ci@suse.com"
            },
            "timeouts": null,
            "vpc_id": "vpc-08e57b4ba11de6188"
          },
          "sensitive_attributes": [],
          "identity_schema_version": 0
        }
      ]
    },
    {
      "module": "module.initial.module.server[0].module.server[0]",
      "mode": "data",
      "type": "aws_subnet",
      "name": "general_info_create",
      "provider": "provider[\"registry.terraform.io/hashicorp/aws\"]",
      "instances": [
        {
          "index_key": 0,
          "schema_version": 0,
          "attributes": {
            "arn": "arn:aws:ec2:us-east-1:473900222434:subnet/subnet-07f422ca25bf36b71",
            "assign_ipv6_address_on_creation": false,
            "availability_zone": "us-east-1a",
            "availability_zone_id": "use1-az1",
            "available_ip_address_count": 32762,
            "cidr_block": "10.0.0.0/17",
            "customer_owned_ipv4_pool": "",
            "default_for_az": false,
            "enable_dns64": false,
            "enable_lni_at_device_index": 0,
            "enable_resource_name_dns_a_record_on_launch": false,
            "enable_resource_name_dns_aaaa_record_on_launch": false,
            "filter": [
              {
                "name": "tag:Name",
                "values": [
                  "tf-PartyPic-4e9af-subnet"
                ]
              }
            ],
            "id": "subnet-07f422ca25bf36b71",
            "ipv6_cidr_block": "2600:1f18:1ce4:5200::/64",
            "ipv6_cidr_block_association_id": "subnet-cidr-assoc-0369020681fc03226",
            "ipv6_native": false,
            "map_customer_owned_ip_on_launch": false,
            "map_public_ip_on_launch": true,
            "outpost_arn": "",
            "owner_id": "473900222434",
            "private_dns_hostname_type_on_launch": "ip-name",
            "region": "us-east-1",
            "state": "available",
            "tags": {
              "Id": "PartyPic",
              "Name": "tf-PartyPic-4e9af-subnet",
              "Owner": "terraform-ci@suse.com"
            },
            "timeouts": null,
            "vpc_id": "vpc-08e57b4ba11de6188"
          },
          "sensitive_attributes": [],
          "identity_schema_version": 0
        }
      ]
    },
    {
      "module": "module.initial.module.server[0].module.server[0]",
      "mode": "data",
      "type": "aws_subnet",
      "name": "general_info_select",
      "provider": "provider[\"registry.terraform.io/hashicorp/aws\"]",
      "instances": []
    },
    {
      "module": "module.initial.module.server[0].module.server[0]",
      "mode": "data",
      "type": "aws_vpc",
      "name": "general_info_create",
      "provider": "provider[\"registry.terraform.io/hashicorp/aws\"]",
      "instances": [
        {
          "index_key": 0,
          "schema_version": 0,
          "attributes": {
            "arn": "arn:aws:ec2:us-east-1:473900222434:vpc/vpc-08e57b4ba11de6188",
            "cidr_block": "10.0.0.0/16",
            "cidr_block_associations": [
              {
                "association_id": "vpc-cidr-assoc-0e17a8b200735c100",
                "cidr_block": "10.0.0.0/16",
                "state": "associated"
              }
            ],
            "default": false,
            "dhcp_options_id": "dopt-0a7e59cb7e5424140",
            "enable_dns_hostnames": false,
            "enable_dns_support": true,
            "enable_network_address_usage_metrics": false,
            "filter": null,
            "id": "vpc-08e57b4ba11de6188",
            "instance_tenancy": "default",
            "ipv6_association_id": "vpc-cidr-assoc-00dc38ab9b4e6f955",
            "ipv6_cidr_block": "2600:1f18:1ce4:5200::/56",
            "main_route_table_id": "rtb-03c52aa0130494f92",
            "owner_id": "473900222434",
            "region": "us-east-1",
            "state": null,
            "tags": {
              "Id": "PartyPic",
              "Name": "tf-PartyPic-4e9af-vpc",
              "Owner": "terraform-ci@suse.com"
            },
            "timeouts": null
          },
          "sensitive_attributes": [],
          "identity_schema_version": 0
        }
      ]
    },
    {
      "module": "module.initial.module.server[0].module.server[0]",
      "mode": "data",
      "type": "aws_vpc",
      "name": "general_info_select",
      "provider": "provider[\"registry.terraform.io/hashicorp/aws\"]",
      "instances": []
    },
    {
      "module": "module.initial.module.server[0].module.server[0]",
      "mode": "managed",
      "type": "aws_instance",
      "name": "created",
      "provider": "provider[\"registry.terraform.io/hashicorp/aws\"]",
      "instances": [
        {
          "index_key": 0,
          "schema_version": 2,
          "attributes": {
            "ami": "ami-02cae6349c5c72f85",
            "arn": "arn:aws:ec2:us-east-1:473900222434:instance/i-0b9f92fcc01350772",
            "associate_public_ip_address": true,
            "availability_zone": "us-east-1a",
            "capacity_reservation_specification": [
              {
                "capacity_reservation_preference": "open",
                "capacity_reservation_target": []
              }
            ],
            "cpu_options": [
              {
                "amd_sev_snp": "",
                "core_count": 1,
                "threads_per_core": 2
              }
            ],
            "credit_specification": [
              {
                "cpu_credits": "unlimited"
              }
            ],
            "disable_api_stop": false,
            "disable_api_termination": false,
            "ebs_block_device": [],
            "ebs_optimized": false,
            "enable_primary_ipv6": null,
            "enclave_options": [
              {
                "enabled": false
              }
            ],
            "ephemeral_block_device": [],
            "force_destroy": false,
            "get_password_data": false,
            "hibernation": false,
            "host_id": "",
            "host_resource_group_arn": null,
            "iam_instance_profile": "",
            "id": "i-0b9f92fcc01350772",
            "instance_initiated_shutdown_behavior": "stop",
            "instance_lifecycle": "",
            "instance_market_options": [],
            "instance_state": "running",
            "instance_type": "t3.medium",
            "ipv6_address_count": 0,
            "ipv6_addresses": [],
            "key_name": "test",
            "launch_template": [],
            "maintenance_options": [
              {
                "auto_recovery": "default"
              }
            ],
            "metadata_options": [
              {
                "http_endpoint": "enabled",
                "http_protocol_ipv6": "disabled",
                "http_put_response_hop_limit": 2,
                "http_tokens": "required",
                "instance_metadata_tags": "disabled"
              }
            ],
            "monitoring": false,
            "network_interface": [],
            "outpost_arn": "",
            "password_data": "",
            "placement_group": "",
            "placement_group_id": "",
            "placement_partition_number": 0,
            "primary_network_interface": [
              {
                "delete_on_termination": true,
                "network_interface_id": "eni-0327dc594e467c26e"
              }
            ],
            "primary_network_interface_id": "eni-0327dc594e467c26e",
            "private_dns": "ip-10-0-8-1.ec2.internal",
            "private_dns_name_options": [
              {
                "enable_resource_name_dns_a_record": false,
                "enable_resource_name_dns_aaaa_record": false,
                "hostname_type": "ip-name"
              }
            ],
            "private_ip": "10.0.8.1",
            "public_dns": "",
            "public_ip": "44.200.215.127",
            "region": "us-east-1",
            "root_block_device": [
              {
                "delete_on_termination": true,
                "device_name": "/dev/sda1",
                "encrypted": false,
                "iops": 3000,
                "kms_key_id": "",
                "tags": {
                  "Name": "tf-PartyPic-4e9af-cc51b81"
                },
                "tags_all": {
                  "Id": "PartyPic",
                  "Name": "tf-PartyPic-4e9af-cc51b81",
                  "Owner": "terraform-ci@suse.com"
                },
                "throughput": 125,
                "volume_id": "vol-0b96a9cc0049c9e20",
                "volume_size": 20,
                "volume_type": "gp3"
              }
            ],
            "secondary_private_ips": [],
            "security_groups": [
              "sg-0471603f8f71e321f"
            ],
            "source_dest_check": true,
            "spot_instance_request_id": "",
            "subnet_id": "subnet-07f422ca25bf36b71",
            "tags": {
              "Name": "tf-PartyPic-4e9af-cc51b81"
            },
            "tags_all": {
              "Id": "PartyPic",
              "Name": "tf-PartyPic-4e9af-cc51b81",
              "Owner": "terraform-ci@suse.com"
            },
            "tenancy": "default",
            "timeouts": null,
            "user_data": null,
            "user_data_base64": "Q29udGVudC1UeXBlOiBtdWx0aXBhcnQvbWl4ZWQ7IGJvdW5kYXJ5PSJNSU1FQk9VTkRBUlkiCk1JTUUtVmVyc2lvbjogMS4wDQoNCi0tTUlNRUJPVU5EQVJZDQpDb250ZW50LURpc3Bvc2l0aW9uOiBhdHRhY2htZW50OyBmaWxlbmFtZT0iY2xvdWRpbml0Ig0KQ29udGVudC1UcmFuc2Zlci1FbmNvZGluZzogN2JpdA0KQ29udGVudC1UeXBlOiB0ZXh0L2Nsb3VkLWNvbmZpZw0KTWltZS1WZXJzaW9uOiAxLjANCg0KI2Nsb3VkLWNvbmZpZwoKbWVyZ2VfaG93OgogLSBuYW1lOiBsaXN0CiAgIHNldHRpbmdzOiBbcmVwbGFjZV0KIC0gbmFtZTogZGljdAogICBzZXR0aW5nczogW3JlcGxhY2VdCgp1c2VyczoKICAtIG5hbWU6IHRmLXBhcnR5cGljLTRlOWFmCiAgICBnZWNvczogdGYtcGFydHlwaWMtNGU5YWYKICAgIHN1ZG86IEFMTD0oQUxMKSBOT1BBU1NXRDpBTEwKICAgIGdyb3VwczogdXNlcnMsIHdoZWVsCiAgICBsb2NrX3Bhc3N3ZDogdHJ1ZQogICAgc3NoX2F1dGhvcml6ZWRfa2V5czoKICAgICAgLSBzc2gtZWQyNTUxOSBBQUFBQzNOemFDMWxaREkxTlRFNUFBQUFJSXpHNEpIQ1B1QlFBU0pmQW15b2Y2bm9ZRFNNVm1rYXd6V3plUUFTd1g3RiBzaW1vbkBTaW1vbXNpdXMKICAgIGhvbWVkaXI6IC9ob21lL3RmLXBhcnR5cGljLTRlOWFmCiAgLSBuYW1lOiBzdXNlCiAgICBnZWNvczogc3VzZQogICAgc3VkbzogQUxMPShBTEwpIE5PUEFTU1dEOkFMTAogICAgZ3JvdXBzOiB1c2Vycywgd2hlZWwKICAgIGxvY2tfcGFzc3dkOiB0cnVlCiAgICBzc2hfYXV0aG9yaXplZF9rZXlzOgogICAgICAtIHNzaC1lZDI1NTE5IEFBQUFDM056YUMxbFpESTFOVEU1QUFBQUlJekc0SkhDUHVCUUFTSmZBbXlvZjZub1lEU01WbWthd3pXemVRQVN3WDdGIHNpbW9uQFNpbW9tc2l1cwpmcWRuOiB0Zi1QYXJ0eVBpYy00ZTlhZi1jYzUxYjgxCg0KLS1NSU1FQk9VTkRBUlktLQ0K",
            "user_data_replace_on_change": true,
            "volume_tags": null,
            "vpc_security_group_ids": [
              "sg-0471603f8f71e321f"
            ]
          },
          "sensitive_attributes": [],
          "identity_schema_version": 0,
          "identity": {
            "account_id": "473900222434",
            "id": "i-0b9f92fcc01350772",
            "region": "us-east-1"
          },
          "private": "eyJlMmJmYjczMC1lY2FhLTExZTYtOGY4OC0zNDM2M2JjN2M0YzAiOnsiY3JlYXRlIjo2MDAwMDAwMDAwMDAsImRlbGV0ZSI6MTIwMDAwMDAwMDAwMCwicmVhZCI6OTAwMDAwMDAwMDAwLCJ1cGRhdGUiOjYwMDAwMDAwMDAwMH0sInNjaGVtYV92ZXJzaW9uIjoiMiJ9",
          "dependencies": [
            "data.aws_availability_zones.available",
            "data.http.myip",
            "module.initial.data.aws_availability_zones.available",
            "module.initial.data.aws_security_group.general_info",
            "module.initial.module.project.data.aws_availability_zones.available",
            "module.initial.module.project.module.domain.acme_certificate.new",
            "module.initial.module.project.module.domain.acme_registration.reg",
            "module.initial.module.project.module.domain.aws_iam_server_certificate.new",
            "module.initial.module.project.module.domain.aws_route53_record.ipv4",
            "module.initial.module.project.module.domain.aws_route53_record.ipv6",
            "module.initial.module.project.module.domain.aws_route53domains_registered_domain.select",
            "module.initial.module.project.module.domain.data.aws_iam_server_certificate.select",
            "module.initial.module.project.module.domain.data.aws_route53_zone.select",
            "module.initial.module.project.module.domain.tls_cert_request.req",
            "module.initial.module.project.module.domain.tls_private_key.cert_private_key",
            "module.initial.module.project.module.domain.tls_private_key.private_key",
            "module.initial.module.project.module.network_load_balancer.aws_eip.created",
            "module.initial.module.project.module.network_load_balancer.aws_lb.new",
            "module.initial.module.project.module.network_load_balancer.aws_lb_listener.created",
            "module.initial.module.project.module.network_load_balancer.aws_lb_target_group.created",
            "module.initial.module.project.module.network_load_balancer.aws_security_group.load_balancer",
            "module.initial.module.project.module.network_load_balancer.aws_vpc_security_group_ingress_rule.external_ingress",
            "module.initial.module.project.module.network_load_balancer.aws_vpc_security_group_ingress_rule.project_ingress_loadbalancer",
            "module.initial.module.project.module.network_load_balancer.data.aws_lb.selected",
            "module.initial.module.project.module.project_security_group.aws_security_group.new",
            "module.initial.module.project.module.project_security_group.aws_vpc_security_group_egress_rule.external_egress_ipv4",
            "module.initial.module.project.module.project_security_group.aws_vpc_security_group_egress_rule.external_egress_ipv6",
            "module.initial.module.project.module.project_security_group.aws_vpc_security_group_egress_rule.project_egress_ipv4",
            "module.initial.module.project.module.project_security_group.aws_vpc_security_group_egress_rule.project_egress_ipv6",
            "module.initial.module.project.module.project_security_group.aws_vpc_security_group_ingress_rule.external_ingress_ipv4",
            "module.initial.module.project.module.project_security_group.aws_vpc_security_group_ingress_rule.external_ingress_ipv6",
            "module.initial.module.project.module.project_security_group.aws_vpc_security_group_ingress_rule.project_ingress_ipv4",
            "module.initial.module.project.module.project_security_group.aws_vpc_security_group_ingress_rule.project_ingress_ipv6",
            "module.initial.module.project.module.project_security_group.data.aws_security_group.selected",
            "module.initial.module.project.module.subnet.aws_subnet.created",
            "module.initial.module.project.module.subnet.data.aws_subnet.selected",
            "module.initial.module.project.module.vpc.aws_internet_gateway.new",
            "module.initial.module.project.module.vpc.aws_route.public_ipv4",
            "module.initial.module.project.module.vpc.aws_route.public_ipv6",
            "module.initial.module.project.module.vpc.aws_vpc.new",
            "module.initial.module.project.module.vpc.data.aws_vpc.selected",
            "module.initial.module.server.data.cloudinit_config.setup",
            "module.initial.module.server.module.image.data.aws_ami.search",
            "module.initial.module.server.module.image.data.aws_ami.select",
            "module.initial.module.server.module.server.aws_key_pair.created",
            "module.initial.module.server.module.server.data.aws_ec2_instance_type.general_info_create",
            "module.initial.module.server.module.server.data.aws_key_pair.ssh_key_selected",
            "module.initial.module.server.module.server.data.aws_security_group.general_info_create",
            "module.initial.module.server.module.server.data.aws_subnet.general_info_create"
          ]
        }
      ]
    },
    {
      "module": "module.initial.module.server[0].module.server[0]",
      "mode": "managed",
      "type": "aws_key_pair",
      "name": "created",
      "provider": "provider[\"registry.terraform.io/hashicorp/aws\"]",
      "instances": []
    },
    {
      "module": "module.initial.module.server[0].module.server[0]",
      "mode": "managed",
      "type": "terraform_data",
      "name": "set_primary_ipv6",
      "provider": "provider[\"terraform.io/builtin/terraform\"]",
      "instances": []
    }
  ],
  "check_results": [
    {
      "object_kind": "var",
      "config_addr": "module.initial.module.default_config.var.container-runtime-endpoint",
      "status": "pass",
      "objects": [
        {
          "object_addr": "module.initial.module.default_config[0].var.container-runtime-endpoint",
          "status": "pass"
        }
      ]
    },
    {
      "object_kind": "var",
      "config_addr": "module.initial.module.default_config.var.kube-scheduler-arg",
      "status": "pass",
      "objects": [
        {
          "object_addr": "module.initial.module.default_config[0].var.kube-scheduler-arg",
          "status": "pass"
        }
      ]
    },
    {
      "object_kind": "var",
      "config_addr": "module.initial.module.default_config.var.kube-proxy-arg",
      "status": "pass",
      "objects": [
        {
          "object_addr": "module.initial.module.default_config[0].var.kube-proxy-arg",
          "status": "pass"
        }
      ]
    },
    {
      "object_kind": "var",
      "config_addr": "module.initial.module.default_config.var.etcd-extra-mount",
      "status": "pass",
      "objects": [
        {
          "object_addr": "module.initial.module.default_config[0].var.etcd-extra-mount",
          "status": "pass"
        }
      ]
    },
    {
      "object_kind": "var",
      "config_addr": "module.initial.module.default_config.var.service-node-port-range",
      "status": "pass",
      "objects": [
        {
          "object_addr": "module.initial.module.default_config[0].var.service-node-port-range",
          "status": "pass"
        }
      ]
    },
    {
      "object_kind": "var",
      "config_addr": "module.initial.module.default_config.var.cloud-provider-name",
      "status": "pass",
      "objects": [
        {
          "object_addr": "module.initial.module.default_config[0].var.cloud-provider-name",
          "status": "pass"
        }
      ]
    },
    {
      "object_kind": "var",
      "config_addr": "module.initial.module.default_config.var.kubelet-arg",
      "status": "pass",
      "objects": [
        {
          "object_addr": "module.initial.module.default_config[0].var.kubelet-arg",
          "status": "pass"
        }
      ]
    },
    {
      "object_kind": "var",
      "config_addr": "module.initial.module.default_config.var.kubelet-path",
      "status": "pass",
      "objects": [
        {
          "object_addr": "module.initial.module.default_config[0].var.kubelet-path",
          "status": "pass"
        }
      ]
    },
    {
      "object_kind": "var",
      "config_addr": "module.initial.var.project_domain_use_strategy",
      "status": "pass",
      "objects": [
        {
          "object_addr": "module.initial.var.project_domain_use_strategy",
          "status": "pass"
        }
      ]
    },
    {
      "object_kind": "var",
      "config_addr": "module.initial.var.project_vpc_use_strategy",
      "status": "pass",
      "objects": [
        {
          "object_addr": "module.initial.var.project_vpc_use_strategy",
          "status": "pass"
        }
      ]
    },
    {
      "object_kind": "var",
      "config_addr": "module.initial.module.server.var.indirect_access_use_strategy",
      "status": "pass",
      "objects": [
        {
          "object_addr": "module.initial.module.server[0].var.indirect_access_use_strategy",
          "status": "pass"
        }
      ]
    },
    {
      "object_kind": "var",
      "config_addr": "module.initial.module.server.var.image_type",
      "status": "pass",
      "objects": [
        {
          "object_addr": "module.initial.module.server[0].var.image_type",
          "status": "pass"
        }
      ]
    },
    {
      "object_kind": "var",
      "config_addr": "module.initial.module.default_config.var.control-plane-resource-requests",
      "status": "pass",
      "objects": [
        {
          "object_addr": "module.initial.module.default_config[0].var.control-plane-resource-requests",
          "status": "pass"
        }
      ]
    },
    {
      "object_kind": "var",
      "config_addr": "module.initial.var.project_use_strategy",
      "status": "pass",
      "objects": [
        {
          "object_addr": "module.initial.var.project_use_strategy",
          "status": "pass"
        }
      ]
    },
    {
      "object_kind": "var",
      "config_addr": "module.initial.module.default_config.var.etcd-s3",
      "status": "pass",
      "objects": [
        {
          "object_addr": "module.initial.module.default_config[0].var.etcd-s3",
          "status": "pass"
        }
      ]
    },
    {
      "object_kind": "var",
      "config_addr": "module.initial.module.default_config.var.etcd-snapshot-compress",
      "status": "pass",
      "objects": [
        {
          "object_addr": "module.initial.module.default_config[0].var.etcd-snapshot-compress",
          "status": "pass"
        }
      ]
    },
    {
      "object_kind": "var",
      "config_addr": "module.initial.module.default_config.var.etcd-arg",
      "status": "pass",
      "objects": [
        {
          "object_addr": "module.initial.module.default_config[0].var.etcd-arg",
          "status": "pass"
        }
      ]
    },
    {
      "object_kind": "var",
      "config_addr": "module.initial.module.default_config.var.kube-controller-manager-extra-env",
      "status": "pass",
      "objects": [
        {
          "object_addr": "module.initial.module.default_config[0].var.kube-controller-manager-extra-env",
          "status": "pass"
        }
      ]
    },
    {
      "object_kind": "var",
      "config_addr": "module.initial.var.server_image_use_strategy",
      "status": "pass",
      "objects": [
        {
          "object_addr": "module.initial.var.server_image_use_strategy",
          "status": "pass"
        }
      ]
    },
    {
      "object_kind": "var",
      "config_addr": "module.initial.module.default_config.var.image-credential-provider-config",
      "status": "pass",
      "objects": [
        {
          "object_addr": "module.initial.module.default_config[0].var.image-credential-provider-config",
          "status": "pass"
        }
      ]
    },
    {
      "object_kind": "var",
      "config_addr": "module.initial.module.default_config.var.kube-scheduler-extra-mount",
      "status": "pass",
      "objects": [
        {
          "object_addr": "module.initial.module.default_config[0].var.kube-scheduler-extra-mount",
          "status": "pass"
        }
      ]
    },
    {
      "object_kind": "var",
      "config_addr": "module.initial.module.default_config.var.cluster-reset-restore-path",
      "status": "pass",
      "objects": [
        {
          "object_addr": "module.initial.module.default_config[0].var.cluster-reset-restore-path",
          "status": "pass"
        }
      ]
    },
    {
      "object_kind": "var",
      "config_addr": "module.initial.module.default_config.var.cni",
      "status": "pass",
      "objects": [
        {
          "object_addr": "module.initial.module.default_config[0].var.cni",
          "status": "pass"
        }
      ]
    },
    {
      "object_kind": "var",
      "config_addr": "module.initial.module.default_config.var.etcd-s3-insecure",
      "status": "pass",
      "objects": [
        {
          "object_addr": "module.initial.module.default_config[0].var.etcd-s3-insecure",
          "status": "pass"
        }
      ]
    },
    {
      "object_kind": "var",
      "config_addr": "module.initial.var.local_file_use_strategy",
      "status": "pass",
      "objects": [
        {
          "object_addr": "module.initial.var.local_file_use_strategy",
          "status": "pass"
        }
      ]
    },
    {
      "object_kind": "var",
      "config_addr": "module.initial.module.default_config.var.etcd-s3-endpoint-ca",
      "status": "pass",
      "objects": [
        {
          "object_addr": "module.initial.module.default_config[0].var.etcd-s3-endpoint-ca",
          "status": "pass"
        }
      ]
    },
    {
      "object_kind": "var",
      "config_addr": "module.initial.module.default_config.var.etcd-s3-folder",
      "status": "pass",
      "objects": [
        {
          "object_addr": "module.initial.module.default_config[0].var.etcd-s3-folder",
          "status": "pass"
        }
      ]
    },
    {
      "object_kind": "var",
      "config_addr": "module.initial.module.install.var.ssh_ip",
      "status": "pass",
      "objects": [
        {
          "object_addr": "module.initial.module.install[0].var.ssh_ip",
          "status": "pass"
        }
      ]
    },
    {
      "object_kind": "var",
      "config_addr": "module.initial.var.install_rke2_version",
      "status": "pass",
      "objects": [
        {
          "object_addr": "module.initial.var.install_rke2_version",
          "status": "pass"
        }
      ]
    },
    {
      "object_kind": "var",
      "config_addr": "module.initial.module.default_config.var.pause-image",
      "status": "pass",
      "objects": [
        {
          "object_addr": "module.initial.module.default_config[0].var.pause-image",
          "status": "pass"
        }
      ]
    },
    {
      "object_kind": "var",
      "config_addr": "module.initial.module.project.var.security_group_type",
      "status": "pass",
      "objects": [
        {
          "object_addr": "module.initial.module.project[0].var.security_group_type",
          "status": "pass"
        }
      ]
    },
    {
      "object_kind": "var",
      "config_addr": "module.initial.module.server.var.cloudinit_use_strategy",
      "status": "pass",
      "objects": [
        {
          "object_addr": "module.initial.module.server[0].var.cloudinit_use_strategy",
          "status": "pass"
        }
      ]
    },
    {
      "object_kind": "var",
      "config_addr": "module.initial.module.default_config.var.etcd-snapshot-schedule-cron",
      "status": "pass",
      "objects": [
        {
          "object_addr": "module.initial.module.default_config[0].var.etcd-snapshot-schedule-cron",
          "status": "pass"
        }
      ]
    },
    {
      "object_kind": "var",
      "config_addr": "module.initial.module.default_config.var.etcd-expose-metrics",
      "status": "pass",
      "objects": [
        {
          "object_addr": "module.initial.module.default_config[0].var.etcd-expose-metrics",
          "status": "pass"
        }
      ]
    },
    {
      "object_kind": "var",
      "config_addr": "module.initial.module.default_config.var.kube-scheduler-image",
      "status": "pass",
      "objects": [
        {
          "object_addr": "module.initial.module.default_config[0].var.kube-scheduler-image",
          "status": "pass"
        }
      ]
    },
    {
      "object_kind": "var",
      "config_addr": "module.initial.module.project.var.domain_use_strategy",
      "status": "pass",
      "objects": [
        {
          "object_addr": "module.initial.module.project[0].var.domain_use_strategy",
          "status": "pass"
        }
      ]
    },
    {
      "object_kind": "var",
      "config_addr": "module.initial.module.default_config.var.audit-policy-file",
      "status": "pass",
      "objects": [
        {
          "object_addr": "module.initial.module.default_config[0].var.audit-policy-file",
          "status": "pass"
        }
      ]
    },
    {
      "object_kind": "var",
      "config_addr": "module.initial.var.project_domain_cert_use_strategy",
      "status": "pass",
      "objects": [
        {
          "object_addr": "module.initial.var.project_domain_cert_use_strategy",
          "status": "pass"
        }
      ]
    },
    {
      "object_kind": "var",
      "config_addr": "module.initial.module.server.var.image_use_strategy",
      "status": "pass",
      "objects": [
        {
          "object_addr": "module.initial.module.server[0].var.image_use_strategy",
          "status": "pass"
        }
      ]
    },
    {
      "object_kind": "var",
      "config_addr": "module.initial.module.default_config.var.image-credential-provider-bin-dir",
      "status": "pass",
      "objects": [
        {
          "object_addr": "module.initial.module.default_config[0].var.image-credential-provider-bin-dir",
          "status": "pass"
        }
      ]
    },
    {
      "object_kind": "var",
      "config_addr": "module.initial.module.server.var.server_type",
      "status": "pass",
      "objects": [
        {
          "object_addr": "module.initial.module.server[0].var.server_type",
          "status": "pass"
        }
      ]
    },
    {
      "object_kind": "var",
      "config_addr": "module.initial.module.project.var.load_balancer_use_strategy",
      "status": "pass",
      "objects": [
        {
          "object_addr": "module.initial.module.project[0].var.load_balancer_use_strategy",
          "status": "pass"
        }
      ]
    },
    {
      "object_kind": "var",
      "config_addr": "module.initial.module.default_config.var.write-kubeconfig",
      "status": "pass",
      "objects": [
        {
          "object_addr": "module.initial.module.default_config[0].var.write-kubeconfig",
          "status": "pass"
        }
      ]
    },
    {
      "object_kind": "var",
      "config_addr": "module.initial.module.default_config.var.write-kubeconfig-mode",
      "status": "pass",
      "objects": [
        {
          "object_addr": "module.initial.module.default_config[0].var.write-kubeconfig-mode",
          "status": "pass"
        }
      ]
    },
    {
      "object_kind": "var",
      "config_addr": "module.initial.module.default_config.var.kube-controller-manager-extra-mount",
      "status": "pass",
      "objects": [
        {
          "object_addr": "module.initial.module.default_config[0].var.kube-controller-manager-extra-mount",
          "status": "pass"
        }
      ]
    },
    {
      "object_kind": "var",
      "config_addr": "module.initial.module.default_config.var.profile",
      "status": "pass",
      "objects": [
        {
          "object_addr": "module.initial.module.default_config[0].var.profile",
          "status": "pass"
        }
      ]
    },
    {
      "object_kind": "var",
      "config_addr": "module.initial.module.default_config.var.node-taint",
      "status": "pass",
      "objects": [
        {
          "object_addr": "module.initial.module.default_config[0].var.node-taint",
          "status": "pass"
        }
      ]
    },
    {
      "object_kind": "var",
      "config_addr": "module.initial.module.default_config.var.etcd-extra-env",
      "status": "pass",
      "objects": [
        {
          "object_addr": "module.initial.module.default_config[0].var.etcd-extra-env",
          "status": "pass"
        }
      ]
    },
    {
      "object_kind": "var",
      "config_addr": "module.initial.module.default_config.var.cloud-controller-manager-extra-env",
      "status": "pass",
      "objects": [
        {
          "object_addr": "module.initial.module.default_config[0].var.cloud-controller-manager-extra-env",
          "status": "pass"
        }
      ]
    },
    {
      "object_kind": "var",
      "config_addr": "module.initial.module.default_config.var.etcd-snapshot-name",
      "status": "pass",
      "objects": [
        {
          "object_addr": "module.initial.module.default_config[0].var.etcd-snapshot-name",
          "status": "pass"
        }
      ]
    },
    {
      "object_kind": "var",
      "config_addr": "module.initial.module.default_config.var.etcd-s3-region",
      "status": "pass",
      "objects": [
        {
          "object_addr": "module.initial.module.default_config[0].var.etcd-s3-region",
          "status": "pass"
        }
      ]
    },
    {
      "object_kind": "var",
      "config_addr": "module.initial.module.default_config.var.enable-pprof",
      "status": "pass",
      "objects": [
        {
          "object_addr": "module.initial.module.default_config[0].var.enable-pprof",
          "status": "pass"
        }
      ]
    },
    {
      "object_kind": "var",
      "config_addr": "module.initial.module.default_config.var.protect-kernel-defaults",
      "status": "pass",
      "objects": [
        {
          "object_addr": "module.initial.module.default_config[0].var.protect-kernel-defaults",
          "status": "pass"
        }
      ]
    },
    {
      "object_kind": "var",
      "config_addr": "module.initial.var.install_use_strategy",
      "status": "pass",
      "objects": [
        {
          "object_addr": "module.initial.var.install_use_strategy",
          "status": "pass"
        }
      ]
    },
    {
      "object_kind": "var",
      "config_addr": "module.initial.module.default_config.var.advertise-address",
      "status": "pass",
      "objects": [
        {
          "object_addr": "module.initial.module.default_config[0].var.advertise-address",
          "status": "pass"
        }
      ]
    },
    {
      "object_kind": "var",
      "config_addr": "module.initial.module.default_config.var.kube-apiserver-extra-mount",
      "status": "pass",
      "objects": [
        {
          "object_addr": "module.initial.module.default_config[0].var.kube-apiserver-extra-mount",
          "status": "pass"
        }
      ]
    },
    {
      "object_kind": "var",
      "config_addr": "module.initial.module.server.module.direct_access.var.use_strategy",
      "status": "pass",
      "objects": [
        {
          "object_addr": "module.initial.module.server[0].module.direct_access[0].var.use_strategy",
          "status": "pass"
        }
      ]
    },
    {
      "object_kind": "var",
      "config_addr": "module.initial.module.default_config.var.debug",
      "status": "pass",
      "objects": [
        {
          "object_addr": "module.initial.module.default_config[0].var.debug",
          "status": "pass"
        }
      ]
    },
    {
      "object_kind": "var",
      "config_addr": "module.initial.module.server.var.server_ip_family",
      "status": "pass",
      "objects": [
        {
          "object_addr": "module.initial.module.server[0].var.server_ip_family",
          "status": "pass"
        }
      ]
    },
    {
      "object_kind": "var",
      "config_addr": "module.initial.var.server_cloudinit_use_strategy",
      "status": "pass",
      "objects": [
        {
          "object_addr": "module.initial.var.server_cloudinit_use_strategy",
          "status": "pass"
        }
      ]
    },
    {
      "object_kind": "var",
      "config_addr": "module.initial.module.default_config.var.etcd-s3-skip-ssl-verify",
      "status": "pass",
      "objects": [
        {
          "object_addr": "module.initial.module.default_config[0].var.etcd-s3-skip-ssl-verify",
          "status": "pass"
        }
      ]
    },
    {
      "object_kind": "var",
      "config_addr": "module.initial.module.default_config.var.cluster-cidr",
      "status": "pass",
      "objects": [
        {
          "object_addr": "module.initial.module.default_config[0].var.cluster-cidr",
          "status": "pass"
        }
      ]
    },
    {
      "object_kind": "var",
      "config_addr": "module.initial.module.default_config.var.lb-server-port",
      "status": "pass",
      "objects": [
        {
          "object_addr": "module.initial.module.default_config[0].var.lb-server-port",
          "status": "pass"
        }
      ]
    },
    {
      "object_kind": "var",
      "config_addr": "module.initial.module.project.var.security_group_use_strategy",
      "status": "pass",
      "objects": [
        {
          "object_addr": "module.initial.module.project[0].var.security_group_use_strategy",
          "status": "pass"
        }
      ]
    },
    {
      "object_kind": "var",
      "config_addr": "module.initial.module.default_config.var.kube-proxy-extra-mount",
      "status": "pass",
      "objects": [
        {
          "object_addr": "module.initial.module.default_config[0].var.kube-proxy-extra-mount",
          "status": "pass"
        }
      ]
    },
    {
      "object_kind": "var",
      "config_addr": "module.initial.module.default_config.var.cloud-provider-config",
      "status": "pass",
      "objects": [
        {
          "object_addr": "module.initial.module.default_config[0].var.cloud-provider-config",
          "status": "pass"
        }
      ]
    },
    {
      "object_kind": "var",
      "config_addr": "module.initial.module.default_config.var.disable-scheduler",
      "status": "pass",
      "objects": [
        {
          "object_addr": "module.initial.module.default_config[0].var.disable-scheduler",
          "status": "pass"
        }
      ]
    },
    {
      "object_kind": "var",
      "config_addr": "module.initial.module.default_config.var.selinux",
      "status": "pass",
      "objects": [
        {
          "object_addr": "module.initial.module.default_config[0].var.selinux",
          "status": "pass"
        }
      ]
    },
    {
      "object_kind": "var",
      "config_addr": "module.initial.var.server_indirect_access_use_strategy",
      "status": "pass",
      "objects": [
        {
          "object_addr": "module.initial.var.server_indirect_access_use_strategy",
          "status": "pass"
        }
      ]
    },
    {
      "object_kind": "var",
      "config_addr": "module.initial.module.default_config.var.kube-apiserver-extra-env",
      "status": "pass",
      "objects": [
        {
          "object_addr": "module.initial.module.default_config[0].var.kube-apiserver-extra-env",
          "status": "pass"
        }
      ]
    },
    {
      "object_kind": "var",
      "config_addr": "module.initial.module.default_config.var.kube-controller-manager-arg",
      "status": "pass",
      "objects": [
        {
          "object_addr": "module.initial.module.default_config[0].var.kube-controller-manager-arg",
          "status": "pass"
        }
      ]
    },
    {
      "object_kind": "var",
      "config_addr": "module.initial.module.default_config.var.system-default-registry",
      "status": "pass",
      "objects": [
        {
          "object_addr": "module.initial.module.default_config[0].var.system-default-registry",
          "status": "pass"
        }
      ]
    },
    {
      "object_kind": "var",
      "config_addr": "module.initial.module.default_config.var.kube-apiserver-image",
      "status": "pass",
      "objects": [
        {
          "object_addr": "module.initial.module.default_config[0].var.kube-apiserver-image",
          "status": "pass"
        }
      ]
    },
    {
      "object_kind": "var",
      "config_addr": "module.initial.module.default_config.var.etcd-snapshot-retention",
      "status": "pass",
      "objects": [
        {
          "object_addr": "module.initial.module.default_config[0].var.etcd-snapshot-retention",
          "status": "pass"
        }
      ]
    },
    {
      "object_kind": "var",
      "config_addr": "module.initial.module.default_config.var.service-cidr",
      "status": "pass",
      "objects": [
        {
          "object_addr": "module.initial.module.default_config[0].var.service-cidr",
          "status": "pass"
        }
      ]
    },
    {
      "object_kind": "var",
      "config_addr": "module.initial.module.default_config.var.tls-san",
      "status": "pass",
      "objects": [
        {
          "object_addr": "module.initial.module.default_config[0].var.tls-san",
          "status": "pass"
        }
      ]
    },
    {
      "object_kind": "var",
      "config_addr": "module.initial.module.default_config.var.kube-proxy-image",
      "status": "pass",
      "objects": [
        {
          "object_addr": "module.initial.module.default_config[0].var.kube-proxy-image",
          "status": "pass"
        }
      ]
    },
    {
      "object_kind": "var",
      "config_addr": "module.initial.module.default_config.var.data-dir",
      "status": "pass",
      "objects": [
        {
          "object_addr": "module.initial.module.default_config[0].var.data-dir",
          "status": "pass"
        }
      ]
    },
    {
      "object_kind": "var",
      "config_addr": "module.initial.module.default_config.var.etcd-s3-timeout",
      "status": "pass",
      "objects": [
        {
          "object_addr": "module.initial.module.default_config[0].var.etcd-s3-timeout",
          "status": "pass"
        }
      ]
    },
    {
      "object_kind": "var",
      "config_addr": "module.initial.module.default_config.var.disable-kube-proxy",
      "status": "pass",
      "objects": [
        {
          "object_addr": "module.initial.module.default_config[0].var.disable-kube-proxy",
          "status": "pass"
        }
      ]
    },
    {
      "object_kind": "var",
      "config_addr": "module.initial.module.default_config.var.etcd-s3-bucket",
      "status": "pass",
      "objects": [
        {
          "object_addr": "module.initial.module.default_config[0].var.etcd-s3-bucket",
          "status": "pass"
        }
      ]
    },
    {
      "object_kind": "var",
      "config_addr": "module.initial.var.project_security_group_type",
      "status": "pass",
      "objects": [
        {
          "object_addr": "module.initial.var.project_security_group_type",
          "status": "pass"
        }
      ]
    },
    {
      "object_kind": "var",
      "config_addr": "module.initial.module.default_config.var.bind-address",
      "status": "pass",
      "objects": [
        {
          "object_addr": "module.initial.module.default_config[0].var.bind-address",
          "status": "pass"
        }
      ]
    },
    {
      "object_kind": "var",
      "config_addr": "module.initial.module.default_config.var.node-ip",
      "status": "pass",
      "objects": [
        {
          "object_addr": "module.initial.module.default_config[0].var.node-ip",
          "status": "pass"
        }
      ]
    },
    {
      "object_kind": "var",
      "config_addr": "module.initial.var.project_security_group_use_strategy",
      "status": "pass",
      "objects": [
        {
          "object_addr": "module.initial.var.project_security_group_use_strategy",
          "status": "pass"
        }
      ]
    },
    {
      "object_kind": "var",
      "config_addr": "module.initial.module.default_config.var.cluster-domain",
      "status": "pass",
      "objects": [
        {
          "object_addr": "module.initial.module.default_config[0].var.cluster-domain",
          "status": "pass"
        }
      ]
    },
    {
      "object_kind": "var",
      "config_addr": "module.initial.module.default_config.var.etcd-image",
      "status": "pass",
      "objects": [
        {
          "object_addr": "module.initial.module.default_config[0].var.etcd-image",
          "status": "pass"
        }
      ]
    },
    {
      "object_kind": "var",
      "config_addr": "module.initial.module.default_config.var.node-label",
      "status": "pass",
      "objects": [
        {
          "object_addr": "module.initial.module.default_config[0].var.node-label",
          "status": "pass"
        }
      ]
    },
    {
      "object_kind": "var",
      "config_addr": "module.initial.module.default_config.var.servicelb-namespace",
      "status": "pass",
      "objects": [
        {
          "object_addr": "module.initial.module.default_config[0].var.servicelb-namespace",
          "status": "pass"
        }
      ]
    },
    {
      "object_kind": "var",
      "config_addr": "module.initial.module.default_config.var.node-name",
      "status": "pass",
      "objects": [
        {
          "object_addr": "module.initial.module.default_config[0].var.node-name",
          "status": "pass"
        }
      ]
    },
    {
      "object_kind": "var",
      "config_addr": "module.initial.module.default_config.var.cluster-reset",
      "status": "pass",
      "objects": [
        {
          "object_addr": "module.initial.module.default_config[0].var.cluster-reset",
          "status": "pass"
        }
      ]
    },
    {
      "object_kind": "var",
      "config_addr": "module.initial.var.server_image_type",
      "status": "pass",
      "objects": [
        {
          "object_addr": "module.initial.var.server_image_type",
          "status": "pass"
        }
      ]
    },
    {
      "object_kind": "var",
      "config_addr": "module.initial.module.default_config.var.pod-security-admission-config-file",
      "status": "pass",
      "objects": [
        {
          "object_addr": "module.initial.module.default_config[0].var.pod-security-admission-config-file",
          "status": "pass"
        }
      ]
    },
    {
      "object_kind": "var",
      "config_addr": "module.initial.module.server.module.image.var.use_strategy",
      "status": "pass",
      "objects": [
        {
          "object_addr": "module.initial.module.server[0].module.image[0].var.use_strategy",
          "status": "pass"
        }
      ]
    },
    {
      "object_kind": "var",
      "config_addr": "module.initial.module.default_config.var.etcd-disable-snapshots",
      "status": "pass",
      "objects": [
        {
          "object_addr": "module.initial.module.default_config[0].var.etcd-disable-snapshots",
          "status": "pass"
        }
      ]
    },
    {
      "object_kind": "var",
      "config_addr": "module.initial.var.project_load_balancer_use_strategy",
      "status": "pass",
      "objects": [
        {
          "object_addr": "module.initial.var.project_load_balancer_use_strategy",
          "status": "pass"
        }
      ]
    },
    {
      "object_kind": "var",
      "config_addr": "module.initial.module.default_config.var.kube-proxy-extra-env",
      "status": "pass",
      "objects": [
        {
          "object_addr": "module.initial.module.default_config[0].var.kube-proxy-extra-env",
          "status": "pass"
        }
      ]
    },
    {
      "object_kind": "var",
      "config_addr": "module.initial.module.default_config.var.etcd-snapshot-dir",
      "status": "pass",
      "objects": [
        {
          "object_addr": "module.initial.module.default_config[0].var.etcd-snapshot-dir",
          "status": "pass"
        }
      ]
    },
    {
      "object_kind": "var",
      "config_addr": "module.initial.module.default_config.var.runtime-image",
      "status": "pass",
      "objects": [
        {
          "object_addr": "module.initial.module.default_config[0].var.runtime-image",
          "status": "pass"
        }
      ]
    },
    {
      "object_kind": "var",
      "config_addr": "module.initial.module.project.var.vpc_use_strategy",
      "status": "pass",
      "objects": [
        {
          "object_addr": "module.initial.module.project[0].var.vpc_use_strategy",
          "status": "pass"
        }
      ]
    },
    {
      "object_kind": "var",
      "config_addr": "module.initial.module.default_config.var.snapshotter",
      "status": "pass",
      "objects": [
        {
          "object_addr": "module.initial.module.default_config[0].var.snapshotter",
          "status": "pass"
        }
      ]
    },
    {
      "object_kind": "var",
      "config_addr": "module.initial.var.install_rpm_channel",
      "status": "pass",
      "objects": [
        {
          "object_addr": "module.initial.var.install_rpm_channel",
          "status": "pass"
        }
      ]
    },
    {
      "object_kind": "var",
      "config_addr": "module.initial.module.default_config.var.with-node-id",
      "status": "pass",
      "objects": [
        {
          "object_addr": "module.initial.module.default_config[0].var.with-node-id",
          "status": "pass"
        }
      ]
    },
    {
      "object_kind": "var",
      "config_addr": "module.initial.module.default_config.var.kube-controller-manager-image",
      "status": "pass",
      "objects": [
        {
          "object_addr": "module.initial.module.default_config[0].var.kube-controller-manager-image",
          "status": "pass"
        }
      ]
    },
    {
      "object_kind": "var",
      "config_addr": "module.initial.module.default_config.var.kube-scheduler-extra-env",
      "status": "pass",
      "objects": [
        {
          "object_addr": "module.initial.module.default_config[0].var.kube-scheduler-extra-env",
          "status": "pass"
        }
      ]
    },
    {
      "object_kind": "var",
      "config_addr": "module.initial.module.default_config.var.enable-servicelb",
      "status": "pass",
      "objects": [
        {
          "object_addr": "module.initial.module.default_config[0].var.enable-servicelb",
          "status": "pass"
        }
      ]
    },
    {
      "object_kind": "var",
      "config_addr": "module.initial.module.default_config.var.control-plane-probe-configuration",
      "status": "pass",
      "objects": [
        {
          "object_addr": "module.initial.module.default_config[0].var.control-plane-probe-configuration",
          "status": "pass"
        }
      ]
    },
    {
      "object_kind": "var",
      "config_addr": "module.initial.module.project.var.subnet_use_strategy",
      "status": "pass",
      "objects": [
        {
          "object_addr": "module.initial.module.project[0].var.subnet_use_strategy",
          "status": "pass"
        }
      ]
    },
    {
      "object_kind": "var",
      "config_addr": "module.initial.module.default_config.var.private-registry",
      "status": "pass",
      "objects": [
        {
          "object_addr": "module.initial.module.default_config[0].var.private-registry",
          "status": "pass"
        }
      ]
    },
    {
      "object_kind": "var",
      "config_addr": "module.initial.module.server.var.server_user",
      "status": "pass",
      "objects": [
        {
          "object_addr": "module.initial.module.server[0].var.server_user",
          "status": "pass"
        }
      ]
    },
    {
      "object_kind": "var",
      "config_addr": "module.initial.module.default_config.var.control-plane-resource-limits",
      "status": "pass",
      "objects": [
        {
          "object_addr": "module.initial.module.default_config[0].var.control-plane-resource-limits",
          "status": "pass"
        }
      ]
    },
    {
      "object_kind": "var",
      "config_addr": "module.initial.module.default_config.var.cloud-controller-manager-extra-mount",
      "status": "pass",
      "objects": [
        {
          "object_addr": "module.initial.module.default_config[0].var.cloud-controller-manager-extra-mount",
          "status": "pass"
        }
      ]
    },
    {
      "object_kind": "var",
      "config_addr": "module.initial.module.default_config.var.resolv-conf",
      "status": "pass",
      "objects": [
        {
          "object_addr": "module.initial.module.default_config[0].var.resolv-conf",
          "status": "pass"
        }
      ]
    },
    {
      "object_kind": "var",
      "config_addr": "module.initial.module.default_config.var.cloud-controller-manager-image",
      "status": "pass",
      "objects": [
        {
          "object_addr": "module.initial.module.default_config[0].var.cloud-controller-manager-image",
          "status": "pass"
        }
      ]
    },
    {
      "object_kind": "var",
      "config_addr": "module.initial.module.server.var.direct_access_use_strategy",
      "status": "pass",
      "objects": [
        {
          "object_addr": "module.initial.module.server[0].var.direct_access_use_strategy",
          "status": "pass"
        }
      ]
    },
    {
      "object_kind": "var",
      "config_addr": "module.initial.module.default_config.var.disable",
      "status": "pass",
      "objects": [
        {
          "object_addr": "module.initial.module.default_config[0].var.disable",
          "status": "pass"
        }
      ]
    },
    {
      "object_kind": "var",
      "config_addr": "module.initial.var.server_direct_access_use_strategy",
      "status": "pass",
      "objects": [
        {
          "object_addr": "module.initial.var.server_direct_access_use_strategy",
          "status": "pass"
        }
      ]
    },
    {
      "object_kind": "var",
      "config_addr": "module.initial.module.default_config.var.cluster-dns",
      "status": "pass",
      "objects": [
        {
          "object_addr": "module.initial.module.default_config[0].var.cluster-dns",
          "status": "pass"
        }
      ]
    },
    {
      "object_kind": "var",
      "config_addr": "module.initial.module.default_config.var.kube-apiserver-arg",
      "status": "pass",
      "objects": [
        {
          "object_addr": "module.initial.module.default_config[0].var.kube-apiserver-arg",
          "status": "pass"
        }
      ]
    },
    {
      "object_kind": "var",
      "config_addr": "module.initial.module.default_config.var.etcd-s3-endpoint",
      "status": "pass",
      "objects": [
        {
          "object_addr": "module.initial.module.default_config[0].var.etcd-s3-endpoint",
          "status": "pass"
        }
      ]
    },
    {
      "object_kind": "var",
      "config_addr": "module.initial.var.server_user",
      "status": "pass",
      "objects": [
        {
          "object_addr": "module.initial.var.server_user",
          "status": "pass"
        }
      ]
    },
    {
      "object_kind": "var",
      "config_addr": "module.initial.var.project_subnet_use_strategy",
      "status": "pass",
      "objects": [
        {
          "object_addr": "module.initial.var.project_subnet_use_strategy",
          "status": "pass"
        }
      ]
    },
    {
      "object_kind": "var",
      "config_addr": "module.initial.module.default_config.var.server",
      "status": "pass",
      "objects": [
        {
          "object_addr": "module.initial.module.default_config[0].var.server",
          "status": "pass"
        }
      ]
    },
    {
      "object_kind": "var",
      "config_addr": "module.initial.module.default_config.var.node-external-ip",
      "status": "pass",
      "objects": [
        {
          "object_addr": "module.initial.module.default_config[0].var.node-external-ip",
          "status": "pass"
        }
      ]
    },
    {
      "object_kind": "var",
      "config_addr": "module.initial.module.default_config.var.disable-cloud-controller",
      "status": "pass",
      "objects": [
        {
          "object_addr": "module.initial.module.default_config[0].var.disable-cloud-controller",
          "status": "pass"
        }
      ]
    },
    {
      "object_kind": "var",
      "config_addr": "module.initial.module.default_config.var.egress-selector-mode",
      "status": "pass",
      "objects": [
        {
          "object_addr": "module.initial.module.default_config[0].var.egress-selector-mode",
          "status": "pass"
        }
      ]
    }
  ]
}
